{
  "version": 4,
  "terraform_version": "1.11.3",
  "serial": 2273,
  "lineage": "233d115c-9a2d-4c21-fa41-fb650a6e564a",
  "outputs": {
    "aws_acm_certificate_arn": {
      "value": "arn:aws:acm:us-east-1:058264231384:certificate/daf833ed-6aa8-49d1-9ca6-015e0a17d667",
      "type": "string"
    },
    "azs": {
      "value": [
        "us-east-1a",
        "us-east-1b"
      ],
      "type": [
        "list",
        "string"
      ]
    },
    "cloudfront_domain_name": {
      "value": "d3w1p8dgvb1k2h.cloudfront.net",
      "type": "string"
    },
    "cloudfront_hosted_zone_id": {
      "value": "Z2FDTNDATAQYW2",
      "type": "string"
    },
    "nat_public_ips": {
      "value": [
        "34.195.110.36",
        "44.209.254.62"
      ],
      "type": [
        "list",
        "string"
      ]
    },
    "private_subnets": {
      "value": [
        "subnet-04cada7269164702b",
        "subnet-03bfd4e953a1baaf6"
      ],
      "type": [
        "tuple",
        [
          "string",
          "string"
        ]
      ]
    },
    "public_subnets": {
      "value": [
        "subnet-074142aa75e4f10b5",
        "subnet-02314804f7d8dd9a6"
      ],
      "type": [
        "tuple",
        [
          "string",
          "string"
        ]
      ]
    },
    "rds_endpoint": {
      "value": "webappdb.cpy0is8cc5sv.us-east-1.rds.amazonaws.com:3306",
      "type": "string"
    },
    "vpc_cidr_block": {
      "value": "10.0.0.0/16",
      "type": "string"
    },
    "vpc_id": {
      "value": "vpc-0d52b5dc0435d7046",
      "type": "string"
    },
    "vpc_name": {
      "value": "vpc-dev",
      "type": "string"
    },
    "zone_id": {
      "value": "Z04286521ANKRNYL53U3Z",
      "type": "string"
    }
  },
  "resources": [
    {
      "mode": "data",
      "type": "aws_acm_certificate",
      "name": "issued",
      "provider": "provider[\"registry.terraform.io/hashicorp/aws\"]",
      "instances": [
        {
          "schema_version": 0,
          "attributes": {
            "arn": "arn:aws:acm:us-east-1:058264231384:certificate/daf833ed-6aa8-49d1-9ca6-015e0a17d667",
            "certificate": "-----BEGIN CERTIFICATE-----\nMIIF0zCCBLugAwIBAgIQDxK+5Pb4R9hwNMZuqdoMsTANBgkqhkiG9w0BAQsFADA8\nMQswCQYDVQQGEwJVUzEPMA0GA1UEChMGQW1hem9uMRwwGgYDVQQDExNBbWF6b24g\nUlNBIDIwNDggTTA0MB4XDTI1MDUxMjAwMDAwMFoXDTI2MDYxMDIzNTk1OVowHjEc\nMBoGA1UEAxMTbGFsYWxhbGFsYWxhbGE3LmNvbTCCASIwDQYJKoZIhvcNAQEBBQAD\nggEPADCCAQoCggEBAK13SanGRGrO9YjqOaV7xf6GGrV4IkXJg9oyYYs0mu8/QgDl\nN/k0geHn9PGEKwLQmqnwbgaZxQh/0ixC4qdDE5Ys15t/5zBMg7NZuWxzA9PIek3v\n/psCBtlA808R0+Lwx688tEIX1CNf2jwmi7jx8n0ioUNgs0DLcJXEr9Ql0POLIGVH\nhFCVHsWem7jScJ1g35SzidjP1OS0oIj7LcRwmQzgDbA00qqF3gvKsFLmS4f0/v1y\n0E6aMAfOlCyt5R1ajLtAVKdj/DRdCpJa2YGtWEWfHKJD8IegzoZmUpnZOEETZOUo\nWXNfvVSfXo2hOsI5IHXtLVHzRHMDcUENLdGeR6sCAwEAAaOCAu0wggLpMB8GA1Ud\nIwQYMBaAFB9SkmFWglR/gWbYHT0KqjJch90IMB0GA1UdDgQWBBRegsoj6vdm9ARN\nRuSPE5efmiLzqzAeBgNVHREEFzAVghNsYWxhbGFsYWxhbGFsYTcuY29tMBMGA1Ud\nIAQMMAowCAYGZ4EMAQIBMA4GA1UdDwEB/wQEAwIFoDAdBgNVHSUEFjAUBggrBgEF\nBQcDAQYIKwYBBQUHAwIwOwYDVR0fBDQwMjAwoC6gLIYqaHR0cDovL2NybC5yMm0w\nNC5hbWF6b250cnVzdC5jb20vcjJtMDQuY3JsMHUGCCsGAQUFBwEBBGkwZzAtBggr\nBgEFBQcwAYYhaHR0cDovL29jc3AucjJtMDQuYW1hem9udHJ1c3QuY29tMDYGCCsG\nAQUFBzAChipodHRwOi8vY3J0LnIybTA0LmFtYXpvbnRydXN0LmNvbS9yMm0wNC5j\nZXIwDAYDVR0TAQH/BAIwADCCAX8GCisGAQQB1nkCBAIEggFvBIIBawFpAHcADleU\nvPOuqT4zGyyZB7P3kN+bwj1xMiXdIaklrGHFTiEAAAGWxnGeuAAABAMASDBGAiEA\nkrTWLGdGMMEEhlyJDD1ka+VV7zH0jiU0MoBu3uENeWoCIQC0uv+i/avIcQep/ghv\nbObMlzGpVAMXxmU9w3dF/55cxAB2AGQRxGykEuyniRyiAi4AvKtPKAfUHjUnq+r+\n1QPJfc3wAAABlsZxnukAAAQDAEcwRQIhAOXgWpaA7IET2nieUWWjAJoXPV9e5q/Z\nnk51Qw9DBpx7AiBna+swZ5Xc9dFkw9CZdKbi6rrC9vY3Ocxus4Kxm7D1wAB2AEmc\nm2neHXzs/DbezYdkprhbrwqHgBnRVVL76esp3fjDAAABlsZxnvQAAAQDAEcwRQIh\nAM/PDOgPcJVXEwVmd1wjona7KQBmvLQ8rgnsneo8EUWsAiAR1dWj4OA/E+NO6Pqt\neleJs3nnKcmKBalokdikAfINQzANBgkqhkiG9w0BAQsFAAOCAQEALsk8C3P5oomY\nfvm655/QEzblADdrXtNHpOjQiaU69Lc3pOCY+uRHhu91p1EUOXSyWvsPRT8OZDW1\ncQ3+knHJq9cnVQlulS9quKhhWQTni7hdxKsJ+H5Ry99w6KFpPm2xVpEQ8NX+XGV5\nlZBatBJZZS25VBB9Vjf2pggJyRNrVWq73jIe8Zw50ruhUUEdbTXKIg5t3RMWILCZ\neGlSsfrMQU/XLsE9gCRhPo+4h779TDzW74Z1Mq7zNwAqxKUgSw+Dom24lC96HMVN\nKxvUqZR7CpAi7wKWDFhiay7IE9Mv0FbY9aUlClU7yFzsDo6kDoKnH/bhOrDK6AX1\nXIYVLAnYJw==\n-----END CERTIFICATE-----\n",
            "certificate_chain": "-----BEGIN CERTIFICATE-----\nMIIEXjCCA0agAwIBAgITB3MSTyqVLj7Rili9uF0bwM5fJzANBgkqhkiG9w0BAQsF\nADA5MQswCQYDVQQGEwJVUzEPMA0GA1UEChMGQW1hem9uMRkwFwYDVQQDExBBbWF6\nb24gUm9vdCBDQSAxMB4XDTIyMDgyMzIyMjYzNVoXDTMwMDgyMzIyMjYzNVowPDEL\nMAkGA1UEBhMCVVMxDzANBgNVBAoTBkFtYXpvbjEcMBoGA1UEAxMTQW1hem9uIFJT\nQSAyMDQ4IE0wNDCCASIwDQYJKoZIhvcNAQEBBQADggEPADCCAQoCggEBAM3pVR6A\nlQOp4xe776FdePXyejgA38mYx1ou9/jrpV6Sfn+/oqBKgwhY6ePsQHHQayWBJdBn\nv4Wz363qRI4XUh9swBFJ11TnZ3LqOMvHmWq2+loA0QPtOfXdJ2fHBLrBrngtJ/GB\n0p5olAVYrSZgvQGP16Rf8ddtNyxEEhYm3HuhmNi+vSeAq1tLYJPAvRCXonTpWdSD\nxY6hvdmxlqTYi82AtBXSfpGQ58HHM0hw0C6aQakghrwWi5fGslLOqzpimNMIsT7c\nqa0GJx6JfKqJqmQQNplO2h8n9ZsFJgBowof01ppdoLAWg6caMOM0om/VILKaa30F\n9W/r8Qjah7ltGVkCAwEAAaOCAVowggFWMBIGA1UdEwEB/wQIMAYBAf8CAQAwDgYD\nVR0PAQH/BAQDAgGGMB0GA1UdJQQWMBQGCCsGAQUFBwMBBggrBgEFBQcDAjAdBgNV\nHQ4EFgQUH1KSYVaCVH+BZtgdPQqqMlyH3QgwHwYDVR0jBBgwFoAUhBjMhTTsvAyU\nlC4IWZzHshBOCggwewYIKwYBBQUHAQEEbzBtMC8GCCsGAQUFBzABhiNodHRwOi8v\nb2NzcC5yb290Y2ExLmFtYXpvbnRydXN0LmNvbTA6BggrBgEFBQcwAoYuaHR0cDov\nL2NydC5yb290Y2ExLmFtYXpvbnRydXN0LmNvbS9yb290Y2ExLmNlcjA/BgNVHR8E\nODA2MDSgMqAwhi5odHRwOi8vY3JsLnJvb3RjYTEuYW1hem9udHJ1c3QuY29tL3Jv\nb3RjYTEuY3JsMBMGA1UdIAQMMAowCAYGZ4EMAQIBMA0GCSqGSIb3DQEBCwUAA4IB\nAQA+1O5UsAaNuW3lHzJtpNGwBnZd9QEYFtxpiAnIaV4qApnGS9OCw5ZPwie7YSlD\nZF5yyFPsFhUC2Q9uJHY/CRV1b5hIiGH0+6+w5PgKiY1MWuWT8VAaJjFxvuhM7a/e\nfN2TIw1Wd6WCl6YRisunjQOrSP+unqC8A540JNyZ1JOE3jVqat3OZBGgMvihdj2w\nY23EpwesrKiQzkHzmvSH67PVW4ycbPy08HVZnBxZ5NrlGG9bwXR3fNTaz+c+Ej6c\n5AnwI3qkOFgSkg3Y75cdFz6pO/olK+e3AqygAcv0WjzmkDPuBjssuZjCHMC56oH3\nGJkV29Di2j5prHJbwZjG1inU\n-----END CERTIFICATE-----\n-----BEGIN CERTIFICATE-----\nMIIEkjCCA3qgAwIBAgITBn+USionzfP6wq4rAfkI7rnExjANBgkqhkiG9w0BAQsF\nADCBmDELMAkGA1UEBhMCVVMxEDAOBgNVBAgTB0FyaXpvbmExEzARBgNVBAcTClNj\nb3R0c2RhbGUxJTAjBgNVBAoTHFN0YXJmaWVsZCBUZWNobm9sb2dpZXMsIEluYy4x\nOzA5BgNVBAMTMlN0YXJmaWVsZCBTZXJ2aWNlcyBSb290IENlcnRpZmljYXRlIEF1\ndGhvcml0eSAtIEcyMB4XDTE1MDUyNTEyMDAwMFoXDTM3MTIzMTAxMDAwMFowOTEL\nMAkGA1UEBhMCVVMxDzANBgNVBAoTBkFtYXpvbjEZMBcGA1UEAxMQQW1hem9uIFJv\nb3QgQ0EgMTCCASIwDQYJKoZIhvcNAQEBBQADggEPADCCAQoCggEBALJ4gHHKeNXj\nca9HgFB0fW7Y14h29Jlo91ghYPl0hAEvrAIthtOgQ3pOsqTQNroBvo3bSMgHFzZM\n9O6II8c+6zf1tRn4SWiw3te5djgdYZ6k/oI2peVKVuRF4fn9tBb6dNqcmzU5L/qw\nIFAGbHrQgLKm+a/sRxmPUDgH3KKHOVj4utWp+UhnMJbulHheb4mjUcAwhmahRWa6\nVOujw5H5SNz/0egwLX0tdHA114gk957EWW67c4cX8jJGKLhD+rcdqsq08p8kDi1L\n93FcXmn/6pUCyziKrlA4b9v7LWIbxcceVOF34GfID5yHI9Y/QCB/IIDEgEw+OyQm\njgSubJrIqg0CAwEAAaOCATEwggEtMA8GA1UdEwEB/wQFMAMBAf8wDgYDVR0PAQH/\nBAQDAgGGMB0GA1UdDgQWBBSEGMyFNOy8DJSULghZnMeyEE4KCDAfBgNVHSMEGDAW\ngBScXwDfqgHXMCs4iKK4bUqc8hGRgzB4BggrBgEFBQcBAQRsMGowLgYIKwYBBQUH\nMAGGImh0dHA6Ly9vY3NwLnJvb3RnMi5hbWF6b250cnVzdC5jb20wOAYIKwYBBQUH\nMAKGLGh0dHA6Ly9jcnQucm9vdGcyLmFtYXpvbnRydXN0LmNvbS9yb290ZzIuY2Vy\nMD0GA1UdHwQ2MDQwMqAwoC6GLGh0dHA6Ly9jcmwucm9vdGcyLmFtYXpvbnRydXN0\nLmNvbS9yb290ZzIuY3JsMBEGA1UdIAQKMAgwBgYEVR0gADANBgkqhkiG9w0BAQsF\nAAOCAQEAYjdCXLwQtT6LLOkMm2xF4gcAevnFWAu5CIw+7bMlPLVvUOTNNWqnkzSW\nMiGpSESrnO09tKpzbeR/FoCJbM8oAxiDR3mjEH4wW6w7sGDgd9QIpuEdfF7Au/ma\neyKdpwAJfqxGF4PcnCZXmTA5YpaP7dreqsXMGz7KQ2hsVxa81Q4gLv7/wmpdLqBK\nbRRYh5TmOTFffHPLkIhqhBGWJ6bt2YFGpn6jcgAKUj6DiAdjd4lpFw85hdKrCEVN\n0FE6/V1dN2RMfjCyVSRCnTawXZwXgWHxyvkQAiSr6w10kY17RSlQOYiypok1JR4U\nakcjMS9cmvqtmg5iUaQqqcT5NJ0hGA==\n-----END CERTIFICATE-----\n",
            "domain": "lalalalalalala7.com",
            "id": "arn:aws:acm:us-east-1:058264231384:certificate/daf833ed-6aa8-49d1-9ca6-015e0a17d667",
            "key_types": null,
            "most_recent": false,
            "region": "us-east-1",
            "status": "ISSUED",
            "statuses": [
              "ISSUED"
            ],
            "tags": {},
            "types": null
          },
          "sensitive_attributes": []
        }
      ]
    },
    {
      "mode": "data",
      "type": "aws_ami",
      "name": "amz-2023",
      "provider": "provider[\"registry.terraform.io/hashicorp/aws\"]",
      "instances": [
        {
          "schema_version": 0,
          "attributes": {
            "allow_unsafe_filter": null,
            "architecture": "x86_64",
            "arn": "arn:aws:ec2:us-east-1::image/ami-07979960196caa4ec",
            "block_device_mappings": [
              {
                "device_name": "/dev/xvda",
                "ebs": {
                  "delete_on_termination": "true",
                  "encrypted": "false",
                  "iops": "3000",
                  "snapshot_id": "snap-0ac726cba6cf427e6",
                  "throughput": "125",
                  "volume_initialization_rate": "0",
                  "volume_size": "30",
                  "volume_type": "gp3"
                },
                "no_device": "",
                "virtual_name": ""
              }
            ],
            "boot_mode": "uefi-preferred",
            "creation_date": "2025-10-02T22:06:55.000Z",
            "deprecation_time": "2027-10-02T22:06:55.000Z",
            "description": "Amazon Linux AMI 2023.0.20251002 x86_64 ECS HVM EBS",
            "ena_support": true,
            "executable_users": null,
            "filter": [
              {
                "name": "architecture",
                "values": [
                  "x86_64"
                ]
              },
              {
                "name": "name",
                "values": [
                  "al2023-ami-*"
                ]
              },
              {
                "name": "root-device-type",
                "values": [
                  "ebs"
                ]
              },
              {
                "name": "virtualization-type",
                "values": [
                  "hvm"
                ]
              }
            ],
            "hypervisor": "xen",
            "id": "ami-07979960196caa4ec",
            "image_id": "ami-07979960196caa4ec",
            "image_location": "amazon/al2023-ami-ecs-neuron-hvm-2023.0.20251002-kernel-6.1-x86_64",
            "image_owner_alias": "amazon",
            "image_type": "machine",
            "imds_support": "v2.0",
            "include_deprecated": false,
            "kernel_id": "",
            "last_launched_time": "",
            "most_recent": true,
            "name": "al2023-ami-ecs-neuron-hvm-2023.0.20251002-kernel-6.1-x86_64",
            "name_regex": null,
            "owner_id": "591542846629",
            "owners": [
              "amazon"
            ],
            "platform": "",
            "platform_details": "Linux/UNIX",
            "product_codes": [],
            "public": true,
            "ramdisk_id": "",
            "region": "us-east-1",
            "root_device_name": "/dev/xvda",
            "root_device_type": "ebs",
            "root_snapshot_id": "snap-0ac726cba6cf427e6",
            "sriov_net_support": "simple",
            "state": "available",
            "state_reason": {
              "code": "UNSET",
              "message": "UNSET"
            },
            "tags": {},
            "timeouts": null,
            "tpm_support": "",
            "uefi_data": null,
            "usage_operation": "RunInstances",
            "virtualization_type": "hvm"
          },
          "sensitive_attributes": []
        }
      ]
    },
    {
      "mode": "data",
      "type": "aws_iam_policy_document",
      "name": "app3_exec_read_secret",
      "provider": "provider[\"registry.terraform.io/hashicorp/aws\"]",
      "instances": [
        {
          "schema_version": 0,
          "attributes": {
            "id": "3065054808",
            "json": "{\n  \"Version\": \"2012-10-17\",\n  \"Statement\": [\n    {\n      \"Effect\": \"Allow\",\n      \"Action\": \"secretsmanager:GetSecretValue\",\n      \"Resource\": [\n        \"arn:aws:secretsmanager:us-east-1:058264231384:secret:dev/database_creds-SKaLIi*\",\n        \"arn:aws:secretsmanager:us-east-1:058264231384:secret:dev/database_creds-SKaLIi\"\n      ]\n    }\n  ]\n}",
            "minified_json": "{\"Version\":\"2012-10-17\",\"Statement\":[{\"Effect\":\"Allow\",\"Action\":\"secretsmanager:GetSecretValue\",\"Resource\":[\"arn:aws:secretsmanager:us-east-1:058264231384:secret:dev/database_creds-SKaLIi*\",\"arn:aws:secretsmanager:us-east-1:058264231384:secret:dev/database_creds-SKaLIi\"]}]}",
            "override_json": null,
            "override_policy_documents": null,
            "policy_id": null,
            "source_json": null,
            "source_policy_documents": null,
            "statement": [
              {
                "actions": [
                  "secretsmanager:GetSecretValue"
                ],
                "condition": [],
                "effect": "Allow",
                "not_actions": [],
                "not_principals": [],
                "not_resources": [],
                "principals": [],
                "resources": [
                  "arn:aws:secretsmanager:us-east-1:058264231384:secret:dev/database_creds-SKaLIi",
                  "arn:aws:secretsmanager:us-east-1:058264231384:secret:dev/database_creds-SKaLIi*"
                ],
                "sid": ""
              }
            ],
            "version": "2012-10-17"
          },
          "sensitive_attributes": []
        }
      ]
    },
    {
      "mode": "data",
      "type": "aws_iam_policy_document",
      "name": "app3_secrets_read",
      "provider": "provider[\"registry.terraform.io/hashicorp/aws\"]",
      "instances": [
        {
          "schema_version": 0,
          "attributes": {
            "id": "1838262417",
            "json": "{\n  \"Version\": \"2012-10-17\",\n  \"Statement\": [\n    {\n      \"Sid\": \"ReadSecret\",\n      \"Effect\": \"Allow\",\n      \"Action\": [\n        \"secretsmanager:GetSecretValue\",\n        \"secretsmanager:DescribeSecret\"\n      ],\n      \"Resource\": [\n        \"arn:aws:secretsmanager:us-east-1:058264231384:secret:dev/database_creds-SKaLIi*\",\n        \"arn:aws:secretsmanager:us-east-1:058264231384:secret:dev/database_creds-SKaLIi\"\n      ]\n    }\n  ]\n}",
            "minified_json": "{\"Version\":\"2012-10-17\",\"Statement\":[{\"Sid\":\"ReadSecret\",\"Effect\":\"Allow\",\"Action\":[\"secretsmanager:GetSecretValue\",\"secretsmanager:DescribeSecret\"],\"Resource\":[\"arn:aws:secretsmanager:us-east-1:058264231384:secret:dev/database_creds-SKaLIi*\",\"arn:aws:secretsmanager:us-east-1:058264231384:secret:dev/database_creds-SKaLIi\"]}]}",
            "override_json": null,
            "override_policy_documents": null,
            "policy_id": null,
            "source_json": null,
            "source_policy_documents": null,
            "statement": [
              {
                "actions": [
                  "secretsmanager:DescribeSecret",
                  "secretsmanager:GetSecretValue"
                ],
                "condition": [],
                "effect": "Allow",
                "not_actions": [],
                "not_principals": [],
                "not_resources": [],
                "principals": [],
                "resources": [
                  "arn:aws:secretsmanager:us-east-1:058264231384:secret:dev/database_creds-SKaLIi",
                  "arn:aws:secretsmanager:us-east-1:058264231384:secret:dev/database_creds-SKaLIi*"
                ],
                "sid": "ReadSecret"
              }
            ],
            "version": "2012-10-17"
          },
          "sensitive_attributes": []
        }
      ]
    },
    {
      "mode": "data",
      "type": "aws_route53_zone",
      "name": "mydomain",
      "provider": "provider[\"registry.terraform.io/hashicorp/aws\"]",
      "instances": [
        {
          "schema_version": 0,
          "attributes": {
            "arn": "arn:aws:route53:::hostedzone/Z04286521ANKRNYL53U3Z",
            "caller_reference": "3c866744-f579-4825-912f-614a618dbfff",
            "comment": "",
            "id": "Z04286521ANKRNYL53U3Z",
            "linked_service_description": null,
            "linked_service_principal": null,
            "name": "lalalalalalala7.com",
            "name_servers": [
              "ns-364.awsdns-45.com",
              "ns-590.awsdns-09.net",
              "ns-1825.awsdns-36.co.uk",
              "ns-1424.awsdns-50.org"
            ],
            "primary_name_server": "ns-364.awsdns-45.com",
            "private_zone": false,
            "resource_record_set_count": 5,
            "tags": {},
            "vpc_id": null,
            "zone_id": "Z04286521ANKRNYL53U3Z"
          },
          "sensitive_attributes": []
        }
      ]
    },
    {
      "mode": "data",
      "type": "aws_secretsmanager_secret",
      "name": "db",
      "provider": "provider[\"registry.terraform.io/hashicorp/aws\"]",
      "instances": [
        {
          "schema_version": 0,
          "attributes": {
            "arn": "arn:aws:secretsmanager:us-east-1:058264231384:secret:dev/database_creds-SKaLIi",
            "created_date": "2025-08-26T15:36:49Z",
            "description": "database_creds",
            "id": "arn:aws:secretsmanager:us-east-1:058264231384:secret:dev/database_creds-SKaLIi",
            "kms_key_id": "",
            "last_changed_date": "2025-08-26T15:36:49Z",
            "name": "dev/database_creds",
            "policy": "",
            "region": "us-east-1",
            "tags": {}
          },
          "sensitive_attributes": []
        }
      ]
    },
    {
      "mode": "data",
      "type": "aws_secretsmanager_secret_version",
      "name": "db",
      "provider": "provider[\"registry.terraform.io/hashicorp/aws\"]",
      "instances": [
        {
          "schema_version": 0,
          "attributes": {
            "arn": "arn:aws:secretsmanager:us-east-1:058264231384:secret:dev/database_creds-SKaLIi",
            "created_date": "2025-08-26T15:36:49Z",
            "id": "arn:aws:secretsmanager:us-east-1:058264231384:secret:dev/database_creds-SKaLIi|AWSCURRENT",
            "region": "us-east-1",
            "secret_binary": "",
            "secret_id": "arn:aws:secretsmanager:us-east-1:058264231384:secret:dev/database_creds-SKaLIi",
            "secret_string": "{\"username\":\"dbadmin\",\"password\":\"dbpassword11\",\"engine\":\"mysql\",\"host\":\"webappdb.cpy0is8cc5sv.us-east-1.rds.amazonaws.com\",\"port\":3306,\"dbname\":\"webappdb\",\"dbInstanceIdentifier\":\"webappdb\"}",
            "version_id": "b0328d24-0115-4baf-b209-019d02c251ee",
            "version_stage": "AWSCURRENT",
            "version_stages": [
              "AWSCURRENT"
            ]
          },
          "sensitive_attributes": [
            [
              {
                "type": "get_attr",
                "value": "secret_binary"
              }
            ],
            [
              {
                "type": "get_attr",
                "value": "secret_string"
              }
            ]
          ]
        }
      ]
    },
    {
      "mode": "managed",
      "type": "aws_cloudfront_cache_policy",
      "name": "no_cache",
      "provider": "provider[\"registry.terraform.io/hashicorp/aws\"]",
      "instances": [
        {
          "schema_version": 0,
          "attributes": {
            "arn": "arn:aws:cloudfront::058264231384:cache-policy/8b164903-2020-4793-8709-74e0bfeeccf8",
            "comment": "",
            "default_ttl": 0,
            "etag": "E23ZP02F085DFQ",
            "id": "8b164903-2020-4793-8709-74e0bfeeccf8",
            "max_ttl": 0,
            "min_ttl": 0,
            "name": "no-cache-policy",
            "parameters_in_cache_key_and_forwarded_to_origin": [
              {
                "cookies_config": [
                  {
                    "cookie_behavior": "none",
                    "cookies": []
                  }
                ],
                "enable_accept_encoding_brotli": false,
                "enable_accept_encoding_gzip": false,
                "headers_config": [
                  {
                    "header_behavior": "none",
                    "headers": []
                  }
                ],
                "query_strings_config": [
                  {
                    "query_string_behavior": "none",
                    "query_strings": []
                  }
                ]
              }
            ]
          },
          "sensitive_attributes": [],
          "private": "bnVsbA=="
        }
      ]
    },
    {
      "mode": "managed",
      "type": "aws_cloudfront_distribution",
      "name": "alb_origin",
      "provider": "provider[\"registry.terraform.io/hashicorp/aws\"]",
      "instances": [
        {
          "schema_version": 1,
          "attributes": {
            "aliases": [
              "lalalalalalala7.com"
            ],
            "anycast_ip_list_id": "",
            "arn": "arn:aws:cloudfront::058264231384:distribution/E2MURUTN9B7ION",
            "caller_reference": "terraform-20251013173250164600000004",
            "comment": null,
            "continuous_deployment_policy_id": "",
            "custom_error_response": [],
            "default_cache_behavior": [
              {
                "allowed_methods": [
                  "DELETE",
                  "GET",
                  "HEAD",
                  "OPTIONS",
                  "PATCH",
                  "POST",
                  "PUT"
                ],
                "cache_policy_id": "8b164903-2020-4793-8709-74e0bfeeccf8",
                "cached_methods": [
                  "GET",
                  "HEAD"
                ],
                "compress": false,
                "default_ttl": 0,
                "field_level_encryption_id": "",
                "forwarded_values": [],
                "function_association": [
                  {
                    "event_type": "viewer-request",
                    "function_arn": "arn:aws:cloudfront::058264231384:function/redirect-root-to-login"
                  }
                ],
                "grpc_config": [
                  {
                    "enabled": false
                  }
                ],
                "lambda_function_association": [],
                "max_ttl": 0,
                "min_ttl": 0,
                "origin_request_policy_id": "13db63b9-62c2-47bb-89da-cbed87961a9f",
                "realtime_log_config_arn": "",
                "response_headers_policy_id": "",
                "smooth_streaming": false,
                "target_origin_id": "alb-origin",
                "trusted_key_groups": [],
                "trusted_signers": [],
                "viewer_protocol_policy": "redirect-to-https"
              }
            ],
            "default_root_object": "",
            "domain_name": "d3w1p8dgvb1k2h.cloudfront.net",
            "enabled": true,
            "etag": "E274O0Q8EAWMKL",
            "hosted_zone_id": "Z2FDTNDATAQYW2",
            "http_version": "http2",
            "id": "E2MURUTN9B7ION",
            "in_progress_validation_batches": 0,
            "is_ipv6_enabled": true,
            "last_modified_time": "2025-10-13 17:29:13.742 +0000 UTC",
            "logging_config": [],
            "ordered_cache_behavior": [],
            "origin": [
              {
                "connection_attempts": 3,
                "connection_timeout": 10,
                "custom_header": [],
                "custom_origin_config": [
                  {
                    "http_port": 80,
                    "https_port": 443,
                    "ip_address_type": "",
                    "origin_keepalive_timeout": 5,
                    "origin_protocol_policy": "https-only",
                    "origin_read_timeout": 30,
                    "origin_ssl_protocols": [
                      "TLSv1.2"
                    ]
                  }
                ],
                "domain_name": "dev-ALB-ECS-1916065384.us-east-1.elb.amazonaws.com",
                "origin_access_control_id": "",
                "origin_id": "alb-origin",
                "origin_path": "",
                "origin_shield": [],
                "response_completion_timeout": 0,
                "s3_origin_config": [],
                "vpc_origin_config": []
              }
            ],
            "origin_group": [],
            "price_class": "PriceClass_100",
            "restrictions": [
              {
                "geo_restriction": [
                  {
                    "locations": [],
                    "restriction_type": "none"
                  }
                ]
              }
            ],
            "retain_on_delete": false,
            "staging": false,
            "status": "Deployed",
            "tags": {},
            "tags_all": {},
            "trusted_key_groups": [
              {
                "enabled": false,
                "items": []
              }
            ],
            "trusted_signers": [
              {
                "enabled": false,
                "items": []
              }
            ],
            "viewer_certificate": [
              {
                "acm_certificate_arn": "arn:aws:acm:us-east-1:058264231384:certificate/daf833ed-6aa8-49d1-9ca6-015e0a17d667",
                "cloudfront_default_certificate": false,
                "iam_certificate_id": "",
                "minimum_protocol_version": "TLSv1.2_2021",
                "ssl_support_method": "sni-only"
              }
            ],
            "wait_for_deployment": true,
            "web_acl_id": ""
          },
          "sensitive_attributes": [],
          "private": "eyJzY2hlbWFfdmVyc2lvbiI6IjEifQ==",
          "dependencies": [
            "aws_cloudfront_cache_policy.no_cache",
            "aws_cloudfront_function.redirect_root",
            "aws_cloudfront_origin_request_policy.all_viewer_with_auth",
            "aws_security_group.alb_8080_sg",
            "aws_security_group.alb_https_sg",
            "data.aws_acm_certificate.issued",
            "module.alb_ecs.aws_lb.this",
            "module.alb_ecs.aws_security_group.this",
            "module.vpc.aws_subnet.public",
            "module.vpc.aws_vpc.this",
            "module.vpc.aws_vpc_ipv4_cidr_block_association.this"
          ]
        }
      ]
    },
    {
      "mode": "managed",
      "type": "aws_cloudfront_function",
      "name": "redirect_root",
      "provider": "provider[\"registry.terraform.io/hashicorp/aws\"]",
      "instances": [
        {
          "schema_version": 0,
          "attributes": {
            "arn": "arn:aws:cloudfront::058264231384:function/redirect-root-to-login",
            "code": "function handler(event) {\n  var r = event.request;\n  if (r.uri === \"/\" || r.uri === \"\") {\n    return {\n      statusCode: 301,\n      statusDescription: 'Moved Permanently',\n      headers: { location: { value: \"/login\" } }\n    };\n  }\n  return r;\n}\n",
            "comment": "Redirect / to /login",
            "etag": "ETVPDKIKX0DER",
            "id": "redirect-root-to-login",
            "key_value_store_associations": [],
            "live_stage_etag": "ETVPDKIKX0DER",
            "name": "redirect-root-to-login",
            "publish": true,
            "runtime": "cloudfront-js-1.0",
            "status": "DEPLOYED"
          },
          "sensitive_attributes": [],
          "private": "bnVsbA=="
        }
      ]
    },
    {
      "mode": "managed",
      "type": "aws_cloudfront_origin_request_policy",
      "name": "all_viewer_with_auth",
      "provider": "provider[\"registry.terraform.io/hashicorp/aws\"]",
      "instances": [
        {
          "schema_version": 0,
          "attributes": {
            "arn": "arn:aws:cloudfront::058264231384:origin-request-policy/13db63b9-62c2-47bb-89da-cbed87961a9f",
            "comment": "",
            "cookies_config": [
              {
                "cookie_behavior": "all",
                "cookies": []
              }
            ],
            "etag": "E23ZP02F085DFQ",
            "headers_config": [
              {
                "header_behavior": "whitelist",
                "headers": [
                  {
                    "items": [
                      "Host",
                      "Origin",
                      "Referer"
                    ]
                  }
                ]
              }
            ],
            "id": "13db63b9-62c2-47bb-89da-cbed87961a9f",
            "name": "AllViewerSimple",
            "query_strings_config": [
              {
                "query_string_behavior": "all",
                "query_strings": []
              }
            ]
          },
          "sensitive_attributes": [],
          "private": "bnVsbA=="
        }
      ]
    },
    {
      "mode": "managed",
      "type": "aws_db_instance",
      "name": "rds_database",
      "provider": "provider[\"registry.terraform.io/hashicorp/aws\"]",
      "instances": [
        {
          "schema_version": 2,
          "attributes": {
            "address": "webappdb.cpy0is8cc5sv.us-east-1.rds.amazonaws.com",
            "allocated_storage": 20,
            "allow_major_version_upgrade": null,
            "apply_immediately": false,
            "arn": "arn:aws:rds:us-east-1:058264231384:db:webappdb",
            "auto_minor_version_upgrade": true,
            "availability_zone": "us-east-1b",
            "backup_retention_period": 0,
            "backup_target": "region",
            "backup_window": "09:13-09:43",
            "blue_green_update": [],
            "ca_cert_identifier": "rds-ca-rsa2048-g1",
            "character_set_name": "",
            "copy_tags_to_snapshot": false,
            "custom_iam_instance_profile": "",
            "customer_owned_ip_enabled": false,
            "database_insights_mode": "standard",
            "db_name": "webappdb",
            "db_subnet_group_name": "vpc-dev",
            "dedicated_log_volume": false,
            "delete_automated_backups": true,
            "deletion_protection": false,
            "domain": "",
            "domain_auth_secret_arn": "",
            "domain_dns_ips": [],
            "domain_fqdn": "",
            "domain_iam_role_name": "",
            "domain_ou": "",
            "enabled_cloudwatch_logs_exports": [],
            "endpoint": "webappdb.cpy0is8cc5sv.us-east-1.rds.amazonaws.com:3306",
            "engine": "mysql",
            "engine_lifecycle_support": "open-source-rds-extended-support",
            "engine_version": "8.0.41",
            "engine_version_actual": "8.0.41",
            "final_snapshot_identifier": null,
            "hosted_zone_id": "Z2R2ITUGPM61AM",
            "iam_database_authentication_enabled": true,
            "id": "db-7SEF6SB5TWOXESJKPXDXW7FPYI",
            "identifier": "webappdb",
            "identifier_prefix": "",
            "instance_class": "db.t3.micro",
            "iops": 0,
            "kms_key_id": "arn:aws:kms:us-east-1:058264231384:key/df22f4ae-a003-4551-95d2-1d714970841f",
            "latest_restorable_time": "",
            "license_model": "general-public-license",
            "listener_endpoint": [],
            "maintenance_window": "wed:03:05-wed:03:35",
            "manage_master_user_password": null,
            "master_user_secret": [],
            "master_user_secret_kms_key_id": null,
            "max_allocated_storage": 0,
            "monitoring_interval": 0,
            "monitoring_role_arn": "",
            "multi_az": true,
            "nchar_character_set_name": "",
            "network_type": "IPV4",
            "option_group_name": "default:mysql-8-0",
            "parameter_group_name": "default.mysql8.0",
            "password": "dbpassword11",
            "password_wo": null,
            "password_wo_version": null,
            "performance_insights_enabled": false,
            "performance_insights_kms_key_id": "",
            "performance_insights_retention_period": 0,
            "port": 3306,
            "publicly_accessible": false,
            "region": "us-east-1",
            "replica_mode": "",
            "replicas": [],
            "replicate_source_db": "",
            "resource_id": "db-7SEF6SB5TWOXESJKPXDXW7FPYI",
            "restore_to_point_in_time": [],
            "s3_import": [],
            "skip_final_snapshot": true,
            "snapshot_identifier": null,
            "status": "available",
            "storage_encrypted": true,
            "storage_throughput": 0,
            "storage_type": "gp2",
            "tags": {},
            "tags_all": {},
            "timeouts": null,
            "timezone": "",
            "upgrade_storage_config": null,
            "username": "dbadmin",
            "vpc_security_group_ids": [
              "sg-0f87a3ab88073c98e"
            ]
          },
          "sensitive_attributes": [
            [
              {
                "type": "get_attr",
                "value": "password"
              }
            ],
            [
              {
                "type": "get_attr",
                "value": "password_wo"
              }
            ]
          ],
          "private": "eyJlMmJmYjczMC1lY2FhLTExZTYtOGY4OC0zNDM2M2JjN2M0YzAiOnsiY3JlYXRlIjozMDAwMDAwMDAwMDAwLCJkZWxldGUiOjM2MDAwMDAwMDAwMDAsInVwZGF0ZSI6NDgwMDAwMDAwMDAwMH0sInNjaGVtYV92ZXJzaW9uIjoiMiJ9",
          "dependencies": [
            "module.security-group_database.aws_security_group.this",
            "module.security-group_database.aws_security_group.this_name_prefix",
            "module.vpc.aws_db_subnet_group.database",
            "module.vpc.aws_subnet.database",
            "module.vpc.aws_vpc.this",
            "module.vpc.aws_vpc_ipv4_cidr_block_association.this"
          ]
        }
      ]
    },
    {
      "mode": "managed",
      "type": "aws_iam_policy",
      "name": "app3_exec_read_secret",
      "provider": "provider[\"registry.terraform.io/hashicorp/aws\"]",
      "instances": [
        {
          "schema_version": 0,
          "attributes": {
            "arn": "arn:aws:iam::058264231384:policy/app3-exec-read-secret",
            "attachment_count": 1,
            "description": "",
            "id": "arn:aws:iam::058264231384:policy/app3-exec-read-secret",
            "name": "app3-exec-read-secret",
            "name_prefix": "",
            "path": "/",
            "policy": "{\"Statement\":[{\"Action\":\"secretsmanager:GetSecretValue\",\"Effect\":\"Allow\",\"Resource\":[\"arn:aws:secretsmanager:us-east-1:058264231384:secret:dev/database_creds-SKaLIi*\",\"arn:aws:secretsmanager:us-east-1:058264231384:secret:dev/database_creds-SKaLIi\"]}],\"Version\":\"2012-10-17\"}",
            "policy_id": "ANPAQ3EGRTXMPOIIYRJFM",
            "tags": {},
            "tags_all": {}
          },
          "sensitive_attributes": [],
          "private": "bnVsbA==",
          "dependencies": [
            "data.aws_iam_policy_document.app3_exec_read_secret",
            "data.aws_secretsmanager_secret.db"
          ]
        }
      ]
    },
    {
      "mode": "managed",
      "type": "aws_iam_policy",
      "name": "app3_secrets_read",
      "provider": "provider[\"registry.terraform.io/hashicorp/aws\"]",
      "instances": [
        {
          "schema_version": 0,
          "attributes": {
            "arn": "arn:aws:iam::058264231384:policy/app3-secrets-read",
            "attachment_count": 1,
            "description": "",
            "id": "arn:aws:iam::058264231384:policy/app3-secrets-read",
            "name": "app3-secrets-read",
            "name_prefix": "",
            "path": "/",
            "policy": "{\"Statement\":[{\"Action\":[\"secretsmanager:GetSecretValue\",\"secretsmanager:DescribeSecret\"],\"Effect\":\"Allow\",\"Resource\":[\"arn:aws:secretsmanager:us-east-1:058264231384:secret:dev/database_creds-SKaLIi*\",\"arn:aws:secretsmanager:us-east-1:058264231384:secret:dev/database_creds-SKaLIi\"],\"Sid\":\"ReadSecret\"}],\"Version\":\"2012-10-17\"}",
            "policy_id": "ANPAQ3EGRTXMJ3SQPHA3Z",
            "tags": {},
            "tags_all": {}
          },
          "sensitive_attributes": [],
          "private": "bnVsbA==",
          "dependencies": [
            "data.aws_iam_policy_document.app3_secrets_read",
            "data.aws_secretsmanager_secret.db"
          ]
        }
      ]
    },
    {
      "mode": "managed",
      "type": "aws_iam_role",
      "name": "app3_exec_role",
      "provider": "provider[\"registry.terraform.io/hashicorp/aws\"]",
      "instances": [
        {
          "schema_version": 0,
          "attributes": {
            "arn": "arn:aws:iam::058264231384:role/app3-exec-role",
            "assume_role_policy": "{\"Statement\":[{\"Action\":\"sts:AssumeRole\",\"Effect\":\"Allow\",\"Principal\":{\"Service\":\"ecs-tasks.amazonaws.com\"}}],\"Version\":\"2012-10-17\"}",
            "create_date": "2025-10-13T15:09:32Z",
            "description": "",
            "force_detach_policies": false,
            "id": "app3-exec-role",
            "inline_policy": [],
            "managed_policy_arns": [
              "arn:aws:iam::058264231384:policy/app3-exec-read-secret",
              "arn:aws:iam::aws:policy/service-role/AmazonECSTaskExecutionRolePolicy"
            ],
            "max_session_duration": 3600,
            "name": "app3-exec-role",
            "name_prefix": "",
            "path": "/",
            "permissions_boundary": "",
            "tags": {},
            "tags_all": {},
            "unique_id": "AROAQ3EGRTXMBXHCMWWXS"
          },
          "sensitive_attributes": [],
          "private": "bnVsbA==",
          "create_before_destroy": true
        }
      ]
    },
    {
      "mode": "managed",
      "type": "aws_iam_role",
      "name": "app3_task_role",
      "provider": "provider[\"registry.terraform.io/hashicorp/aws\"]",
      "instances": [
        {
          "schema_version": 0,
          "attributes": {
            "arn": "arn:aws:iam::058264231384:role/app3-task-role",
            "assume_role_policy": "{\"Statement\":[{\"Action\":\"sts:AssumeRole\",\"Effect\":\"Allow\",\"Principal\":{\"Service\":\"ecs-tasks.amazonaws.com\"}}],\"Version\":\"2012-10-17\"}",
            "create_date": "2025-10-13T15:09:32Z",
            "description": "",
            "force_detach_policies": false,
            "id": "app3-task-role",
            "inline_policy": [],
            "managed_policy_arns": [
              "arn:aws:iam::058264231384:policy/app3-secrets-read"
            ],
            "max_session_duration": 3600,
            "name": "app3-task-role",
            "name_prefix": "",
            "path": "/",
            "permissions_boundary": "",
            "tags": {},
            "tags_all": {},
            "unique_id": "AROAQ3EGRTXMFSKLTMMEJ"
          },
          "sensitive_attributes": [],
          "private": "bnVsbA==",
          "create_before_destroy": true
        }
      ]
    },
    {
      "mode": "managed",
      "type": "aws_iam_role_policy_attachment",
      "name": "app3_exec_attach_secret",
      "provider": "provider[\"registry.terraform.io/hashicorp/aws\"]",
      "instances": [
        {
          "schema_version": 0,
          "attributes": {
            "id": "app3-exec-role/arn:aws:iam::058264231384:policy/app3-exec-read-secret",
            "policy_arn": "arn:aws:iam::058264231384:policy/app3-exec-read-secret",
            "role": "app3-exec-role"
          },
          "sensitive_attributes": [],
          "private": "bnVsbA==",
          "dependencies": [
            "aws_iam_policy.app3_exec_read_secret",
            "aws_iam_role.app3_exec_role",
            "data.aws_iam_policy_document.app3_exec_read_secret",
            "data.aws_secretsmanager_secret.db"
          ]
        }
      ]
    },
    {
      "mode": "managed",
      "type": "aws_iam_role_policy_attachment",
      "name": "app3_exec_logs",
      "provider": "provider[\"registry.terraform.io/hashicorp/aws\"]",
      "instances": [
        {
          "schema_version": 0,
          "attributes": {
            "id": "app3-exec-role/arn:aws:iam::aws:policy/service-role/AmazonECSTaskExecutionRolePolicy",
            "policy_arn": "arn:aws:iam::aws:policy/service-role/AmazonECSTaskExecutionRolePolicy",
            "role": "app3-exec-role"
          },
          "sensitive_attributes": [],
          "private": "bnVsbA==",
          "dependencies": [
            "aws_iam_role.app3_exec_role"
          ]
        }
      ]
    },
    {
      "mode": "managed",
      "type": "aws_iam_role_policy_attachment",
      "name": "app3_task_attach_secrets",
      "provider": "provider[\"registry.terraform.io/hashicorp/aws\"]",
      "instances": [
        {
          "schema_version": 0,
          "attributes": {
            "id": "app3-task-role/arn:aws:iam::058264231384:policy/app3-secrets-read",
            "policy_arn": "arn:aws:iam::058264231384:policy/app3-secrets-read",
            "role": "app3-task-role"
          },
          "sensitive_attributes": [],
          "private": "bnVsbA==",
          "dependencies": [
            "aws_iam_policy.app3_secrets_read",
            "aws_iam_role.app3_task_role",
            "data.aws_iam_policy_document.app3_secrets_read",
            "data.aws_secretsmanager_secret.db"
          ]
        }
      ]
    },
    {
      "mode": "managed",
      "type": "aws_route53_record",
      "name": "apex_to_cf",
      "provider": "provider[\"registry.terraform.io/hashicorp/aws\"]",
      "instances": [
        {
          "schema_version": 2,
          "attributes": {
            "alias": [
              {
                "evaluate_target_health": false,
                "name": "d3w1p8dgvb1k2h.cloudfront.net",
                "zone_id": "Z2FDTNDATAQYW2"
              }
            ],
            "allow_overwrite": null,
            "cidr_routing_policy": [],
            "failover_routing_policy": [],
            "fqdn": "lalalalalalala7.com",
            "geolocation_routing_policy": [],
            "geoproximity_routing_policy": [],
            "health_check_id": "",
            "id": "Z04286521ANKRNYL53U3Z_lalalalalalala7.com_A",
            "latency_routing_policy": [],
            "multivalue_answer_routing_policy": false,
            "name": "lalalalalalala7.com",
            "records": [],
            "set_identifier": "",
            "timeouts": null,
            "ttl": 0,
            "type": "A",
            "weighted_routing_policy": [],
            "zone_id": "Z04286521ANKRNYL53U3Z"
          },
          "sensitive_attributes": [],
          "private": "eyJlMmJmYjczMC1lY2FhLTExZTYtOGY4OC0zNDM2M2JjN2M0YzAiOnsiY3JlYXRlIjoxODAwMDAwMDAwMDAwLCJkZWxldGUiOjE4MDAwMDAwMDAwMDAsInVwZGF0ZSI6MTgwMDAwMDAwMDAwMH0sInNjaGVtYV92ZXJzaW9uIjoiMiJ9",
          "dependencies": [
            "aws_cloudfront_cache_policy.no_cache",
            "aws_cloudfront_distribution.alb_origin",
            "aws_cloudfront_function.redirect_root",
            "aws_cloudfront_origin_request_policy.all_viewer_with_auth",
            "aws_security_group.alb_8080_sg",
            "aws_security_group.alb_https_sg",
            "data.aws_acm_certificate.issued",
            "data.aws_route53_zone.mydomain",
            "module.alb_ecs.aws_lb.this",
            "module.alb_ecs.aws_security_group.this",
            "module.vpc.aws_subnet.public",
            "module.vpc.aws_vpc.this",
            "module.vpc.aws_vpc_ipv4_cidr_block_association.this"
          ]
        }
      ]
    },
    {
      "mode": "managed",
      "type": "aws_security_group",
      "name": "alb_8080_sg",
      "provider": "provider[\"registry.terraform.io/hashicorp/aws\"]",
      "instances": [
        {
          "schema_version": 1,
          "attributes": {
            "arn": "arn:aws:ec2:us-east-1:058264231384:security-group/sg-0eca4fa13623e837b",
            "description": "Allow 8080 from CloudFront",
            "egress": [],
            "id": "sg-0eca4fa13623e837b",
            "ingress": [],
            "name": "alb-8080-sg",
            "name_prefix": "",
            "owner_id": "058264231384",
            "region": "us-east-1",
            "revoke_rules_on_delete": false,
            "tags": {
              "environment": "dev",
              "owners": "SAP"
            },
            "tags_all": {
              "environment": "dev",
              "owners": "SAP"
            },
            "timeouts": null,
            "vpc_id": "vpc-0d52b5dc0435d7046"
          },
          "sensitive_attributes": [],
          "private": "eyJlMmJmYjczMC1lY2FhLTExZTYtOGY4OC0zNDM2M2JjN2M0YzAiOnsiY3JlYXRlIjo2MDAwMDAwMDAwMDAsImRlbGV0ZSI6OTAwMDAwMDAwMDAwfSwic2NoZW1hX3ZlcnNpb24iOiIxIn0=",
          "dependencies": [
            "module.vpc.aws_vpc.this"
          ],
          "create_before_destroy": true
        }
      ]
    },
    {
      "mode": "managed",
      "type": "aws_security_group",
      "name": "alb_https_sg",
      "provider": "provider[\"registry.terraform.io/hashicorp/aws\"]",
      "instances": [
        {
          "schema_version": 1,
          "attributes": {
            "arn": "arn:aws:ec2:us-east-1:058264231384:security-group/sg-05ee82aecce7ea98d",
            "description": "Allow HTTPS from CloudFront",
            "egress": [],
            "id": "sg-05ee82aecce7ea98d",
            "ingress": [],
            "name": "alb-https-sg",
            "name_prefix": "",
            "owner_id": "058264231384",
            "region": "us-east-1",
            "revoke_rules_on_delete": false,
            "tags": {
              "environment": "dev",
              "owners": "SAP"
            },
            "tags_all": {
              "environment": "dev",
              "owners": "SAP"
            },
            "timeouts": null,
            "vpc_id": "vpc-0d52b5dc0435d7046"
          },
          "sensitive_attributes": [],
          "private": "eyJlMmJmYjczMC1lY2FhLTExZTYtOGY4OC0zNDM2M2JjN2M0YzAiOnsiY3JlYXRlIjo2MDAwMDAwMDAwMDAsImRlbGV0ZSI6OTAwMDAwMDAwMDAwfSwic2NoZW1hX3ZlcnNpb24iOiIxIn0=",
          "dependencies": [
            "module.vpc.aws_vpc.this"
          ],
          "create_before_destroy": true
        }
      ]
    },
    {
      "mode": "managed",
      "type": "aws_security_group",
      "name": "ecs_task_sg",
      "provider": "provider[\"registry.terraform.io/hashicorp/aws\"]",
      "instances": [
        {
          "schema_version": 1,
          "attributes": {
            "arn": "arn:aws:ec2:us-east-1:058264231384:security-group/sg-026b0cf5aefa29633",
            "description": "Managed by Terraform",
            "egress": [
              {
                "cidr_blocks": [
                  "0.0.0.0/0"
                ],
                "description": "",
                "from_port": 0,
                "ipv6_cidr_blocks": [],
                "prefix_list_ids": [],
                "protocol": "-1",
                "security_groups": [],
                "self": false,
                "to_port": 0
              }
            ],
            "id": "sg-026b0cf5aefa29633",
            "ingress": [
              {
                "cidr_blocks": [],
                "description": "Allow ALB 8080 SG to reach ECS port 8080",
                "from_port": 8080,
                "ipv6_cidr_blocks": [],
                "prefix_list_ids": [],
                "protocol": "tcp",
                "security_groups": [
                  "sg-0eca4fa13623e837b"
                ],
                "self": false,
                "to_port": 8080
              },
              {
                "cidr_blocks": [],
                "description": "Allow ALB HTTPS SG to reach ECS port 80",
                "from_port": 80,
                "ipv6_cidr_blocks": [],
                "prefix_list_ids": [],
                "protocol": "tcp",
                "security_groups": [
                  "sg-05ee82aecce7ea98d"
                ],
                "self": false,
                "to_port": 80
              }
            ],
            "name": "dev-ecs-task-sg",
            "name_prefix": "",
            "owner_id": "058264231384",
            "region": "us-east-1",
            "revoke_rules_on_delete": false,
            "tags": {
              "environment": "dev",
              "owners": "SAP"
            },
            "tags_all": {
              "environment": "dev",
              "owners": "SAP"
            },
            "timeouts": null,
            "vpc_id": "vpc-0d52b5dc0435d7046"
          },
          "sensitive_attributes": [],
          "private": "eyJlMmJmYjczMC1lY2FhLTExZTYtOGY4OC0zNDM2M2JjN2M0YzAiOnsiY3JlYXRlIjo2MDAwMDAwMDAwMDAsImRlbGV0ZSI6OTAwMDAwMDAwMDAwfSwic2NoZW1hX3ZlcnNpb24iOiIxIn0=",
          "dependencies": [
            "aws_security_group.alb_8080_sg",
            "aws_security_group.alb_https_sg",
            "module.vpc.aws_vpc.this"
          ],
          "create_before_destroy": true
        }
      ]
    },
    {
      "mode": "managed",
      "type": "aws_security_group_rule",
      "name": "alb_8080_egress",
      "provider": "provider[\"registry.terraform.io/hashicorp/aws\"]",
      "instances": [
        {
          "schema_version": 2,
          "attributes": {
            "cidr_blocks": [
              "0.0.0.0/0"
            ],
            "description": "Allow all outbound",
            "from_port": 0,
            "id": "sgrule-1194625326",
            "ipv6_cidr_blocks": [
              "::/0"
            ],
            "prefix_list_ids": null,
            "protocol": "-1",
            "region": "us-east-1",
            "security_group_id": "sg-0eca4fa13623e837b",
            "security_group_rule_id": "",
            "self": false,
            "source_security_group_id": null,
            "timeouts": null,
            "to_port": 0,
            "type": "egress"
          },
          "sensitive_attributes": [],
          "private": "eyJlMmJmYjczMC1lY2FhLTExZTYtOGY4OC0zNDM2M2JjN2M0YzAiOnsiY3JlYXRlIjozMDAwMDAwMDAwMDB9LCJzY2hlbWFfdmVyc2lvbiI6IjIifQ==",
          "dependencies": [
            "aws_security_group.alb_8080_sg",
            "module.vpc.aws_vpc.this"
          ]
        }
      ]
    },
    {
      "mode": "managed",
      "type": "aws_security_group_rule",
      "name": "alb_8080_ingress_cf",
      "provider": "provider[\"registry.terraform.io/hashicorp/aws\"]",
      "instances": [
        {
          "schema_version": 2,
          "attributes": {
            "cidr_blocks": null,
            "description": "Allow 8080 from CloudFront IPv4",
            "from_port": 8080,
            "id": "sgrule-937442285",
            "ipv6_cidr_blocks": null,
            "prefix_list_ids": [
              "pl-3b927c52"
            ],
            "protocol": "tcp",
            "region": "us-east-1",
            "security_group_id": "sg-0eca4fa13623e837b",
            "security_group_rule_id": "sgr-0650fa805ad9a3097",
            "self": false,
            "source_security_group_id": null,
            "timeouts": null,
            "to_port": 8080,
            "type": "ingress"
          },
          "sensitive_attributes": [],
          "private": "eyJlMmJmYjczMC1lY2FhLTExZTYtOGY4OC0zNDM2M2JjN2M0YzAiOnsiY3JlYXRlIjozMDAwMDAwMDAwMDB9LCJzY2hlbWFfdmVyc2lvbiI6IjIifQ==",
          "dependencies": [
            "aws_security_group.alb_8080_sg",
            "module.vpc.aws_vpc.this"
          ]
        }
      ]
    },
    {
      "mode": "managed",
      "type": "aws_security_group_rule",
      "name": "alb_https_egress",
      "provider": "provider[\"registry.terraform.io/hashicorp/aws\"]",
      "instances": [
        {
          "schema_version": 2,
          "attributes": {
            "cidr_blocks": [
              "0.0.0.0/0"
            ],
            "description": "Allow all outbound",
            "from_port": 0,
            "id": "sgrule-1951969308",
            "ipv6_cidr_blocks": [
              "::/0"
            ],
            "prefix_list_ids": null,
            "protocol": "-1",
            "region": "us-east-1",
            "security_group_id": "sg-05ee82aecce7ea98d",
            "security_group_rule_id": "",
            "self": false,
            "source_security_group_id": null,
            "timeouts": null,
            "to_port": 0,
            "type": "egress"
          },
          "sensitive_attributes": [],
          "private": "eyJlMmJmYjczMC1lY2FhLTExZTYtOGY4OC0zNDM2M2JjN2M0YzAiOnsiY3JlYXRlIjozMDAwMDAwMDAwMDB9LCJzY2hlbWFfdmVyc2lvbiI6IjIifQ==",
          "dependencies": [
            "aws_security_group.alb_https_sg",
            "module.vpc.aws_vpc.this"
          ]
        }
      ]
    },
    {
      "mode": "managed",
      "type": "aws_security_group_rule",
      "name": "alb_https_ingress_cf",
      "provider": "provider[\"registry.terraform.io/hashicorp/aws\"]",
      "instances": [
        {
          "schema_version": 2,
          "attributes": {
            "cidr_blocks": null,
            "description": "Allow HTTPS from CloudFront IPv4",
            "from_port": 443,
            "id": "sgrule-3532285515",
            "ipv6_cidr_blocks": null,
            "prefix_list_ids": [
              "pl-3b927c52"
            ],
            "protocol": "tcp",
            "region": "us-east-1",
            "security_group_id": "sg-05ee82aecce7ea98d",
            "security_group_rule_id": "sgr-09c24bdd275d16ac2",
            "self": false,
            "source_security_group_id": null,
            "timeouts": null,
            "to_port": 443,
            "type": "ingress"
          },
          "sensitive_attributes": [],
          "private": "eyJlMmJmYjczMC1lY2FhLTExZTYtOGY4OC0zNDM2M2JjN2M0YzAiOnsiY3JlYXRlIjozMDAwMDAwMDAwMDB9LCJzY2hlbWFfdmVyc2lvbiI6IjIifQ==",
          "dependencies": [
            "aws_security_group.alb_https_sg",
            "module.vpc.aws_vpc.this"
          ]
        }
      ]
    },
    {
      "module": "module.alb_ecs",
      "mode": "data",
      "type": "aws_partition",
      "name": "current",
      "provider": "provider[\"registry.terraform.io/hashicorp/aws\"]",
      "instances": [
        {
          "schema_version": 0,
          "attributes": {
            "dns_suffix": "amazonaws.com",
            "id": "aws",
            "partition": "aws",
            "reverse_dns_prefix": "com.amazonaws"
          },
          "sensitive_attributes": []
        }
      ]
    },
    {
      "module": "module.alb_ecs",
      "mode": "managed",
      "type": "aws_lb",
      "name": "this",
      "provider": "provider[\"registry.terraform.io/hashicorp/aws\"]",
      "instances": [
        {
          "index_key": 0,
          "schema_version": 0,
          "attributes": {
            "access_logs": [
              {
                "bucket": "",
                "enabled": false,
                "prefix": ""
              }
            ],
            "arn": "arn:aws:elasticloadbalancing:us-east-1:058264231384:loadbalancer/app/dev-ALB-ECS/bf77ca0a51372cb5",
            "arn_suffix": "app/dev-ALB-ECS/bf77ca0a51372cb5",
            "client_keep_alive": 3600,
            "connection_logs": [
              {
                "bucket": "",
                "enabled": false,
                "prefix": ""
              }
            ],
            "customer_owned_ipv4_pool": "",
            "desync_mitigation_mode": "defensive",
            "dns_name": "dev-ALB-ECS-1916065384.us-east-1.elb.amazonaws.com",
            "dns_record_client_routing_policy": null,
            "drop_invalid_header_fields": true,
            "enable_cross_zone_load_balancing": true,
            "enable_deletion_protection": false,
            "enable_http2": true,
            "enable_tls_version_and_cipher_suite_headers": false,
            "enable_waf_fail_open": false,
            "enable_xff_client_port": false,
            "enable_zonal_shift": false,
            "enforce_security_group_inbound_rules_on_private_link_traffic": "",
            "id": "arn:aws:elasticloadbalancing:us-east-1:058264231384:loadbalancer/app/dev-ALB-ECS/bf77ca0a51372cb5",
            "idle_timeout": 60,
            "internal": false,
            "ip_address_type": "ipv4",
            "ipam_pools": [],
            "load_balancer_type": "application",
            "minimum_load_balancer_capacity": [],
            "name": "dev-ALB-ECS",
            "name_prefix": "",
            "preserve_host_header": false,
            "region": "us-east-1",
            "secondary_ips_auto_assigned_per_subnet": null,
            "security_groups": [
              "sg-05ee82aecce7ea98d",
              "sg-0eca4fa13623e837b"
            ],
            "subnet_mapping": [
              {
                "allocation_id": "",
                "ipv6_address": "",
                "outpost_id": "",
                "private_ipv4_address": "",
                "subnet_id": "subnet-02314804f7d8dd9a6"
              },
              {
                "allocation_id": "",
                "ipv6_address": "",
                "outpost_id": "",
                "private_ipv4_address": "",
                "subnet_id": "subnet-074142aa75e4f10b5"
              }
            ],
            "subnets": [
              "subnet-02314804f7d8dd9a6",
              "subnet-074142aa75e4f10b5"
            ],
            "tags": {
              "environment": "dev",
              "owners": "SAP",
              "terraform-aws-modules": "alb"
            },
            "tags_all": {
              "environment": "dev",
              "owners": "SAP",
              "terraform-aws-modules": "alb"
            },
            "timeouts": {
              "create": null,
              "delete": null,
              "update": null
            },
            "vpc_id": "vpc-0d52b5dc0435d7046",
            "xff_header_processing_mode": "append",
            "zone_id": "Z35SXDOTRQ7X7K"
          },
          "sensitive_attributes": [],
          "private": "eyJlMmJmYjczMC1lY2FhLTExZTYtOGY4OC0zNDM2M2JjN2M0YzAiOnsiY3JlYXRlIjo2MDAwMDAwMDAwMDAsImRlbGV0ZSI6NjAwMDAwMDAwMDAwLCJ1cGRhdGUiOjYwMDAwMDAwMDAwMH19",
          "dependencies": [
            "aws_security_group.alb_8080_sg",
            "aws_security_group.alb_https_sg",
            "module.alb_ecs.aws_security_group.this",
            "module.vpc.aws_subnet.public",
            "module.vpc.aws_vpc.this",
            "module.vpc.aws_vpc_ipv4_cidr_block_association.this"
          ],
          "create_before_destroy": true
        }
      ]
    },
    {
      "module": "module.alb_ecs",
      "mode": "managed",
      "type": "aws_lb_listener",
      "name": "this",
      "provider": "provider[\"registry.terraform.io/hashicorp/aws\"]",
      "instances": [
        {
          "index_key": "https",
          "schema_version": 0,
          "attributes": {
            "alpn_policy": null,
            "arn": "arn:aws:elasticloadbalancing:us-east-1:058264231384:listener/app/dev-ALB-ECS/bf77ca0a51372cb5/a7a6206f4828f8b0",
            "certificate_arn": "arn:aws:acm:us-east-1:058264231384:certificate/daf833ed-6aa8-49d1-9ca6-015e0a17d667",
            "default_action": [
              {
                "authenticate_cognito": [],
                "authenticate_oidc": [],
                "fixed_response": [],
                "forward": [],
                "order": 1,
                "redirect": [],
                "target_group_arn": "arn:aws:elasticloadbalancing:us-east-1:058264231384:targetgroup/tf-20251013172943418500000002/1fb2e93000c6558b",
                "type": "forward"
              }
            ],
            "id": "arn:aws:elasticloadbalancing:us-east-1:058264231384:listener/app/dev-ALB-ECS/bf77ca0a51372cb5/a7a6206f4828f8b0",
            "load_balancer_arn": "arn:aws:elasticloadbalancing:us-east-1:058264231384:loadbalancer/app/dev-ALB-ECS/bf77ca0a51372cb5",
            "mutual_authentication": [
              {
                "advertise_trust_store_ca_names": "",
                "ignore_client_certificate_expiry": false,
                "mode": "off",
                "trust_store_arn": ""
              }
            ],
            "port": 443,
            "protocol": "HTTPS",
            "region": "us-east-1",
            "routing_http_request_x_amzn_mtls_clientcert_header_name": "",
            "routing_http_request_x_amzn_mtls_clientcert_issuer_header_name": "",
            "routing_http_request_x_amzn_mtls_clientcert_leaf_header_name": "",
            "routing_http_request_x_amzn_mtls_clientcert_serial_number_header_name": "",
            "routing_http_request_x_amzn_mtls_clientcert_subject_header_name": "",
            "routing_http_request_x_amzn_mtls_clientcert_validity_header_name": "",
            "routing_http_request_x_amzn_tls_cipher_suite_header_name": "",
            "routing_http_request_x_amzn_tls_version_header_name": "",
            "routing_http_response_access_control_allow_credentials_header_value": "",
            "routing_http_response_access_control_allow_headers_header_value": "",
            "routing_http_response_access_control_allow_methods_header_value": "",
            "routing_http_response_access_control_allow_origin_header_value": "",
            "routing_http_response_access_control_expose_headers_header_value": "",
            "routing_http_response_access_control_max_age_header_value": "",
            "routing_http_response_content_security_policy_header_value": "",
            "routing_http_response_server_enabled": true,
            "routing_http_response_strict_transport_security_header_value": "",
            "routing_http_response_x_content_type_options_header_value": "",
            "routing_http_response_x_frame_options_header_value": "",
            "ssl_policy": "ELBSecurityPolicy-TLS13-1-2-Res-2021-06",
            "tags": {
              "environment": "dev",
              "owners": "SAP",
              "terraform-aws-modules": "alb"
            },
            "tags_all": {
              "environment": "dev",
              "owners": "SAP",
              "terraform-aws-modules": "alb"
            },
            "tcp_idle_timeout_seconds": null,
            "timeouts": null
          },
          "sensitive_attributes": [],
          "private": "eyJlMmJmYjczMC1lY2FhLTExZTYtOGY4OC0zNDM2M2JjN2M0YzAiOnsiY3JlYXRlIjozMDAwMDAwMDAwMDAsInVwZGF0ZSI6MzAwMDAwMDAwMDAwfX0=",
          "dependencies": [
            "aws_security_group.alb_8080_sg",
            "aws_security_group.alb_https_sg",
            "data.aws_acm_certificate.issued",
            "module.alb_ecs.aws_lb.this",
            "module.alb_ecs.aws_lb_target_group.this",
            "module.alb_ecs.aws_security_group.this",
            "module.vpc.aws_subnet.public",
            "module.vpc.aws_vpc.this",
            "module.vpc.aws_vpc_ipv4_cidr_block_association.this"
          ],
          "create_before_destroy": true
        }
      ]
    },
    {
      "module": "module.alb_ecs",
      "mode": "managed",
      "type": "aws_lb_listener_rule",
      "name": "this",
      "provider": "provider[\"registry.terraform.io/hashicorp/aws\"]",
      "instances": [
        {
          "index_key": "https/app1-path-rule",
          "schema_version": 0,
          "attributes": {
            "action": [
              {
                "authenticate_cognito": [],
                "authenticate_oidc": [],
                "fixed_response": [],
                "forward": [],
                "order": 1,
                "redirect": [],
                "target_group_arn": "arn:aws:elasticloadbalancing:us-east-1:058264231384:targetgroup/tf-20251013172943418300000001/d7104648c2c5232f",
                "type": "forward"
              }
            ],
            "arn": "arn:aws:elasticloadbalancing:us-east-1:058264231384:listener-rule/app/dev-ALB-ECS/bf77ca0a51372cb5/a7a6206f4828f8b0/0df36eed1237599c",
            "condition": [
              {
                "host_header": [],
                "http_header": [],
                "http_request_method": [],
                "path_pattern": [
                  {
                    "values": [
                      "/app1*"
                    ]
                  }
                ],
                "query_string": [],
                "source_ip": []
              }
            ],
            "id": "arn:aws:elasticloadbalancing:us-east-1:058264231384:listener-rule/app/dev-ALB-ECS/bf77ca0a51372cb5/a7a6206f4828f8b0/0df36eed1237599c",
            "listener_arn": "arn:aws:elasticloadbalancing:us-east-1:058264231384:listener/app/dev-ALB-ECS/bf77ca0a51372cb5/a7a6206f4828f8b0",
            "priority": 10,
            "region": "us-east-1",
            "tags": {
              "environment": "dev",
              "owners": "SAP",
              "terraform-aws-modules": "alb"
            },
            "tags_all": {
              "environment": "dev",
              "owners": "SAP",
              "terraform-aws-modules": "alb"
            }
          },
          "sensitive_attributes": [],
          "private": "bnVsbA==",
          "dependencies": [
            "aws_security_group.alb_8080_sg",
            "aws_security_group.alb_https_sg",
            "data.aws_acm_certificate.issued",
            "module.alb_ecs.aws_lb.this",
            "module.alb_ecs.aws_lb_listener.this",
            "module.alb_ecs.aws_lb_target_group.this",
            "module.alb_ecs.aws_security_group.this",
            "module.vpc.aws_subnet.public",
            "module.vpc.aws_vpc.this",
            "module.vpc.aws_vpc_ipv4_cidr_block_association.this"
          ],
          "create_before_destroy": true
        },
        {
          "index_key": "https/app2-path-rule",
          "schema_version": 0,
          "attributes": {
            "action": [
              {
                "authenticate_cognito": [],
                "authenticate_oidc": [],
                "fixed_response": [],
                "forward": [],
                "order": 1,
                "redirect": [],
                "target_group_arn": "arn:aws:elasticloadbalancing:us-east-1:058264231384:targetgroup/tf-20251013172943419200000003/26545457ae1a0df4",
                "type": "forward"
              }
            ],
            "arn": "arn:aws:elasticloadbalancing:us-east-1:058264231384:listener-rule/app/dev-ALB-ECS/bf77ca0a51372cb5/a7a6206f4828f8b0/96d0cb8a8432f92e",
            "condition": [
              {
                "host_header": [],
                "http_header": [],
                "http_request_method": [],
                "path_pattern": [
                  {
                    "values": [
                      "/app2*"
                    ]
                  }
                ],
                "query_string": [],
                "source_ip": []
              }
            ],
            "id": "arn:aws:elasticloadbalancing:us-east-1:058264231384:listener-rule/app/dev-ALB-ECS/bf77ca0a51372cb5/a7a6206f4828f8b0/96d0cb8a8432f92e",
            "listener_arn": "arn:aws:elasticloadbalancing:us-east-1:058264231384:listener/app/dev-ALB-ECS/bf77ca0a51372cb5/a7a6206f4828f8b0",
            "priority": 25,
            "region": "us-east-1",
            "tags": {
              "environment": "dev",
              "owners": "SAP",
              "terraform-aws-modules": "alb"
            },
            "tags_all": {
              "environment": "dev",
              "owners": "SAP",
              "terraform-aws-modules": "alb"
            }
          },
          "sensitive_attributes": [],
          "private": "bnVsbA==",
          "dependencies": [
            "aws_security_group.alb_8080_sg",
            "aws_security_group.alb_https_sg",
            "data.aws_acm_certificate.issued",
            "module.alb_ecs.aws_lb.this",
            "module.alb_ecs.aws_lb_listener.this",
            "module.alb_ecs.aws_lb_target_group.this",
            "module.alb_ecs.aws_security_group.this",
            "module.vpc.aws_subnet.public",
            "module.vpc.aws_vpc.this",
            "module.vpc.aws_vpc_ipv4_cidr_block_association.this"
          ],
          "create_before_destroy": true
        },
        {
          "index_key": "https/app3-path-rule",
          "schema_version": 0,
          "attributes": {
            "action": [
              {
                "authenticate_cognito": [],
                "authenticate_oidc": [],
                "fixed_response": [],
                "forward": [],
                "order": 1,
                "redirect": [],
                "target_group_arn": "arn:aws:elasticloadbalancing:us-east-1:058264231384:targetgroup/tf-20251013172943418500000002/1fb2e93000c6558b",
                "type": "forward"
              }
            ],
            "arn": "arn:aws:elasticloadbalancing:us-east-1:058264231384:listener-rule/app/dev-ALB-ECS/bf77ca0a51372cb5/a7a6206f4828f8b0/f361be096dc52fc2",
            "condition": [
              {
                "host_header": [],
                "http_header": [],
                "http_request_method": [],
                "path_pattern": [
                  {
                    "values": [
                      "/app3/*"
                    ]
                  }
                ],
                "query_string": [],
                "source_ip": []
              }
            ],
            "id": "arn:aws:elasticloadbalancing:us-east-1:058264231384:listener-rule/app/dev-ALB-ECS/bf77ca0a51372cb5/a7a6206f4828f8b0/f361be096dc52fc2",
            "listener_arn": "arn:aws:elasticloadbalancing:us-east-1:058264231384:listener/app/dev-ALB-ECS/bf77ca0a51372cb5/a7a6206f4828f8b0",
            "priority": 27,
            "region": "us-east-1",
            "tags": {
              "environment": "dev",
              "owners": "SAP",
              "terraform-aws-modules": "alb"
            },
            "tags_all": {
              "environment": "dev",
              "owners": "SAP",
              "terraform-aws-modules": "alb"
            }
          },
          "sensitive_attributes": [],
          "private": "bnVsbA==",
          "dependencies": [
            "aws_security_group.alb_8080_sg",
            "aws_security_group.alb_https_sg",
            "data.aws_acm_certificate.issued",
            "module.alb_ecs.aws_lb.this",
            "module.alb_ecs.aws_lb_listener.this",
            "module.alb_ecs.aws_lb_target_group.this",
            "module.alb_ecs.aws_security_group.this",
            "module.vpc.aws_subnet.public",
            "module.vpc.aws_vpc.this",
            "module.vpc.aws_vpc_ipv4_cidr_block_association.this"
          ],
          "create_before_destroy": true
        }
      ]
    },
    {
      "module": "module.alb_ecs",
      "mode": "managed",
      "type": "aws_lb_target_group",
      "name": "this",
      "provider": "provider[\"registry.terraform.io/hashicorp/aws\"]",
      "instances": [
        {
          "index_key": "tg-1",
          "schema_version": 0,
          "attributes": {
            "arn": "arn:aws:elasticloadbalancing:us-east-1:058264231384:targetgroup/tf-20251013172943418300000001/d7104648c2c5232f",
            "arn_suffix": "targetgroup/tf-20251013172943418300000001/d7104648c2c5232f",
            "connection_termination": null,
            "deregistration_delay": "10",
            "health_check": [
              {
                "enabled": true,
                "healthy_threshold": 3,
                "interval": 30,
                "matcher": "200-399",
                "path": "/app1/",
                "port": "80",
                "protocol": "HTTP",
                "timeout": 6,
                "unhealthy_threshold": 3
              }
            ],
            "id": "arn:aws:elasticloadbalancing:us-east-1:058264231384:targetgroup/tf-20251013172943418300000001/d7104648c2c5232f",
            "ip_address_type": "ipv4",
            "lambda_multi_value_headers_enabled": false,
            "load_balancer_arns": [
              "arn:aws:elasticloadbalancing:us-east-1:058264231384:loadbalancer/app/dev-ALB-ECS/bf77ca0a51372cb5"
            ],
            "load_balancing_algorithm_type": "round_robin",
            "load_balancing_anomaly_mitigation": "off",
            "load_balancing_cross_zone_enabled": "false",
            "name": "tf-20251013172943418300000001",
            "name_prefix": "tf-",
            "port": 80,
            "preserve_client_ip": null,
            "protocol": "HTTP",
            "protocol_version": "HTTP1",
            "proxy_protocol_v2": false,
            "region": "us-east-1",
            "slow_start": 0,
            "stickiness": [
              {
                "cookie_duration": 86400,
                "cookie_name": "",
                "enabled": false,
                "type": "lb_cookie"
              }
            ],
            "tags": {
              "environment": "dev",
              "owners": "SAP",
              "terraform-aws-modules": "alb"
            },
            "tags_all": {
              "environment": "dev",
              "owners": "SAP",
              "terraform-aws-modules": "alb"
            },
            "target_failover": [
              {
                "on_deregistration": null,
                "on_unhealthy": null
              }
            ],
            "target_group_health": [
              {
                "dns_failover": [
                  {
                    "minimum_healthy_targets_count": "1",
                    "minimum_healthy_targets_percentage": "off"
                  }
                ],
                "unhealthy_state_routing": [
                  {
                    "minimum_healthy_targets_count": 1,
                    "minimum_healthy_targets_percentage": "off"
                  }
                ]
              }
            ],
            "target_health_state": [
              {
                "enable_unhealthy_connection_termination": null,
                "unhealthy_draining_interval": null
              }
            ],
            "target_type": "ip",
            "vpc_id": "vpc-0d52b5dc0435d7046"
          },
          "sensitive_attributes": [],
          "private": "bnVsbA==",
          "dependencies": [
            "module.vpc.aws_vpc.this"
          ],
          "create_before_destroy": true
        },
        {
          "index_key": "tg-2",
          "schema_version": 0,
          "attributes": {
            "arn": "arn:aws:elasticloadbalancing:us-east-1:058264231384:targetgroup/tf-20251013172943419200000003/26545457ae1a0df4",
            "arn_suffix": "targetgroup/tf-20251013172943419200000003/26545457ae1a0df4",
            "connection_termination": null,
            "deregistration_delay": "10",
            "health_check": [
              {
                "enabled": true,
                "healthy_threshold": 3,
                "interval": 30,
                "matcher": "200-399",
                "path": "/app2/",
                "port": "80",
                "protocol": "HTTP",
                "timeout": 6,
                "unhealthy_threshold": 3
              }
            ],
            "id": "arn:aws:elasticloadbalancing:us-east-1:058264231384:targetgroup/tf-20251013172943419200000003/26545457ae1a0df4",
            "ip_address_type": "ipv4",
            "lambda_multi_value_headers_enabled": false,
            "load_balancer_arns": [
              "arn:aws:elasticloadbalancing:us-east-1:058264231384:loadbalancer/app/dev-ALB-ECS/bf77ca0a51372cb5"
            ],
            "load_balancing_algorithm_type": "round_robin",
            "load_balancing_anomaly_mitigation": "off",
            "load_balancing_cross_zone_enabled": "false",
            "name": "tf-20251013172943419200000003",
            "name_prefix": "tf-",
            "port": 80,
            "preserve_client_ip": null,
            "protocol": "HTTP",
            "protocol_version": "HTTP1",
            "proxy_protocol_v2": false,
            "region": "us-east-1",
            "slow_start": 0,
            "stickiness": [
              {
                "cookie_duration": 86400,
                "cookie_name": "",
                "enabled": false,
                "type": "lb_cookie"
              }
            ],
            "tags": {
              "environment": "dev",
              "owners": "SAP",
              "terraform-aws-modules": "alb"
            },
            "tags_all": {
              "environment": "dev",
              "owners": "SAP",
              "terraform-aws-modules": "alb"
            },
            "target_failover": [
              {
                "on_deregistration": null,
                "on_unhealthy": null
              }
            ],
            "target_group_health": [
              {
                "dns_failover": [
                  {
                    "minimum_healthy_targets_count": "1",
                    "minimum_healthy_targets_percentage": "off"
                  }
                ],
                "unhealthy_state_routing": [
                  {
                    "minimum_healthy_targets_count": 1,
                    "minimum_healthy_targets_percentage": "off"
                  }
                ]
              }
            ],
            "target_health_state": [
              {
                "enable_unhealthy_connection_termination": null,
                "unhealthy_draining_interval": null
              }
            ],
            "target_type": "ip",
            "vpc_id": "vpc-0d52b5dc0435d7046"
          },
          "sensitive_attributes": [],
          "private": "bnVsbA==",
          "dependencies": [
            "module.vpc.aws_vpc.this"
          ],
          "create_before_destroy": true
        },
        {
          "index_key": "tg-3",
          "schema_version": 0,
          "attributes": {
            "arn": "arn:aws:elasticloadbalancing:us-east-1:058264231384:targetgroup/tf-20251013172943418500000002/1fb2e93000c6558b",
            "arn_suffix": "targetgroup/tf-20251013172943418500000002/1fb2e93000c6558b",
            "connection_termination": null,
            "deregistration_delay": "10",
            "health_check": [
              {
                "enabled": true,
                "healthy_threshold": 3,
                "interval": 30,
                "matcher": "200-399",
                "path": "/login",
                "port": "8080",
                "protocol": "HTTP",
                "timeout": 10,
                "unhealthy_threshold": 3
              }
            ],
            "id": "arn:aws:elasticloadbalancing:us-east-1:058264231384:targetgroup/tf-20251013172943418500000002/1fb2e93000c6558b",
            "ip_address_type": "ipv4",
            "lambda_multi_value_headers_enabled": false,
            "load_balancer_arns": [
              "arn:aws:elasticloadbalancing:us-east-1:058264231384:loadbalancer/app/dev-ALB-ECS/bf77ca0a51372cb5"
            ],
            "load_balancing_algorithm_type": "round_robin",
            "load_balancing_anomaly_mitigation": "off",
            "load_balancing_cross_zone_enabled": "false",
            "name": "tf-20251013172943418500000002",
            "name_prefix": "tf-",
            "port": 8080,
            "preserve_client_ip": null,
            "protocol": "HTTP",
            "protocol_version": "HTTP1",
            "proxy_protocol_v2": false,
            "region": "us-east-1",
            "slow_start": 0,
            "stickiness": [
              {
                "cookie_duration": 86400,
                "cookie_name": "",
                "enabled": false,
                "type": "lb_cookie"
              }
            ],
            "tags": {
              "environment": "dev",
              "owners": "SAP",
              "terraform-aws-modules": "alb"
            },
            "tags_all": {
              "environment": "dev",
              "owners": "SAP",
              "terraform-aws-modules": "alb"
            },
            "target_failover": [
              {
                "on_deregistration": null,
                "on_unhealthy": null
              }
            ],
            "target_group_health": [
              {
                "dns_failover": [
                  {
                    "minimum_healthy_targets_count": "1",
                    "minimum_healthy_targets_percentage": "off"
                  }
                ],
                "unhealthy_state_routing": [
                  {
                    "minimum_healthy_targets_count": 1,
                    "minimum_healthy_targets_percentage": "off"
                  }
                ]
              }
            ],
            "target_health_state": [
              {
                "enable_unhealthy_connection_termination": null,
                "unhealthy_draining_interval": null
              }
            ],
            "target_type": "ip",
            "vpc_id": "vpc-0d52b5dc0435d7046"
          },
          "sensitive_attributes": [],
          "private": "bnVsbA==",
          "dependencies": [
            "module.vpc.aws_vpc.this"
          ],
          "create_before_destroy": true
        }
      ]
    },
    {
      "module": "module.ecs_app1.module.cluster",
      "mode": "managed",
      "type": "aws_cloudwatch_log_group",
      "name": "this",
      "provider": "provider[\"registry.terraform.io/hashicorp/aws\"]",
      "instances": [
        {
          "index_key": 0,
          "schema_version": 0,
          "attributes": {
            "arn": "arn:aws:logs:us-east-1:058264231384:log-group:/aws/ecs/app1",
            "id": "/aws/ecs/app1",
            "kms_key_id": "",
            "log_group_class": "STANDARD",
            "name": "/aws/ecs/app1",
            "name_prefix": "",
            "region": "us-east-1",
            "retention_in_days": 90,
            "skip_destroy": false,
            "tags": {
              "Name": "/aws/ecs/app1"
            },
            "tags_all": {
              "Name": "/aws/ecs/app1"
            }
          },
          "sensitive_attributes": [],
          "private": "bnVsbA==",
          "dependencies": [
            "aws_security_group.alb_8080_sg",
            "aws_security_group.alb_https_sg",
            "data.aws_acm_certificate.issued",
            "module.alb_ecs.aws_lambda_permission.this",
            "module.alb_ecs.aws_lb.this",
            "module.alb_ecs.aws_lb_listener.this",
            "module.alb_ecs.aws_lb_listener_certificate.this",
            "module.alb_ecs.aws_lb_listener_rule.this",
            "module.alb_ecs.aws_lb_target_group.this",
            "module.alb_ecs.aws_lb_target_group_attachment.additional",
            "module.alb_ecs.aws_lb_target_group_attachment.this",
            "module.alb_ecs.aws_route53_record.this",
            "module.alb_ecs.aws_security_group.this",
            "module.alb_ecs.aws_vpc_security_group_egress_rule.this",
            "module.alb_ecs.aws_vpc_security_group_ingress_rule.this",
            "module.alb_ecs.aws_wafv2_web_acl_association.this",
            "module.alb_ecs.data.aws_partition.current",
            "module.vpc.aws_subnet.public",
            "module.vpc.aws_vpc.this",
            "module.vpc.aws_vpc_ipv4_cidr_block_association.this"
          ]
        }
      ]
    },
    {
      "module": "module.ecs_app1.module.cluster",
      "mode": "managed",
      "type": "aws_ecs_cluster",
      "name": "this",
      "provider": "provider[\"registry.terraform.io/hashicorp/aws\"]",
      "instances": [
        {
          "index_key": 0,
          "schema_version": 0,
          "attributes": {
            "arn": "arn:aws:ecs:us-east-1:058264231384:cluster/app1",
            "configuration": [
              {
                "execute_command_configuration": [
                  {
                    "kms_key_id": "",
                    "log_configuration": [
                      {
                        "cloud_watch_encryption_enabled": false,
                        "cloud_watch_log_group_name": "/aws/ecs/app1",
                        "s3_bucket_encryption_enabled": false,
                        "s3_bucket_name": "",
                        "s3_key_prefix": ""
                      }
                    ],
                    "logging": "OVERRIDE"
                  }
                ],
                "managed_storage_configuration": []
              }
            ],
            "id": "arn:aws:ecs:us-east-1:058264231384:cluster/app1",
            "name": "app1",
            "region": "us-east-1",
            "service_connect_defaults": [],
            "setting": [
              {
                "name": "containerInsights",
                "value": "enabled"
              }
            ],
            "tags": {},
            "tags_all": {}
          },
          "sensitive_attributes": [],
          "private": "bnVsbA==",
          "dependencies": [
            "aws_security_group.alb_8080_sg",
            "aws_security_group.alb_https_sg",
            "data.aws_acm_certificate.issued",
            "module.alb_ecs.aws_lambda_permission.this",
            "module.alb_ecs.aws_lb.this",
            "module.alb_ecs.aws_lb_listener.this",
            "module.alb_ecs.aws_lb_listener_certificate.this",
            "module.alb_ecs.aws_lb_listener_rule.this",
            "module.alb_ecs.aws_lb_target_group.this",
            "module.alb_ecs.aws_lb_target_group_attachment.additional",
            "module.alb_ecs.aws_lb_target_group_attachment.this",
            "module.alb_ecs.aws_route53_record.this",
            "module.alb_ecs.aws_security_group.this",
            "module.alb_ecs.aws_vpc_security_group_egress_rule.this",
            "module.alb_ecs.aws_vpc_security_group_ingress_rule.this",
            "module.alb_ecs.aws_wafv2_web_acl_association.this",
            "module.alb_ecs.data.aws_partition.current",
            "module.ecs_app1.module.cluster.aws_cloudwatch_log_group.this",
            "module.vpc.aws_subnet.public",
            "module.vpc.aws_vpc.this",
            "module.vpc.aws_vpc_ipv4_cidr_block_association.this"
          ]
        }
      ]
    },
    {
      "module": "module.ecs_app1.module.cluster",
      "mode": "managed",
      "type": "aws_ecs_cluster_capacity_providers",
      "name": "this",
      "provider": "provider[\"registry.terraform.io/hashicorp/aws\"]",
      "instances": [
        {
          "index_key": 0,
          "schema_version": 0,
          "attributes": {
            "capacity_providers": [
              "FARGATE"
            ],
            "cluster_name": "app1",
            "default_capacity_provider_strategy": [
              {
                "base": 1,
                "capacity_provider": "FARGATE",
                "weight": 100
              }
            ],
            "id": "app1",
            "region": "us-east-1"
          },
          "sensitive_attributes": [],
          "private": "bnVsbA==",
          "dependencies": [
            "aws_security_group.alb_8080_sg",
            "aws_security_group.alb_https_sg",
            "data.aws_acm_certificate.issued",
            "module.alb_ecs.aws_lambda_permission.this",
            "module.alb_ecs.aws_lb.this",
            "module.alb_ecs.aws_lb_listener.this",
            "module.alb_ecs.aws_lb_listener_certificate.this",
            "module.alb_ecs.aws_lb_listener_rule.this",
            "module.alb_ecs.aws_lb_target_group.this",
            "module.alb_ecs.aws_lb_target_group_attachment.additional",
            "module.alb_ecs.aws_lb_target_group_attachment.this",
            "module.alb_ecs.aws_route53_record.this",
            "module.alb_ecs.aws_security_group.this",
            "module.alb_ecs.aws_vpc_security_group_egress_rule.this",
            "module.alb_ecs.aws_vpc_security_group_ingress_rule.this",
            "module.alb_ecs.aws_wafv2_web_acl_association.this",
            "module.alb_ecs.data.aws_partition.current",
            "module.ecs_app1.module.cluster.aws_cloudwatch_log_group.this",
            "module.ecs_app1.module.cluster.aws_ecs_capacity_provider.this",
            "module.ecs_app1.module.cluster.aws_ecs_cluster.this",
            "module.vpc.aws_subnet.public",
            "module.vpc.aws_vpc.this",
            "module.vpc.aws_vpc_ipv4_cidr_block_association.this"
          ]
        }
      ]
    },
    {
      "module": "module.ecs_app1.module.service[\"app1-service\"]",
      "mode": "data",
      "type": "aws_caller_identity",
      "name": "current",
      "provider": "provider[\"registry.terraform.io/hashicorp/aws\"]",
      "instances": [
        {
          "index_key": 0,
          "schema_version": 0,
          "attributes": {
            "account_id": "058264231384",
            "arn": "arn:aws:iam::058264231384:user/vscode",
            "id": "058264231384",
            "user_id": "AIDAQ3EGRTXMMFYEU45NC"
          },
          "sensitive_attributes": []
        }
      ]
    },
    {
      "module": "module.ecs_app1.module.service[\"app1-service\"]",
      "mode": "data",
      "type": "aws_iam_policy_document",
      "name": "task_exec",
      "provider": "provider[\"registry.terraform.io/hashicorp/aws\"]",
      "instances": [
        {
          "index_key": 0,
          "schema_version": 0,
          "attributes": {
            "id": "1734719305",
            "json": "{\n  \"Version\": \"2012-10-17\",\n  \"Statement\": [\n    {\n      \"Sid\": \"Logs\",\n      \"Effect\": \"Allow\",\n      \"Action\": [\n        \"logs:PutLogEvents\",\n        \"logs:CreateLogStream\"\n      ],\n      \"Resource\": \"*\"\n    },\n    {\n      \"Sid\": \"ECR\",\n      \"Effect\": \"Allow\",\n      \"Action\": [\n        \"ecr:GetDownloadUrlForLayer\",\n        \"ecr:GetAuthorizationToken\",\n        \"ecr:BatchGetImage\",\n        \"ecr:BatchCheckLayerAvailability\"\n      ],\n      \"Resource\": \"*\"\n    }\n  ]\n}",
            "minified_json": "{\"Version\":\"2012-10-17\",\"Statement\":[{\"Sid\":\"Logs\",\"Effect\":\"Allow\",\"Action\":[\"logs:PutLogEvents\",\"logs:CreateLogStream\"],\"Resource\":\"*\"},{\"Sid\":\"ECR\",\"Effect\":\"Allow\",\"Action\":[\"ecr:GetDownloadUrlForLayer\",\"ecr:GetAuthorizationToken\",\"ecr:BatchGetImage\",\"ecr:BatchCheckLayerAvailability\"],\"Resource\":\"*\"}]}",
            "override_json": null,
            "override_policy_documents": null,
            "policy_id": null,
            "source_json": null,
            "source_policy_documents": null,
            "statement": [
              {
                "actions": [
                  "logs:CreateLogStream",
                  "logs:PutLogEvents"
                ],
                "condition": [],
                "effect": "Allow",
                "not_actions": [],
                "not_principals": [],
                "not_resources": [],
                "principals": [],
                "resources": [
                  "*"
                ],
                "sid": "Logs"
              },
              {
                "actions": [
                  "ecr:BatchCheckLayerAvailability",
                  "ecr:BatchGetImage",
                  "ecr:GetAuthorizationToken",
                  "ecr:GetDownloadUrlForLayer"
                ],
                "condition": [],
                "effect": "Allow",
                "not_actions": [],
                "not_principals": [],
                "not_resources": [],
                "principals": [],
                "resources": [
                  "*"
                ],
                "sid": "ECR"
              }
            ],
            "version": "2012-10-17"
          },
          "sensitive_attributes": []
        }
      ]
    },
    {
      "module": "module.ecs_app1.module.service[\"app1-service\"]",
      "mode": "data",
      "type": "aws_iam_policy_document",
      "name": "task_exec_assume",
      "provider": "provider[\"registry.terraform.io/hashicorp/aws\"]",
      "instances": [
        {
          "index_key": 0,
          "schema_version": 0,
          "attributes": {
            "id": "2291109037",
            "json": "{\n  \"Version\": \"2012-10-17\",\n  \"Statement\": [\n    {\n      \"Sid\": \"ECSTaskExecutionAssumeRole\",\n      \"Effect\": \"Allow\",\n      \"Action\": \"sts:AssumeRole\",\n      \"Principal\": {\n        \"Service\": \"ecs-tasks.amazonaws.com\"\n      }\n    }\n  ]\n}",
            "minified_json": "{\"Version\":\"2012-10-17\",\"Statement\":[{\"Sid\":\"ECSTaskExecutionAssumeRole\",\"Effect\":\"Allow\",\"Action\":\"sts:AssumeRole\",\"Principal\":{\"Service\":\"ecs-tasks.amazonaws.com\"}}]}",
            "override_json": null,
            "override_policy_documents": null,
            "policy_id": null,
            "source_json": null,
            "source_policy_documents": null,
            "statement": [
              {
                "actions": [
                  "sts:AssumeRole"
                ],
                "condition": [],
                "effect": "Allow",
                "not_actions": [],
                "not_principals": [],
                "not_resources": [],
                "principals": [
                  {
                    "identifiers": [
                      "ecs-tasks.amazonaws.com"
                    ],
                    "type": "Service"
                  }
                ],
                "resources": [],
                "sid": "ECSTaskExecutionAssumeRole"
              }
            ],
            "version": "2012-10-17"
          },
          "sensitive_attributes": []
        }
      ]
    },
    {
      "module": "module.ecs_app1.module.service[\"app1-service\"]",
      "mode": "data",
      "type": "aws_iam_policy_document",
      "name": "tasks_assume",
      "provider": "provider[\"registry.terraform.io/hashicorp/aws\"]",
      "instances": [
        {
          "index_key": 0,
          "schema_version": 0,
          "attributes": {
            "id": "1912899450",
            "json": "{\n  \"Version\": \"2012-10-17\",\n  \"Statement\": [\n    {\n      \"Sid\": \"ECSTasksAssumeRole\",\n      \"Effect\": \"Allow\",\n      \"Action\": \"sts:AssumeRole\",\n      \"Principal\": {\n        \"Service\": \"ecs-tasks.amazonaws.com\"\n      },\n      \"Condition\": {\n        \"ArnLike\": {\n          \"aws:SourceArn\": \"arn:aws:ecs:us-east-1:058264231384:*\"\n        },\n        \"StringEquals\": {\n          \"aws:SourceAccount\": \"058264231384\"\n        }\n      }\n    }\n  ]\n}",
            "minified_json": "{\"Version\":\"2012-10-17\",\"Statement\":[{\"Sid\":\"ECSTasksAssumeRole\",\"Effect\":\"Allow\",\"Action\":\"sts:AssumeRole\",\"Principal\":{\"Service\":\"ecs-tasks.amazonaws.com\"},\"Condition\":{\"ArnLike\":{\"aws:SourceArn\":\"arn:aws:ecs:us-east-1:058264231384:*\"},\"StringEquals\":{\"aws:SourceAccount\":\"058264231384\"}}}]}",
            "override_json": null,
            "override_policy_documents": null,
            "policy_id": null,
            "source_json": null,
            "source_policy_documents": null,
            "statement": [
              {
                "actions": [
                  "sts:AssumeRole"
                ],
                "condition": [
                  {
                    "test": "ArnLike",
                    "values": [
                      "arn:aws:ecs:us-east-1:058264231384:*"
                    ],
                    "variable": "aws:SourceArn"
                  },
                  {
                    "test": "StringEquals",
                    "values": [
                      "058264231384"
                    ],
                    "variable": "aws:SourceAccount"
                  }
                ],
                "effect": "Allow",
                "not_actions": [],
                "not_principals": [],
                "not_resources": [],
                "principals": [
                  {
                    "identifiers": [
                      "ecs-tasks.amazonaws.com"
                    ],
                    "type": "Service"
                  }
                ],
                "resources": [],
                "sid": "ECSTasksAssumeRole"
              }
            ],
            "version": "2012-10-17"
          },
          "sensitive_attributes": []
        }
      ]
    },
    {
      "module": "module.ecs_app1.module.service[\"app1-service\"]",
      "mode": "data",
      "type": "aws_partition",
      "name": "current",
      "provider": "provider[\"registry.terraform.io/hashicorp/aws\"]",
      "instances": [
        {
          "index_key": 0,
          "schema_version": 0,
          "attributes": {
            "dns_suffix": "amazonaws.com",
            "id": "aws",
            "partition": "aws",
            "reverse_dns_prefix": "com.amazonaws"
          },
          "sensitive_attributes": []
        }
      ]
    },
    {
      "module": "module.ecs_app1.module.service[\"app1-service\"]",
      "mode": "data",
      "type": "aws_region",
      "name": "current",
      "provider": "provider[\"registry.terraform.io/hashicorp/aws\"]",
      "instances": [
        {
          "index_key": 0,
          "schema_version": 0,
          "attributes": {
            "description": "US East (N. Virginia)",
            "endpoint": "ec2.us-east-1.amazonaws.com",
            "id": "us-east-1",
            "name": "us-east-1",
            "region": "us-east-1"
          },
          "sensitive_attributes": []
        }
      ]
    },
    {
      "module": "module.ecs_app1.module.service[\"app1-service\"]",
      "mode": "managed",
      "type": "aws_appautoscaling_policy",
      "name": "this",
      "provider": "provider[\"registry.terraform.io/hashicorp/aws\"]",
      "instances": [
        {
          "index_key": "cpu",
          "schema_version": 0,
          "attributes": {
            "alarm_arns": [
              "arn:aws:cloudwatch:us-east-1:058264231384:alarm:TargetTracking-service/app1/app1-service-AlarmHigh-8bb302ca-47af-4c87-a96b-cfebb7510e17",
              "arn:aws:cloudwatch:us-east-1:058264231384:alarm:TargetTracking-service/app1/app1-service-AlarmLow-d742b7d2-67cc-40a3-a4de-96656b744fc0"
            ],
            "arn": "arn:aws:autoscaling:us-east-1:058264231384:scalingPolicy:6bed8a7d-d4ed-4170-b754-03b0498ad2da:resource/ecs/service/app1/app1-service:policyName/cpu",
            "id": "cpu",
            "name": "cpu",
            "policy_type": "TargetTrackingScaling",
            "predictive_scaling_policy_configuration": [],
            "region": "us-east-1",
            "resource_id": "service/app1/app1-service",
            "scalable_dimension": "ecs:service:DesiredCount",
            "service_namespace": "ecs",
            "step_scaling_policy_configuration": [],
            "target_tracking_scaling_policy_configuration": [
              {
                "customized_metric_specification": [],
                "disable_scale_in": false,
                "predefined_metric_specification": [
                  {
                    "predefined_metric_type": "ECSServiceAverageCPUUtilization",
                    "resource_label": ""
                  }
                ],
                "scale_in_cooldown": 600,
                "scale_out_cooldown": 60,
                "target_value": 50
              }
            ]
          },
          "sensitive_attributes": [],
          "private": "bnVsbA==",
          "dependencies": [
            "aws_security_group.alb_8080_sg",
            "aws_security_group.alb_https_sg",
            "aws_security_group.ecs_task_sg",
            "data.aws_acm_certificate.issued",
            "module.alb_ecs.aws_lambda_permission.this",
            "module.alb_ecs.aws_lb.this",
            "module.alb_ecs.aws_lb_listener.this",
            "module.alb_ecs.aws_lb_listener_certificate.this",
            "module.alb_ecs.aws_lb_listener_rule.this",
            "module.alb_ecs.aws_lb_target_group.this",
            "module.alb_ecs.aws_lb_target_group_attachment.additional",
            "module.alb_ecs.aws_lb_target_group_attachment.this",
            "module.alb_ecs.aws_route53_record.this",
            "module.alb_ecs.aws_security_group.this",
            "module.alb_ecs.aws_vpc_security_group_egress_rule.this",
            "module.alb_ecs.aws_vpc_security_group_ingress_rule.this",
            "module.alb_ecs.aws_wafv2_web_acl_association.this",
            "module.alb_ecs.data.aws_partition.current",
            "module.ecs_app1.module.cluster.aws_cloudwatch_log_group.this",
            "module.ecs_app1.module.cluster.aws_ecs_cluster.this",
            "module.ecs_app1.module.cluster.aws_iam_role.task_exec",
            "module.ecs_app1.module.cluster.data.aws_iam_policy_document.task_exec_assume",
            "module.ecs_app1.module.service.aws_appautoscaling_target.this",
            "module.ecs_app1.module.service.aws_ecs_service.ignore_task_definition",
            "module.ecs_app1.module.service.aws_ecs_service.this",
            "module.ecs_app1.module.service.aws_ecs_task_definition.this",
            "module.ecs_app1.module.service.aws_iam_policy.service",
            "module.ecs_app1.module.service.aws_iam_policy.task_exec",
            "module.ecs_app1.module.service.aws_iam_role.infrastructure_iam_role",
            "module.ecs_app1.module.service.aws_iam_role.service",
            "module.ecs_app1.module.service.aws_iam_role.task_exec",
            "module.ecs_app1.module.service.aws_iam_role.tasks",
            "module.ecs_app1.module.service.aws_iam_role_policy_attachment.infrastructure_iam_role_ebs_policy",
            "module.ecs_app1.module.service.aws_iam_role_policy_attachment.service",
            "module.ecs_app1.module.service.aws_iam_role_policy_attachment.task_exec",
            "module.ecs_app1.module.service.aws_iam_role_policy_attachment.task_exec_additional",
            "module.ecs_app1.module.service.aws_iam_role_policy_attachment.tasks",
            "module.ecs_app1.module.service.aws_security_group.this",
            "module.ecs_app1.module.service.data.aws_caller_identity.current",
            "module.ecs_app1.module.service.data.aws_iam_policy_document.infrastructure_iam_role",
            "module.ecs_app1.module.service.data.aws_iam_policy_document.service",
            "module.ecs_app1.module.service.data.aws_iam_policy_document.service_assume",
            "module.ecs_app1.module.service.data.aws_iam_policy_document.task_exec",
            "module.ecs_app1.module.service.data.aws_iam_policy_document.task_exec_assume",
            "module.ecs_app1.module.service.data.aws_iam_policy_document.tasks_assume",
            "module.ecs_app1.module.service.data.aws_partition.current",
            "module.ecs_app1.module.service.data.aws_region.current",
            "module.ecs_app1.module.service.data.aws_subnet.this",
            "module.ecs_app1.module.service.module.container_definition.aws_cloudwatch_log_group.this",
            "module.ecs_app1.module.service.module.container_definition.data.aws_region.current",
            "module.vpc.aws_subnet.private",
            "module.vpc.aws_subnet.public",
            "module.vpc.aws_vpc.this",
            "module.vpc.aws_vpc_ipv4_cidr_block_association.this"
          ]
        }
      ]
    },
    {
      "module": "module.ecs_app1.module.service[\"app1-service\"]",
      "mode": "managed",
      "type": "aws_appautoscaling_target",
      "name": "this",
      "provider": "provider[\"registry.terraform.io/hashicorp/aws\"]",
      "instances": [
        {
          "index_key": 0,
          "schema_version": 0,
          "attributes": {
            "arn": "arn:aws:application-autoscaling:us-east-1:058264231384:scalable-target/0ec56bed8a7dd4ed4170b75403b0498ad2da",
            "id": "service/app1/app1-service",
            "max_capacity": 6,
            "min_capacity": 2,
            "region": "us-east-1",
            "resource_id": "service/app1/app1-service",
            "role_arn": "arn:aws:iam::058264231384:role/aws-service-role/ecs.application-autoscaling.amazonaws.com/AWSServiceRoleForApplicationAutoScaling_ECSService",
            "scalable_dimension": "ecs:service:DesiredCount",
            "service_namespace": "ecs",
            "suspended_state": [
              {
                "dynamic_scaling_in_suspended": false,
                "dynamic_scaling_out_suspended": false,
                "scheduled_scaling_suspended": false
              }
            ],
            "tags": {},
            "tags_all": {}
          },
          "sensitive_attributes": [],
          "private": "bnVsbA==",
          "dependencies": [
            "aws_security_group.alb_8080_sg",
            "aws_security_group.alb_https_sg",
            "aws_security_group.ecs_task_sg",
            "data.aws_acm_certificate.issued",
            "module.alb_ecs.aws_lambda_permission.this",
            "module.alb_ecs.aws_lb.this",
            "module.alb_ecs.aws_lb_listener.this",
            "module.alb_ecs.aws_lb_listener_certificate.this",
            "module.alb_ecs.aws_lb_listener_rule.this",
            "module.alb_ecs.aws_lb_target_group.this",
            "module.alb_ecs.aws_lb_target_group_attachment.additional",
            "module.alb_ecs.aws_lb_target_group_attachment.this",
            "module.alb_ecs.aws_route53_record.this",
            "module.alb_ecs.aws_security_group.this",
            "module.alb_ecs.aws_vpc_security_group_egress_rule.this",
            "module.alb_ecs.aws_vpc_security_group_ingress_rule.this",
            "module.alb_ecs.aws_wafv2_web_acl_association.this",
            "module.alb_ecs.data.aws_partition.current",
            "module.ecs_app1.module.cluster.aws_cloudwatch_log_group.this",
            "module.ecs_app1.module.cluster.aws_ecs_cluster.this",
            "module.ecs_app1.module.cluster.aws_iam_role.task_exec",
            "module.ecs_app1.module.cluster.data.aws_iam_policy_document.task_exec_assume",
            "module.ecs_app1.module.service.aws_ecs_service.ignore_task_definition",
            "module.ecs_app1.module.service.aws_ecs_service.this",
            "module.ecs_app1.module.service.aws_ecs_task_definition.this",
            "module.ecs_app1.module.service.aws_iam_policy.service",
            "module.ecs_app1.module.service.aws_iam_policy.task_exec",
            "module.ecs_app1.module.service.aws_iam_role.infrastructure_iam_role",
            "module.ecs_app1.module.service.aws_iam_role.service",
            "module.ecs_app1.module.service.aws_iam_role.task_exec",
            "module.ecs_app1.module.service.aws_iam_role.tasks",
            "module.ecs_app1.module.service.aws_iam_role_policy_attachment.infrastructure_iam_role_ebs_policy",
            "module.ecs_app1.module.service.aws_iam_role_policy_attachment.service",
            "module.ecs_app1.module.service.aws_iam_role_policy_attachment.task_exec",
            "module.ecs_app1.module.service.aws_iam_role_policy_attachment.task_exec_additional",
            "module.ecs_app1.module.service.aws_iam_role_policy_attachment.tasks",
            "module.ecs_app1.module.service.aws_security_group.this",
            "module.ecs_app1.module.service.data.aws_caller_identity.current",
            "module.ecs_app1.module.service.data.aws_iam_policy_document.infrastructure_iam_role",
            "module.ecs_app1.module.service.data.aws_iam_policy_document.service",
            "module.ecs_app1.module.service.data.aws_iam_policy_document.service_assume",
            "module.ecs_app1.module.service.data.aws_iam_policy_document.task_exec",
            "module.ecs_app1.module.service.data.aws_iam_policy_document.task_exec_assume",
            "module.ecs_app1.module.service.data.aws_iam_policy_document.tasks_assume",
            "module.ecs_app1.module.service.data.aws_partition.current",
            "module.ecs_app1.module.service.data.aws_region.current",
            "module.ecs_app1.module.service.data.aws_subnet.this",
            "module.ecs_app1.module.service.module.container_definition.aws_cloudwatch_log_group.this",
            "module.ecs_app1.module.service.module.container_definition.data.aws_region.current",
            "module.vpc.aws_subnet.private",
            "module.vpc.aws_subnet.public",
            "module.vpc.aws_vpc.this",
            "module.vpc.aws_vpc_ipv4_cidr_block_association.this"
          ]
        }
      ]
    },
    {
      "module": "module.ecs_app1.module.service[\"app1-service\"]",
      "mode": "managed",
      "type": "aws_ecs_service",
      "name": "this",
      "provider": "provider[\"registry.terraform.io/hashicorp/aws\"]",
      "instances": [
        {
          "index_key": 0,
          "schema_version": 1,
          "attributes": {
            "alarms": [],
            "arn": "arn:aws:ecs:us-east-1:058264231384:service/app1/app1-service",
            "availability_zone_rebalancing": "ENABLED",
            "capacity_provider_strategy": [],
            "cluster": "arn:aws:ecs:us-east-1:058264231384:cluster/app1",
            "deployment_circuit_breaker": [
              {
                "enable": true,
                "rollback": true
              }
            ],
            "deployment_configuration": [
              {
                "bake_time_in_minutes": "0",
                "lifecycle_hook": [],
                "strategy": "ROLLING"
              }
            ],
            "deployment_controller": [
              {
                "type": "ECS"
              }
            ],
            "deployment_maximum_percent": 200,
            "deployment_minimum_healthy_percent": 100,
            "desired_count": 2,
            "enable_ecs_managed_tags": true,
            "enable_execute_command": false,
            "force_delete": null,
            "force_new_deployment": true,
            "health_check_grace_period_seconds": 180,
            "iam_role": "/aws-service-role/ecs.amazonaws.com/AWSServiceRoleForECS",
            "id": "arn:aws:ecs:us-east-1:058264231384:service/app1/app1-service",
            "launch_type": "FARGATE",
            "load_balancer": [
              {
                "advanced_configuration": [],
                "container_name": "app1",
                "container_port": 80,
                "elb_name": "",
                "target_group_arn": "arn:aws:elasticloadbalancing:us-east-1:058264231384:targetgroup/tf-20251013172943418300000001/d7104648c2c5232f"
              }
            ],
            "name": "app1-service",
            "network_configuration": [
              {
                "assign_public_ip": false,
                "security_groups": [
                  "sg-026b0cf5aefa29633"
                ],
                "subnets": [
                  "subnet-03bfd4e953a1baaf6",
                  "subnet-04cada7269164702b"
                ]
              }
            ],
            "ordered_placement_strategy": [],
            "placement_constraints": [],
            "platform_version": "LATEST",
            "propagate_tags": "NONE",
            "region": "us-east-1",
            "scheduling_strategy": "REPLICA",
            "service_connect_configuration": [],
            "service_registries": [],
            "sigint_rollback": null,
            "tags": {},
            "tags_all": {},
            "task_definition": "arn:aws:ecs:us-east-1:058264231384:task-definition/app1-service:63",
            "timeouts": null,
            "triggers": {},
            "volume_configuration": [],
            "vpc_lattice_configurations": [],
            "wait_for_steady_state": false
          },
          "sensitive_attributes": [],
          "private": "eyJlMmJmYjczMC1lY2FhLTExZTYtOGY4OC0zNDM2M2JjN2M0YzAiOnsiY3JlYXRlIjoxMjAwMDAwMDAwMDAwLCJkZWxldGUiOjEyMDAwMDAwMDAwMDAsInVwZGF0ZSI6MTIwMDAwMDAwMDAwMH0sInNjaGVtYV92ZXJzaW9uIjoiMSJ9",
          "dependencies": [
            "aws_security_group.alb_8080_sg",
            "aws_security_group.alb_https_sg",
            "aws_security_group.ecs_task_sg",
            "data.aws_acm_certificate.issued",
            "module.alb_ecs.aws_lambda_permission.this",
            "module.alb_ecs.aws_lb.this",
            "module.alb_ecs.aws_lb_listener.this",
            "module.alb_ecs.aws_lb_listener_certificate.this",
            "module.alb_ecs.aws_lb_listener_rule.this",
            "module.alb_ecs.aws_lb_target_group.this",
            "module.alb_ecs.aws_lb_target_group_attachment.additional",
            "module.alb_ecs.aws_lb_target_group_attachment.this",
            "module.alb_ecs.aws_route53_record.this",
            "module.alb_ecs.aws_security_group.this",
            "module.alb_ecs.aws_vpc_security_group_egress_rule.this",
            "module.alb_ecs.aws_vpc_security_group_ingress_rule.this",
            "module.alb_ecs.aws_wafv2_web_acl_association.this",
            "module.alb_ecs.data.aws_partition.current",
            "module.ecs_app1.module.cluster.aws_cloudwatch_log_group.this",
            "module.ecs_app1.module.cluster.aws_ecs_cluster.this",
            "module.ecs_app1.module.cluster.aws_iam_role.task_exec",
            "module.ecs_app1.module.cluster.data.aws_iam_policy_document.task_exec_assume",
            "module.ecs_app1.module.service.aws_ecs_task_definition.this",
            "module.ecs_app1.module.service.aws_iam_policy.service",
            "module.ecs_app1.module.service.aws_iam_policy.task_exec",
            "module.ecs_app1.module.service.aws_iam_role.infrastructure_iam_role",
            "module.ecs_app1.module.service.aws_iam_role.service",
            "module.ecs_app1.module.service.aws_iam_role.task_exec",
            "module.ecs_app1.module.service.aws_iam_role.tasks",
            "module.ecs_app1.module.service.aws_iam_role_policy_attachment.infrastructure_iam_role_ebs_policy",
            "module.ecs_app1.module.service.aws_iam_role_policy_attachment.service",
            "module.ecs_app1.module.service.aws_iam_role_policy_attachment.task_exec",
            "module.ecs_app1.module.service.aws_iam_role_policy_attachment.task_exec_additional",
            "module.ecs_app1.module.service.aws_iam_role_policy_attachment.tasks",
            "module.ecs_app1.module.service.aws_security_group.this",
            "module.ecs_app1.module.service.data.aws_caller_identity.current",
            "module.ecs_app1.module.service.data.aws_iam_policy_document.infrastructure_iam_role",
            "module.ecs_app1.module.service.data.aws_iam_policy_document.service",
            "module.ecs_app1.module.service.data.aws_iam_policy_document.service_assume",
            "module.ecs_app1.module.service.data.aws_iam_policy_document.task_exec",
            "module.ecs_app1.module.service.data.aws_iam_policy_document.task_exec_assume",
            "module.ecs_app1.module.service.data.aws_iam_policy_document.tasks_assume",
            "module.ecs_app1.module.service.data.aws_partition.current",
            "module.ecs_app1.module.service.data.aws_region.current",
            "module.ecs_app1.module.service.data.aws_subnet.this",
            "module.ecs_app1.module.service.module.container_definition.aws_cloudwatch_log_group.this",
            "module.ecs_app1.module.service.module.container_definition.data.aws_region.current",
            "module.vpc.aws_subnet.private",
            "module.vpc.aws_subnet.public",
            "module.vpc.aws_vpc.this",
            "module.vpc.aws_vpc_ipv4_cidr_block_association.this"
          ]
        }
      ]
    },
    {
      "module": "module.ecs_app1.module.service[\"app1-service\"]",
      "mode": "managed",
      "type": "aws_ecs_task_definition",
      "name": "this",
      "provider": "provider[\"registry.terraform.io/hashicorp/aws\"]",
      "instances": [
        {
          "index_key": 0,
          "schema_version": 1,
          "attributes": {
            "arn": "arn:aws:ecs:us-east-1:058264231384:task-definition/app1-service:63",
            "arn_without_revision": "arn:aws:ecs:us-east-1:058264231384:task-definition/app1-service",
            "container_definitions": "[{\"cpu\":512,\"environment\":[{\"name\":\"SERVER_TOMCAT_INTERNAL_PROXIES\",\"value\":\".*\"},{\"name\":\"SERVER_TOMCAT_PORT_HEADER\",\"value\":\"x-forwarded-port\"},{\"name\":\"SERVER_TOMCAT_PROTOCOL_HEADER\",\"value\":\"x-forwarded-proto\"},{\"name\":\"SERVER_TOMCAT_REMOTE_IP_HEADER\",\"value\":\"x-forwarded-for\"},{\"name\":\"SERVER_USE_FORWARD_HEADERS\",\"value\":\"true\"}],\"essential\":true,\"healthCheck\":{\"command\":[\"CMD-SHELL\",\"curl -sf http://localhost:80/app1/ || exit 1\"],\"interval\":30,\"retries\":3,\"startPeriod\":60,\"timeout\":5},\"image\":\"lika090909/app1:v1.0.8\",\"interactive\":false,\"linuxParameters\":{\"initProcessEnabled\":false},\"logConfiguration\":{\"logDriver\":\"awslogs\",\"options\":{\"awslogs-stream-prefix\":\"ecs\",\"awslogs-group\":\"/aws/ecs/app1-service/app1\",\"awslogs-region\":\"us-east-1\"}},\"memory\":1024,\"mountPoints\":[],\"name\":\"app1\",\"portMappings\":[{\"containerPort\":80,\"hostPort\":80,\"name\":\"app1\",\"protocol\":\"tcp\"}],\"privileged\":false,\"pseudoTerminal\":false,\"readonlyRootFilesystem\":false,\"restartPolicy\":{\"enabled\":true},\"startTimeout\":30,\"stopTimeout\":120,\"systemControls\":[],\"versionConsistency\":\"disabled\",\"volumesFrom\":[]}]",
            "cpu": "1024",
            "enable_fault_injection": false,
            "ephemeral_storage": [],
            "execution_role_arn": "arn:aws:iam::058264231384:role/app1-service-20251013173251974700000005",
            "family": "app1-service",
            "id": "app1-service",
            "ipc_mode": "",
            "memory": "2048",
            "network_mode": "awsvpc",
            "pid_mode": "",
            "placement_constraints": [],
            "proxy_configuration": [],
            "region": "us-east-1",
            "requires_compatibilities": [
              "FARGATE"
            ],
            "revision": 63,
            "runtime_platform": [
              {
                "cpu_architecture": "X86_64",
                "operating_system_family": "LINUX"
              }
            ],
            "skip_destroy": false,
            "tags": null,
            "tags_all": {},
            "task_role_arn": "arn:aws:iam::058264231384:role/app1-service-2025101317325299500000000b",
            "track_latest": true,
            "volume": []
          },
          "sensitive_attributes": [],
          "private": "eyJzY2hlbWFfdmVyc2lvbiI6IjEifQ==",
          "dependencies": [
            "aws_security_group.alb_8080_sg",
            "aws_security_group.alb_https_sg",
            "aws_security_group.ecs_task_sg",
            "data.aws_acm_certificate.issued",
            "module.alb_ecs.aws_lambda_permission.this",
            "module.alb_ecs.aws_lb.this",
            "module.alb_ecs.aws_lb_listener.this",
            "module.alb_ecs.aws_lb_listener_certificate.this",
            "module.alb_ecs.aws_lb_listener_rule.this",
            "module.alb_ecs.aws_lb_target_group.this",
            "module.alb_ecs.aws_lb_target_group_attachment.additional",
            "module.alb_ecs.aws_lb_target_group_attachment.this",
            "module.alb_ecs.aws_route53_record.this",
            "module.alb_ecs.aws_security_group.this",
            "module.alb_ecs.aws_vpc_security_group_egress_rule.this",
            "module.alb_ecs.aws_vpc_security_group_ingress_rule.this",
            "module.alb_ecs.aws_wafv2_web_acl_association.this",
            "module.alb_ecs.data.aws_partition.current",
            "module.ecs_app1.module.cluster.aws_iam_role.task_exec",
            "module.ecs_app1.module.cluster.data.aws_iam_policy_document.task_exec_assume",
            "module.ecs_app1.module.service.aws_iam_policy.task_exec",
            "module.ecs_app1.module.service.aws_iam_role.task_exec",
            "module.ecs_app1.module.service.aws_iam_role.tasks",
            "module.ecs_app1.module.service.aws_iam_role_policy_attachment.task_exec",
            "module.ecs_app1.module.service.aws_iam_role_policy_attachment.task_exec_additional",
            "module.ecs_app1.module.service.aws_iam_role_policy_attachment.tasks",
            "module.ecs_app1.module.service.data.aws_caller_identity.current",
            "module.ecs_app1.module.service.data.aws_iam_policy_document.task_exec",
            "module.ecs_app1.module.service.data.aws_iam_policy_document.task_exec_assume",
            "module.ecs_app1.module.service.data.aws_iam_policy_document.tasks_assume",
            "module.ecs_app1.module.service.data.aws_partition.current",
            "module.ecs_app1.module.service.data.aws_region.current",
            "module.ecs_app1.module.service.module.container_definition.aws_cloudwatch_log_group.this",
            "module.ecs_app1.module.service.module.container_definition.data.aws_region.current",
            "module.vpc.aws_subnet.private",
            "module.vpc.aws_subnet.public",
            "module.vpc.aws_vpc.this",
            "module.vpc.aws_vpc_ipv4_cidr_block_association.this"
          ],
          "create_before_destroy": true
        }
      ]
    },
    {
      "module": "module.ecs_app1.module.service[\"app1-service\"]",
      "mode": "managed",
      "type": "aws_iam_policy",
      "name": "task_exec",
      "provider": "provider[\"registry.terraform.io/hashicorp/aws\"]",
      "instances": [
        {
          "index_key": 0,
          "schema_version": 0,
          "attributes": {
            "arn": "arn:aws:iam::058264231384:policy/app1-service-20251013173252228700000009",
            "attachment_count": 1,
            "description": "Task execution role IAM policy",
            "id": "arn:aws:iam::058264231384:policy/app1-service-20251013173252228700000009",
            "name": "app1-service-20251013173252228700000009",
            "name_prefix": "app1-service-",
            "path": "/",
            "policy": "{\"Statement\":[{\"Action\":[\"logs:PutLogEvents\",\"logs:CreateLogStream\"],\"Effect\":\"Allow\",\"Resource\":\"*\",\"Sid\":\"Logs\"},{\"Action\":[\"ecr:GetDownloadUrlForLayer\",\"ecr:GetAuthorizationToken\",\"ecr:BatchGetImage\",\"ecr:BatchCheckLayerAvailability\"],\"Effect\":\"Allow\",\"Resource\":\"*\",\"Sid\":\"ECR\"}],\"Version\":\"2012-10-17\"}",
            "policy_id": "ANPAQ3EGRTXMMNNYUZF2K",
            "tags": {},
            "tags_all": {}
          },
          "sensitive_attributes": [],
          "private": "bnVsbA==",
          "dependencies": [
            "aws_security_group.alb_8080_sg",
            "aws_security_group.alb_cf_ingress",
            "aws_security_group.alb_https_sg",
            "aws_security_group.ecs_task_sg",
            "data.aws_acm_certificate.issued",
            "module.alb_ecs.aws_lambda_permission.this",
            "module.alb_ecs.aws_lb.this",
            "module.alb_ecs.aws_lb_listener.this",
            "module.alb_ecs.aws_lb_listener_certificate.this",
            "module.alb_ecs.aws_lb_listener_rule.this",
            "module.alb_ecs.aws_lb_target_group.this",
            "module.alb_ecs.aws_lb_target_group_attachment.additional",
            "module.alb_ecs.aws_lb_target_group_attachment.this",
            "module.alb_ecs.aws_route53_record.this",
            "module.alb_ecs.aws_security_group.this",
            "module.alb_ecs.aws_vpc_security_group_egress_rule.this",
            "module.alb_ecs.aws_vpc_security_group_ingress_rule.this",
            "module.alb_ecs.aws_wafv2_web_acl_association.this",
            "module.alb_ecs.data.aws_partition.current",
            "module.ecs_app1.module.service.data.aws_iam_policy_document.task_exec",
            "module.vpc.aws_subnet.private",
            "module.vpc.aws_subnet.public",
            "module.vpc.aws_vpc.this",
            "module.vpc.aws_vpc_ipv4_cidr_block_association.this"
          ],
          "create_before_destroy": true
        }
      ]
    },
    {
      "module": "module.ecs_app1.module.service[\"app1-service\"]",
      "mode": "managed",
      "type": "aws_iam_role",
      "name": "task_exec",
      "provider": "provider[\"registry.terraform.io/hashicorp/aws\"]",
      "instances": [
        {
          "index_key": 0,
          "schema_version": 0,
          "attributes": {
            "arn": "arn:aws:iam::058264231384:role/app1-service-20251013173251974700000005",
            "assume_role_policy": "{\"Statement\":[{\"Action\":\"sts:AssumeRole\",\"Effect\":\"Allow\",\"Principal\":{\"Service\":\"ecs-tasks.amazonaws.com\"},\"Sid\":\"ECSTaskExecutionAssumeRole\"}],\"Version\":\"2012-10-17\"}",
            "create_date": "2025-10-13T17:29:15Z",
            "description": "Task execution role for app1-service",
            "force_detach_policies": true,
            "id": "app1-service-20251013173251974700000005",
            "inline_policy": [],
            "managed_policy_arns": [
              "arn:aws:iam::058264231384:policy/app1-service-20251013173252228700000009"
            ],
            "max_session_duration": 3600,
            "name": "app1-service-20251013173251974700000005",
            "name_prefix": "app1-service-",
            "path": "/",
            "permissions_boundary": "",
            "tags": {},
            "tags_all": {},
            "unique_id": "AROAQ3EGRTXMLPTMCJNX2"
          },
          "sensitive_attributes": [],
          "private": "bnVsbA==",
          "dependencies": [
            "aws_security_group.alb_8080_sg",
            "aws_security_group.alb_cf_ingress",
            "aws_security_group.alb_https_sg",
            "aws_security_group.ecs_task_sg",
            "data.aws_acm_certificate.issued",
            "module.alb_ecs.aws_lambda_permission.this",
            "module.alb_ecs.aws_lb.this",
            "module.alb_ecs.aws_lb_listener.this",
            "module.alb_ecs.aws_lb_listener_certificate.this",
            "module.alb_ecs.aws_lb_listener_rule.this",
            "module.alb_ecs.aws_lb_target_group.this",
            "module.alb_ecs.aws_lb_target_group_attachment.additional",
            "module.alb_ecs.aws_lb_target_group_attachment.this",
            "module.alb_ecs.aws_route53_record.this",
            "module.alb_ecs.aws_security_group.this",
            "module.alb_ecs.aws_vpc_security_group_egress_rule.this",
            "module.alb_ecs.aws_vpc_security_group_ingress_rule.this",
            "module.alb_ecs.aws_wafv2_web_acl_association.this",
            "module.alb_ecs.data.aws_partition.current",
            "module.ecs_app1.module.service.data.aws_iam_policy_document.task_exec_assume",
            "module.vpc.aws_subnet.private",
            "module.vpc.aws_subnet.public",
            "module.vpc.aws_vpc.this",
            "module.vpc.aws_vpc_ipv4_cidr_block_association.this"
          ],
          "create_before_destroy": true
        }
      ]
    },
    {
      "module": "module.ecs_app1.module.service[\"app1-service\"]",
      "mode": "managed",
      "type": "aws_iam_role",
      "name": "tasks",
      "provider": "provider[\"registry.terraform.io/hashicorp/aws\"]",
      "instances": [
        {
          "index_key": 0,
          "schema_version": 0,
          "attributes": {
            "arn": "arn:aws:iam::058264231384:role/app1-service-2025101317325299500000000b",
            "assume_role_policy": "{\"Statement\":[{\"Action\":\"sts:AssumeRole\",\"Condition\":{\"ArnLike\":{\"aws:SourceArn\":\"arn:aws:ecs:us-east-1:058264231384:*\"},\"StringEquals\":{\"aws:SourceAccount\":\"058264231384\"}},\"Effect\":\"Allow\",\"Principal\":{\"Service\":\"ecs-tasks.amazonaws.com\"},\"Sid\":\"ECSTasksAssumeRole\"}],\"Version\":\"2012-10-17\"}",
            "create_date": "2025-10-13T17:29:16Z",
            "description": "",
            "force_detach_policies": true,
            "id": "app1-service-2025101317325299500000000b",
            "inline_policy": [],
            "managed_policy_arns": [],
            "max_session_duration": 3600,
            "name": "app1-service-2025101317325299500000000b",
            "name_prefix": "app1-service-",
            "path": "/",
            "permissions_boundary": "",
            "tags": {},
            "tags_all": {},
            "unique_id": "AROAQ3EGRTXMCTGXMVYDX"
          },
          "sensitive_attributes": [],
          "private": "bnVsbA==",
          "dependencies": [
            "aws_security_group.alb_8080_sg",
            "aws_security_group.alb_cf_ingress",
            "aws_security_group.alb_https_sg",
            "aws_security_group.ecs_task_sg",
            "data.aws_acm_certificate.issued",
            "module.alb_ecs.aws_lambda_permission.this",
            "module.alb_ecs.aws_lb.this",
            "module.alb_ecs.aws_lb_listener.this",
            "module.alb_ecs.aws_lb_listener_certificate.this",
            "module.alb_ecs.aws_lb_listener_rule.this",
            "module.alb_ecs.aws_lb_target_group.this",
            "module.alb_ecs.aws_lb_target_group_attachment.additional",
            "module.alb_ecs.aws_lb_target_group_attachment.this",
            "module.alb_ecs.aws_route53_record.this",
            "module.alb_ecs.aws_security_group.this",
            "module.alb_ecs.aws_vpc_security_group_egress_rule.this",
            "module.alb_ecs.aws_vpc_security_group_ingress_rule.this",
            "module.alb_ecs.aws_wafv2_web_acl_association.this",
            "module.alb_ecs.data.aws_partition.current",
            "module.ecs_app1.module.service.data.aws_caller_identity.current",
            "module.ecs_app1.module.service.data.aws_iam_policy_document.tasks_assume",
            "module.ecs_app1.module.service.data.aws_partition.current",
            "module.ecs_app1.module.service.data.aws_region.current",
            "module.vpc.aws_subnet.private",
            "module.vpc.aws_subnet.public",
            "module.vpc.aws_vpc.this",
            "module.vpc.aws_vpc_ipv4_cidr_block_association.this"
          ],
          "create_before_destroy": true
        }
      ]
    },
    {
      "module": "module.ecs_app1.module.service[\"app1-service\"]",
      "mode": "managed",
      "type": "aws_iam_role_policy_attachment",
      "name": "task_exec",
      "provider": "provider[\"registry.terraform.io/hashicorp/aws\"]",
      "instances": [
        {
          "index_key": 0,
          "schema_version": 0,
          "attributes": {
            "id": "app1-service-20251013173251974700000005/arn:aws:iam::058264231384:policy/app1-service-20251013173252228700000009",
            "policy_arn": "arn:aws:iam::058264231384:policy/app1-service-20251013173252228700000009",
            "role": "app1-service-20251013173251974700000005"
          },
          "sensitive_attributes": [],
          "private": "bnVsbA==",
          "dependencies": [
            "aws_security_group.alb_8080_sg",
            "aws_security_group.alb_https_sg",
            "aws_security_group.ecs_task_sg",
            "data.aws_acm_certificate.issued",
            "module.alb_ecs.aws_lambda_permission.this",
            "module.alb_ecs.aws_lb.this",
            "module.alb_ecs.aws_lb_listener.this",
            "module.alb_ecs.aws_lb_listener_certificate.this",
            "module.alb_ecs.aws_lb_listener_rule.this",
            "module.alb_ecs.aws_lb_target_group.this",
            "module.alb_ecs.aws_lb_target_group_attachment.additional",
            "module.alb_ecs.aws_lb_target_group_attachment.this",
            "module.alb_ecs.aws_route53_record.this",
            "module.alb_ecs.aws_security_group.this",
            "module.alb_ecs.aws_vpc_security_group_egress_rule.this",
            "module.alb_ecs.aws_vpc_security_group_ingress_rule.this",
            "module.alb_ecs.aws_wafv2_web_acl_association.this",
            "module.alb_ecs.data.aws_partition.current",
            "module.ecs_app1.module.service.aws_iam_policy.task_exec",
            "module.ecs_app1.module.service.aws_iam_role.task_exec",
            "module.ecs_app1.module.service.data.aws_iam_policy_document.task_exec",
            "module.ecs_app1.module.service.data.aws_iam_policy_document.task_exec_assume",
            "module.vpc.aws_subnet.private",
            "module.vpc.aws_subnet.public",
            "module.vpc.aws_vpc.this",
            "module.vpc.aws_vpc_ipv4_cidr_block_association.this"
          ],
          "create_before_destroy": true
        }
      ]
    },
    {
      "module": "module.ecs_app1.module.service[\"app1-service\"].module.container_definition[\"app1\"]",
      "mode": "data",
      "type": "aws_region",
      "name": "current",
      "provider": "provider[\"registry.terraform.io/hashicorp/aws\"]",
      "instances": [
        {
          "schema_version": 0,
          "attributes": {
            "description": "US East (N. Virginia)",
            "endpoint": "ec2.us-east-1.amazonaws.com",
            "id": "us-east-1",
            "name": "us-east-1",
            "region": "us-east-1"
          },
          "sensitive_attributes": []
        }
      ]
    },
    {
      "module": "module.ecs_app1.module.service[\"app1-service\"].module.container_definition[\"app1\"]",
      "mode": "managed",
      "type": "aws_cloudwatch_log_group",
      "name": "this",
      "provider": "provider[\"registry.terraform.io/hashicorp/aws\"]",
      "instances": [
        {
          "index_key": 0,
          "schema_version": 0,
          "attributes": {
            "arn": "arn:aws:logs:us-east-1:058264231384:log-group:/aws/ecs/app1-service/app1",
            "id": "/aws/ecs/app1-service/app1",
            "kms_key_id": "",
            "log_group_class": "STANDARD",
            "name": "/aws/ecs/app1-service/app1",
            "name_prefix": "",
            "region": "us-east-1",
            "retention_in_days": 30,
            "skip_destroy": false,
            "tags": {},
            "tags_all": {}
          },
          "sensitive_attributes": [],
          "private": "bnVsbA==",
          "dependencies": [
            "aws_security_group.alb_8080_sg",
            "aws_security_group.alb_https_sg",
            "aws_security_group.ecs_task_sg",
            "data.aws_acm_certificate.issued",
            "module.alb_ecs.aws_lambda_permission.this",
            "module.alb_ecs.aws_lb.this",
            "module.alb_ecs.aws_lb_listener.this",
            "module.alb_ecs.aws_lb_listener_certificate.this",
            "module.alb_ecs.aws_lb_listener_rule.this",
            "module.alb_ecs.aws_lb_target_group.this",
            "module.alb_ecs.aws_lb_target_group_attachment.additional",
            "module.alb_ecs.aws_lb_target_group_attachment.this",
            "module.alb_ecs.aws_route53_record.this",
            "module.alb_ecs.aws_security_group.this",
            "module.alb_ecs.aws_vpc_security_group_egress_rule.this",
            "module.alb_ecs.aws_vpc_security_group_ingress_rule.this",
            "module.alb_ecs.aws_wafv2_web_acl_association.this",
            "module.alb_ecs.data.aws_partition.current",
            "module.vpc.aws_subnet.private",
            "module.vpc.aws_subnet.public",
            "module.vpc.aws_vpc.this",
            "module.vpc.aws_vpc_ipv4_cidr_block_association.this"
          ],
          "create_before_destroy": true
        }
      ]
    },
    {
      "module": "module.ecs_app2.module.cluster",
      "mode": "managed",
      "type": "aws_cloudwatch_log_group",
      "name": "this",
      "provider": "provider[\"registry.terraform.io/hashicorp/aws\"]",
      "instances": [
        {
          "index_key": 0,
          "schema_version": 0,
          "attributes": {
            "arn": "arn:aws:logs:us-east-1:058264231384:log-group:/aws/ecs/app2",
            "id": "/aws/ecs/app2",
            "kms_key_id": "",
            "log_group_class": "STANDARD",
            "name": "/aws/ecs/app2",
            "name_prefix": "",
            "region": "us-east-1",
            "retention_in_days": 90,
            "skip_destroy": false,
            "tags": {
              "Name": "/aws/ecs/app2"
            },
            "tags_all": {
              "Name": "/aws/ecs/app2"
            }
          },
          "sensitive_attributes": [],
          "private": "bnVsbA==",
          "dependencies": [
            "aws_security_group.alb_8080_sg",
            "aws_security_group.alb_https_sg",
            "data.aws_acm_certificate.issued",
            "module.alb_ecs.aws_lambda_permission.this",
            "module.alb_ecs.aws_lb.this",
            "module.alb_ecs.aws_lb_listener.this",
            "module.alb_ecs.aws_lb_listener_certificate.this",
            "module.alb_ecs.aws_lb_listener_rule.this",
            "module.alb_ecs.aws_lb_target_group.this",
            "module.alb_ecs.aws_lb_target_group_attachment.additional",
            "module.alb_ecs.aws_lb_target_group_attachment.this",
            "module.alb_ecs.aws_route53_record.this",
            "module.alb_ecs.aws_security_group.this",
            "module.alb_ecs.aws_vpc_security_group_egress_rule.this",
            "module.alb_ecs.aws_vpc_security_group_ingress_rule.this",
            "module.alb_ecs.aws_wafv2_web_acl_association.this",
            "module.alb_ecs.data.aws_partition.current",
            "module.vpc.aws_subnet.public",
            "module.vpc.aws_vpc.this",
            "module.vpc.aws_vpc_ipv4_cidr_block_association.this"
          ]
        }
      ]
    },
    {
      "module": "module.ecs_app2.module.cluster",
      "mode": "managed",
      "type": "aws_ecs_cluster",
      "name": "this",
      "provider": "provider[\"registry.terraform.io/hashicorp/aws\"]",
      "instances": [
        {
          "index_key": 0,
          "schema_version": 0,
          "attributes": {
            "arn": "arn:aws:ecs:us-east-1:058264231384:cluster/app2",
            "configuration": [
              {
                "execute_command_configuration": [
                  {
                    "kms_key_id": "",
                    "log_configuration": [
                      {
                        "cloud_watch_encryption_enabled": false,
                        "cloud_watch_log_group_name": "/aws/ecs/app2",
                        "s3_bucket_encryption_enabled": false,
                        "s3_bucket_name": "",
                        "s3_key_prefix": ""
                      }
                    ],
                    "logging": "OVERRIDE"
                  }
                ],
                "managed_storage_configuration": []
              }
            ],
            "id": "arn:aws:ecs:us-east-1:058264231384:cluster/app2",
            "name": "app2",
            "region": "us-east-1",
            "service_connect_defaults": [],
            "setting": [
              {
                "name": "containerInsights",
                "value": "enabled"
              }
            ],
            "tags": {},
            "tags_all": {}
          },
          "sensitive_attributes": [],
          "private": "bnVsbA==",
          "dependencies": [
            "aws_security_group.alb_8080_sg",
            "aws_security_group.alb_https_sg",
            "data.aws_acm_certificate.issued",
            "module.alb_ecs.aws_lambda_permission.this",
            "module.alb_ecs.aws_lb.this",
            "module.alb_ecs.aws_lb_listener.this",
            "module.alb_ecs.aws_lb_listener_certificate.this",
            "module.alb_ecs.aws_lb_listener_rule.this",
            "module.alb_ecs.aws_lb_target_group.this",
            "module.alb_ecs.aws_lb_target_group_attachment.additional",
            "module.alb_ecs.aws_lb_target_group_attachment.this",
            "module.alb_ecs.aws_route53_record.this",
            "module.alb_ecs.aws_security_group.this",
            "module.alb_ecs.aws_vpc_security_group_egress_rule.this",
            "module.alb_ecs.aws_vpc_security_group_ingress_rule.this",
            "module.alb_ecs.aws_wafv2_web_acl_association.this",
            "module.alb_ecs.data.aws_partition.current",
            "module.ecs_app2.module.cluster.aws_cloudwatch_log_group.this",
            "module.vpc.aws_subnet.public",
            "module.vpc.aws_vpc.this",
            "module.vpc.aws_vpc_ipv4_cidr_block_association.this"
          ]
        }
      ]
    },
    {
      "module": "module.ecs_app2.module.cluster",
      "mode": "managed",
      "type": "aws_ecs_cluster_capacity_providers",
      "name": "this",
      "provider": "provider[\"registry.terraform.io/hashicorp/aws\"]",
      "instances": [
        {
          "index_key": 0,
          "schema_version": 0,
          "attributes": {
            "capacity_providers": [
              "FARGATE"
            ],
            "cluster_name": "app2",
            "default_capacity_provider_strategy": [
              {
                "base": 1,
                "capacity_provider": "FARGATE",
                "weight": 100
              }
            ],
            "id": "app2",
            "region": "us-east-1"
          },
          "sensitive_attributes": [],
          "private": "bnVsbA==",
          "dependencies": [
            "aws_security_group.alb_8080_sg",
            "aws_security_group.alb_https_sg",
            "data.aws_acm_certificate.issued",
            "module.alb_ecs.aws_lambda_permission.this",
            "module.alb_ecs.aws_lb.this",
            "module.alb_ecs.aws_lb_listener.this",
            "module.alb_ecs.aws_lb_listener_certificate.this",
            "module.alb_ecs.aws_lb_listener_rule.this",
            "module.alb_ecs.aws_lb_target_group.this",
            "module.alb_ecs.aws_lb_target_group_attachment.additional",
            "module.alb_ecs.aws_lb_target_group_attachment.this",
            "module.alb_ecs.aws_route53_record.this",
            "module.alb_ecs.aws_security_group.this",
            "module.alb_ecs.aws_vpc_security_group_egress_rule.this",
            "module.alb_ecs.aws_vpc_security_group_ingress_rule.this",
            "module.alb_ecs.aws_wafv2_web_acl_association.this",
            "module.alb_ecs.data.aws_partition.current",
            "module.ecs_app2.module.cluster.aws_cloudwatch_log_group.this",
            "module.ecs_app2.module.cluster.aws_ecs_capacity_provider.this",
            "module.ecs_app2.module.cluster.aws_ecs_cluster.this",
            "module.vpc.aws_subnet.public",
            "module.vpc.aws_vpc.this",
            "module.vpc.aws_vpc_ipv4_cidr_block_association.this"
          ]
        }
      ]
    },
    {
      "module": "module.ecs_app2.module.service[\"app2-service\"]",
      "mode": "data",
      "type": "aws_caller_identity",
      "name": "current",
      "provider": "provider[\"registry.terraform.io/hashicorp/aws\"]",
      "instances": [
        {
          "index_key": 0,
          "schema_version": 0,
          "attributes": {
            "account_id": "058264231384",
            "arn": "arn:aws:iam::058264231384:user/vscode",
            "id": "058264231384",
            "user_id": "AIDAQ3EGRTXMMFYEU45NC"
          },
          "sensitive_attributes": []
        }
      ]
    },
    {
      "module": "module.ecs_app2.module.service[\"app2-service\"]",
      "mode": "data",
      "type": "aws_iam_policy_document",
      "name": "task_exec",
      "provider": "provider[\"registry.terraform.io/hashicorp/aws\"]",
      "instances": [
        {
          "index_key": 0,
          "schema_version": 0,
          "attributes": {
            "id": "1734719305",
            "json": "{\n  \"Version\": \"2012-10-17\",\n  \"Statement\": [\n    {\n      \"Sid\": \"Logs\",\n      \"Effect\": \"Allow\",\n      \"Action\": [\n        \"logs:PutLogEvents\",\n        \"logs:CreateLogStream\"\n      ],\n      \"Resource\": \"*\"\n    },\n    {\n      \"Sid\": \"ECR\",\n      \"Effect\": \"Allow\",\n      \"Action\": [\n        \"ecr:GetDownloadUrlForLayer\",\n        \"ecr:GetAuthorizationToken\",\n        \"ecr:BatchGetImage\",\n        \"ecr:BatchCheckLayerAvailability\"\n      ],\n      \"Resource\": \"*\"\n    }\n  ]\n}",
            "minified_json": "{\"Version\":\"2012-10-17\",\"Statement\":[{\"Sid\":\"Logs\",\"Effect\":\"Allow\",\"Action\":[\"logs:PutLogEvents\",\"logs:CreateLogStream\"],\"Resource\":\"*\"},{\"Sid\":\"ECR\",\"Effect\":\"Allow\",\"Action\":[\"ecr:GetDownloadUrlForLayer\",\"ecr:GetAuthorizationToken\",\"ecr:BatchGetImage\",\"ecr:BatchCheckLayerAvailability\"],\"Resource\":\"*\"}]}",
            "override_json": null,
            "override_policy_documents": null,
            "policy_id": null,
            "source_json": null,
            "source_policy_documents": null,
            "statement": [
              {
                "actions": [
                  "logs:CreateLogStream",
                  "logs:PutLogEvents"
                ],
                "condition": [],
                "effect": "Allow",
                "not_actions": [],
                "not_principals": [],
                "not_resources": [],
                "principals": [],
                "resources": [
                  "*"
                ],
                "sid": "Logs"
              },
              {
                "actions": [
                  "ecr:BatchCheckLayerAvailability",
                  "ecr:BatchGetImage",
                  "ecr:GetAuthorizationToken",
                  "ecr:GetDownloadUrlForLayer"
                ],
                "condition": [],
                "effect": "Allow",
                "not_actions": [],
                "not_principals": [],
                "not_resources": [],
                "principals": [],
                "resources": [
                  "*"
                ],
                "sid": "ECR"
              }
            ],
            "version": "2012-10-17"
          },
          "sensitive_attributes": []
        }
      ]
    },
    {
      "module": "module.ecs_app2.module.service[\"app2-service\"]",
      "mode": "data",
      "type": "aws_iam_policy_document",
      "name": "task_exec_assume",
      "provider": "provider[\"registry.terraform.io/hashicorp/aws\"]",
      "instances": [
        {
          "index_key": 0,
          "schema_version": 0,
          "attributes": {
            "id": "2291109037",
            "json": "{\n  \"Version\": \"2012-10-17\",\n  \"Statement\": [\n    {\n      \"Sid\": \"ECSTaskExecutionAssumeRole\",\n      \"Effect\": \"Allow\",\n      \"Action\": \"sts:AssumeRole\",\n      \"Principal\": {\n        \"Service\": \"ecs-tasks.amazonaws.com\"\n      }\n    }\n  ]\n}",
            "minified_json": "{\"Version\":\"2012-10-17\",\"Statement\":[{\"Sid\":\"ECSTaskExecutionAssumeRole\",\"Effect\":\"Allow\",\"Action\":\"sts:AssumeRole\",\"Principal\":{\"Service\":\"ecs-tasks.amazonaws.com\"}}]}",
            "override_json": null,
            "override_policy_documents": null,
            "policy_id": null,
            "source_json": null,
            "source_policy_documents": null,
            "statement": [
              {
                "actions": [
                  "sts:AssumeRole"
                ],
                "condition": [],
                "effect": "Allow",
                "not_actions": [],
                "not_principals": [],
                "not_resources": [],
                "principals": [
                  {
                    "identifiers": [
                      "ecs-tasks.amazonaws.com"
                    ],
                    "type": "Service"
                  }
                ],
                "resources": [],
                "sid": "ECSTaskExecutionAssumeRole"
              }
            ],
            "version": "2012-10-17"
          },
          "sensitive_attributes": []
        }
      ]
    },
    {
      "module": "module.ecs_app2.module.service[\"app2-service\"]",
      "mode": "data",
      "type": "aws_iam_policy_document",
      "name": "tasks_assume",
      "provider": "provider[\"registry.terraform.io/hashicorp/aws\"]",
      "instances": [
        {
          "index_key": 0,
          "schema_version": 0,
          "attributes": {
            "id": "1912899450",
            "json": "{\n  \"Version\": \"2012-10-17\",\n  \"Statement\": [\n    {\n      \"Sid\": \"ECSTasksAssumeRole\",\n      \"Effect\": \"Allow\",\n      \"Action\": \"sts:AssumeRole\",\n      \"Principal\": {\n        \"Service\": \"ecs-tasks.amazonaws.com\"\n      },\n      \"Condition\": {\n        \"ArnLike\": {\n          \"aws:SourceArn\": \"arn:aws:ecs:us-east-1:058264231384:*\"\n        },\n        \"StringEquals\": {\n          \"aws:SourceAccount\": \"058264231384\"\n        }\n      }\n    }\n  ]\n}",
            "minified_json": "{\"Version\":\"2012-10-17\",\"Statement\":[{\"Sid\":\"ECSTasksAssumeRole\",\"Effect\":\"Allow\",\"Action\":\"sts:AssumeRole\",\"Principal\":{\"Service\":\"ecs-tasks.amazonaws.com\"},\"Condition\":{\"ArnLike\":{\"aws:SourceArn\":\"arn:aws:ecs:us-east-1:058264231384:*\"},\"StringEquals\":{\"aws:SourceAccount\":\"058264231384\"}}}]}",
            "override_json": null,
            "override_policy_documents": null,
            "policy_id": null,
            "source_json": null,
            "source_policy_documents": null,
            "statement": [
              {
                "actions": [
                  "sts:AssumeRole"
                ],
                "condition": [
                  {
                    "test": "ArnLike",
                    "values": [
                      "arn:aws:ecs:us-east-1:058264231384:*"
                    ],
                    "variable": "aws:SourceArn"
                  },
                  {
                    "test": "StringEquals",
                    "values": [
                      "058264231384"
                    ],
                    "variable": "aws:SourceAccount"
                  }
                ],
                "effect": "Allow",
                "not_actions": [],
                "not_principals": [],
                "not_resources": [],
                "principals": [
                  {
                    "identifiers": [
                      "ecs-tasks.amazonaws.com"
                    ],
                    "type": "Service"
                  }
                ],
                "resources": [],
                "sid": "ECSTasksAssumeRole"
              }
            ],
            "version": "2012-10-17"
          },
          "sensitive_attributes": []
        }
      ]
    },
    {
      "module": "module.ecs_app2.module.service[\"app2-service\"]",
      "mode": "data",
      "type": "aws_partition",
      "name": "current",
      "provider": "provider[\"registry.terraform.io/hashicorp/aws\"]",
      "instances": [
        {
          "index_key": 0,
          "schema_version": 0,
          "attributes": {
            "dns_suffix": "amazonaws.com",
            "id": "aws",
            "partition": "aws",
            "reverse_dns_prefix": "com.amazonaws"
          },
          "sensitive_attributes": []
        }
      ]
    },
    {
      "module": "module.ecs_app2.module.service[\"app2-service\"]",
      "mode": "data",
      "type": "aws_region",
      "name": "current",
      "provider": "provider[\"registry.terraform.io/hashicorp/aws\"]",
      "instances": [
        {
          "index_key": 0,
          "schema_version": 0,
          "attributes": {
            "description": "US East (N. Virginia)",
            "endpoint": "ec2.us-east-1.amazonaws.com",
            "id": "us-east-1",
            "name": "us-east-1",
            "region": "us-east-1"
          },
          "sensitive_attributes": []
        }
      ]
    },
    {
      "module": "module.ecs_app2.module.service[\"app2-service\"]",
      "mode": "managed",
      "type": "aws_appautoscaling_policy",
      "name": "this",
      "provider": "provider[\"registry.terraform.io/hashicorp/aws\"]",
      "instances": [
        {
          "index_key": "cpu",
          "schema_version": 0,
          "attributes": {
            "alarm_arns": [
              "arn:aws:cloudwatch:us-east-1:058264231384:alarm:TargetTracking-service/app2/app2-service-AlarmHigh-b166e091-0b39-4f53-9ad0-a3a93540e82c",
              "arn:aws:cloudwatch:us-east-1:058264231384:alarm:TargetTracking-service/app2/app2-service-AlarmLow-a4205773-ef6f-4c2b-a540-b3cacd4d55cf"
            ],
            "arn": "arn:aws:autoscaling:us-east-1:058264231384:scalingPolicy:cc3ca864-c335-4625-82b9-0404e072c678:resource/ecs/service/app2/app2-service:policyName/cpu",
            "id": "cpu",
            "name": "cpu",
            "policy_type": "TargetTrackingScaling",
            "predictive_scaling_policy_configuration": [],
            "region": "us-east-1",
            "resource_id": "service/app2/app2-service",
            "scalable_dimension": "ecs:service:DesiredCount",
            "service_namespace": "ecs",
            "step_scaling_policy_configuration": [],
            "target_tracking_scaling_policy_configuration": [
              {
                "customized_metric_specification": [],
                "disable_scale_in": false,
                "predefined_metric_specification": [
                  {
                    "predefined_metric_type": "ECSServiceAverageCPUUtilization",
                    "resource_label": ""
                  }
                ],
                "scale_in_cooldown": 600,
                "scale_out_cooldown": 60,
                "target_value": 50
              }
            ]
          },
          "sensitive_attributes": [],
          "private": "bnVsbA==",
          "dependencies": [
            "aws_security_group.alb_8080_sg",
            "aws_security_group.alb_https_sg",
            "aws_security_group.ecs_task_sg",
            "data.aws_acm_certificate.issued",
            "module.alb_ecs.aws_lambda_permission.this",
            "module.alb_ecs.aws_lb.this",
            "module.alb_ecs.aws_lb_listener.this",
            "module.alb_ecs.aws_lb_listener_certificate.this",
            "module.alb_ecs.aws_lb_listener_rule.this",
            "module.alb_ecs.aws_lb_target_group.this",
            "module.alb_ecs.aws_lb_target_group_attachment.additional",
            "module.alb_ecs.aws_lb_target_group_attachment.this",
            "module.alb_ecs.aws_route53_record.this",
            "module.alb_ecs.aws_security_group.this",
            "module.alb_ecs.aws_vpc_security_group_egress_rule.this",
            "module.alb_ecs.aws_vpc_security_group_ingress_rule.this",
            "module.alb_ecs.aws_wafv2_web_acl_association.this",
            "module.alb_ecs.data.aws_partition.current",
            "module.ecs_app2.module.cluster.aws_cloudwatch_log_group.this",
            "module.ecs_app2.module.cluster.aws_ecs_cluster.this",
            "module.ecs_app2.module.cluster.aws_iam_role.task_exec",
            "module.ecs_app2.module.cluster.data.aws_iam_policy_document.task_exec_assume",
            "module.ecs_app2.module.service.aws_appautoscaling_target.this",
            "module.ecs_app2.module.service.aws_ecs_service.ignore_task_definition",
            "module.ecs_app2.module.service.aws_ecs_service.this",
            "module.ecs_app2.module.service.aws_ecs_task_definition.this",
            "module.ecs_app2.module.service.aws_iam_policy.service",
            "module.ecs_app2.module.service.aws_iam_policy.task_exec",
            "module.ecs_app2.module.service.aws_iam_role.infrastructure_iam_role",
            "module.ecs_app2.module.service.aws_iam_role.service",
            "module.ecs_app2.module.service.aws_iam_role.task_exec",
            "module.ecs_app2.module.service.aws_iam_role.tasks",
            "module.ecs_app2.module.service.aws_iam_role_policy_attachment.infrastructure_iam_role_ebs_policy",
            "module.ecs_app2.module.service.aws_iam_role_policy_attachment.service",
            "module.ecs_app2.module.service.aws_iam_role_policy_attachment.task_exec",
            "module.ecs_app2.module.service.aws_iam_role_policy_attachment.task_exec_additional",
            "module.ecs_app2.module.service.aws_iam_role_policy_attachment.tasks",
            "module.ecs_app2.module.service.aws_security_group.this",
            "module.ecs_app2.module.service.data.aws_caller_identity.current",
            "module.ecs_app2.module.service.data.aws_iam_policy_document.infrastructure_iam_role",
            "module.ecs_app2.module.service.data.aws_iam_policy_document.service",
            "module.ecs_app2.module.service.data.aws_iam_policy_document.service_assume",
            "module.ecs_app2.module.service.data.aws_iam_policy_document.task_exec",
            "module.ecs_app2.module.service.data.aws_iam_policy_document.task_exec_assume",
            "module.ecs_app2.module.service.data.aws_iam_policy_document.tasks_assume",
            "module.ecs_app2.module.service.data.aws_partition.current",
            "module.ecs_app2.module.service.data.aws_region.current",
            "module.ecs_app2.module.service.data.aws_subnet.this",
            "module.ecs_app2.module.service.module.container_definition.aws_cloudwatch_log_group.this",
            "module.ecs_app2.module.service.module.container_definition.data.aws_region.current",
            "module.vpc.aws_subnet.private",
            "module.vpc.aws_subnet.public",
            "module.vpc.aws_vpc.this",
            "module.vpc.aws_vpc_ipv4_cidr_block_association.this"
          ]
        }
      ]
    },
    {
      "module": "module.ecs_app2.module.service[\"app2-service\"]",
      "mode": "managed",
      "type": "aws_appautoscaling_target",
      "name": "this",
      "provider": "provider[\"registry.terraform.io/hashicorp/aws\"]",
      "instances": [
        {
          "index_key": 0,
          "schema_version": 0,
          "attributes": {
            "arn": "arn:aws:application-autoscaling:us-east-1:058264231384:scalable-target/0ec5cc3ca864c335462582b90404e072c678",
            "id": "service/app2/app2-service",
            "max_capacity": 6,
            "min_capacity": 2,
            "region": "us-east-1",
            "resource_id": "service/app2/app2-service",
            "role_arn": "arn:aws:iam::058264231384:role/aws-service-role/ecs.application-autoscaling.amazonaws.com/AWSServiceRoleForApplicationAutoScaling_ECSService",
            "scalable_dimension": "ecs:service:DesiredCount",
            "service_namespace": "ecs",
            "suspended_state": [
              {
                "dynamic_scaling_in_suspended": false,
                "dynamic_scaling_out_suspended": false,
                "scheduled_scaling_suspended": false
              }
            ],
            "tags": {},
            "tags_all": {}
          },
          "sensitive_attributes": [],
          "private": "bnVsbA==",
          "dependencies": [
            "aws_security_group.alb_8080_sg",
            "aws_security_group.alb_https_sg",
            "aws_security_group.ecs_task_sg",
            "data.aws_acm_certificate.issued",
            "module.alb_ecs.aws_lambda_permission.this",
            "module.alb_ecs.aws_lb.this",
            "module.alb_ecs.aws_lb_listener.this",
            "module.alb_ecs.aws_lb_listener_certificate.this",
            "module.alb_ecs.aws_lb_listener_rule.this",
            "module.alb_ecs.aws_lb_target_group.this",
            "module.alb_ecs.aws_lb_target_group_attachment.additional",
            "module.alb_ecs.aws_lb_target_group_attachment.this",
            "module.alb_ecs.aws_route53_record.this",
            "module.alb_ecs.aws_security_group.this",
            "module.alb_ecs.aws_vpc_security_group_egress_rule.this",
            "module.alb_ecs.aws_vpc_security_group_ingress_rule.this",
            "module.alb_ecs.aws_wafv2_web_acl_association.this",
            "module.alb_ecs.data.aws_partition.current",
            "module.ecs_app2.module.cluster.aws_cloudwatch_log_group.this",
            "module.ecs_app2.module.cluster.aws_ecs_cluster.this",
            "module.ecs_app2.module.cluster.aws_iam_role.task_exec",
            "module.ecs_app2.module.cluster.data.aws_iam_policy_document.task_exec_assume",
            "module.ecs_app2.module.service.aws_ecs_service.ignore_task_definition",
            "module.ecs_app2.module.service.aws_ecs_service.this",
            "module.ecs_app2.module.service.aws_ecs_task_definition.this",
            "module.ecs_app2.module.service.aws_iam_policy.service",
            "module.ecs_app2.module.service.aws_iam_policy.task_exec",
            "module.ecs_app2.module.service.aws_iam_role.infrastructure_iam_role",
            "module.ecs_app2.module.service.aws_iam_role.service",
            "module.ecs_app2.module.service.aws_iam_role.task_exec",
            "module.ecs_app2.module.service.aws_iam_role.tasks",
            "module.ecs_app2.module.service.aws_iam_role_policy_attachment.infrastructure_iam_role_ebs_policy",
            "module.ecs_app2.module.service.aws_iam_role_policy_attachment.service",
            "module.ecs_app2.module.service.aws_iam_role_policy_attachment.task_exec",
            "module.ecs_app2.module.service.aws_iam_role_policy_attachment.task_exec_additional",
            "module.ecs_app2.module.service.aws_iam_role_policy_attachment.tasks",
            "module.ecs_app2.module.service.aws_security_group.this",
            "module.ecs_app2.module.service.data.aws_caller_identity.current",
            "module.ecs_app2.module.service.data.aws_iam_policy_document.infrastructure_iam_role",
            "module.ecs_app2.module.service.data.aws_iam_policy_document.service",
            "module.ecs_app2.module.service.data.aws_iam_policy_document.service_assume",
            "module.ecs_app2.module.service.data.aws_iam_policy_document.task_exec",
            "module.ecs_app2.module.service.data.aws_iam_policy_document.task_exec_assume",
            "module.ecs_app2.module.service.data.aws_iam_policy_document.tasks_assume",
            "module.ecs_app2.module.service.data.aws_partition.current",
            "module.ecs_app2.module.service.data.aws_region.current",
            "module.ecs_app2.module.service.data.aws_subnet.this",
            "module.ecs_app2.module.service.module.container_definition.aws_cloudwatch_log_group.this",
            "module.ecs_app2.module.service.module.container_definition.data.aws_region.current",
            "module.vpc.aws_subnet.private",
            "module.vpc.aws_subnet.public",
            "module.vpc.aws_vpc.this",
            "module.vpc.aws_vpc_ipv4_cidr_block_association.this"
          ]
        }
      ]
    },
    {
      "module": "module.ecs_app2.module.service[\"app2-service\"]",
      "mode": "managed",
      "type": "aws_ecs_service",
      "name": "this",
      "provider": "provider[\"registry.terraform.io/hashicorp/aws\"]",
      "instances": [
        {
          "index_key": 0,
          "schema_version": 1,
          "attributes": {
            "alarms": [],
            "arn": "arn:aws:ecs:us-east-1:058264231384:service/app2/app2-service",
            "availability_zone_rebalancing": "ENABLED",
            "capacity_provider_strategy": [],
            "cluster": "arn:aws:ecs:us-east-1:058264231384:cluster/app2",
            "deployment_circuit_breaker": [
              {
                "enable": true,
                "rollback": true
              }
            ],
            "deployment_configuration": [
              {
                "bake_time_in_minutes": "0",
                "lifecycle_hook": [],
                "strategy": "ROLLING"
              }
            ],
            "deployment_controller": [
              {
                "type": "ECS"
              }
            ],
            "deployment_maximum_percent": 200,
            "deployment_minimum_healthy_percent": 100,
            "desired_count": 2,
            "enable_ecs_managed_tags": true,
            "enable_execute_command": false,
            "force_delete": null,
            "force_new_deployment": true,
            "health_check_grace_period_seconds": 180,
            "iam_role": "/aws-service-role/ecs.amazonaws.com/AWSServiceRoleForECS",
            "id": "arn:aws:ecs:us-east-1:058264231384:service/app2/app2-service",
            "launch_type": "FARGATE",
            "load_balancer": [
              {
                "advanced_configuration": [],
                "container_name": "app2",
                "container_port": 80,
                "elb_name": "",
                "target_group_arn": "arn:aws:elasticloadbalancing:us-east-1:058264231384:targetgroup/tf-20251013172943419200000003/26545457ae1a0df4"
              }
            ],
            "name": "app2-service",
            "network_configuration": [
              {
                "assign_public_ip": false,
                "security_groups": [
                  "sg-026b0cf5aefa29633"
                ],
                "subnets": [
                  "subnet-03bfd4e953a1baaf6",
                  "subnet-04cada7269164702b"
                ]
              }
            ],
            "ordered_placement_strategy": [],
            "placement_constraints": [],
            "platform_version": "LATEST",
            "propagate_tags": "NONE",
            "region": "us-east-1",
            "scheduling_strategy": "REPLICA",
            "service_connect_configuration": [],
            "service_registries": [],
            "sigint_rollback": null,
            "tags": {},
            "tags_all": {},
            "task_definition": "arn:aws:ecs:us-east-1:058264231384:task-definition/app2-service:63",
            "timeouts": null,
            "triggers": {},
            "volume_configuration": [],
            "vpc_lattice_configurations": [],
            "wait_for_steady_state": false
          },
          "sensitive_attributes": [],
          "private": "eyJlMmJmYjczMC1lY2FhLTExZTYtOGY4OC0zNDM2M2JjN2M0YzAiOnsiY3JlYXRlIjoxMjAwMDAwMDAwMDAwLCJkZWxldGUiOjEyMDAwMDAwMDAwMDAsInVwZGF0ZSI6MTIwMDAwMDAwMDAwMH0sInNjaGVtYV92ZXJzaW9uIjoiMSJ9",
          "dependencies": [
            "aws_security_group.alb_8080_sg",
            "aws_security_group.alb_https_sg",
            "aws_security_group.ecs_task_sg",
            "data.aws_acm_certificate.issued",
            "module.alb_ecs.aws_lambda_permission.this",
            "module.alb_ecs.aws_lb.this",
            "module.alb_ecs.aws_lb_listener.this",
            "module.alb_ecs.aws_lb_listener_certificate.this",
            "module.alb_ecs.aws_lb_listener_rule.this",
            "module.alb_ecs.aws_lb_target_group.this",
            "module.alb_ecs.aws_lb_target_group_attachment.additional",
            "module.alb_ecs.aws_lb_target_group_attachment.this",
            "module.alb_ecs.aws_route53_record.this",
            "module.alb_ecs.aws_security_group.this",
            "module.alb_ecs.aws_vpc_security_group_egress_rule.this",
            "module.alb_ecs.aws_vpc_security_group_ingress_rule.this",
            "module.alb_ecs.aws_wafv2_web_acl_association.this",
            "module.alb_ecs.data.aws_partition.current",
            "module.ecs_app2.module.cluster.aws_cloudwatch_log_group.this",
            "module.ecs_app2.module.cluster.aws_ecs_cluster.this",
            "module.ecs_app2.module.cluster.aws_iam_role.task_exec",
            "module.ecs_app2.module.cluster.data.aws_iam_policy_document.task_exec_assume",
            "module.ecs_app2.module.service.aws_ecs_task_definition.this",
            "module.ecs_app2.module.service.aws_iam_policy.service",
            "module.ecs_app2.module.service.aws_iam_policy.task_exec",
            "module.ecs_app2.module.service.aws_iam_role.infrastructure_iam_role",
            "module.ecs_app2.module.service.aws_iam_role.service",
            "module.ecs_app2.module.service.aws_iam_role.task_exec",
            "module.ecs_app2.module.service.aws_iam_role.tasks",
            "module.ecs_app2.module.service.aws_iam_role_policy_attachment.infrastructure_iam_role_ebs_policy",
            "module.ecs_app2.module.service.aws_iam_role_policy_attachment.service",
            "module.ecs_app2.module.service.aws_iam_role_policy_attachment.task_exec",
            "module.ecs_app2.module.service.aws_iam_role_policy_attachment.task_exec_additional",
            "module.ecs_app2.module.service.aws_iam_role_policy_attachment.tasks",
            "module.ecs_app2.module.service.aws_security_group.this",
            "module.ecs_app2.module.service.data.aws_caller_identity.current",
            "module.ecs_app2.module.service.data.aws_iam_policy_document.infrastructure_iam_role",
            "module.ecs_app2.module.service.data.aws_iam_policy_document.service",
            "module.ecs_app2.module.service.data.aws_iam_policy_document.service_assume",
            "module.ecs_app2.module.service.data.aws_iam_policy_document.task_exec",
            "module.ecs_app2.module.service.data.aws_iam_policy_document.task_exec_assume",
            "module.ecs_app2.module.service.data.aws_iam_policy_document.tasks_assume",
            "module.ecs_app2.module.service.data.aws_partition.current",
            "module.ecs_app2.module.service.data.aws_region.current",
            "module.ecs_app2.module.service.data.aws_subnet.this",
            "module.ecs_app2.module.service.module.container_definition.aws_cloudwatch_log_group.this",
            "module.ecs_app2.module.service.module.container_definition.data.aws_region.current",
            "module.vpc.aws_subnet.private",
            "module.vpc.aws_subnet.public",
            "module.vpc.aws_vpc.this",
            "module.vpc.aws_vpc_ipv4_cidr_block_association.this"
          ]
        }
      ]
    },
    {
      "module": "module.ecs_app2.module.service[\"app2-service\"]",
      "mode": "managed",
      "type": "aws_ecs_task_definition",
      "name": "this",
      "provider": "provider[\"registry.terraform.io/hashicorp/aws\"]",
      "instances": [
        {
          "index_key": 0,
          "schema_version": 1,
          "attributes": {
            "arn": "arn:aws:ecs:us-east-1:058264231384:task-definition/app2-service:63",
            "arn_without_revision": "arn:aws:ecs:us-east-1:058264231384:task-definition/app2-service",
            "container_definitions": "[{\"cpu\":512,\"environment\":[{\"name\":\"SERVER_TOMCAT_INTERNAL_PROXIES\",\"value\":\".*\"},{\"name\":\"SERVER_TOMCAT_PORT_HEADER\",\"value\":\"x-forwarded-port\"},{\"name\":\"SERVER_TOMCAT_PROTOCOL_HEADER\",\"value\":\"x-forwarded-proto\"},{\"name\":\"SERVER_TOMCAT_REMOTE_IP_HEADER\",\"value\":\"x-forwarded-for\"},{\"name\":\"SERVER_USE_FORWARD_HEADERS\",\"value\":\"true\"}],\"essential\":true,\"healthCheck\":{\"command\":[\"CMD-SHELL\",\"curl -sf http://localhost:80/app1/ || exit 1\"],\"interval\":30,\"retries\":3,\"startPeriod\":60,\"timeout\":5},\"image\":\"lika090909/app2:v1.0.1\",\"interactive\":false,\"linuxParameters\":{\"initProcessEnabled\":false},\"logConfiguration\":{\"logDriver\":\"awslogs\",\"options\":{\"awslogs-region\":\"us-east-1\",\"awslogs-stream-prefix\":\"ecs\",\"awslogs-group\":\"/aws/ecs/app2-service/app2\"}},\"memory\":1024,\"mountPoints\":[],\"name\":\"app2\",\"portMappings\":[{\"containerPort\":80,\"hostPort\":80,\"name\":\"app1\",\"protocol\":\"tcp\"}],\"privileged\":false,\"pseudoTerminal\":false,\"readonlyRootFilesystem\":false,\"restartPolicy\":{\"enabled\":true},\"startTimeout\":30,\"stopTimeout\":120,\"systemControls\":[],\"versionConsistency\":\"disabled\",\"volumesFrom\":[]}]",
            "cpu": "1024",
            "enable_fault_injection": false,
            "ephemeral_storage": [],
            "execution_role_arn": "arn:aws:iam::058264231384:role/app2-service-20251013173252003400000007",
            "family": "app2-service",
            "id": "app2-service",
            "ipc_mode": "",
            "memory": "2048",
            "network_mode": "awsvpc",
            "pid_mode": "",
            "placement_constraints": [],
            "proxy_configuration": [],
            "region": "us-east-1",
            "requires_compatibilities": [
              "FARGATE"
            ],
            "revision": 63,
            "runtime_platform": [
              {
                "cpu_architecture": "X86_64",
                "operating_system_family": "LINUX"
              }
            ],
            "skip_destroy": false,
            "tags": null,
            "tags_all": {},
            "task_role_arn": "arn:aws:iam::058264231384:role/app2-service-2025101317325301210000000c",
            "track_latest": true,
            "volume": []
          },
          "sensitive_attributes": [],
          "private": "eyJzY2hlbWFfdmVyc2lvbiI6IjEifQ==",
          "dependencies": [
            "aws_security_group.alb_8080_sg",
            "aws_security_group.alb_https_sg",
            "aws_security_group.ecs_task_sg",
            "data.aws_acm_certificate.issued",
            "module.alb_ecs.aws_lambda_permission.this",
            "module.alb_ecs.aws_lb.this",
            "module.alb_ecs.aws_lb_listener.this",
            "module.alb_ecs.aws_lb_listener_certificate.this",
            "module.alb_ecs.aws_lb_listener_rule.this",
            "module.alb_ecs.aws_lb_target_group.this",
            "module.alb_ecs.aws_lb_target_group_attachment.additional",
            "module.alb_ecs.aws_lb_target_group_attachment.this",
            "module.alb_ecs.aws_route53_record.this",
            "module.alb_ecs.aws_security_group.this",
            "module.alb_ecs.aws_vpc_security_group_egress_rule.this",
            "module.alb_ecs.aws_vpc_security_group_ingress_rule.this",
            "module.alb_ecs.aws_wafv2_web_acl_association.this",
            "module.alb_ecs.data.aws_partition.current",
            "module.ecs_app2.module.cluster.aws_iam_role.task_exec",
            "module.ecs_app2.module.cluster.data.aws_iam_policy_document.task_exec_assume",
            "module.ecs_app2.module.service.aws_iam_policy.task_exec",
            "module.ecs_app2.module.service.aws_iam_role.task_exec",
            "module.ecs_app2.module.service.aws_iam_role.tasks",
            "module.ecs_app2.module.service.aws_iam_role_policy_attachment.task_exec",
            "module.ecs_app2.module.service.aws_iam_role_policy_attachment.task_exec_additional",
            "module.ecs_app2.module.service.aws_iam_role_policy_attachment.tasks",
            "module.ecs_app2.module.service.data.aws_caller_identity.current",
            "module.ecs_app2.module.service.data.aws_iam_policy_document.task_exec",
            "module.ecs_app2.module.service.data.aws_iam_policy_document.task_exec_assume",
            "module.ecs_app2.module.service.data.aws_iam_policy_document.tasks_assume",
            "module.ecs_app2.module.service.data.aws_partition.current",
            "module.ecs_app2.module.service.data.aws_region.current",
            "module.ecs_app2.module.service.module.container_definition.aws_cloudwatch_log_group.this",
            "module.ecs_app2.module.service.module.container_definition.data.aws_region.current",
            "module.vpc.aws_subnet.private",
            "module.vpc.aws_subnet.public",
            "module.vpc.aws_vpc.this",
            "module.vpc.aws_vpc_ipv4_cidr_block_association.this"
          ],
          "create_before_destroy": true
        }
      ]
    },
    {
      "module": "module.ecs_app2.module.service[\"app2-service\"]",
      "mode": "managed",
      "type": "aws_iam_policy",
      "name": "task_exec",
      "provider": "provider[\"registry.terraform.io/hashicorp/aws\"]",
      "instances": [
        {
          "index_key": 0,
          "schema_version": 0,
          "attributes": {
            "arn": "arn:aws:iam::058264231384:policy/app2-service-2025101317325222960000000a",
            "attachment_count": 1,
            "description": "Task execution role IAM policy",
            "id": "arn:aws:iam::058264231384:policy/app2-service-2025101317325222960000000a",
            "name": "app2-service-2025101317325222960000000a",
            "name_prefix": "app2-service-",
            "path": "/",
            "policy": "{\"Statement\":[{\"Action\":[\"logs:PutLogEvents\",\"logs:CreateLogStream\"],\"Effect\":\"Allow\",\"Resource\":\"*\",\"Sid\":\"Logs\"},{\"Action\":[\"ecr:GetDownloadUrlForLayer\",\"ecr:GetAuthorizationToken\",\"ecr:BatchGetImage\",\"ecr:BatchCheckLayerAvailability\"],\"Effect\":\"Allow\",\"Resource\":\"*\",\"Sid\":\"ECR\"}],\"Version\":\"2012-10-17\"}",
            "policy_id": "ANPAQ3EGRTXMN4MLSXPWY",
            "tags": {},
            "tags_all": {}
          },
          "sensitive_attributes": [],
          "private": "bnVsbA==",
          "dependencies": [
            "aws_security_group.alb_8080_sg",
            "aws_security_group.alb_cf_ingress",
            "aws_security_group.alb_https_sg",
            "aws_security_group.ecs_task_sg",
            "data.aws_acm_certificate.issued",
            "module.alb_ecs.aws_lambda_permission.this",
            "module.alb_ecs.aws_lb.this",
            "module.alb_ecs.aws_lb_listener.this",
            "module.alb_ecs.aws_lb_listener_certificate.this",
            "module.alb_ecs.aws_lb_listener_rule.this",
            "module.alb_ecs.aws_lb_target_group.this",
            "module.alb_ecs.aws_lb_target_group_attachment.additional",
            "module.alb_ecs.aws_lb_target_group_attachment.this",
            "module.alb_ecs.aws_route53_record.this",
            "module.alb_ecs.aws_security_group.this",
            "module.alb_ecs.aws_vpc_security_group_egress_rule.this",
            "module.alb_ecs.aws_vpc_security_group_ingress_rule.this",
            "module.alb_ecs.aws_wafv2_web_acl_association.this",
            "module.alb_ecs.data.aws_partition.current",
            "module.ecs_app2.module.service.data.aws_iam_policy_document.task_exec",
            "module.vpc.aws_subnet.private",
            "module.vpc.aws_subnet.public",
            "module.vpc.aws_vpc.this",
            "module.vpc.aws_vpc_ipv4_cidr_block_association.this"
          ],
          "create_before_destroy": true
        }
      ]
    },
    {
      "module": "module.ecs_app2.module.service[\"app2-service\"]",
      "mode": "managed",
      "type": "aws_iam_role",
      "name": "task_exec",
      "provider": "provider[\"registry.terraform.io/hashicorp/aws\"]",
      "instances": [
        {
          "index_key": 0,
          "schema_version": 0,
          "attributes": {
            "arn": "arn:aws:iam::058264231384:role/app2-service-20251013173252003400000007",
            "assume_role_policy": "{\"Statement\":[{\"Action\":\"sts:AssumeRole\",\"Effect\":\"Allow\",\"Principal\":{\"Service\":\"ecs-tasks.amazonaws.com\"},\"Sid\":\"ECSTaskExecutionAssumeRole\"}],\"Version\":\"2012-10-17\"}",
            "create_date": "2025-10-13T17:29:15Z",
            "description": "Task execution role for app2-service",
            "force_detach_policies": true,
            "id": "app2-service-20251013173252003400000007",
            "inline_policy": [],
            "managed_policy_arns": [
              "arn:aws:iam::058264231384:policy/app2-service-2025101317325222960000000a"
            ],
            "max_session_duration": 3600,
            "name": "app2-service-20251013173252003400000007",
            "name_prefix": "app2-service-",
            "path": "/",
            "permissions_boundary": "",
            "tags": {},
            "tags_all": {},
            "unique_id": "AROAQ3EGRTXMIGKFSIH7W"
          },
          "sensitive_attributes": [],
          "private": "bnVsbA==",
          "dependencies": [
            "aws_security_group.alb_8080_sg",
            "aws_security_group.alb_cf_ingress",
            "aws_security_group.alb_https_sg",
            "aws_security_group.ecs_task_sg",
            "data.aws_acm_certificate.issued",
            "module.alb_ecs.aws_lambda_permission.this",
            "module.alb_ecs.aws_lb.this",
            "module.alb_ecs.aws_lb_listener.this",
            "module.alb_ecs.aws_lb_listener_certificate.this",
            "module.alb_ecs.aws_lb_listener_rule.this",
            "module.alb_ecs.aws_lb_target_group.this",
            "module.alb_ecs.aws_lb_target_group_attachment.additional",
            "module.alb_ecs.aws_lb_target_group_attachment.this",
            "module.alb_ecs.aws_route53_record.this",
            "module.alb_ecs.aws_security_group.this",
            "module.alb_ecs.aws_vpc_security_group_egress_rule.this",
            "module.alb_ecs.aws_vpc_security_group_ingress_rule.this",
            "module.alb_ecs.aws_wafv2_web_acl_association.this",
            "module.alb_ecs.data.aws_partition.current",
            "module.ecs_app2.module.service.data.aws_iam_policy_document.task_exec_assume",
            "module.vpc.aws_subnet.private",
            "module.vpc.aws_subnet.public",
            "module.vpc.aws_vpc.this",
            "module.vpc.aws_vpc_ipv4_cidr_block_association.this"
          ],
          "create_before_destroy": true
        }
      ]
    },
    {
      "module": "module.ecs_app2.module.service[\"app2-service\"]",
      "mode": "managed",
      "type": "aws_iam_role",
      "name": "tasks",
      "provider": "provider[\"registry.terraform.io/hashicorp/aws\"]",
      "instances": [
        {
          "index_key": 0,
          "schema_version": 0,
          "attributes": {
            "arn": "arn:aws:iam::058264231384:role/app2-service-2025101317325301210000000c",
            "assume_role_policy": "{\"Statement\":[{\"Action\":\"sts:AssumeRole\",\"Condition\":{\"ArnLike\":{\"aws:SourceArn\":\"arn:aws:ecs:us-east-1:058264231384:*\"},\"StringEquals\":{\"aws:SourceAccount\":\"058264231384\"}},\"Effect\":\"Allow\",\"Principal\":{\"Service\":\"ecs-tasks.amazonaws.com\"},\"Sid\":\"ECSTasksAssumeRole\"}],\"Version\":\"2012-10-17\"}",
            "create_date": "2025-10-13T17:29:16Z",
            "description": "",
            "force_detach_policies": true,
            "id": "app2-service-2025101317325301210000000c",
            "inline_policy": [],
            "managed_policy_arns": [],
            "max_session_duration": 3600,
            "name": "app2-service-2025101317325301210000000c",
            "name_prefix": "app2-service-",
            "path": "/",
            "permissions_boundary": "",
            "tags": {},
            "tags_all": {},
            "unique_id": "AROAQ3EGRTXMCQ2MPQAIP"
          },
          "sensitive_attributes": [],
          "private": "bnVsbA==",
          "dependencies": [
            "aws_security_group.alb_8080_sg",
            "aws_security_group.alb_cf_ingress",
            "aws_security_group.alb_https_sg",
            "aws_security_group.ecs_task_sg",
            "data.aws_acm_certificate.issued",
            "module.alb_ecs.aws_lambda_permission.this",
            "module.alb_ecs.aws_lb.this",
            "module.alb_ecs.aws_lb_listener.this",
            "module.alb_ecs.aws_lb_listener_certificate.this",
            "module.alb_ecs.aws_lb_listener_rule.this",
            "module.alb_ecs.aws_lb_target_group.this",
            "module.alb_ecs.aws_lb_target_group_attachment.additional",
            "module.alb_ecs.aws_lb_target_group_attachment.this",
            "module.alb_ecs.aws_route53_record.this",
            "module.alb_ecs.aws_security_group.this",
            "module.alb_ecs.aws_vpc_security_group_egress_rule.this",
            "module.alb_ecs.aws_vpc_security_group_ingress_rule.this",
            "module.alb_ecs.aws_wafv2_web_acl_association.this",
            "module.alb_ecs.data.aws_partition.current",
            "module.ecs_app2.module.service.data.aws_caller_identity.current",
            "module.ecs_app2.module.service.data.aws_iam_policy_document.tasks_assume",
            "module.ecs_app2.module.service.data.aws_partition.current",
            "module.ecs_app2.module.service.data.aws_region.current",
            "module.vpc.aws_subnet.private",
            "module.vpc.aws_subnet.public",
            "module.vpc.aws_vpc.this",
            "module.vpc.aws_vpc_ipv4_cidr_block_association.this"
          ],
          "create_before_destroy": true
        }
      ]
    },
    {
      "module": "module.ecs_app2.module.service[\"app2-service\"]",
      "mode": "managed",
      "type": "aws_iam_role_policy_attachment",
      "name": "task_exec",
      "provider": "provider[\"registry.terraform.io/hashicorp/aws\"]",
      "instances": [
        {
          "index_key": 0,
          "schema_version": 0,
          "attributes": {
            "id": "app2-service-20251013173252003400000007/arn:aws:iam::058264231384:policy/app2-service-2025101317325222960000000a",
            "policy_arn": "arn:aws:iam::058264231384:policy/app2-service-2025101317325222960000000a",
            "role": "app2-service-20251013173252003400000007"
          },
          "sensitive_attributes": [],
          "private": "bnVsbA==",
          "dependencies": [
            "aws_security_group.alb_8080_sg",
            "aws_security_group.alb_https_sg",
            "aws_security_group.ecs_task_sg",
            "data.aws_acm_certificate.issued",
            "module.alb_ecs.aws_lambda_permission.this",
            "module.alb_ecs.aws_lb.this",
            "module.alb_ecs.aws_lb_listener.this",
            "module.alb_ecs.aws_lb_listener_certificate.this",
            "module.alb_ecs.aws_lb_listener_rule.this",
            "module.alb_ecs.aws_lb_target_group.this",
            "module.alb_ecs.aws_lb_target_group_attachment.additional",
            "module.alb_ecs.aws_lb_target_group_attachment.this",
            "module.alb_ecs.aws_route53_record.this",
            "module.alb_ecs.aws_security_group.this",
            "module.alb_ecs.aws_vpc_security_group_egress_rule.this",
            "module.alb_ecs.aws_vpc_security_group_ingress_rule.this",
            "module.alb_ecs.aws_wafv2_web_acl_association.this",
            "module.alb_ecs.data.aws_partition.current",
            "module.ecs_app2.module.service.aws_iam_policy.task_exec",
            "module.ecs_app2.module.service.aws_iam_role.task_exec",
            "module.ecs_app2.module.service.data.aws_iam_policy_document.task_exec",
            "module.ecs_app2.module.service.data.aws_iam_policy_document.task_exec_assume",
            "module.vpc.aws_subnet.private",
            "module.vpc.aws_subnet.public",
            "module.vpc.aws_vpc.this",
            "module.vpc.aws_vpc_ipv4_cidr_block_association.this"
          ],
          "create_before_destroy": true
        }
      ]
    },
    {
      "module": "module.ecs_app2.module.service[\"app2-service\"].module.container_definition[\"app2\"]",
      "mode": "data",
      "type": "aws_region",
      "name": "current",
      "provider": "provider[\"registry.terraform.io/hashicorp/aws\"]",
      "instances": [
        {
          "schema_version": 0,
          "attributes": {
            "description": "US East (N. Virginia)",
            "endpoint": "ec2.us-east-1.amazonaws.com",
            "id": "us-east-1",
            "name": "us-east-1",
            "region": "us-east-1"
          },
          "sensitive_attributes": []
        }
      ]
    },
    {
      "module": "module.ecs_app2.module.service[\"app2-service\"].module.container_definition[\"app2\"]",
      "mode": "managed",
      "type": "aws_cloudwatch_log_group",
      "name": "this",
      "provider": "provider[\"registry.terraform.io/hashicorp/aws\"]",
      "instances": [
        {
          "index_key": 0,
          "schema_version": 0,
          "attributes": {
            "arn": "arn:aws:logs:us-east-1:058264231384:log-group:/aws/ecs/app2-service/app2",
            "id": "/aws/ecs/app2-service/app2",
            "kms_key_id": "",
            "log_group_class": "STANDARD",
            "name": "/aws/ecs/app2-service/app2",
            "name_prefix": "",
            "region": "us-east-1",
            "retention_in_days": 30,
            "skip_destroy": false,
            "tags": {},
            "tags_all": {}
          },
          "sensitive_attributes": [],
          "private": "bnVsbA==",
          "dependencies": [
            "aws_security_group.alb_8080_sg",
            "aws_security_group.alb_https_sg",
            "aws_security_group.ecs_task_sg",
            "data.aws_acm_certificate.issued",
            "module.alb_ecs.aws_lambda_permission.this",
            "module.alb_ecs.aws_lb.this",
            "module.alb_ecs.aws_lb_listener.this",
            "module.alb_ecs.aws_lb_listener_certificate.this",
            "module.alb_ecs.aws_lb_listener_rule.this",
            "module.alb_ecs.aws_lb_target_group.this",
            "module.alb_ecs.aws_lb_target_group_attachment.additional",
            "module.alb_ecs.aws_lb_target_group_attachment.this",
            "module.alb_ecs.aws_route53_record.this",
            "module.alb_ecs.aws_security_group.this",
            "module.alb_ecs.aws_vpc_security_group_egress_rule.this",
            "module.alb_ecs.aws_vpc_security_group_ingress_rule.this",
            "module.alb_ecs.aws_wafv2_web_acl_association.this",
            "module.alb_ecs.data.aws_partition.current",
            "module.vpc.aws_subnet.private",
            "module.vpc.aws_subnet.public",
            "module.vpc.aws_vpc.this",
            "module.vpc.aws_vpc_ipv4_cidr_block_association.this"
          ],
          "create_before_destroy": true
        }
      ]
    },
    {
      "module": "module.ecs_app3.module.cluster",
      "mode": "managed",
      "type": "aws_cloudwatch_log_group",
      "name": "this",
      "provider": "provider[\"registry.terraform.io/hashicorp/aws\"]",
      "instances": [
        {
          "index_key": 0,
          "schema_version": 0,
          "attributes": {
            "arn": "arn:aws:logs:us-east-1:058264231384:log-group:/aws/ecs/app3",
            "id": "/aws/ecs/app3",
            "kms_key_id": "",
            "log_group_class": "STANDARD",
            "name": "/aws/ecs/app3",
            "name_prefix": "",
            "region": "us-east-1",
            "retention_in_days": 90,
            "skip_destroy": false,
            "tags": {
              "Name": "/aws/ecs/app3"
            },
            "tags_all": {
              "Name": "/aws/ecs/app3"
            }
          },
          "sensitive_attributes": [],
          "private": "bnVsbA==",
          "dependencies": [
            "aws_security_group.alb_8080_sg",
            "aws_security_group.alb_https_sg",
            "data.aws_acm_certificate.issued",
            "module.alb_ecs.aws_lambda_permission.this",
            "module.alb_ecs.aws_lb.this",
            "module.alb_ecs.aws_lb_listener.this",
            "module.alb_ecs.aws_lb_listener_certificate.this",
            "module.alb_ecs.aws_lb_listener_rule.this",
            "module.alb_ecs.aws_lb_target_group.this",
            "module.alb_ecs.aws_lb_target_group_attachment.additional",
            "module.alb_ecs.aws_lb_target_group_attachment.this",
            "module.alb_ecs.aws_route53_record.this",
            "module.alb_ecs.aws_security_group.this",
            "module.alb_ecs.aws_vpc_security_group_egress_rule.this",
            "module.alb_ecs.aws_vpc_security_group_ingress_rule.this",
            "module.alb_ecs.aws_wafv2_web_acl_association.this",
            "module.alb_ecs.data.aws_partition.current",
            "module.vpc.aws_subnet.public",
            "module.vpc.aws_vpc.this",
            "module.vpc.aws_vpc_ipv4_cidr_block_association.this"
          ]
        }
      ]
    },
    {
      "module": "module.ecs_app3.module.cluster",
      "mode": "managed",
      "type": "aws_ecs_cluster",
      "name": "this",
      "provider": "provider[\"registry.terraform.io/hashicorp/aws\"]",
      "instances": [
        {
          "index_key": 0,
          "schema_version": 0,
          "attributes": {
            "arn": "arn:aws:ecs:us-east-1:058264231384:cluster/app3",
            "configuration": [
              {
                "execute_command_configuration": [
                  {
                    "kms_key_id": "",
                    "log_configuration": [
                      {
                        "cloud_watch_encryption_enabled": false,
                        "cloud_watch_log_group_name": "/aws/ecs/app3",
                        "s3_bucket_encryption_enabled": false,
                        "s3_bucket_name": "",
                        "s3_key_prefix": ""
                      }
                    ],
                    "logging": "OVERRIDE"
                  }
                ],
                "managed_storage_configuration": []
              }
            ],
            "id": "arn:aws:ecs:us-east-1:058264231384:cluster/app3",
            "name": "app3",
            "region": "us-east-1",
            "service_connect_defaults": [],
            "setting": [
              {
                "name": "containerInsights",
                "value": "enabled"
              }
            ],
            "tags": {},
            "tags_all": {}
          },
          "sensitive_attributes": [],
          "private": "bnVsbA==",
          "dependencies": [
            "aws_security_group.alb_8080_sg",
            "aws_security_group.alb_https_sg",
            "data.aws_acm_certificate.issued",
            "module.alb_ecs.aws_lambda_permission.this",
            "module.alb_ecs.aws_lb.this",
            "module.alb_ecs.aws_lb_listener.this",
            "module.alb_ecs.aws_lb_listener_certificate.this",
            "module.alb_ecs.aws_lb_listener_rule.this",
            "module.alb_ecs.aws_lb_target_group.this",
            "module.alb_ecs.aws_lb_target_group_attachment.additional",
            "module.alb_ecs.aws_lb_target_group_attachment.this",
            "module.alb_ecs.aws_route53_record.this",
            "module.alb_ecs.aws_security_group.this",
            "module.alb_ecs.aws_vpc_security_group_egress_rule.this",
            "module.alb_ecs.aws_vpc_security_group_ingress_rule.this",
            "module.alb_ecs.aws_wafv2_web_acl_association.this",
            "module.alb_ecs.data.aws_partition.current",
            "module.ecs_app3.module.cluster.aws_cloudwatch_log_group.this",
            "module.vpc.aws_subnet.public",
            "module.vpc.aws_vpc.this",
            "module.vpc.aws_vpc_ipv4_cidr_block_association.this"
          ]
        }
      ]
    },
    {
      "module": "module.ecs_app3.module.cluster",
      "mode": "managed",
      "type": "aws_ecs_cluster_capacity_providers",
      "name": "this",
      "provider": "provider[\"registry.terraform.io/hashicorp/aws\"]",
      "instances": [
        {
          "index_key": 0,
          "schema_version": 0,
          "attributes": {
            "capacity_providers": [
              "FARGATE"
            ],
            "cluster_name": "app3",
            "default_capacity_provider_strategy": [
              {
                "base": 1,
                "capacity_provider": "FARGATE",
                "weight": 100
              }
            ],
            "id": "app3",
            "region": "us-east-1"
          },
          "sensitive_attributes": [],
          "private": "bnVsbA==",
          "dependencies": [
            "aws_security_group.alb_8080_sg",
            "aws_security_group.alb_https_sg",
            "data.aws_acm_certificate.issued",
            "module.alb_ecs.aws_lambda_permission.this",
            "module.alb_ecs.aws_lb.this",
            "module.alb_ecs.aws_lb_listener.this",
            "module.alb_ecs.aws_lb_listener_certificate.this",
            "module.alb_ecs.aws_lb_listener_rule.this",
            "module.alb_ecs.aws_lb_target_group.this",
            "module.alb_ecs.aws_lb_target_group_attachment.additional",
            "module.alb_ecs.aws_lb_target_group_attachment.this",
            "module.alb_ecs.aws_route53_record.this",
            "module.alb_ecs.aws_security_group.this",
            "module.alb_ecs.aws_vpc_security_group_egress_rule.this",
            "module.alb_ecs.aws_vpc_security_group_ingress_rule.this",
            "module.alb_ecs.aws_wafv2_web_acl_association.this",
            "module.alb_ecs.data.aws_partition.current",
            "module.ecs_app3.module.cluster.aws_cloudwatch_log_group.this",
            "module.ecs_app3.module.cluster.aws_ecs_capacity_provider.this",
            "module.ecs_app3.module.cluster.aws_ecs_cluster.this",
            "module.vpc.aws_subnet.public",
            "module.vpc.aws_vpc.this",
            "module.vpc.aws_vpc_ipv4_cidr_block_association.this"
          ]
        }
      ]
    },
    {
      "module": "module.ecs_app3.module.service[\"app3-service\"]",
      "mode": "data",
      "type": "aws_caller_identity",
      "name": "current",
      "provider": "provider[\"registry.terraform.io/hashicorp/aws\"]",
      "instances": [
        {
          "index_key": 0,
          "schema_version": 0,
          "attributes": {
            "account_id": "058264231384",
            "arn": "arn:aws:iam::058264231384:user/vscode",
            "id": "058264231384",
            "user_id": "AIDAQ3EGRTXMMFYEU45NC"
          },
          "sensitive_attributes": []
        }
      ]
    },
    {
      "module": "module.ecs_app3.module.service[\"app3-service\"]",
      "mode": "data",
      "type": "aws_iam_policy_document",
      "name": "task_exec",
      "provider": "provider[\"registry.terraform.io/hashicorp/aws\"]",
      "instances": [
        {
          "index_key": 0,
          "schema_version": 0,
          "attributes": {
            "id": "1734719305",
            "json": "{\n  \"Version\": \"2012-10-17\",\n  \"Statement\": [\n    {\n      \"Sid\": \"Logs\",\n      \"Effect\": \"Allow\",\n      \"Action\": [\n        \"logs:PutLogEvents\",\n        \"logs:CreateLogStream\"\n      ],\n      \"Resource\": \"*\"\n    },\n    {\n      \"Sid\": \"ECR\",\n      \"Effect\": \"Allow\",\n      \"Action\": [\n        \"ecr:GetDownloadUrlForLayer\",\n        \"ecr:GetAuthorizationToken\",\n        \"ecr:BatchGetImage\",\n        \"ecr:BatchCheckLayerAvailability\"\n      ],\n      \"Resource\": \"*\"\n    }\n  ]\n}",
            "minified_json": "{\"Version\":\"2012-10-17\",\"Statement\":[{\"Sid\":\"Logs\",\"Effect\":\"Allow\",\"Action\":[\"logs:PutLogEvents\",\"logs:CreateLogStream\"],\"Resource\":\"*\"},{\"Sid\":\"ECR\",\"Effect\":\"Allow\",\"Action\":[\"ecr:GetDownloadUrlForLayer\",\"ecr:GetAuthorizationToken\",\"ecr:BatchGetImage\",\"ecr:BatchCheckLayerAvailability\"],\"Resource\":\"*\"}]}",
            "override_json": null,
            "override_policy_documents": null,
            "policy_id": null,
            "source_json": null,
            "source_policy_documents": null,
            "statement": [
              {
                "actions": [
                  "logs:CreateLogStream",
                  "logs:PutLogEvents"
                ],
                "condition": [],
                "effect": "Allow",
                "not_actions": [],
                "not_principals": [],
                "not_resources": [],
                "principals": [],
                "resources": [
                  "*"
                ],
                "sid": "Logs"
              },
              {
                "actions": [
                  "ecr:BatchCheckLayerAvailability",
                  "ecr:BatchGetImage",
                  "ecr:GetAuthorizationToken",
                  "ecr:GetDownloadUrlForLayer"
                ],
                "condition": [],
                "effect": "Allow",
                "not_actions": [],
                "not_principals": [],
                "not_resources": [],
                "principals": [],
                "resources": [
                  "*"
                ],
                "sid": "ECR"
              }
            ],
            "version": "2012-10-17"
          },
          "sensitive_attributes": []
        }
      ]
    },
    {
      "module": "module.ecs_app3.module.service[\"app3-service\"]",
      "mode": "data",
      "type": "aws_iam_policy_document",
      "name": "task_exec_assume",
      "provider": "provider[\"registry.terraform.io/hashicorp/aws\"]",
      "instances": [
        {
          "index_key": 0,
          "schema_version": 0,
          "attributes": {
            "id": "2291109037",
            "json": "{\n  \"Version\": \"2012-10-17\",\n  \"Statement\": [\n    {\n      \"Sid\": \"ECSTaskExecutionAssumeRole\",\n      \"Effect\": \"Allow\",\n      \"Action\": \"sts:AssumeRole\",\n      \"Principal\": {\n        \"Service\": \"ecs-tasks.amazonaws.com\"\n      }\n    }\n  ]\n}",
            "minified_json": "{\"Version\":\"2012-10-17\",\"Statement\":[{\"Sid\":\"ECSTaskExecutionAssumeRole\",\"Effect\":\"Allow\",\"Action\":\"sts:AssumeRole\",\"Principal\":{\"Service\":\"ecs-tasks.amazonaws.com\"}}]}",
            "override_json": null,
            "override_policy_documents": null,
            "policy_id": null,
            "source_json": null,
            "source_policy_documents": null,
            "statement": [
              {
                "actions": [
                  "sts:AssumeRole"
                ],
                "condition": [],
                "effect": "Allow",
                "not_actions": [],
                "not_principals": [],
                "not_resources": [],
                "principals": [
                  {
                    "identifiers": [
                      "ecs-tasks.amazonaws.com"
                    ],
                    "type": "Service"
                  }
                ],
                "resources": [],
                "sid": "ECSTaskExecutionAssumeRole"
              }
            ],
            "version": "2012-10-17"
          },
          "sensitive_attributes": []
        }
      ]
    },
    {
      "module": "module.ecs_app3.module.service[\"app3-service\"]",
      "mode": "data",
      "type": "aws_partition",
      "name": "current",
      "provider": "provider[\"registry.terraform.io/hashicorp/aws\"]",
      "instances": [
        {
          "index_key": 0,
          "schema_version": 0,
          "attributes": {
            "dns_suffix": "amazonaws.com",
            "id": "aws",
            "partition": "aws",
            "reverse_dns_prefix": "com.amazonaws"
          },
          "sensitive_attributes": []
        }
      ]
    },
    {
      "module": "module.ecs_app3.module.service[\"app3-service\"]",
      "mode": "data",
      "type": "aws_region",
      "name": "current",
      "provider": "provider[\"registry.terraform.io/hashicorp/aws\"]",
      "instances": [
        {
          "index_key": 0,
          "schema_version": 0,
          "attributes": {
            "description": "US East (N. Virginia)",
            "endpoint": "ec2.us-east-1.amazonaws.com",
            "id": "us-east-1",
            "name": "us-east-1",
            "region": "us-east-1"
          },
          "sensitive_attributes": []
        }
      ]
    },
    {
      "module": "module.ecs_app3.module.service[\"app3-service\"]",
      "mode": "managed",
      "type": "aws_appautoscaling_policy",
      "name": "this",
      "provider": "provider[\"registry.terraform.io/hashicorp/aws\"]",
      "instances": [
        {
          "index_key": "cpu",
          "schema_version": 0,
          "attributes": {
            "alarm_arns": [
              "arn:aws:cloudwatch:us-east-1:058264231384:alarm:TargetTracking-service/app3/app3-service-AlarmHigh-c116d797-dba2-47be-96ba-b92dc2a02b70",
              "arn:aws:cloudwatch:us-east-1:058264231384:alarm:TargetTracking-service/app3/app3-service-AlarmLow-9f120ed3-7cc1-42e2-9f69-35880641a92c"
            ],
            "arn": "arn:aws:autoscaling:us-east-1:058264231384:scalingPolicy:65e32923-e6a4-447b-a84f-2cb5469a7af4:resource/ecs/service/app3/app3-service:policyName/cpu",
            "id": "cpu",
            "name": "cpu",
            "policy_type": "TargetTrackingScaling",
            "predictive_scaling_policy_configuration": [],
            "region": "us-east-1",
            "resource_id": "service/app3/app3-service",
            "scalable_dimension": "ecs:service:DesiredCount",
            "service_namespace": "ecs",
            "step_scaling_policy_configuration": [],
            "target_tracking_scaling_policy_configuration": [
              {
                "customized_metric_specification": [],
                "disable_scale_in": false,
                "predefined_metric_specification": [
                  {
                    "predefined_metric_type": "ECSServiceAverageCPUUtilization",
                    "resource_label": ""
                  }
                ],
                "scale_in_cooldown": 600,
                "scale_out_cooldown": 60,
                "target_value": 50
              }
            ]
          },
          "sensitive_attributes": [],
          "private": "bnVsbA==",
          "dependencies": [
            "aws_iam_role.app3_exec_role",
            "aws_iam_role.app3_task_role",
            "aws_security_group.alb_8080_sg",
            "aws_security_group.alb_https_sg",
            "aws_security_group.ecs_task_sg",
            "data.aws_acm_certificate.issued",
            "data.aws_secretsmanager_secret.db",
            "module.alb_ecs.aws_lambda_permission.this",
            "module.alb_ecs.aws_lb.this",
            "module.alb_ecs.aws_lb_listener.this",
            "module.alb_ecs.aws_lb_listener_certificate.this",
            "module.alb_ecs.aws_lb_listener_rule.this",
            "module.alb_ecs.aws_lb_target_group.this",
            "module.alb_ecs.aws_lb_target_group_attachment.additional",
            "module.alb_ecs.aws_lb_target_group_attachment.this",
            "module.alb_ecs.aws_route53_record.this",
            "module.alb_ecs.aws_security_group.this",
            "module.alb_ecs.aws_vpc_security_group_egress_rule.this",
            "module.alb_ecs.aws_vpc_security_group_ingress_rule.this",
            "module.alb_ecs.aws_wafv2_web_acl_association.this",
            "module.alb_ecs.data.aws_partition.current",
            "module.ecs_app3.module.cluster.aws_cloudwatch_log_group.this",
            "module.ecs_app3.module.cluster.aws_ecs_cluster.this",
            "module.ecs_app3.module.cluster.aws_iam_role.task_exec",
            "module.ecs_app3.module.cluster.data.aws_iam_policy_document.task_exec_assume",
            "module.ecs_app3.module.service.aws_appautoscaling_target.this",
            "module.ecs_app3.module.service.aws_ecs_service.ignore_task_definition",
            "module.ecs_app3.module.service.aws_ecs_service.this",
            "module.ecs_app3.module.service.aws_ecs_task_definition.this",
            "module.ecs_app3.module.service.aws_iam_policy.service",
            "module.ecs_app3.module.service.aws_iam_policy.task_exec",
            "module.ecs_app3.module.service.aws_iam_role.infrastructure_iam_role",
            "module.ecs_app3.module.service.aws_iam_role.service",
            "module.ecs_app3.module.service.aws_iam_role.task_exec",
            "module.ecs_app3.module.service.aws_iam_role.tasks",
            "module.ecs_app3.module.service.aws_iam_role_policy_attachment.infrastructure_iam_role_ebs_policy",
            "module.ecs_app3.module.service.aws_iam_role_policy_attachment.service",
            "module.ecs_app3.module.service.aws_iam_role_policy_attachment.task_exec",
            "module.ecs_app3.module.service.aws_iam_role_policy_attachment.task_exec_additional",
            "module.ecs_app3.module.service.aws_iam_role_policy_attachment.tasks",
            "module.ecs_app3.module.service.aws_security_group.this",
            "module.ecs_app3.module.service.data.aws_caller_identity.current",
            "module.ecs_app3.module.service.data.aws_iam_policy_document.infrastructure_iam_role",
            "module.ecs_app3.module.service.data.aws_iam_policy_document.service",
            "module.ecs_app3.module.service.data.aws_iam_policy_document.service_assume",
            "module.ecs_app3.module.service.data.aws_iam_policy_document.task_exec",
            "module.ecs_app3.module.service.data.aws_iam_policy_document.task_exec_assume",
            "module.ecs_app3.module.service.data.aws_iam_policy_document.tasks_assume",
            "module.ecs_app3.module.service.data.aws_partition.current",
            "module.ecs_app3.module.service.data.aws_region.current",
            "module.ecs_app3.module.service.data.aws_subnet.this",
            "module.ecs_app3.module.service.module.container_definition.aws_cloudwatch_log_group.this",
            "module.ecs_app3.module.service.module.container_definition.data.aws_region.current",
            "module.vpc.aws_subnet.private",
            "module.vpc.aws_subnet.public",
            "module.vpc.aws_vpc.this",
            "module.vpc.aws_vpc_ipv4_cidr_block_association.this"
          ]
        }
      ]
    },
    {
      "module": "module.ecs_app3.module.service[\"app3-service\"]",
      "mode": "managed",
      "type": "aws_appautoscaling_target",
      "name": "this",
      "provider": "provider[\"registry.terraform.io/hashicorp/aws\"]",
      "instances": [
        {
          "index_key": 0,
          "schema_version": 0,
          "attributes": {
            "arn": "arn:aws:application-autoscaling:us-east-1:058264231384:scalable-target/0ec565e32923e6a4447ba84f2cb5469a7af4",
            "id": "service/app3/app3-service",
            "max_capacity": 6,
            "min_capacity": 2,
            "region": "us-east-1",
            "resource_id": "service/app3/app3-service",
            "role_arn": "arn:aws:iam::058264231384:role/aws-service-role/ecs.application-autoscaling.amazonaws.com/AWSServiceRoleForApplicationAutoScaling_ECSService",
            "scalable_dimension": "ecs:service:DesiredCount",
            "service_namespace": "ecs",
            "suspended_state": [
              {
                "dynamic_scaling_in_suspended": false,
                "dynamic_scaling_out_suspended": false,
                "scheduled_scaling_suspended": false
              }
            ],
            "tags": {},
            "tags_all": {}
          },
          "sensitive_attributes": [],
          "private": "bnVsbA==",
          "dependencies": [
            "aws_iam_role.app3_exec_role",
            "aws_iam_role.app3_task_role",
            "aws_security_group.alb_8080_sg",
            "aws_security_group.alb_https_sg",
            "aws_security_group.ecs_task_sg",
            "data.aws_acm_certificate.issued",
            "data.aws_secretsmanager_secret.db",
            "module.alb_ecs.aws_lambda_permission.this",
            "module.alb_ecs.aws_lb.this",
            "module.alb_ecs.aws_lb_listener.this",
            "module.alb_ecs.aws_lb_listener_certificate.this",
            "module.alb_ecs.aws_lb_listener_rule.this",
            "module.alb_ecs.aws_lb_target_group.this",
            "module.alb_ecs.aws_lb_target_group_attachment.additional",
            "module.alb_ecs.aws_lb_target_group_attachment.this",
            "module.alb_ecs.aws_route53_record.this",
            "module.alb_ecs.aws_security_group.this",
            "module.alb_ecs.aws_vpc_security_group_egress_rule.this",
            "module.alb_ecs.aws_vpc_security_group_ingress_rule.this",
            "module.alb_ecs.aws_wafv2_web_acl_association.this",
            "module.alb_ecs.data.aws_partition.current",
            "module.ecs_app3.module.cluster.aws_cloudwatch_log_group.this",
            "module.ecs_app3.module.cluster.aws_ecs_cluster.this",
            "module.ecs_app3.module.cluster.aws_iam_role.task_exec",
            "module.ecs_app3.module.cluster.data.aws_iam_policy_document.task_exec_assume",
            "module.ecs_app3.module.service.aws_ecs_service.ignore_task_definition",
            "module.ecs_app3.module.service.aws_ecs_service.this",
            "module.ecs_app3.module.service.aws_ecs_task_definition.this",
            "module.ecs_app3.module.service.aws_iam_policy.service",
            "module.ecs_app3.module.service.aws_iam_policy.task_exec",
            "module.ecs_app3.module.service.aws_iam_role.infrastructure_iam_role",
            "module.ecs_app3.module.service.aws_iam_role.service",
            "module.ecs_app3.module.service.aws_iam_role.task_exec",
            "module.ecs_app3.module.service.aws_iam_role.tasks",
            "module.ecs_app3.module.service.aws_iam_role_policy_attachment.infrastructure_iam_role_ebs_policy",
            "module.ecs_app3.module.service.aws_iam_role_policy_attachment.service",
            "module.ecs_app3.module.service.aws_iam_role_policy_attachment.task_exec",
            "module.ecs_app3.module.service.aws_iam_role_policy_attachment.task_exec_additional",
            "module.ecs_app3.module.service.aws_iam_role_policy_attachment.tasks",
            "module.ecs_app3.module.service.aws_security_group.this",
            "module.ecs_app3.module.service.data.aws_caller_identity.current",
            "module.ecs_app3.module.service.data.aws_iam_policy_document.infrastructure_iam_role",
            "module.ecs_app3.module.service.data.aws_iam_policy_document.service",
            "module.ecs_app3.module.service.data.aws_iam_policy_document.service_assume",
            "module.ecs_app3.module.service.data.aws_iam_policy_document.task_exec",
            "module.ecs_app3.module.service.data.aws_iam_policy_document.task_exec_assume",
            "module.ecs_app3.module.service.data.aws_iam_policy_document.tasks_assume",
            "module.ecs_app3.module.service.data.aws_partition.current",
            "module.ecs_app3.module.service.data.aws_region.current",
            "module.ecs_app3.module.service.data.aws_subnet.this",
            "module.ecs_app3.module.service.module.container_definition.aws_cloudwatch_log_group.this",
            "module.ecs_app3.module.service.module.container_definition.data.aws_region.current",
            "module.vpc.aws_subnet.private",
            "module.vpc.aws_subnet.public",
            "module.vpc.aws_vpc.this",
            "module.vpc.aws_vpc_ipv4_cidr_block_association.this"
          ]
        }
      ]
    },
    {
      "module": "module.ecs_app3.module.service[\"app3-service\"]",
      "mode": "managed",
      "type": "aws_ecs_service",
      "name": "this",
      "provider": "provider[\"registry.terraform.io/hashicorp/aws\"]",
      "instances": [
        {
          "index_key": 0,
          "schema_version": 1,
          "attributes": {
            "alarms": [],
            "arn": "arn:aws:ecs:us-east-1:058264231384:service/app3/app3-service",
            "availability_zone_rebalancing": "ENABLED",
            "capacity_provider_strategy": [],
            "cluster": "arn:aws:ecs:us-east-1:058264231384:cluster/app3",
            "deployment_circuit_breaker": [
              {
                "enable": true,
                "rollback": true
              }
            ],
            "deployment_configuration": [
              {
                "bake_time_in_minutes": "0",
                "lifecycle_hook": [],
                "strategy": "ROLLING"
              }
            ],
            "deployment_controller": [
              {
                "type": "ECS"
              }
            ],
            "deployment_maximum_percent": 200,
            "deployment_minimum_healthy_percent": 100,
            "desired_count": 2,
            "enable_ecs_managed_tags": true,
            "enable_execute_command": false,
            "force_delete": null,
            "force_new_deployment": true,
            "health_check_grace_period_seconds": 180,
            "iam_role": "/aws-service-role/ecs.amazonaws.com/AWSServiceRoleForECS",
            "id": "arn:aws:ecs:us-east-1:058264231384:service/app3/app3-service",
            "launch_type": "FARGATE",
            "load_balancer": [
              {
                "advanced_configuration": [],
                "container_name": "app3",
                "container_port": 8080,
                "elb_name": "",
                "target_group_arn": "arn:aws:elasticloadbalancing:us-east-1:058264231384:targetgroup/tf-20251013172943418500000002/1fb2e93000c6558b"
              }
            ],
            "name": "app3-service",
            "network_configuration": [
              {
                "assign_public_ip": false,
                "security_groups": [
                  "sg-026b0cf5aefa29633"
                ],
                "subnets": [
                  "subnet-03bfd4e953a1baaf6",
                  "subnet-04cada7269164702b"
                ]
              }
            ],
            "ordered_placement_strategy": [],
            "placement_constraints": [],
            "platform_version": "LATEST",
            "propagate_tags": "NONE",
            "region": "us-east-1",
            "scheduling_strategy": "REPLICA",
            "service_connect_configuration": [],
            "service_registries": [],
            "sigint_rollback": null,
            "tags": {},
            "tags_all": {},
            "task_definition": "arn:aws:ecs:us-east-1:058264231384:task-definition/app3-service:79",
            "timeouts": null,
            "triggers": {},
            "volume_configuration": [],
            "vpc_lattice_configurations": [],
            "wait_for_steady_state": false
          },
          "sensitive_attributes": [],
          "private": "eyJlMmJmYjczMC1lY2FhLTExZTYtOGY4OC0zNDM2M2JjN2M0YzAiOnsiY3JlYXRlIjoxMjAwMDAwMDAwMDAwLCJkZWxldGUiOjEyMDAwMDAwMDAwMDAsInVwZGF0ZSI6MTIwMDAwMDAwMDAwMH0sInNjaGVtYV92ZXJzaW9uIjoiMSJ9",
          "dependencies": [
            "aws_iam_role.app3_exec_role",
            "aws_iam_role.app3_task_role",
            "aws_security_group.alb_8080_sg",
            "aws_security_group.alb_https_sg",
            "aws_security_group.ecs_task_sg",
            "data.aws_acm_certificate.issued",
            "data.aws_secretsmanager_secret.db",
            "module.alb_ecs.aws_lambda_permission.this",
            "module.alb_ecs.aws_lb.this",
            "module.alb_ecs.aws_lb_listener.this",
            "module.alb_ecs.aws_lb_listener_certificate.this",
            "module.alb_ecs.aws_lb_listener_rule.this",
            "module.alb_ecs.aws_lb_target_group.this",
            "module.alb_ecs.aws_lb_target_group_attachment.additional",
            "module.alb_ecs.aws_lb_target_group_attachment.this",
            "module.alb_ecs.aws_route53_record.this",
            "module.alb_ecs.aws_security_group.this",
            "module.alb_ecs.aws_vpc_security_group_egress_rule.this",
            "module.alb_ecs.aws_vpc_security_group_ingress_rule.this",
            "module.alb_ecs.aws_wafv2_web_acl_association.this",
            "module.alb_ecs.data.aws_partition.current",
            "module.ecs_app3.module.cluster.aws_cloudwatch_log_group.this",
            "module.ecs_app3.module.cluster.aws_ecs_cluster.this",
            "module.ecs_app3.module.cluster.aws_iam_role.task_exec",
            "module.ecs_app3.module.cluster.data.aws_iam_policy_document.task_exec_assume",
            "module.ecs_app3.module.service.aws_ecs_task_definition.this",
            "module.ecs_app3.module.service.aws_iam_policy.service",
            "module.ecs_app3.module.service.aws_iam_policy.task_exec",
            "module.ecs_app3.module.service.aws_iam_role.infrastructure_iam_role",
            "module.ecs_app3.module.service.aws_iam_role.service",
            "module.ecs_app3.module.service.aws_iam_role.task_exec",
            "module.ecs_app3.module.service.aws_iam_role.tasks",
            "module.ecs_app3.module.service.aws_iam_role_policy_attachment.infrastructure_iam_role_ebs_policy",
            "module.ecs_app3.module.service.aws_iam_role_policy_attachment.service",
            "module.ecs_app3.module.service.aws_iam_role_policy_attachment.task_exec",
            "module.ecs_app3.module.service.aws_iam_role_policy_attachment.task_exec_additional",
            "module.ecs_app3.module.service.aws_iam_role_policy_attachment.tasks",
            "module.ecs_app3.module.service.aws_security_group.this",
            "module.ecs_app3.module.service.data.aws_caller_identity.current",
            "module.ecs_app3.module.service.data.aws_iam_policy_document.infrastructure_iam_role",
            "module.ecs_app3.module.service.data.aws_iam_policy_document.service",
            "module.ecs_app3.module.service.data.aws_iam_policy_document.service_assume",
            "module.ecs_app3.module.service.data.aws_iam_policy_document.task_exec",
            "module.ecs_app3.module.service.data.aws_iam_policy_document.task_exec_assume",
            "module.ecs_app3.module.service.data.aws_iam_policy_document.tasks_assume",
            "module.ecs_app3.module.service.data.aws_partition.current",
            "module.ecs_app3.module.service.data.aws_region.current",
            "module.ecs_app3.module.service.data.aws_subnet.this",
            "module.ecs_app3.module.service.module.container_definition.aws_cloudwatch_log_group.this",
            "module.ecs_app3.module.service.module.container_definition.data.aws_region.current",
            "module.vpc.aws_subnet.private",
            "module.vpc.aws_subnet.public",
            "module.vpc.aws_vpc.this",
            "module.vpc.aws_vpc_ipv4_cidr_block_association.this"
          ]
        }
      ]
    },
    {
      "module": "module.ecs_app3.module.service[\"app3-service\"]",
      "mode": "managed",
      "type": "aws_ecs_task_definition",
      "name": "this",
      "provider": "provider[\"registry.terraform.io/hashicorp/aws\"]",
      "instances": [
        {
          "index_key": 0,
          "schema_version": 1,
          "attributes": {
            "arn": "arn:aws:ecs:us-east-1:058264231384:task-definition/app3-service:79",
            "arn_without_revision": "arn:aws:ecs:us-east-1:058264231384:task-definition/app3-service",
            "container_definitions": "[{\"cpu\":512,\"environment\":[{\"name\":\"AWS_REGION\",\"value\":\"us-east-1\"},{\"name\":\"REV\",\"value\":\"3\"},{\"name\":\"SECRET_ID\",\"value\":\"arn:aws:secretsmanager:us-east-1:058264231384:secret:dev/database_creds-SKaLIi\"},{\"name\":\"SERVER_TOMCAT_INTERNAL_PROXIES\",\"value\":\".*\"},{\"name\":\"SERVER_TOMCAT_PORT_HEADER\",\"value\":\"x-forwarded-port\"},{\"name\":\"SERVER_TOMCAT_PROTOCOL_HEADER\",\"value\":\"x-forwarded-proto\"},{\"name\":\"SERVER_TOMCAT_REMOTE_IP_HEADER\",\"value\":\"x-forwarded-for\"},{\"name\":\"SERVER_USE_FORWARD_HEADERS\",\"value\":\"true\"}],\"essential\":true,\"healthCheck\":{\"command\":[\"CMD-SHELL\",\"curl -sf http://localhost:8080/login || exit 1\"],\"interval\":30,\"retries\":3,\"startPeriod\":60,\"timeout\":5},\"image\":\"lika090909/app3:v1.0.1\",\"interactive\":false,\"linuxParameters\":{\"initProcessEnabled\":false},\"logConfiguration\":{\"logDriver\":\"awslogs\",\"options\":{\"awslogs-group\":\"/aws/ecs/app3-service/app3\",\"awslogs-region\":\"us-east-1\",\"awslogs-stream-prefix\":\"ecs\"}},\"memory\":1024,\"mountPoints\":[],\"name\":\"app3\",\"portMappings\":[{\"containerPort\":8080,\"hostPort\":8080,\"name\":\"app3\",\"protocol\":\"tcp\"}],\"privileged\":false,\"pseudoTerminal\":false,\"readonlyRootFilesystem\":false,\"restartPolicy\":{\"enabled\":true},\"startTimeout\":30,\"stopTimeout\":120,\"systemControls\":[],\"versionConsistency\":\"disabled\",\"volumesFrom\":[]}]",
            "cpu": "1024",
            "enable_fault_injection": false,
            "ephemeral_storage": [],
            "execution_role_arn": "arn:aws:iam::058264231384:role/app3-service-20251013173251976700000006",
            "family": "app3-service",
            "id": "app3-service",
            "ipc_mode": "",
            "memory": "2048",
            "network_mode": "awsvpc",
            "pid_mode": "",
            "placement_constraints": [],
            "proxy_configuration": [],
            "region": "us-east-1",
            "requires_compatibilities": [
              "FARGATE"
            ],
            "revision": 79,
            "runtime_platform": [
              {
                "cpu_architecture": "X86_64",
                "operating_system_family": "LINUX"
              }
            ],
            "skip_destroy": false,
            "tags": null,
            "tags_all": {},
            "task_role_arn": "arn:aws:iam::058264231384:role/app3-task-role",
            "track_latest": true,
            "volume": []
          },
          "sensitive_attributes": [],
          "private": "eyJzY2hlbWFfdmVyc2lvbiI6IjEifQ==",
          "dependencies": [
            "aws_iam_role.app3_exec_role",
            "aws_iam_role.app3_task_role",
            "aws_security_group.alb_8080_sg",
            "aws_security_group.alb_https_sg",
            "aws_security_group.ecs_task_sg",
            "data.aws_acm_certificate.issued",
            "data.aws_secretsmanager_secret.db",
            "module.alb_ecs.aws_lambda_permission.this",
            "module.alb_ecs.aws_lb.this",
            "module.alb_ecs.aws_lb_listener.this",
            "module.alb_ecs.aws_lb_listener_certificate.this",
            "module.alb_ecs.aws_lb_listener_rule.this",
            "module.alb_ecs.aws_lb_target_group.this",
            "module.alb_ecs.aws_lb_target_group_attachment.additional",
            "module.alb_ecs.aws_lb_target_group_attachment.this",
            "module.alb_ecs.aws_route53_record.this",
            "module.alb_ecs.aws_security_group.this",
            "module.alb_ecs.aws_vpc_security_group_egress_rule.this",
            "module.alb_ecs.aws_vpc_security_group_ingress_rule.this",
            "module.alb_ecs.aws_wafv2_web_acl_association.this",
            "module.alb_ecs.data.aws_partition.current",
            "module.ecs_app3.module.cluster.aws_iam_role.task_exec",
            "module.ecs_app3.module.cluster.data.aws_iam_policy_document.task_exec_assume",
            "module.ecs_app3.module.service.aws_iam_policy.task_exec",
            "module.ecs_app3.module.service.aws_iam_role.task_exec",
            "module.ecs_app3.module.service.aws_iam_role.tasks",
            "module.ecs_app3.module.service.aws_iam_role_policy_attachment.task_exec",
            "module.ecs_app3.module.service.aws_iam_role_policy_attachment.task_exec_additional",
            "module.ecs_app3.module.service.aws_iam_role_policy_attachment.tasks",
            "module.ecs_app3.module.service.data.aws_caller_identity.current",
            "module.ecs_app3.module.service.data.aws_iam_policy_document.task_exec",
            "module.ecs_app3.module.service.data.aws_iam_policy_document.task_exec_assume",
            "module.ecs_app3.module.service.data.aws_iam_policy_document.tasks_assume",
            "module.ecs_app3.module.service.data.aws_partition.current",
            "module.ecs_app3.module.service.data.aws_region.current",
            "module.ecs_app3.module.service.module.container_definition.aws_cloudwatch_log_group.this",
            "module.ecs_app3.module.service.module.container_definition.data.aws_region.current",
            "module.vpc.aws_subnet.private",
            "module.vpc.aws_subnet.public",
            "module.vpc.aws_vpc.this",
            "module.vpc.aws_vpc_ipv4_cidr_block_association.this"
          ],
          "create_before_destroy": true
        }
      ]
    },
    {
      "module": "module.ecs_app3.module.service[\"app3-service\"]",
      "mode": "managed",
      "type": "aws_iam_policy",
      "name": "task_exec",
      "provider": "provider[\"registry.terraform.io/hashicorp/aws\"]",
      "instances": [
        {
          "index_key": 0,
          "schema_version": 0,
          "attributes": {
            "arn": "arn:aws:iam::058264231384:policy/app3-service-20251013173252228700000008",
            "attachment_count": 1,
            "description": "Task execution role IAM policy",
            "id": "arn:aws:iam::058264231384:policy/app3-service-20251013173252228700000008",
            "name": "app3-service-20251013173252228700000008",
            "name_prefix": "app3-service-",
            "path": "/",
            "policy": "{\"Statement\":[{\"Action\":[\"logs:PutLogEvents\",\"logs:CreateLogStream\"],\"Effect\":\"Allow\",\"Resource\":\"*\",\"Sid\":\"Logs\"},{\"Action\":[\"ecr:GetDownloadUrlForLayer\",\"ecr:GetAuthorizationToken\",\"ecr:BatchGetImage\",\"ecr:BatchCheckLayerAvailability\"],\"Effect\":\"Allow\",\"Resource\":\"*\",\"Sid\":\"ECR\"}],\"Version\":\"2012-10-17\"}",
            "policy_id": "ANPAQ3EGRTXMI4K3O5WMT",
            "tags": {},
            "tags_all": {}
          },
          "sensitive_attributes": [],
          "private": "bnVsbA==",
          "dependencies": [
            "aws_iam_role.app3_exec_role",
            "aws_iam_role.app3_task_role",
            "aws_security_group.alb_8080_sg",
            "aws_security_group.alb_cf_ingress",
            "aws_security_group.alb_https_sg",
            "aws_security_group.ecs_task_sg",
            "data.aws_acm_certificate.issued",
            "data.aws_secretsmanager_secret.db",
            "module.alb_ecs.aws_lambda_permission.this",
            "module.alb_ecs.aws_lb.this",
            "module.alb_ecs.aws_lb_listener.this",
            "module.alb_ecs.aws_lb_listener_certificate.this",
            "module.alb_ecs.aws_lb_listener_rule.this",
            "module.alb_ecs.aws_lb_target_group.this",
            "module.alb_ecs.aws_lb_target_group_attachment.additional",
            "module.alb_ecs.aws_lb_target_group_attachment.this",
            "module.alb_ecs.aws_route53_record.this",
            "module.alb_ecs.aws_security_group.this",
            "module.alb_ecs.aws_vpc_security_group_egress_rule.this",
            "module.alb_ecs.aws_vpc_security_group_ingress_rule.this",
            "module.alb_ecs.aws_wafv2_web_acl_association.this",
            "module.alb_ecs.data.aws_partition.current",
            "module.ecs_app3.module.service.data.aws_iam_policy_document.task_exec",
            "module.vpc.aws_subnet.private",
            "module.vpc.aws_subnet.public",
            "module.vpc.aws_vpc.this",
            "module.vpc.aws_vpc_ipv4_cidr_block_association.this"
          ],
          "create_before_destroy": true
        }
      ]
    },
    {
      "module": "module.ecs_app3.module.service[\"app3-service\"]",
      "mode": "managed",
      "type": "aws_iam_role",
      "name": "task_exec",
      "provider": "provider[\"registry.terraform.io/hashicorp/aws\"]",
      "instances": [
        {
          "index_key": 0,
          "schema_version": 0,
          "attributes": {
            "arn": "arn:aws:iam::058264231384:role/app3-service-20251013173251976700000006",
            "assume_role_policy": "{\"Statement\":[{\"Action\":\"sts:AssumeRole\",\"Effect\":\"Allow\",\"Principal\":{\"Service\":\"ecs-tasks.amazonaws.com\"},\"Sid\":\"ECSTaskExecutionAssumeRole\"}],\"Version\":\"2012-10-17\"}",
            "create_date": "2025-10-13T17:29:15Z",
            "description": "Task execution role for app3-service",
            "force_detach_policies": true,
            "id": "app3-service-20251013173251976700000006",
            "inline_policy": [],
            "managed_policy_arns": [
              "arn:aws:iam::058264231384:policy/app3-service-20251013173252228700000008"
            ],
            "max_session_duration": 3600,
            "name": "app3-service-20251013173251976700000006",
            "name_prefix": "app3-service-",
            "path": "/",
            "permissions_boundary": "",
            "tags": {},
            "tags_all": {},
            "unique_id": "AROAQ3EGRTXMFGCNTC54R"
          },
          "sensitive_attributes": [],
          "private": "bnVsbA==",
          "dependencies": [
            "aws_iam_role.app3_exec_role",
            "aws_iam_role.app3_task_role",
            "aws_security_group.alb_8080_sg",
            "aws_security_group.alb_cf_ingress",
            "aws_security_group.alb_https_sg",
            "aws_security_group.ecs_task_sg",
            "data.aws_acm_certificate.issued",
            "data.aws_secretsmanager_secret.db",
            "module.alb_ecs.aws_lambda_permission.this",
            "module.alb_ecs.aws_lb.this",
            "module.alb_ecs.aws_lb_listener.this",
            "module.alb_ecs.aws_lb_listener_certificate.this",
            "module.alb_ecs.aws_lb_listener_rule.this",
            "module.alb_ecs.aws_lb_target_group.this",
            "module.alb_ecs.aws_lb_target_group_attachment.additional",
            "module.alb_ecs.aws_lb_target_group_attachment.this",
            "module.alb_ecs.aws_route53_record.this",
            "module.alb_ecs.aws_security_group.this",
            "module.alb_ecs.aws_vpc_security_group_egress_rule.this",
            "module.alb_ecs.aws_vpc_security_group_ingress_rule.this",
            "module.alb_ecs.aws_wafv2_web_acl_association.this",
            "module.alb_ecs.data.aws_partition.current",
            "module.ecs_app3.module.service.data.aws_iam_policy_document.task_exec_assume",
            "module.vpc.aws_subnet.private",
            "module.vpc.aws_subnet.public",
            "module.vpc.aws_vpc.this",
            "module.vpc.aws_vpc_ipv4_cidr_block_association.this"
          ],
          "create_before_destroy": true
        }
      ]
    },
    {
      "module": "module.ecs_app3.module.service[\"app3-service\"]",
      "mode": "managed",
      "type": "aws_iam_role_policy_attachment",
      "name": "task_exec",
      "provider": "provider[\"registry.terraform.io/hashicorp/aws\"]",
      "instances": [
        {
          "index_key": 0,
          "schema_version": 0,
          "attributes": {
            "id": "app3-service-20251013173251976700000006/arn:aws:iam::058264231384:policy/app3-service-20251013173252228700000008",
            "policy_arn": "arn:aws:iam::058264231384:policy/app3-service-20251013173252228700000008",
            "role": "app3-service-20251013173251976700000006"
          },
          "sensitive_attributes": [],
          "private": "bnVsbA==",
          "dependencies": [
            "aws_iam_role.app3_exec_role",
            "aws_iam_role.app3_task_role",
            "aws_security_group.alb_8080_sg",
            "aws_security_group.alb_https_sg",
            "aws_security_group.ecs_task_sg",
            "data.aws_acm_certificate.issued",
            "data.aws_secretsmanager_secret.db",
            "module.alb_ecs.aws_lambda_permission.this",
            "module.alb_ecs.aws_lb.this",
            "module.alb_ecs.aws_lb_listener.this",
            "module.alb_ecs.aws_lb_listener_certificate.this",
            "module.alb_ecs.aws_lb_listener_rule.this",
            "module.alb_ecs.aws_lb_target_group.this",
            "module.alb_ecs.aws_lb_target_group_attachment.additional",
            "module.alb_ecs.aws_lb_target_group_attachment.this",
            "module.alb_ecs.aws_route53_record.this",
            "module.alb_ecs.aws_security_group.this",
            "module.alb_ecs.aws_vpc_security_group_egress_rule.this",
            "module.alb_ecs.aws_vpc_security_group_ingress_rule.this",
            "module.alb_ecs.aws_wafv2_web_acl_association.this",
            "module.alb_ecs.data.aws_partition.current",
            "module.ecs_app3.module.service.aws_iam_policy.task_exec",
            "module.ecs_app3.module.service.aws_iam_role.task_exec",
            "module.ecs_app3.module.service.data.aws_iam_policy_document.task_exec",
            "module.ecs_app3.module.service.data.aws_iam_policy_document.task_exec_assume",
            "module.vpc.aws_subnet.private",
            "module.vpc.aws_subnet.public",
            "module.vpc.aws_vpc.this",
            "module.vpc.aws_vpc_ipv4_cidr_block_association.this"
          ],
          "create_before_destroy": true
        }
      ]
    },
    {
      "module": "module.ecs_app3.module.service[\"app3-service\"].module.container_definition[\"app3\"]",
      "mode": "data",
      "type": "aws_region",
      "name": "current",
      "provider": "provider[\"registry.terraform.io/hashicorp/aws\"]",
      "instances": [
        {
          "schema_version": 0,
          "attributes": {
            "description": "US East (N. Virginia)",
            "endpoint": "ec2.us-east-1.amazonaws.com",
            "id": "us-east-1",
            "name": "us-east-1",
            "region": "us-east-1"
          },
          "sensitive_attributes": []
        }
      ]
    },
    {
      "module": "module.ecs_app3.module.service[\"app3-service\"].module.container_definition[\"app3\"]",
      "mode": "managed",
      "type": "aws_cloudwatch_log_group",
      "name": "this",
      "provider": "provider[\"registry.terraform.io/hashicorp/aws\"]",
      "instances": [
        {
          "index_key": 0,
          "schema_version": 0,
          "attributes": {
            "arn": "arn:aws:logs:us-east-1:058264231384:log-group:/aws/ecs/app3-service/app3",
            "id": "/aws/ecs/app3-service/app3",
            "kms_key_id": "",
            "log_group_class": "STANDARD",
            "name": "/aws/ecs/app3-service/app3",
            "name_prefix": "",
            "region": "us-east-1",
            "retention_in_days": 30,
            "skip_destroy": false,
            "tags": {},
            "tags_all": {}
          },
          "sensitive_attributes": [],
          "private": "bnVsbA==",
          "dependencies": [
            "aws_iam_role.app3_exec_role",
            "aws_iam_role.app3_task_role",
            "aws_security_group.alb_8080_sg",
            "aws_security_group.alb_https_sg",
            "aws_security_group.ecs_task_sg",
            "data.aws_acm_certificate.issued",
            "data.aws_secretsmanager_secret.db",
            "module.alb_ecs.aws_lambda_permission.this",
            "module.alb_ecs.aws_lb.this",
            "module.alb_ecs.aws_lb_listener.this",
            "module.alb_ecs.aws_lb_listener_certificate.this",
            "module.alb_ecs.aws_lb_listener_rule.this",
            "module.alb_ecs.aws_lb_target_group.this",
            "module.alb_ecs.aws_lb_target_group_attachment.additional",
            "module.alb_ecs.aws_lb_target_group_attachment.this",
            "module.alb_ecs.aws_route53_record.this",
            "module.alb_ecs.aws_security_group.this",
            "module.alb_ecs.aws_vpc_security_group_egress_rule.this",
            "module.alb_ecs.aws_vpc_security_group_ingress_rule.this",
            "module.alb_ecs.aws_wafv2_web_acl_association.this",
            "module.alb_ecs.data.aws_partition.current",
            "module.vpc.aws_subnet.private",
            "module.vpc.aws_subnet.public",
            "module.vpc.aws_vpc.this",
            "module.vpc.aws_vpc_ipv4_cidr_block_association.this"
          ],
          "create_before_destroy": true
        }
      ]
    },
    {
      "module": "module.security-group_bastion",
      "mode": "managed",
      "type": "aws_security_group",
      "name": "this_name_prefix",
      "provider": "provider[\"registry.terraform.io/hashicorp/aws\"]",
      "instances": [
        {
          "index_key": 0,
          "schema_version": 1,
          "attributes": {
            "arn": "arn:aws:ec2:us-east-1:058264231384:security-group/sg-0d4ea3e5b8c26e6bf",
            "description": "Security Group managed by Terraform",
            "egress": [
              {
                "cidr_blocks": [
                  "0.0.0.0/0"
                ],
                "description": "All protocols",
                "from_port": 0,
                "ipv6_cidr_blocks": [
                  "::/0"
                ],
                "prefix_list_ids": [],
                "protocol": "-1",
                "security_groups": [],
                "self": false,
                "to_port": 0
              }
            ],
            "id": "sg-0d4ea3e5b8c26e6bf",
            "ingress": [
              {
                "cidr_blocks": [
                  "0.0.0.0/0"
                ],
                "description": "SSH",
                "from_port": 22,
                "ipv6_cidr_blocks": [],
                "prefix_list_ids": [],
                "protocol": "tcp",
                "security_groups": [],
                "self": false,
                "to_port": 22
              }
            ],
            "name": "SG-Bastion-20251013151322163100000005",
            "name_prefix": "SG-Bastion-",
            "owner_id": "058264231384",
            "region": "us-east-1",
            "revoke_rules_on_delete": false,
            "tags": {
              "Name": "SG-Bastion",
              "environment": "dev",
              "owners": "SAP"
            },
            "tags_all": {
              "Name": "SG-Bastion",
              "environment": "dev",
              "owners": "SAP"
            },
            "timeouts": {
              "create": "10m",
              "delete": "15m"
            },
            "vpc_id": "vpc-0d52b5dc0435d7046"
          },
          "sensitive_attributes": [],
          "private": "eyJlMmJmYjczMC1lY2FhLTExZTYtOGY4OC0zNDM2M2JjN2M0YzAiOnsiY3JlYXRlIjo2MDAwMDAwMDAwMDAsImRlbGV0ZSI6OTAwMDAwMDAwMDAwfSwic2NoZW1hX3ZlcnNpb24iOiIxIn0=",
          "dependencies": [
            "module.vpc.aws_vpc.this"
          ],
          "create_before_destroy": true
        }
      ]
    },
    {
      "module": "module.security-group_bastion",
      "mode": "managed",
      "type": "aws_security_group_rule",
      "name": "egress_rules",
      "provider": "provider[\"registry.terraform.io/hashicorp/aws\"]",
      "instances": [
        {
          "index_key": 0,
          "schema_version": 2,
          "attributes": {
            "cidr_blocks": [
              "0.0.0.0/0"
            ],
            "description": "All protocols",
            "from_port": 0,
            "id": "sgrule-830448283",
            "ipv6_cidr_blocks": [
              "::/0"
            ],
            "prefix_list_ids": [],
            "protocol": "-1",
            "region": "us-east-1",
            "security_group_id": "sg-0d4ea3e5b8c26e6bf",
            "security_group_rule_id": "",
            "self": false,
            "source_security_group_id": null,
            "timeouts": null,
            "to_port": 0,
            "type": "egress"
          },
          "sensitive_attributes": [],
          "private": "eyJlMmJmYjczMC1lY2FhLTExZTYtOGY4OC0zNDM2M2JjN2M0YzAiOnsiY3JlYXRlIjozMDAwMDAwMDAwMDB9LCJzY2hlbWFfdmVyc2lvbiI6IjIifQ==",
          "dependencies": [
            "module.security-group_bastion.aws_security_group.this",
            "module.security-group_bastion.aws_security_group.this_name_prefix",
            "module.vpc.aws_vpc.this"
          ]
        }
      ]
    },
    {
      "module": "module.security-group_bastion",
      "mode": "managed",
      "type": "aws_security_group_rule",
      "name": "ingress_rules",
      "provider": "provider[\"registry.terraform.io/hashicorp/aws\"]",
      "instances": [
        {
          "index_key": 0,
          "schema_version": 2,
          "attributes": {
            "cidr_blocks": [
              "0.0.0.0/0"
            ],
            "description": "SSH",
            "from_port": 22,
            "id": "sgrule-1736062780",
            "ipv6_cidr_blocks": [],
            "prefix_list_ids": [],
            "protocol": "tcp",
            "region": "us-east-1",
            "security_group_id": "sg-0d4ea3e5b8c26e6bf",
            "security_group_rule_id": "sgr-00cc727c572eb074f",
            "self": false,
            "source_security_group_id": null,
            "timeouts": null,
            "to_port": 22,
            "type": "ingress"
          },
          "sensitive_attributes": [],
          "private": "eyJlMmJmYjczMC1lY2FhLTExZTYtOGY4OC0zNDM2M2JjN2M0YzAiOnsiY3JlYXRlIjozMDAwMDAwMDAwMDB9LCJzY2hlbWFfdmVyc2lvbiI6IjIifQ==",
          "dependencies": [
            "module.security-group_bastion.aws_security_group.this",
            "module.security-group_bastion.aws_security_group.this_name_prefix",
            "module.vpc.aws_vpc.this"
          ]
        }
      ]
    },
    {
      "module": "module.security-group_database",
      "mode": "managed",
      "type": "aws_security_group",
      "name": "this_name_prefix",
      "provider": "provider[\"registry.terraform.io/hashicorp/aws\"]",
      "instances": [
        {
          "index_key": 0,
          "schema_version": 1,
          "attributes": {
            "arn": "arn:aws:ec2:us-east-1:058264231384:security-group/sg-0f87a3ab88073c98e",
            "description": "Security Group managed by Terraform",
            "egress": [
              {
                "cidr_blocks": [
                  "0.0.0.0/0"
                ],
                "description": "All protocols",
                "from_port": 0,
                "ipv6_cidr_blocks": [
                  "::/0"
                ],
                "prefix_list_ids": [],
                "protocol": "-1",
                "security_groups": [],
                "self": false,
                "to_port": 0
              }
            ],
            "id": "sg-0f87a3ab88073c98e",
            "ingress": [
              {
                "cidr_blocks": [],
                "description": "Ingress Rule",
                "from_port": 3306,
                "ipv6_cidr_blocks": [],
                "prefix_list_ids": [],
                "protocol": "tcp",
                "security_groups": [
                  "sg-026b0cf5aefa29633"
                ],
                "self": false,
                "to_port": 3306
              }
            ],
            "name": "RDS-SG-20251013151322162000000002",
            "name_prefix": "RDS-SG-",
            "owner_id": "058264231384",
            "region": "us-east-1",
            "revoke_rules_on_delete": false,
            "tags": {
              "Name": "RDS-SG",
              "environment": "dev",
              "owners": "SAP"
            },
            "tags_all": {
              "Name": "RDS-SG",
              "environment": "dev",
              "owners": "SAP"
            },
            "timeouts": {
              "create": "10m",
              "delete": "15m"
            },
            "vpc_id": "vpc-0d52b5dc0435d7046"
          },
          "sensitive_attributes": [],
          "private": "eyJlMmJmYjczMC1lY2FhLTExZTYtOGY4OC0zNDM2M2JjN2M0YzAiOnsiY3JlYXRlIjo2MDAwMDAwMDAwMDAsImRlbGV0ZSI6OTAwMDAwMDAwMDAwfSwic2NoZW1hX3ZlcnNpb24iOiIxIn0=",
          "dependencies": [
            "module.vpc.aws_vpc.this"
          ],
          "create_before_destroy": true
        }
      ]
    },
    {
      "module": "module.security-group_database",
      "mode": "managed",
      "type": "aws_security_group_rule",
      "name": "egress_rules",
      "provider": "provider[\"registry.terraform.io/hashicorp/aws\"]",
      "instances": [
        {
          "index_key": 0,
          "schema_version": 2,
          "attributes": {
            "cidr_blocks": [
              "0.0.0.0/0"
            ],
            "description": "All protocols",
            "from_port": 0,
            "id": "sgrule-3125141403",
            "ipv6_cidr_blocks": [
              "::/0"
            ],
            "prefix_list_ids": [],
            "protocol": "-1",
            "region": "us-east-1",
            "security_group_id": "sg-0f87a3ab88073c98e",
            "security_group_rule_id": "",
            "self": false,
            "source_security_group_id": null,
            "timeouts": null,
            "to_port": 0,
            "type": "egress"
          },
          "sensitive_attributes": [],
          "private": "eyJlMmJmYjczMC1lY2FhLTExZTYtOGY4OC0zNDM2M2JjN2M0YzAiOnsiY3JlYXRlIjozMDAwMDAwMDAwMDB9LCJzY2hlbWFfdmVyc2lvbiI6IjIifQ==",
          "dependencies": [
            "module.security-group_database.aws_security_group.this",
            "module.security-group_database.aws_security_group.this_name_prefix",
            "module.vpc.aws_vpc.this"
          ]
        }
      ]
    },
    {
      "module": "module.security-group_database",
      "mode": "managed",
      "type": "aws_security_group_rule",
      "name": "ingress_with_source_security_group_id",
      "provider": "provider[\"registry.terraform.io/hashicorp/aws\"]",
      "instances": [
        {
          "index_key": 0,
          "schema_version": 2,
          "attributes": {
            "cidr_blocks": null,
            "description": "Ingress Rule",
            "from_port": 3306,
            "id": "sgrule-4093982457",
            "ipv6_cidr_blocks": null,
            "prefix_list_ids": [],
            "protocol": "tcp",
            "region": "us-east-1",
            "security_group_id": "sg-0f87a3ab88073c98e",
            "security_group_rule_id": "sgr-0328684d950de5c07",
            "self": false,
            "source_security_group_id": "sg-026b0cf5aefa29633",
            "timeouts": null,
            "to_port": 3306,
            "type": "ingress"
          },
          "sensitive_attributes": [],
          "private": "eyJlMmJmYjczMC1lY2FhLTExZTYtOGY4OC0zNDM2M2JjN2M0YzAiOnsiY3JlYXRlIjozMDAwMDAwMDAwMDB9LCJzY2hlbWFfdmVyc2lvbiI6IjIifQ==",
          "dependencies": [
            "aws_security_group.alb_8080_sg",
            "aws_security_group.alb_https_sg",
            "aws_security_group.ecs_task_sg",
            "module.security-group_database.aws_security_group.this",
            "module.security-group_database.aws_security_group.this_name_prefix",
            "module.vpc.aws_vpc.this"
          ]
        }
      ]
    },
    {
      "module": "module.security-group_private",
      "mode": "managed",
      "type": "aws_security_group",
      "name": "this_name_prefix",
      "provider": "provider[\"registry.terraform.io/hashicorp/aws\"]",
      "instances": [
        {
          "index_key": 0,
          "schema_version": 1,
          "attributes": {
            "arn": "arn:aws:ec2:us-east-1:058264231384:security-group/sg-01cbfa1e5467115a8",
            "description": "Security Group managed by Terraform",
            "egress": [
              {
                "cidr_blocks": [
                  "0.0.0.0/0"
                ],
                "description": "All protocols",
                "from_port": 0,
                "ipv6_cidr_blocks": [
                  "::/0"
                ],
                "prefix_list_ids": [],
                "protocol": "-1",
                "security_groups": [],
                "self": false,
                "to_port": 0
              }
            ],
            "id": "sg-01cbfa1e5467115a8",
            "ingress": [
              {
                "cidr_blocks": [
                  "10.0.0.0/16"
                ],
                "description": "Allow 8080",
                "from_port": 8080,
                "ipv6_cidr_blocks": [],
                "prefix_list_ids": [],
                "protocol": "tcp",
                "security_groups": [],
                "self": false,
                "to_port": 8080
              },
              {
                "cidr_blocks": [
                  "10.0.0.0/16"
                ],
                "description": "HTTP",
                "from_port": 80,
                "ipv6_cidr_blocks": [],
                "prefix_list_ids": [],
                "protocol": "tcp",
                "security_groups": [],
                "self": false,
                "to_port": 80
              },
              {
                "cidr_blocks": [
                  "10.0.0.0/16"
                ],
                "description": "SSH",
                "from_port": 22,
                "ipv6_cidr_blocks": [],
                "prefix_list_ids": [],
                "protocol": "tcp",
                "security_groups": [],
                "self": false,
                "to_port": 22
              }
            ],
            "name": "SG-private-20251013151323259800000006",
            "name_prefix": "SG-private-",
            "owner_id": "058264231384",
            "region": "us-east-1",
            "revoke_rules_on_delete": false,
            "tags": {
              "Name": "SG-private",
              "environment": "dev",
              "owners": "SAP"
            },
            "tags_all": {
              "Name": "SG-private",
              "environment": "dev",
              "owners": "SAP"
            },
            "timeouts": {
              "create": "10m",
              "delete": "15m"
            },
            "vpc_id": "vpc-0d52b5dc0435d7046"
          },
          "sensitive_attributes": [],
          "private": "eyJlMmJmYjczMC1lY2FhLTExZTYtOGY4OC0zNDM2M2JjN2M0YzAiOnsiY3JlYXRlIjo2MDAwMDAwMDAwMDAsImRlbGV0ZSI6OTAwMDAwMDAwMDAwfSwic2NoZW1hX3ZlcnNpb24iOiIxIn0=",
          "dependencies": [
            "module.vpc.aws_vpc.this"
          ],
          "create_before_destroy": true
        }
      ]
    },
    {
      "module": "module.security-group_private",
      "mode": "managed",
      "type": "aws_security_group_rule",
      "name": "egress_rules",
      "provider": "provider[\"registry.terraform.io/hashicorp/aws\"]",
      "instances": [
        {
          "index_key": 0,
          "schema_version": 2,
          "attributes": {
            "cidr_blocks": [
              "0.0.0.0/0"
            ],
            "description": "All protocols",
            "from_port": 0,
            "id": "sgrule-2259828835",
            "ipv6_cidr_blocks": [
              "::/0"
            ],
            "prefix_list_ids": [],
            "protocol": "-1",
            "region": "us-east-1",
            "security_group_id": "sg-01cbfa1e5467115a8",
            "security_group_rule_id": "",
            "self": false,
            "source_security_group_id": null,
            "timeouts": null,
            "to_port": 0,
            "type": "egress"
          },
          "sensitive_attributes": [],
          "private": "eyJlMmJmYjczMC1lY2FhLTExZTYtOGY4OC0zNDM2M2JjN2M0YzAiOnsiY3JlYXRlIjozMDAwMDAwMDAwMDB9LCJzY2hlbWFfdmVyc2lvbiI6IjIifQ==",
          "dependencies": [
            "module.security-group_private.aws_security_group.this",
            "module.security-group_private.aws_security_group.this_name_prefix",
            "module.vpc.aws_vpc.this"
          ]
        }
      ]
    },
    {
      "module": "module.security-group_private",
      "mode": "managed",
      "type": "aws_security_group_rule",
      "name": "ingress_rules",
      "provider": "provider[\"registry.terraform.io/hashicorp/aws\"]",
      "instances": [
        {
          "index_key": 0,
          "schema_version": 2,
          "attributes": {
            "cidr_blocks": [
              "10.0.0.0/16"
            ],
            "description": "SSH",
            "from_port": 22,
            "id": "sgrule-3526359747",
            "ipv6_cidr_blocks": [],
            "prefix_list_ids": [],
            "protocol": "tcp",
            "region": "us-east-1",
            "security_group_id": "sg-01cbfa1e5467115a8",
            "security_group_rule_id": "sgr-06bbcbb3604f0a0db",
            "self": false,
            "source_security_group_id": null,
            "timeouts": null,
            "to_port": 22,
            "type": "ingress"
          },
          "sensitive_attributes": [],
          "private": "eyJlMmJmYjczMC1lY2FhLTExZTYtOGY4OC0zNDM2M2JjN2M0YzAiOnsiY3JlYXRlIjozMDAwMDAwMDAwMDB9LCJzY2hlbWFfdmVyc2lvbiI6IjIifQ==",
          "dependencies": [
            "module.security-group_private.aws_security_group.this",
            "module.security-group_private.aws_security_group.this_name_prefix",
            "module.vpc.aws_vpc.this"
          ]
        },
        {
          "index_key": 1,
          "schema_version": 2,
          "attributes": {
            "cidr_blocks": [
              "10.0.0.0/16"
            ],
            "description": "HTTP",
            "from_port": 80,
            "id": "sgrule-1581726717",
            "ipv6_cidr_blocks": [],
            "prefix_list_ids": [],
            "protocol": "tcp",
            "region": "us-east-1",
            "security_group_id": "sg-01cbfa1e5467115a8",
            "security_group_rule_id": "sgr-002dd15b24590cdee",
            "self": false,
            "source_security_group_id": null,
            "timeouts": null,
            "to_port": 80,
            "type": "ingress"
          },
          "sensitive_attributes": [],
          "private": "eyJlMmJmYjczMC1lY2FhLTExZTYtOGY4OC0zNDM2M2JjN2M0YzAiOnsiY3JlYXRlIjozMDAwMDAwMDAwMDB9LCJzY2hlbWFfdmVyc2lvbiI6IjIifQ==",
          "dependencies": [
            "module.security-group_private.aws_security_group.this",
            "module.security-group_private.aws_security_group.this_name_prefix",
            "module.vpc.aws_vpc.this"
          ]
        }
      ]
    },
    {
      "module": "module.security-group_private",
      "mode": "managed",
      "type": "aws_security_group_rule",
      "name": "ingress_with_cidr_blocks",
      "provider": "provider[\"registry.terraform.io/hashicorp/aws\"]",
      "instances": [
        {
          "index_key": 0,
          "schema_version": 2,
          "attributes": {
            "cidr_blocks": [
              "10.0.0.0/16"
            ],
            "description": "Allow 8080",
            "from_port": 8080,
            "id": "sgrule-3628573726",
            "ipv6_cidr_blocks": null,
            "prefix_list_ids": null,
            "protocol": "tcp",
            "region": "us-east-1",
            "security_group_id": "sg-01cbfa1e5467115a8",
            "security_group_rule_id": "sgr-0207075d7c1fb74ed",
            "self": false,
            "source_security_group_id": null,
            "timeouts": null,
            "to_port": 8080,
            "type": "ingress"
          },
          "sensitive_attributes": [],
          "private": "eyJlMmJmYjczMC1lY2FhLTExZTYtOGY4OC0zNDM2M2JjN2M0YzAiOnsiY3JlYXRlIjozMDAwMDAwMDAwMDB9LCJzY2hlbWFfdmVyc2lvbiI6IjIifQ==",
          "dependencies": [
            "module.security-group_private.aws_security_group.this",
            "module.security-group_private.aws_security_group.this_name_prefix",
            "module.vpc.aws_vpc.this"
          ]
        }
      ]
    },
    {
      "module": "module.vpc",
      "mode": "managed",
      "type": "aws_db_subnet_group",
      "name": "database",
      "provider": "provider[\"registry.terraform.io/hashicorp/aws\"]",
      "instances": [
        {
          "index_key": 0,
          "schema_version": 0,
          "attributes": {
            "arn": "arn:aws:rds:us-east-1:058264231384:subgrp:vpc-dev",
            "description": "Database subnet group for vpc-dev",
            "id": "vpc-dev",
            "name": "vpc-dev",
            "name_prefix": "",
            "region": "us-east-1",
            "subnet_ids": [
              "subnet-022cd36ff5bc9f5c4",
              "subnet-0e0ca574cd559dbf2"
            ],
            "supported_network_types": [
              "IPV4"
            ],
            "tags": {
              "Name": "vpc-dev",
              "environment": "dev",
              "owners": "SAP"
            },
            "tags_all": {
              "Name": "vpc-dev",
              "environment": "dev",
              "owners": "SAP"
            },
            "vpc_id": "vpc-0d52b5dc0435d7046"
          },
          "sensitive_attributes": [],
          "private": "bnVsbA==",
          "dependencies": [
            "module.vpc.aws_subnet.database",
            "module.vpc.aws_vpc.this",
            "module.vpc.aws_vpc_ipv4_cidr_block_association.this"
          ]
        }
      ]
    },
    {
      "module": "module.vpc",
      "mode": "managed",
      "type": "aws_default_network_acl",
      "name": "this",
      "provider": "provider[\"registry.terraform.io/hashicorp/aws\"]",
      "instances": [
        {
          "index_key": 0,
          "schema_version": 0,
          "attributes": {
            "arn": "arn:aws:ec2:us-east-1:058264231384:network-acl/acl-0c7eb4f0f9ed47544",
            "default_network_acl_id": "acl-0c7eb4f0f9ed47544",
            "egress": [
              {
                "action": "allow",
                "cidr_block": "",
                "from_port": 0,
                "icmp_code": 0,
                "icmp_type": 0,
                "ipv6_cidr_block": "::/0",
                "protocol": "-1",
                "rule_no": 101,
                "to_port": 0
              },
              {
                "action": "allow",
                "cidr_block": "0.0.0.0/0",
                "from_port": 0,
                "icmp_code": 0,
                "icmp_type": 0,
                "ipv6_cidr_block": "",
                "protocol": "-1",
                "rule_no": 100,
                "to_port": 0
              }
            ],
            "id": "acl-0c7eb4f0f9ed47544",
            "ingress": [
              {
                "action": "allow",
                "cidr_block": "",
                "from_port": 0,
                "icmp_code": 0,
                "icmp_type": 0,
                "ipv6_cidr_block": "::/0",
                "protocol": "-1",
                "rule_no": 101,
                "to_port": 0
              },
              {
                "action": "allow",
                "cidr_block": "0.0.0.0/0",
                "from_port": 0,
                "icmp_code": 0,
                "icmp_type": 0,
                "ipv6_cidr_block": "",
                "protocol": "-1",
                "rule_no": 100,
                "to_port": 0
              }
            ],
            "owner_id": "058264231384",
            "region": "us-east-1",
            "subnet_ids": [
              "subnet-022cd36ff5bc9f5c4",
              "subnet-02314804f7d8dd9a6",
              "subnet-03bfd4e953a1baaf6",
              "subnet-04cada7269164702b",
              "subnet-074142aa75e4f10b5",
              "subnet-0e0ca574cd559dbf2"
            ],
            "tags": {
              "Name": "vpc-dev-default",
              "environment": "dev",
              "owners": "SAP"
            },
            "tags_all": {
              "Name": "vpc-dev-default",
              "environment": "dev",
              "owners": "SAP"
            },
            "vpc_id": "vpc-0d52b5dc0435d7046"
          },
          "sensitive_attributes": [],
          "private": "bnVsbA==",
          "dependencies": [
            "module.vpc.aws_vpc.this"
          ]
        }
      ]
    },
    {
      "module": "module.vpc",
      "mode": "managed",
      "type": "aws_default_route_table",
      "name": "default",
      "provider": "provider[\"registry.terraform.io/hashicorp/aws\"]",
      "instances": [
        {
          "index_key": 0,
          "schema_version": 0,
          "attributes": {
            "arn": "arn:aws:ec2:us-east-1:058264231384:route-table/rtb-06468508a07840ca3",
            "default_route_table_id": "rtb-06468508a07840ca3",
            "id": "rtb-06468508a07840ca3",
            "owner_id": "058264231384",
            "propagating_vgws": [],
            "region": "us-east-1",
            "route": [],
            "tags": {
              "Name": "dev-default-route-table",
              "environment": "dev",
              "owners": "SAP"
            },
            "tags_all": {
              "Name": "dev-default-route-table",
              "environment": "dev",
              "owners": "SAP"
            },
            "timeouts": {
              "create": "5m",
              "update": "5m"
            },
            "vpc_id": "vpc-0d52b5dc0435d7046"
          },
          "sensitive_attributes": [],
          "private": "eyJlMmJmYjczMC1lY2FhLTExZTYtOGY4OC0zNDM2M2JjN2M0YzAiOnsiY3JlYXRlIjozMDAwMDAwMDAwMDAsInVwZGF0ZSI6MzAwMDAwMDAwMDAwfX0=",
          "dependencies": [
            "module.vpc.aws_vpc.this"
          ]
        }
      ]
    },
    {
      "module": "module.vpc",
      "mode": "managed",
      "type": "aws_default_security_group",
      "name": "this",
      "provider": "provider[\"registry.terraform.io/hashicorp/aws\"]",
      "instances": [
        {
          "index_key": 0,
          "schema_version": 1,
          "attributes": {
            "arn": "arn:aws:ec2:us-east-1:058264231384:security-group/sg-08945dd3124df9750",
            "description": "default VPC security group",
            "egress": [],
            "id": "sg-08945dd3124df9750",
            "ingress": [],
            "name": "default",
            "name_prefix": "",
            "owner_id": "058264231384",
            "region": "us-east-1",
            "revoke_rules_on_delete": false,
            "tags": {
              "Name": "vpc-dev-default",
              "environment": "dev",
              "owners": "SAP"
            },
            "tags_all": {
              "Name": "vpc-dev-default",
              "environment": "dev",
              "owners": "SAP"
            },
            "vpc_id": "vpc-0d52b5dc0435d7046"
          },
          "sensitive_attributes": [],
          "private": "eyJzY2hlbWFfdmVyc2lvbiI6IjEifQ==",
          "dependencies": [
            "module.vpc.aws_vpc.this"
          ]
        }
      ]
    },
    {
      "module": "module.vpc",
      "mode": "managed",
      "type": "aws_eip",
      "name": "nat",
      "provider": "provider[\"registry.terraform.io/hashicorp/aws\"]",
      "instances": [
        {
          "index_key": 0,
          "schema_version": 0,
          "attributes": {
            "address": null,
            "allocation_id": "eipalloc-0676b1fe245c1a12a",
            "arn": "arn:aws:ec2:us-east-1:058264231384:elastic-ip/eipalloc-0676b1fe245c1a12a",
            "associate_with_private_ip": null,
            "association_id": "eipassoc-0fdec32b0af295158",
            "carrier_ip": "",
            "customer_owned_ip": "",
            "customer_owned_ipv4_pool": "",
            "domain": "vpc",
            "id": "eipalloc-0676b1fe245c1a12a",
            "instance": "",
            "ipam_pool_id": null,
            "network_border_group": "us-east-1",
            "network_interface": "eni-091ca8c1e110c1c3a",
            "private_dns": "ip-10-0-101-231.ec2.internal",
            "private_ip": "10.0.101.231",
            "ptr_record": "",
            "public_dns": "ec2-34-195-110-36.compute-1.amazonaws.com",
            "public_ip": "34.195.110.36",
            "public_ipv4_pool": "amazon",
            "region": "us-east-1",
            "tags": {
              "Name": "vpc-dev-us-east-1a",
              "environment": "dev",
              "owners": "SAP"
            },
            "tags_all": {
              "Name": "vpc-dev-us-east-1a",
              "environment": "dev",
              "owners": "SAP"
            },
            "timeouts": null
          },
          "sensitive_attributes": [],
          "private": "eyJlMmJmYjczMC1lY2FhLTExZTYtOGY4OC0zNDM2M2JjN2M0YzAiOnsiZGVsZXRlIjoxODAwMDAwMDAwMDAsInJlYWQiOjkwMDAwMDAwMDAwMCwidXBkYXRlIjozMDAwMDAwMDAwMDB9fQ==",
          "dependencies": [
            "module.vpc.aws_internet_gateway.this",
            "module.vpc.aws_vpc.this",
            "module.vpc.aws_vpc_ipv4_cidr_block_association.this"
          ]
        },
        {
          "index_key": 1,
          "schema_version": 0,
          "attributes": {
            "address": null,
            "allocation_id": "eipalloc-0d2cbee01f87c0a4d",
            "arn": "arn:aws:ec2:us-east-1:058264231384:elastic-ip/eipalloc-0d2cbee01f87c0a4d",
            "associate_with_private_ip": null,
            "association_id": "eipassoc-0d5423b4265da6968",
            "carrier_ip": "",
            "customer_owned_ip": "",
            "customer_owned_ipv4_pool": "",
            "domain": "vpc",
            "id": "eipalloc-0d2cbee01f87c0a4d",
            "instance": "",
            "ipam_pool_id": null,
            "network_border_group": "us-east-1",
            "network_interface": "eni-00bd40c069861e5a3",
            "private_dns": "ip-10-0-102-148.ec2.internal",
            "private_ip": "10.0.102.148",
            "ptr_record": "",
            "public_dns": "ec2-44-209-254-62.compute-1.amazonaws.com",
            "public_ip": "44.209.254.62",
            "public_ipv4_pool": "amazon",
            "region": "us-east-1",
            "tags": {
              "Name": "vpc-dev-us-east-1b",
              "environment": "dev",
              "owners": "SAP"
            },
            "tags_all": {
              "Name": "vpc-dev-us-east-1b",
              "environment": "dev",
              "owners": "SAP"
            },
            "timeouts": null
          },
          "sensitive_attributes": [],
          "private": "eyJlMmJmYjczMC1lY2FhLTExZTYtOGY4OC0zNDM2M2JjN2M0YzAiOnsiZGVsZXRlIjoxODAwMDAwMDAwMDAsInJlYWQiOjkwMDAwMDAwMDAwMCwidXBkYXRlIjozMDAwMDAwMDAwMDB9fQ==",
          "dependencies": [
            "module.vpc.aws_internet_gateway.this",
            "module.vpc.aws_vpc.this",
            "module.vpc.aws_vpc_ipv4_cidr_block_association.this"
          ]
        }
      ]
    },
    {
      "module": "module.vpc",
      "mode": "managed",
      "type": "aws_internet_gateway",
      "name": "this",
      "provider": "provider[\"registry.terraform.io/hashicorp/aws\"]",
      "instances": [
        {
          "index_key": 0,
          "schema_version": 0,
          "attributes": {
            "arn": "arn:aws:ec2:us-east-1:058264231384:internet-gateway/igw-068de8e0d522448bc",
            "id": "igw-068de8e0d522448bc",
            "owner_id": "058264231384",
            "region": "us-east-1",
            "tags": {
              "Name": "vpc-dev",
              "environment": "dev",
              "owners": "SAP"
            },
            "tags_all": {
              "Name": "vpc-dev",
              "environment": "dev",
              "owners": "SAP"
            },
            "timeouts": null,
            "vpc_id": "vpc-0d52b5dc0435d7046"
          },
          "sensitive_attributes": [],
          "private": "eyJlMmJmYjczMC1lY2FhLTExZTYtOGY4OC0zNDM2M2JjN2M0YzAiOnsiY3JlYXRlIjoxMjAwMDAwMDAwMDAwLCJkZWxldGUiOjEyMDAwMDAwMDAwMDAsInVwZGF0ZSI6MTIwMDAwMDAwMDAwMH19",
          "dependencies": [
            "module.vpc.aws_vpc.this",
            "module.vpc.aws_vpc_ipv4_cidr_block_association.this"
          ]
        }
      ]
    },
    {
      "module": "module.vpc",
      "mode": "managed",
      "type": "aws_nat_gateway",
      "name": "this",
      "provider": "provider[\"registry.terraform.io/hashicorp/aws\"]",
      "instances": [
        {
          "index_key": 0,
          "schema_version": 0,
          "attributes": {
            "allocation_id": "eipalloc-0676b1fe245c1a12a",
            "association_id": "eipassoc-0fdec32b0af295158",
            "connectivity_type": "public",
            "id": "nat-0ef2b76322906b2a3",
            "network_interface_id": "eni-091ca8c1e110c1c3a",
            "private_ip": "10.0.101.231",
            "public_ip": "34.195.110.36",
            "region": "us-east-1",
            "secondary_allocation_ids": [],
            "secondary_private_ip_address_count": 0,
            "secondary_private_ip_addresses": [],
            "subnet_id": "subnet-074142aa75e4f10b5",
            "tags": {
              "Name": "dev-nat-gateway",
              "environment": "dev",
              "owners": "SAP"
            },
            "tags_all": {
              "Name": "dev-nat-gateway",
              "environment": "dev",
              "owners": "SAP"
            },
            "timeouts": null
          },
          "sensitive_attributes": [],
          "private": "eyJlMmJmYjczMC1lY2FhLTExZTYtOGY4OC0zNDM2M2JjN2M0YzAiOnsiY3JlYXRlIjo2MDAwMDAwMDAwMDAsImRlbGV0ZSI6MTgwMDAwMDAwMDAwMCwidXBkYXRlIjo2MDAwMDAwMDAwMDB9fQ==",
          "dependencies": [
            "module.vpc.aws_eip.nat",
            "module.vpc.aws_internet_gateway.this",
            "module.vpc.aws_subnet.public",
            "module.vpc.aws_vpc.this",
            "module.vpc.aws_vpc_ipv4_cidr_block_association.this"
          ]
        },
        {
          "index_key": 1,
          "schema_version": 0,
          "attributes": {
            "allocation_id": "eipalloc-0d2cbee01f87c0a4d",
            "association_id": "eipassoc-0d5423b4265da6968",
            "connectivity_type": "public",
            "id": "nat-06010ffe2526529cc",
            "network_interface_id": "eni-00bd40c069861e5a3",
            "private_ip": "10.0.102.148",
            "public_ip": "44.209.254.62",
            "region": "us-east-1",
            "secondary_allocation_ids": [],
            "secondary_private_ip_address_count": 0,
            "secondary_private_ip_addresses": [],
            "subnet_id": "subnet-02314804f7d8dd9a6",
            "tags": {
              "Name": "dev-nat-gateway",
              "environment": "dev",
              "owners": "SAP"
            },
            "tags_all": {
              "Name": "dev-nat-gateway",
              "environment": "dev",
              "owners": "SAP"
            },
            "timeouts": null
          },
          "sensitive_attributes": [],
          "private": "eyJlMmJmYjczMC1lY2FhLTExZTYtOGY4OC0zNDM2M2JjN2M0YzAiOnsiY3JlYXRlIjo2MDAwMDAwMDAwMDAsImRlbGV0ZSI6MTgwMDAwMDAwMDAwMCwidXBkYXRlIjo2MDAwMDAwMDAwMDB9fQ==",
          "dependencies": [
            "module.vpc.aws_eip.nat",
            "module.vpc.aws_internet_gateway.this",
            "module.vpc.aws_subnet.public",
            "module.vpc.aws_vpc.this",
            "module.vpc.aws_vpc_ipv4_cidr_block_association.this"
          ]
        }
      ]
    },
    {
      "module": "module.vpc",
      "mode": "managed",
      "type": "aws_route",
      "name": "private_nat_gateway",
      "provider": "provider[\"registry.terraform.io/hashicorp/aws\"]",
      "instances": [
        {
          "index_key": 0,
          "schema_version": 0,
          "attributes": {
            "carrier_gateway_id": "",
            "core_network_arn": "",
            "destination_cidr_block": "0.0.0.0/0",
            "destination_ipv6_cidr_block": "",
            "destination_prefix_list_id": "",
            "egress_only_gateway_id": "",
            "gateway_id": "",
            "id": "r-rtb-03224ce87a62c55311080289494",
            "instance_id": "",
            "instance_owner_id": "",
            "local_gateway_id": "",
            "nat_gateway_id": "nat-0ef2b76322906b2a3",
            "network_interface_id": "",
            "origin": "CreateRoute",
            "region": "us-east-1",
            "route_table_id": "rtb-03224ce87a62c5531",
            "state": "active",
            "timeouts": {
              "create": "5m",
              "delete": null,
              "update": null
            },
            "transit_gateway_id": "",
            "vpc_endpoint_id": "",
            "vpc_peering_connection_id": ""
          },
          "sensitive_attributes": [],
          "private": "eyJlMmJmYjczMC1lY2FhLTExZTYtOGY4OC0zNDM2M2JjN2M0YzAiOnsiY3JlYXRlIjozMDAwMDAwMDAwMDAsImRlbGV0ZSI6MzAwMDAwMDAwMDAwLCJ1cGRhdGUiOjEyMDAwMDAwMDAwMH19",
          "dependencies": [
            "module.vpc.aws_eip.nat",
            "module.vpc.aws_internet_gateway.this",
            "module.vpc.aws_nat_gateway.this",
            "module.vpc.aws_route_table.private",
            "module.vpc.aws_subnet.public",
            "module.vpc.aws_vpc.this",
            "module.vpc.aws_vpc_ipv4_cidr_block_association.this"
          ]
        },
        {
          "index_key": 1,
          "schema_version": 0,
          "attributes": {
            "carrier_gateway_id": "",
            "core_network_arn": "",
            "destination_cidr_block": "0.0.0.0/0",
            "destination_ipv6_cidr_block": "",
            "destination_prefix_list_id": "",
            "egress_only_gateway_id": "",
            "gateway_id": "",
            "id": "r-rtb-0477324afdecf85211080289494",
            "instance_id": "",
            "instance_owner_id": "",
            "local_gateway_id": "",
            "nat_gateway_id": "nat-06010ffe2526529cc",
            "network_interface_id": "",
            "origin": "CreateRoute",
            "region": "us-east-1",
            "route_table_id": "rtb-0477324afdecf8521",
            "state": "active",
            "timeouts": {
              "create": "5m",
              "delete": null,
              "update": null
            },
            "transit_gateway_id": "",
            "vpc_endpoint_id": "",
            "vpc_peering_connection_id": ""
          },
          "sensitive_attributes": [],
          "private": "eyJlMmJmYjczMC1lY2FhLTExZTYtOGY4OC0zNDM2M2JjN2M0YzAiOnsiY3JlYXRlIjozMDAwMDAwMDAwMDAsImRlbGV0ZSI6MzAwMDAwMDAwMDAwLCJ1cGRhdGUiOjEyMDAwMDAwMDAwMH19",
          "dependencies": [
            "module.vpc.aws_eip.nat",
            "module.vpc.aws_internet_gateway.this",
            "module.vpc.aws_nat_gateway.this",
            "module.vpc.aws_route_table.private",
            "module.vpc.aws_subnet.public",
            "module.vpc.aws_vpc.this",
            "module.vpc.aws_vpc_ipv4_cidr_block_association.this"
          ]
        }
      ]
    },
    {
      "module": "module.vpc",
      "mode": "managed",
      "type": "aws_route",
      "name": "public_internet_gateway",
      "provider": "provider[\"registry.terraform.io/hashicorp/aws\"]",
      "instances": [
        {
          "index_key": 0,
          "schema_version": 0,
          "attributes": {
            "carrier_gateway_id": "",
            "core_network_arn": "",
            "destination_cidr_block": "0.0.0.0/0",
            "destination_ipv6_cidr_block": "",
            "destination_prefix_list_id": "",
            "egress_only_gateway_id": "",
            "gateway_id": "igw-068de8e0d522448bc",
            "id": "r-rtb-0f503b89a49a4d5c11080289494",
            "instance_id": "",
            "instance_owner_id": "",
            "local_gateway_id": "",
            "nat_gateway_id": "",
            "network_interface_id": "",
            "origin": "CreateRoute",
            "region": "us-east-1",
            "route_table_id": "rtb-0f503b89a49a4d5c1",
            "state": "active",
            "timeouts": {
              "create": "5m",
              "delete": null,
              "update": null
            },
            "transit_gateway_id": "",
            "vpc_endpoint_id": "",
            "vpc_peering_connection_id": ""
          },
          "sensitive_attributes": [],
          "private": "eyJlMmJmYjczMC1lY2FhLTExZTYtOGY4OC0zNDM2M2JjN2M0YzAiOnsiY3JlYXRlIjozMDAwMDAwMDAwMDAsImRlbGV0ZSI6MzAwMDAwMDAwMDAwLCJ1cGRhdGUiOjEyMDAwMDAwMDAwMH19",
          "dependencies": [
            "module.vpc.aws_internet_gateway.this",
            "module.vpc.aws_route_table.public",
            "module.vpc.aws_vpc.this",
            "module.vpc.aws_vpc_ipv4_cidr_block_association.this"
          ]
        }
      ]
    },
    {
      "module": "module.vpc",
      "mode": "managed",
      "type": "aws_route_table",
      "name": "database",
      "provider": "provider[\"registry.terraform.io/hashicorp/aws\"]",
      "instances": [
        {
          "index_key": 0,
          "schema_version": 0,
          "attributes": {
            "arn": "arn:aws:ec2:us-east-1:058264231384:route-table/rtb-0cf51bee591c38024",
            "id": "rtb-0cf51bee591c38024",
            "owner_id": "058264231384",
            "propagating_vgws": [],
            "region": "us-east-1",
            "route": [],
            "tags": {
              "Name": "vpc-dev-db-us-east-1a",
              "environment": "dev",
              "owners": "SAP"
            },
            "tags_all": {
              "Name": "vpc-dev-db-us-east-1a",
              "environment": "dev",
              "owners": "SAP"
            },
            "timeouts": null,
            "vpc_id": "vpc-0d52b5dc0435d7046"
          },
          "sensitive_attributes": [],
          "private": "eyJlMmJmYjczMC1lY2FhLTExZTYtOGY4OC0zNDM2M2JjN2M0YzAiOnsiY3JlYXRlIjozMDAwMDAwMDAwMDAsImRlbGV0ZSI6MzAwMDAwMDAwMDAwLCJ1cGRhdGUiOjEyMDAwMDAwMDAwMH19",
          "dependencies": [
            "module.vpc.aws_vpc.this",
            "module.vpc.aws_vpc_ipv4_cidr_block_association.this"
          ]
        },
        {
          "index_key": 1,
          "schema_version": 0,
          "attributes": {
            "arn": "arn:aws:ec2:us-east-1:058264231384:route-table/rtb-0f15b95c42fd2228e",
            "id": "rtb-0f15b95c42fd2228e",
            "owner_id": "058264231384",
            "propagating_vgws": [],
            "region": "us-east-1",
            "route": [],
            "tags": {
              "Name": "vpc-dev-db-us-east-1b",
              "environment": "dev",
              "owners": "SAP"
            },
            "tags_all": {
              "Name": "vpc-dev-db-us-east-1b",
              "environment": "dev",
              "owners": "SAP"
            },
            "timeouts": null,
            "vpc_id": "vpc-0d52b5dc0435d7046"
          },
          "sensitive_attributes": [],
          "private": "eyJlMmJmYjczMC1lY2FhLTExZTYtOGY4OC0zNDM2M2JjN2M0YzAiOnsiY3JlYXRlIjozMDAwMDAwMDAwMDAsImRlbGV0ZSI6MzAwMDAwMDAwMDAwLCJ1cGRhdGUiOjEyMDAwMDAwMDAwMH19",
          "dependencies": [
            "module.vpc.aws_vpc.this",
            "module.vpc.aws_vpc_ipv4_cidr_block_association.this"
          ]
        }
      ]
    },
    {
      "module": "module.vpc",
      "mode": "managed",
      "type": "aws_route_table",
      "name": "private",
      "provider": "provider[\"registry.terraform.io/hashicorp/aws\"]",
      "instances": [
        {
          "index_key": 0,
          "schema_version": 0,
          "attributes": {
            "arn": "arn:aws:ec2:us-east-1:058264231384:route-table/rtb-03224ce87a62c5531",
            "id": "rtb-03224ce87a62c5531",
            "owner_id": "058264231384",
            "propagating_vgws": [],
            "region": "us-east-1",
            "route": [
              {
                "carrier_gateway_id": "",
                "cidr_block": "0.0.0.0/0",
                "core_network_arn": "",
                "destination_prefix_list_id": "",
                "egress_only_gateway_id": "",
                "gateway_id": "",
                "ipv6_cidr_block": "",
                "local_gateway_id": "",
                "nat_gateway_id": "nat-0ef2b76322906b2a3",
                "network_interface_id": "",
                "transit_gateway_id": "",
                "vpc_endpoint_id": "",
                "vpc_peering_connection_id": ""
              }
            ],
            "tags": {
              "Name": "vpc-dev-private-us-east-1a",
              "environment": "dev",
              "owners": "SAP"
            },
            "tags_all": {
              "Name": "vpc-dev-private-us-east-1a",
              "environment": "dev",
              "owners": "SAP"
            },
            "timeouts": null,
            "vpc_id": "vpc-0d52b5dc0435d7046"
          },
          "sensitive_attributes": [],
          "private": "eyJlMmJmYjczMC1lY2FhLTExZTYtOGY4OC0zNDM2M2JjN2M0YzAiOnsiY3JlYXRlIjozMDAwMDAwMDAwMDAsImRlbGV0ZSI6MzAwMDAwMDAwMDAwLCJ1cGRhdGUiOjEyMDAwMDAwMDAwMH19",
          "dependencies": [
            "module.vpc.aws_vpc.this",
            "module.vpc.aws_vpc_ipv4_cidr_block_association.this"
          ]
        },
        {
          "index_key": 1,
          "schema_version": 0,
          "attributes": {
            "arn": "arn:aws:ec2:us-east-1:058264231384:route-table/rtb-0477324afdecf8521",
            "id": "rtb-0477324afdecf8521",
            "owner_id": "058264231384",
            "propagating_vgws": [],
            "region": "us-east-1",
            "route": [
              {
                "carrier_gateway_id": "",
                "cidr_block": "0.0.0.0/0",
                "core_network_arn": "",
                "destination_prefix_list_id": "",
                "egress_only_gateway_id": "",
                "gateway_id": "",
                "ipv6_cidr_block": "",
                "local_gateway_id": "",
                "nat_gateway_id": "nat-06010ffe2526529cc",
                "network_interface_id": "",
                "transit_gateway_id": "",
                "vpc_endpoint_id": "",
                "vpc_peering_connection_id": ""
              }
            ],
            "tags": {
              "Name": "vpc-dev-private-us-east-1b",
              "environment": "dev",
              "owners": "SAP"
            },
            "tags_all": {
              "Name": "vpc-dev-private-us-east-1b",
              "environment": "dev",
              "owners": "SAP"
            },
            "timeouts": null,
            "vpc_id": "vpc-0d52b5dc0435d7046"
          },
          "sensitive_attributes": [],
          "private": "eyJlMmJmYjczMC1lY2FhLTExZTYtOGY4OC0zNDM2M2JjN2M0YzAiOnsiY3JlYXRlIjozMDAwMDAwMDAwMDAsImRlbGV0ZSI6MzAwMDAwMDAwMDAwLCJ1cGRhdGUiOjEyMDAwMDAwMDAwMH19",
          "dependencies": [
            "module.vpc.aws_vpc.this",
            "module.vpc.aws_vpc_ipv4_cidr_block_association.this"
          ]
        }
      ]
    },
    {
      "module": "module.vpc",
      "mode": "managed",
      "type": "aws_route_table",
      "name": "public",
      "provider": "provider[\"registry.terraform.io/hashicorp/aws\"]",
      "instances": [
        {
          "index_key": 0,
          "schema_version": 0,
          "attributes": {
            "arn": "arn:aws:ec2:us-east-1:058264231384:route-table/rtb-0f503b89a49a4d5c1",
            "id": "rtb-0f503b89a49a4d5c1",
            "owner_id": "058264231384",
            "propagating_vgws": [],
            "region": "us-east-1",
            "route": [
              {
                "carrier_gateway_id": "",
                "cidr_block": "0.0.0.0/0",
                "core_network_arn": "",
                "destination_prefix_list_id": "",
                "egress_only_gateway_id": "",
                "gateway_id": "igw-068de8e0d522448bc",
                "ipv6_cidr_block": "",
                "local_gateway_id": "",
                "nat_gateway_id": "",
                "network_interface_id": "",
                "transit_gateway_id": "",
                "vpc_endpoint_id": "",
                "vpc_peering_connection_id": ""
              }
            ],
            "tags": {
              "Name": "vpc-dev-public",
              "environment": "dev",
              "owners": "SAP"
            },
            "tags_all": {
              "Name": "vpc-dev-public",
              "environment": "dev",
              "owners": "SAP"
            },
            "timeouts": null,
            "vpc_id": "vpc-0d52b5dc0435d7046"
          },
          "sensitive_attributes": [],
          "private": "eyJlMmJmYjczMC1lY2FhLTExZTYtOGY4OC0zNDM2M2JjN2M0YzAiOnsiY3JlYXRlIjozMDAwMDAwMDAwMDAsImRlbGV0ZSI6MzAwMDAwMDAwMDAwLCJ1cGRhdGUiOjEyMDAwMDAwMDAwMH19",
          "dependencies": [
            "module.vpc.aws_vpc.this",
            "module.vpc.aws_vpc_ipv4_cidr_block_association.this"
          ]
        }
      ]
    },
    {
      "module": "module.vpc",
      "mode": "managed",
      "type": "aws_route_table_association",
      "name": "database",
      "provider": "provider[\"registry.terraform.io/hashicorp/aws\"]",
      "instances": [
        {
          "index_key": 0,
          "schema_version": 0,
          "attributes": {
            "gateway_id": "",
            "id": "rtbassoc-09aec89e35e4b66e5",
            "region": "us-east-1",
            "route_table_id": "rtb-0cf51bee591c38024",
            "subnet_id": "subnet-022cd36ff5bc9f5c4",
            "timeouts": null
          },
          "sensitive_attributes": [],
          "private": "eyJlMmJmYjczMC1lY2FhLTExZTYtOGY4OC0zNDM2M2JjN2M0YzAiOnsiY3JlYXRlIjozMDAwMDAwMDAwMDAsImRlbGV0ZSI6MzAwMDAwMDAwMDAwLCJ1cGRhdGUiOjEyMDAwMDAwMDAwMH19",
          "dependencies": [
            "module.vpc.aws_route_table.database",
            "module.vpc.aws_route_table.private",
            "module.vpc.aws_subnet.database",
            "module.vpc.aws_vpc.this",
            "module.vpc.aws_vpc_ipv4_cidr_block_association.this"
          ]
        },
        {
          "index_key": 1,
          "schema_version": 0,
          "attributes": {
            "gateway_id": "",
            "id": "rtbassoc-09ce671d095be3a32",
            "region": "us-east-1",
            "route_table_id": "rtb-0f15b95c42fd2228e",
            "subnet_id": "subnet-0e0ca574cd559dbf2",
            "timeouts": null
          },
          "sensitive_attributes": [],
          "private": "eyJlMmJmYjczMC1lY2FhLTExZTYtOGY4OC0zNDM2M2JjN2M0YzAiOnsiY3JlYXRlIjozMDAwMDAwMDAwMDAsImRlbGV0ZSI6MzAwMDAwMDAwMDAwLCJ1cGRhdGUiOjEyMDAwMDAwMDAwMH19",
          "dependencies": [
            "module.vpc.aws_route_table.database",
            "module.vpc.aws_route_table.private",
            "module.vpc.aws_subnet.database",
            "module.vpc.aws_vpc.this",
            "module.vpc.aws_vpc_ipv4_cidr_block_association.this"
          ]
        }
      ]
    },
    {
      "module": "module.vpc",
      "mode": "managed",
      "type": "aws_route_table_association",
      "name": "private",
      "provider": "provider[\"registry.terraform.io/hashicorp/aws\"]",
      "instances": [
        {
          "index_key": 0,
          "schema_version": 0,
          "attributes": {
            "gateway_id": "",
            "id": "rtbassoc-061164196dc693540",
            "region": "us-east-1",
            "route_table_id": "rtb-03224ce87a62c5531",
            "subnet_id": "subnet-04cada7269164702b",
            "timeouts": null
          },
          "sensitive_attributes": [],
          "private": "eyJlMmJmYjczMC1lY2FhLTExZTYtOGY4OC0zNDM2M2JjN2M0YzAiOnsiY3JlYXRlIjozMDAwMDAwMDAwMDAsImRlbGV0ZSI6MzAwMDAwMDAwMDAwLCJ1cGRhdGUiOjEyMDAwMDAwMDAwMH19",
          "dependencies": [
            "module.vpc.aws_route_table.private",
            "module.vpc.aws_subnet.private",
            "module.vpc.aws_vpc.this",
            "module.vpc.aws_vpc_ipv4_cidr_block_association.this"
          ]
        },
        {
          "index_key": 1,
          "schema_version": 0,
          "attributes": {
            "gateway_id": "",
            "id": "rtbassoc-07a4dd5d4023f4c0d",
            "region": "us-east-1",
            "route_table_id": "rtb-0477324afdecf8521",
            "subnet_id": "subnet-03bfd4e953a1baaf6",
            "timeouts": null
          },
          "sensitive_attributes": [],
          "private": "eyJlMmJmYjczMC1lY2FhLTExZTYtOGY4OC0zNDM2M2JjN2M0YzAiOnsiY3JlYXRlIjozMDAwMDAwMDAwMDAsImRlbGV0ZSI6MzAwMDAwMDAwMDAwLCJ1cGRhdGUiOjEyMDAwMDAwMDAwMH19",
          "dependencies": [
            "module.vpc.aws_route_table.private",
            "module.vpc.aws_subnet.private",
            "module.vpc.aws_vpc.this",
            "module.vpc.aws_vpc_ipv4_cidr_block_association.this"
          ]
        }
      ]
    },
    {
      "module": "module.vpc",
      "mode": "managed",
      "type": "aws_route_table_association",
      "name": "public",
      "provider": "provider[\"registry.terraform.io/hashicorp/aws\"]",
      "instances": [
        {
          "index_key": 0,
          "schema_version": 0,
          "attributes": {
            "gateway_id": "",
            "id": "rtbassoc-026a17ef641c1b36c",
            "region": "us-east-1",
            "route_table_id": "rtb-0f503b89a49a4d5c1",
            "subnet_id": "subnet-074142aa75e4f10b5",
            "timeouts": null
          },
          "sensitive_attributes": [],
          "private": "eyJlMmJmYjczMC1lY2FhLTExZTYtOGY4OC0zNDM2M2JjN2M0YzAiOnsiY3JlYXRlIjozMDAwMDAwMDAwMDAsImRlbGV0ZSI6MzAwMDAwMDAwMDAwLCJ1cGRhdGUiOjEyMDAwMDAwMDAwMH19",
          "dependencies": [
            "module.vpc.aws_route_table.public",
            "module.vpc.aws_subnet.public",
            "module.vpc.aws_vpc.this",
            "module.vpc.aws_vpc_ipv4_cidr_block_association.this"
          ]
        },
        {
          "index_key": 1,
          "schema_version": 0,
          "attributes": {
            "gateway_id": "",
            "id": "rtbassoc-052f123ff487c2dfd",
            "region": "us-east-1",
            "route_table_id": "rtb-0f503b89a49a4d5c1",
            "subnet_id": "subnet-02314804f7d8dd9a6",
            "timeouts": null
          },
          "sensitive_attributes": [],
          "private": "eyJlMmJmYjczMC1lY2FhLTExZTYtOGY4OC0zNDM2M2JjN2M0YzAiOnsiY3JlYXRlIjozMDAwMDAwMDAwMDAsImRlbGV0ZSI6MzAwMDAwMDAwMDAwLCJ1cGRhdGUiOjEyMDAwMDAwMDAwMH19",
          "dependencies": [
            "module.vpc.aws_route_table.public",
            "module.vpc.aws_subnet.public",
            "module.vpc.aws_vpc.this",
            "module.vpc.aws_vpc_ipv4_cidr_block_association.this"
          ]
        }
      ]
    },
    {
      "module": "module.vpc",
      "mode": "managed",
      "type": "aws_subnet",
      "name": "database",
      "provider": "provider[\"registry.terraform.io/hashicorp/aws\"]",
      "instances": [
        {
          "index_key": 0,
          "schema_version": 1,
          "attributes": {
            "arn": "arn:aws:ec2:us-east-1:058264231384:subnet/subnet-022cd36ff5bc9f5c4",
            "assign_ipv6_address_on_creation": false,
            "availability_zone": "us-east-1a",
            "availability_zone_id": "use1-az4",
            "cidr_block": "10.0.151.0/24",
            "customer_owned_ipv4_pool": "",
            "enable_dns64": false,
            "enable_lni_at_device_index": 0,
            "enable_resource_name_dns_a_record_on_launch": false,
            "enable_resource_name_dns_aaaa_record_on_launch": false,
            "id": "subnet-022cd36ff5bc9f5c4",
            "ipv6_cidr_block": "",
            "ipv6_cidr_block_association_id": "",
            "ipv6_native": false,
            "map_customer_owned_ip_on_launch": false,
            "map_public_ip_on_launch": false,
            "outpost_arn": "",
            "owner_id": "058264231384",
            "private_dns_hostname_type_on_launch": "ip-name",
            "region": "us-east-1",
            "tags": {
              "Name": "DB Subnet AZ-1",
              "Type": "Private Database Subnets",
              "environment": "dev",
              "owners": "SAP"
            },
            "tags_all": {
              "Name": "DB Subnet AZ-1",
              "Type": "Private Database Subnets",
              "environment": "dev",
              "owners": "SAP"
            },
            "timeouts": null,
            "vpc_id": "vpc-0d52b5dc0435d7046"
          },
          "sensitive_attributes": [],
          "private": "eyJlMmJmYjczMC1lY2FhLTExZTYtOGY4OC0zNDM2M2JjN2M0YzAiOnsiY3JlYXRlIjo2MDAwMDAwMDAwMDAsImRlbGV0ZSI6MTIwMDAwMDAwMDAwMH0sInNjaGVtYV92ZXJzaW9uIjoiMSJ9",
          "dependencies": [
            "module.vpc.aws_vpc.this",
            "module.vpc.aws_vpc_ipv4_cidr_block_association.this"
          ]
        },
        {
          "index_key": 1,
          "schema_version": 1,
          "attributes": {
            "arn": "arn:aws:ec2:us-east-1:058264231384:subnet/subnet-0e0ca574cd559dbf2",
            "assign_ipv6_address_on_creation": false,
            "availability_zone": "us-east-1b",
            "availability_zone_id": "use1-az6",
            "cidr_block": "10.0.152.0/24",
            "customer_owned_ipv4_pool": "",
            "enable_dns64": false,
            "enable_lni_at_device_index": 0,
            "enable_resource_name_dns_a_record_on_launch": false,
            "enable_resource_name_dns_aaaa_record_on_launch": false,
            "id": "subnet-0e0ca574cd559dbf2",
            "ipv6_cidr_block": "",
            "ipv6_cidr_block_association_id": "",
            "ipv6_native": false,
            "map_customer_owned_ip_on_launch": false,
            "map_public_ip_on_launch": false,
            "outpost_arn": "",
            "owner_id": "058264231384",
            "private_dns_hostname_type_on_launch": "ip-name",
            "region": "us-east-1",
            "tags": {
              "Name": "DB Subnet AZ-2",
              "Type": "Private Database Subnets",
              "environment": "dev",
              "owners": "SAP"
            },
            "tags_all": {
              "Name": "DB Subnet AZ-2",
              "Type": "Private Database Subnets",
              "environment": "dev",
              "owners": "SAP"
            },
            "timeouts": null,
            "vpc_id": "vpc-0d52b5dc0435d7046"
          },
          "sensitive_attributes": [],
          "private": "eyJlMmJmYjczMC1lY2FhLTExZTYtOGY4OC0zNDM2M2JjN2M0YzAiOnsiY3JlYXRlIjo2MDAwMDAwMDAwMDAsImRlbGV0ZSI6MTIwMDAwMDAwMDAwMH0sInNjaGVtYV92ZXJzaW9uIjoiMSJ9",
          "dependencies": [
            "module.vpc.aws_vpc.this",
            "module.vpc.aws_vpc_ipv4_cidr_block_association.this"
          ]
        }
      ]
    },
    {
      "module": "module.vpc",
      "mode": "managed",
      "type": "aws_subnet",
      "name": "private",
      "provider": "provider[\"registry.terraform.io/hashicorp/aws\"]",
      "instances": [
        {
          "index_key": 0,
          "schema_version": 1,
          "attributes": {
            "arn": "arn:aws:ec2:us-east-1:058264231384:subnet/subnet-04cada7269164702b",
            "assign_ipv6_address_on_creation": false,
            "availability_zone": "us-east-1a",
            "availability_zone_id": "use1-az4",
            "cidr_block": "10.0.1.0/24",
            "customer_owned_ipv4_pool": "",
            "enable_dns64": false,
            "enable_lni_at_device_index": 0,
            "enable_resource_name_dns_a_record_on_launch": false,
            "enable_resource_name_dns_aaaa_record_on_launch": false,
            "id": "subnet-04cada7269164702b",
            "ipv6_cidr_block": "",
            "ipv6_cidr_block_association_id": "",
            "ipv6_native": false,
            "map_customer_owned_ip_on_launch": false,
            "map_public_ip_on_launch": false,
            "outpost_arn": "",
            "owner_id": "058264231384",
            "private_dns_hostname_type_on_launch": "ip-name",
            "region": "us-east-1",
            "tags": {
              "Name": "Private Subnet AZ-1",
              "Type": "Private Subnets",
              "environment": "dev",
              "owners": "SAP"
            },
            "tags_all": {
              "Name": "Private Subnet AZ-1",
              "Type": "Private Subnets",
              "environment": "dev",
              "owners": "SAP"
            },
            "timeouts": null,
            "vpc_id": "vpc-0d52b5dc0435d7046"
          },
          "sensitive_attributes": [],
          "private": "eyJlMmJmYjczMC1lY2FhLTExZTYtOGY4OC0zNDM2M2JjN2M0YzAiOnsiY3JlYXRlIjo2MDAwMDAwMDAwMDAsImRlbGV0ZSI6MTIwMDAwMDAwMDAwMH0sInNjaGVtYV92ZXJzaW9uIjoiMSJ9",
          "dependencies": [
            "module.vpc.aws_vpc.this",
            "module.vpc.aws_vpc_ipv4_cidr_block_association.this"
          ],
          "create_before_destroy": true
        },
        {
          "index_key": 1,
          "schema_version": 1,
          "attributes": {
            "arn": "arn:aws:ec2:us-east-1:058264231384:subnet/subnet-03bfd4e953a1baaf6",
            "assign_ipv6_address_on_creation": false,
            "availability_zone": "us-east-1b",
            "availability_zone_id": "use1-az6",
            "cidr_block": "10.0.2.0/24",
            "customer_owned_ipv4_pool": "",
            "enable_dns64": false,
            "enable_lni_at_device_index": 0,
            "enable_resource_name_dns_a_record_on_launch": false,
            "enable_resource_name_dns_aaaa_record_on_launch": false,
            "id": "subnet-03bfd4e953a1baaf6",
            "ipv6_cidr_block": "",
            "ipv6_cidr_block_association_id": "",
            "ipv6_native": false,
            "map_customer_owned_ip_on_launch": false,
            "map_public_ip_on_launch": false,
            "outpost_arn": "",
            "owner_id": "058264231384",
            "private_dns_hostname_type_on_launch": "ip-name",
            "region": "us-east-1",
            "tags": {
              "Name": "Private Subnet AZ-2",
              "Type": "Private Subnets",
              "environment": "dev",
              "owners": "SAP"
            },
            "tags_all": {
              "Name": "Private Subnet AZ-2",
              "Type": "Private Subnets",
              "environment": "dev",
              "owners": "SAP"
            },
            "timeouts": null,
            "vpc_id": "vpc-0d52b5dc0435d7046"
          },
          "sensitive_attributes": [],
          "private": "eyJlMmJmYjczMC1lY2FhLTExZTYtOGY4OC0zNDM2M2JjN2M0YzAiOnsiY3JlYXRlIjo2MDAwMDAwMDAwMDAsImRlbGV0ZSI6MTIwMDAwMDAwMDAwMH0sInNjaGVtYV92ZXJzaW9uIjoiMSJ9",
          "dependencies": [
            "module.vpc.aws_vpc.this",
            "module.vpc.aws_vpc_ipv4_cidr_block_association.this"
          ],
          "create_before_destroy": true
        }
      ]
    },
    {
      "module": "module.vpc",
      "mode": "managed",
      "type": "aws_subnet",
      "name": "public",
      "provider": "provider[\"registry.terraform.io/hashicorp/aws\"]",
      "instances": [
        {
          "index_key": 0,
          "schema_version": 1,
          "attributes": {
            "arn": "arn:aws:ec2:us-east-1:058264231384:subnet/subnet-074142aa75e4f10b5",
            "assign_ipv6_address_on_creation": false,
            "availability_zone": "us-east-1a",
            "availability_zone_id": "use1-az4",
            "cidr_block": "10.0.101.0/24",
            "customer_owned_ipv4_pool": "",
            "enable_dns64": false,
            "enable_lni_at_device_index": 0,
            "enable_resource_name_dns_a_record_on_launch": false,
            "enable_resource_name_dns_aaaa_record_on_launch": false,
            "id": "subnet-074142aa75e4f10b5",
            "ipv6_cidr_block": "",
            "ipv6_cidr_block_association_id": "",
            "ipv6_native": false,
            "map_customer_owned_ip_on_launch": false,
            "map_public_ip_on_launch": false,
            "outpost_arn": "",
            "owner_id": "058264231384",
            "private_dns_hostname_type_on_launch": "ip-name",
            "region": "us-east-1",
            "tags": {
              "Name": "Public Subnet AZ-1",
              "Type": "Public Subnets",
              "environment": "dev",
              "owners": "SAP"
            },
            "tags_all": {
              "Name": "Public Subnet AZ-1",
              "Type": "Public Subnets",
              "environment": "dev",
              "owners": "SAP"
            },
            "timeouts": null,
            "vpc_id": "vpc-0d52b5dc0435d7046"
          },
          "sensitive_attributes": [],
          "private": "eyJlMmJmYjczMC1lY2FhLTExZTYtOGY4OC0zNDM2M2JjN2M0YzAiOnsiY3JlYXRlIjo2MDAwMDAwMDAwMDAsImRlbGV0ZSI6MTIwMDAwMDAwMDAwMH0sInNjaGVtYV92ZXJzaW9uIjoiMSJ9",
          "dependencies": [
            "module.vpc.aws_vpc.this",
            "module.vpc.aws_vpc_ipv4_cidr_block_association.this"
          ],
          "create_before_destroy": true
        },
        {
          "index_key": 1,
          "schema_version": 1,
          "attributes": {
            "arn": "arn:aws:ec2:us-east-1:058264231384:subnet/subnet-02314804f7d8dd9a6",
            "assign_ipv6_address_on_creation": false,
            "availability_zone": "us-east-1b",
            "availability_zone_id": "use1-az6",
            "cidr_block": "10.0.102.0/24",
            "customer_owned_ipv4_pool": "",
            "enable_dns64": false,
            "enable_lni_at_device_index": 0,
            "enable_resource_name_dns_a_record_on_launch": false,
            "enable_resource_name_dns_aaaa_record_on_launch": false,
            "id": "subnet-02314804f7d8dd9a6",
            "ipv6_cidr_block": "",
            "ipv6_cidr_block_association_id": "",
            "ipv6_native": false,
            "map_customer_owned_ip_on_launch": false,
            "map_public_ip_on_launch": false,
            "outpost_arn": "",
            "owner_id": "058264231384",
            "private_dns_hostname_type_on_launch": "ip-name",
            "region": "us-east-1",
            "tags": {
              "Name": "Public Subnet AZ-2",
              "Type": "Public Subnets",
              "environment": "dev",
              "owners": "SAP"
            },
            "tags_all": {
              "Name": "Public Subnet AZ-2",
              "Type": "Public Subnets",
              "environment": "dev",
              "owners": "SAP"
            },
            "timeouts": null,
            "vpc_id": "vpc-0d52b5dc0435d7046"
          },
          "sensitive_attributes": [],
          "private": "eyJlMmJmYjczMC1lY2FhLTExZTYtOGY4OC0zNDM2M2JjN2M0YzAiOnsiY3JlYXRlIjo2MDAwMDAwMDAwMDAsImRlbGV0ZSI6MTIwMDAwMDAwMDAwMH0sInNjaGVtYV92ZXJzaW9uIjoiMSJ9",
          "dependencies": [
            "module.vpc.aws_vpc.this",
            "module.vpc.aws_vpc_ipv4_cidr_block_association.this"
          ],
          "create_before_destroy": true
        }
      ]
    },
    {
      "module": "module.vpc",
      "mode": "managed",
      "type": "aws_vpc",
      "name": "this",
      "provider": "provider[\"registry.terraform.io/hashicorp/aws\"]",
      "instances": [
        {
          "index_key": 0,
          "schema_version": 1,
          "attributes": {
            "arn": "arn:aws:ec2:us-east-1:058264231384:vpc/vpc-0d52b5dc0435d7046",
            "assign_generated_ipv6_cidr_block": false,
            "cidr_block": "10.0.0.0/16",
            "default_network_acl_id": "acl-0c7eb4f0f9ed47544",
            "default_route_table_id": "rtb-06468508a07840ca3",
            "default_security_group_id": "sg-08945dd3124df9750",
            "dhcp_options_id": "dopt-064f3b6d7d0cc4430",
            "enable_dns_hostnames": true,
            "enable_dns_support": true,
            "enable_network_address_usage_metrics": false,
            "id": "vpc-0d52b5dc0435d7046",
            "instance_tenancy": "default",
            "ipv4_ipam_pool_id": null,
            "ipv4_netmask_length": null,
            "ipv6_association_id": "",
            "ipv6_cidr_block": "",
            "ipv6_cidr_block_network_border_group": "",
            "ipv6_ipam_pool_id": "",
            "ipv6_netmask_length": 0,
            "main_route_table_id": "rtb-06468508a07840ca3",
            "owner_id": "058264231384",
            "region": "us-east-1",
            "tags": {
              "Name": "vpc-dev",
              "environment": "dev",
              "owners": "SAP"
            },
            "tags_all": {
              "Name": "vpc-dev",
              "environment": "dev",
              "owners": "SAP"
            }
          },
          "sensitive_attributes": [],
          "private": "eyJzY2hlbWFfdmVyc2lvbiI6IjEifQ==",
          "create_before_destroy": true
        }
      ]
    }
  ],
  "check_results": null
}
