{
  "version": 4,
  "terraform_version": "1.11.3",
  "serial": 5455,
  "lineage": "08d93fec-32ca-c21d-395d-56b5cc1933c0",
  "outputs": {
    "aws_acm_certificate_arn": {
      "value": "arn:aws:acm:us-east-1:058264231384:certificate/daf833ed-6aa8-49d1-9ca6-015e0a17d667",
      "type": "string"
    },
    "azs": {
      "value": [
        "us-east-1a",
        "us-east-1b"
      ],
      "type": [
        "list",
        "string"
      ]
    },
    "nat_public_ips": {
      "value": [
        "23.20.16.138",
        "52.23.2.114"
      ],
      "type": [
        "list",
        "string"
      ]
    },
    "private_subnets": {
      "value": [
        "subnet-0960ed34916c4b0f3",
        "subnet-09c68e78fb1030af3"
      ],
      "type": [
        "tuple",
        [
          "string",
          "string"
        ]
      ]
    },
    "public_subnets": {
      "value": [
        "subnet-0c2b191dcc441db9f",
        "subnet-0299f3a393b1dda41"
      ],
      "type": [
        "tuple",
        [
          "string",
          "string"
        ]
      ]
    },
    "vpc_cidr_block": {
      "value": "10.0.0.0/16",
      "type": "string"
    },
    "vpc_id": {
      "value": "vpc-0fdc54a7de6c27b17",
      "type": "string"
    },
    "vpc_name": {
      "value": "vpc-dev",
      "type": "string"
    },
    "zone_id": {
      "value": "Z04286521ANKRNYL53U3Z",
      "type": "string"
    }
  },
  "resources": [
    {
      "mode": "data",
      "type": "aws_acm_certificate",
      "name": "issued",
      "provider": "provider[\"registry.terraform.io/hashicorp/aws\"]",
      "instances": [
        {
          "schema_version": 0,
          "attributes": {
            "arn": "arn:aws:acm:us-east-1:058264231384:certificate/daf833ed-6aa8-49d1-9ca6-015e0a17d667",
            "certificate": "-----BEGIN CERTIFICATE-----\nMIIF0zCCBLugAwIBAgIQDxK+5Pb4R9hwNMZuqdoMsTANBgkqhkiG9w0BAQsFADA8\nMQswCQYDVQQGEwJVUzEPMA0GA1UEChMGQW1hem9uMRwwGgYDVQQDExNBbWF6b24g\nUlNBIDIwNDggTTA0MB4XDTI1MDUxMjAwMDAwMFoXDTI2MDYxMDIzNTk1OVowHjEc\nMBoGA1UEAxMTbGFsYWxhbGFsYWxhbGE3LmNvbTCCASIwDQYJKoZIhvcNAQEBBQAD\nggEPADCCAQoCggEBAK13SanGRGrO9YjqOaV7xf6GGrV4IkXJg9oyYYs0mu8/QgDl\nN/k0geHn9PGEKwLQmqnwbgaZxQh/0ixC4qdDE5Ys15t/5zBMg7NZuWxzA9PIek3v\n/psCBtlA808R0+Lwx688tEIX1CNf2jwmi7jx8n0ioUNgs0DLcJXEr9Ql0POLIGVH\nhFCVHsWem7jScJ1g35SzidjP1OS0oIj7LcRwmQzgDbA00qqF3gvKsFLmS4f0/v1y\n0E6aMAfOlCyt5R1ajLtAVKdj/DRdCpJa2YGtWEWfHKJD8IegzoZmUpnZOEETZOUo\nWXNfvVSfXo2hOsI5IHXtLVHzRHMDcUENLdGeR6sCAwEAAaOCAu0wggLpMB8GA1Ud\nIwQYMBaAFB9SkmFWglR/gWbYHT0KqjJch90IMB0GA1UdDgQWBBRegsoj6vdm9ARN\nRuSPE5efmiLzqzAeBgNVHREEFzAVghNsYWxhbGFsYWxhbGFsYTcuY29tMBMGA1Ud\nIAQMMAowCAYGZ4EMAQIBMA4GA1UdDwEB/wQEAwIFoDAdBgNVHSUEFjAUBggrBgEF\nBQcDAQYIKwYBBQUHAwIwOwYDVR0fBDQwMjAwoC6gLIYqaHR0cDovL2NybC5yMm0w\nNC5hbWF6b250cnVzdC5jb20vcjJtMDQuY3JsMHUGCCsGAQUFBwEBBGkwZzAtBggr\nBgEFBQcwAYYhaHR0cDovL29jc3AucjJtMDQuYW1hem9udHJ1c3QuY29tMDYGCCsG\nAQUFBzAChipodHRwOi8vY3J0LnIybTA0LmFtYXpvbnRydXN0LmNvbS9yMm0wNC5j\nZXIwDAYDVR0TAQH/BAIwADCCAX8GCisGAQQB1nkCBAIEggFvBIIBawFpAHcADleU\nvPOuqT4zGyyZB7P3kN+bwj1xMiXdIaklrGHFTiEAAAGWxnGeuAAABAMASDBGAiEA\nkrTWLGdGMMEEhlyJDD1ka+VV7zH0jiU0MoBu3uENeWoCIQC0uv+i/avIcQep/ghv\nbObMlzGpVAMXxmU9w3dF/55cxAB2AGQRxGykEuyniRyiAi4AvKtPKAfUHjUnq+r+\n1QPJfc3wAAABlsZxnukAAAQDAEcwRQIhAOXgWpaA7IET2nieUWWjAJoXPV9e5q/Z\nnk51Qw9DBpx7AiBna+swZ5Xc9dFkw9CZdKbi6rrC9vY3Ocxus4Kxm7D1wAB2AEmc\nm2neHXzs/DbezYdkprhbrwqHgBnRVVL76esp3fjDAAABlsZxnvQAAAQDAEcwRQIh\nAM/PDOgPcJVXEwVmd1wjona7KQBmvLQ8rgnsneo8EUWsAiAR1dWj4OA/E+NO6Pqt\neleJs3nnKcmKBalokdikAfINQzANBgkqhkiG9w0BAQsFAAOCAQEALsk8C3P5oomY\nfvm655/QEzblADdrXtNHpOjQiaU69Lc3pOCY+uRHhu91p1EUOXSyWvsPRT8OZDW1\ncQ3+knHJq9cnVQlulS9quKhhWQTni7hdxKsJ+H5Ry99w6KFpPm2xVpEQ8NX+XGV5\nlZBatBJZZS25VBB9Vjf2pggJyRNrVWq73jIe8Zw50ruhUUEdbTXKIg5t3RMWILCZ\neGlSsfrMQU/XLsE9gCRhPo+4h779TDzW74Z1Mq7zNwAqxKUgSw+Dom24lC96HMVN\nKxvUqZR7CpAi7wKWDFhiay7IE9Mv0FbY9aUlClU7yFzsDo6kDoKnH/bhOrDK6AX1\nXIYVLAnYJw==\n-----END CERTIFICATE-----\n",
            "certificate_chain": "-----BEGIN CERTIFICATE-----\nMIIEXjCCA0agAwIBAgITB3MSTyqVLj7Rili9uF0bwM5fJzANBgkqhkiG9w0BAQsF\nADA5MQswCQYDVQQGEwJVUzEPMA0GA1UEChMGQW1hem9uMRkwFwYDVQQDExBBbWF6\nb24gUm9vdCBDQSAxMB4XDTIyMDgyMzIyMjYzNVoXDTMwMDgyMzIyMjYzNVowPDEL\nMAkGA1UEBhMCVVMxDzANBgNVBAoTBkFtYXpvbjEcMBoGA1UEAxMTQW1hem9uIFJT\nQSAyMDQ4IE0wNDCCASIwDQYJKoZIhvcNAQEBBQADggEPADCCAQoCggEBAM3pVR6A\nlQOp4xe776FdePXyejgA38mYx1ou9/jrpV6Sfn+/oqBKgwhY6ePsQHHQayWBJdBn\nv4Wz363qRI4XUh9swBFJ11TnZ3LqOMvHmWq2+loA0QPtOfXdJ2fHBLrBrngtJ/GB\n0p5olAVYrSZgvQGP16Rf8ddtNyxEEhYm3HuhmNi+vSeAq1tLYJPAvRCXonTpWdSD\nxY6hvdmxlqTYi82AtBXSfpGQ58HHM0hw0C6aQakghrwWi5fGslLOqzpimNMIsT7c\nqa0GJx6JfKqJqmQQNplO2h8n9ZsFJgBowof01ppdoLAWg6caMOM0om/VILKaa30F\n9W/r8Qjah7ltGVkCAwEAAaOCAVowggFWMBIGA1UdEwEB/wQIMAYBAf8CAQAwDgYD\nVR0PAQH/BAQDAgGGMB0GA1UdJQQWMBQGCCsGAQUFBwMBBggrBgEFBQcDAjAdBgNV\nHQ4EFgQUH1KSYVaCVH+BZtgdPQqqMlyH3QgwHwYDVR0jBBgwFoAUhBjMhTTsvAyU\nlC4IWZzHshBOCggwewYIKwYBBQUHAQEEbzBtMC8GCCsGAQUFBzABhiNodHRwOi8v\nb2NzcC5yb290Y2ExLmFtYXpvbnRydXN0LmNvbTA6BggrBgEFBQcwAoYuaHR0cDov\nL2NydC5yb290Y2ExLmFtYXpvbnRydXN0LmNvbS9yb290Y2ExLmNlcjA/BgNVHR8E\nODA2MDSgMqAwhi5odHRwOi8vY3JsLnJvb3RjYTEuYW1hem9udHJ1c3QuY29tL3Jv\nb3RjYTEuY3JsMBMGA1UdIAQMMAowCAYGZ4EMAQIBMA0GCSqGSIb3DQEBCwUAA4IB\nAQA+1O5UsAaNuW3lHzJtpNGwBnZd9QEYFtxpiAnIaV4qApnGS9OCw5ZPwie7YSlD\nZF5yyFPsFhUC2Q9uJHY/CRV1b5hIiGH0+6+w5PgKiY1MWuWT8VAaJjFxvuhM7a/e\nfN2TIw1Wd6WCl6YRisunjQOrSP+unqC8A540JNyZ1JOE3jVqat3OZBGgMvihdj2w\nY23EpwesrKiQzkHzmvSH67PVW4ycbPy08HVZnBxZ5NrlGG9bwXR3fNTaz+c+Ej6c\n5AnwI3qkOFgSkg3Y75cdFz6pO/olK+e3AqygAcv0WjzmkDPuBjssuZjCHMC56oH3\nGJkV29Di2j5prHJbwZjG1inU\n-----END CERTIFICATE-----\n-----BEGIN CERTIFICATE-----\nMIIEkjCCA3qgAwIBAgITBn+USionzfP6wq4rAfkI7rnExjANBgkqhkiG9w0BAQsF\nADCBmDELMAkGA1UEBhMCVVMxEDAOBgNVBAgTB0FyaXpvbmExEzARBgNVBAcTClNj\nb3R0c2RhbGUxJTAjBgNVBAoTHFN0YXJmaWVsZCBUZWNobm9sb2dpZXMsIEluYy4x\nOzA5BgNVBAMTMlN0YXJmaWVsZCBTZXJ2aWNlcyBSb290IENlcnRpZmljYXRlIEF1\ndGhvcml0eSAtIEcyMB4XDTE1MDUyNTEyMDAwMFoXDTM3MTIzMTAxMDAwMFowOTEL\nMAkGA1UEBhMCVVMxDzANBgNVBAoTBkFtYXpvbjEZMBcGA1UEAxMQQW1hem9uIFJv\nb3QgQ0EgMTCCASIwDQYJKoZIhvcNAQEBBQADggEPADCCAQoCggEBALJ4gHHKeNXj\nca9HgFB0fW7Y14h29Jlo91ghYPl0hAEvrAIthtOgQ3pOsqTQNroBvo3bSMgHFzZM\n9O6II8c+6zf1tRn4SWiw3te5djgdYZ6k/oI2peVKVuRF4fn9tBb6dNqcmzU5L/qw\nIFAGbHrQgLKm+a/sRxmPUDgH3KKHOVj4utWp+UhnMJbulHheb4mjUcAwhmahRWa6\nVOujw5H5SNz/0egwLX0tdHA114gk957EWW67c4cX8jJGKLhD+rcdqsq08p8kDi1L\n93FcXmn/6pUCyziKrlA4b9v7LWIbxcceVOF34GfID5yHI9Y/QCB/IIDEgEw+OyQm\njgSubJrIqg0CAwEAAaOCATEwggEtMA8GA1UdEwEB/wQFMAMBAf8wDgYDVR0PAQH/\nBAQDAgGGMB0GA1UdDgQWBBSEGMyFNOy8DJSULghZnMeyEE4KCDAfBgNVHSMEGDAW\ngBScXwDfqgHXMCs4iKK4bUqc8hGRgzB4BggrBgEFBQcBAQRsMGowLgYIKwYBBQUH\nMAGGImh0dHA6Ly9vY3NwLnJvb3RnMi5hbWF6b250cnVzdC5jb20wOAYIKwYBBQUH\nMAKGLGh0dHA6Ly9jcnQucm9vdGcyLmFtYXpvbnRydXN0LmNvbS9yb290ZzIuY2Vy\nMD0GA1UdHwQ2MDQwMqAwoC6GLGh0dHA6Ly9jcmwucm9vdGcyLmFtYXpvbnRydXN0\nLmNvbS9yb290ZzIuY3JsMBEGA1UdIAQKMAgwBgYEVR0gADANBgkqhkiG9w0BAQsF\nAAOCAQEAYjdCXLwQtT6LLOkMm2xF4gcAevnFWAu5CIw+7bMlPLVvUOTNNWqnkzSW\nMiGpSESrnO09tKpzbeR/FoCJbM8oAxiDR3mjEH4wW6w7sGDgd9QIpuEdfF7Au/ma\neyKdpwAJfqxGF4PcnCZXmTA5YpaP7dreqsXMGz7KQ2hsVxa81Q4gLv7/wmpdLqBK\nbRRYh5TmOTFffHPLkIhqhBGWJ6bt2YFGpn6jcgAKUj6DiAdjd4lpFw85hdKrCEVN\n0FE6/V1dN2RMfjCyVSRCnTawXZwXgWHxyvkQAiSr6w10kY17RSlQOYiypok1JR4U\nakcjMS9cmvqtmg5iUaQqqcT5NJ0hGA==\n-----END CERTIFICATE-----\n",
            "domain": "lalalalalalala7.com",
            "id": "arn:aws:acm:us-east-1:058264231384:certificate/daf833ed-6aa8-49d1-9ca6-015e0a17d667",
            "key_types": null,
            "most_recent": false,
            "region": "us-east-1",
            "status": "ISSUED",
            "statuses": [
              "ISSUED"
            ],
            "tags": {},
            "types": null
          },
          "sensitive_attributes": []
        }
      ]
    },
    {
      "mode": "data",
      "type": "aws_ami",
      "name": "amz-2023",
      "provider": "provider[\"registry.terraform.io/hashicorp/aws\"]",
      "instances": [
        {
          "schema_version": 0,
          "attributes": {
            "allow_unsafe_filter": null,
            "architecture": "x86_64",
            "arn": "arn:aws:ec2:us-east-1::image/ami-0c474afa8921e5b99",
            "block_device_mappings": [
              {
                "device_name": "/dev/xvda",
                "ebs": {
                  "delete_on_termination": "true",
                  "encrypted": "false",
                  "iops": "3000",
                  "snapshot_id": "snap-0dd315272a46fdcde",
                  "throughput": "125",
                  "volume_initialization_rate": "0",
                  "volume_size": "30",
                  "volume_type": "gp3"
                },
                "no_device": "",
                "virtual_name": ""
              }
            ],
            "boot_mode": "uefi-preferred",
            "creation_date": "2025-09-12T00:23:44.000Z",
            "deprecation_time": "2027-09-12T00:23:44.000Z",
            "description": "Amazon Linux AMI 2023.0.20250909 x86_64 ECS HVM EBS",
            "ena_support": true,
            "executable_users": null,
            "filter": [
              {
                "name": "architecture",
                "values": [
                  "x86_64"
                ]
              },
              {
                "name": "name",
                "values": [
                  "al2023-ami-*"
                ]
              },
              {
                "name": "root-device-type",
                "values": [
                  "ebs"
                ]
              },
              {
                "name": "virtualization-type",
                "values": [
                  "hvm"
                ]
              }
            ],
            "hypervisor": "xen",
            "id": "ami-0c474afa8921e5b99",
            "image_id": "ami-0c474afa8921e5b99",
            "image_location": "amazon/al2023-ami-ecs-hvm-2023.0.20250909-kernel-6.1-x86_64",
            "image_owner_alias": "amazon",
            "image_type": "machine",
            "imds_support": "v2.0",
            "include_deprecated": false,
            "kernel_id": "",
            "last_launched_time": "",
            "most_recent": true,
            "name": "al2023-ami-ecs-hvm-2023.0.20250909-kernel-6.1-x86_64",
            "name_regex": null,
            "owner_id": "591542846629",
            "owners": [
              "amazon"
            ],
            "platform": "",
            "platform_details": "Linux/UNIX",
            "product_codes": [],
            "public": true,
            "ramdisk_id": "",
            "region": "us-east-1",
            "root_device_name": "/dev/xvda",
            "root_device_type": "ebs",
            "root_snapshot_id": "snap-0dd315272a46fdcde",
            "sriov_net_support": "simple",
            "state": "available",
            "state_reason": {
              "code": "UNSET",
              "message": "UNSET"
            },
            "tags": {},
            "timeouts": null,
            "tpm_support": "",
            "uefi_data": null,
            "usage_operation": "RunInstances",
            "virtualization_type": "hvm"
          },
          "sensitive_attributes": []
        }
      ]
    },
    {
      "mode": "data",
      "type": "aws_route53_zone",
      "name": "mydomain",
      "provider": "provider[\"registry.terraform.io/hashicorp/aws\"]",
      "instances": [
        {
          "schema_version": 0,
          "attributes": {
            "arn": "arn:aws:route53:::hostedzone/Z04286521ANKRNYL53U3Z",
            "caller_reference": "3c866744-f579-4825-912f-614a618dbfff",
            "comment": "",
            "id": "Z04286521ANKRNYL53U3Z",
            "linked_service_description": null,
            "linked_service_principal": null,
            "name": "lalalalalalala7.com",
            "name_servers": [
              "ns-364.awsdns-45.com",
              "ns-590.awsdns-09.net",
              "ns-1825.awsdns-36.co.uk",
              "ns-1424.awsdns-50.org"
            ],
            "primary_name_server": "ns-364.awsdns-45.com",
            "private_zone": false,
            "resource_record_set_count": 4,
            "tags": {},
            "vpc_id": null,
            "zone_id": "Z04286521ANKRNYL53U3Z"
          },
          "sensitive_attributes": []
        }
      ]
    },
    {
      "mode": "data",
      "type": "aws_secretsmanager_secret",
      "name": "db",
      "provider": "provider[\"registry.terraform.io/hashicorp/aws\"]",
      "instances": [
        {
          "schema_version": 0,
          "attributes": {
            "arn": "arn:aws:secretsmanager:us-east-1:058264231384:secret:dev/database_creds-SKaLIi",
            "created_date": "2025-08-26T15:36:49Z",
            "description": "database_creds",
            "id": "arn:aws:secretsmanager:us-east-1:058264231384:secret:dev/database_creds-SKaLIi",
            "kms_key_id": "",
            "last_changed_date": "2025-08-26T15:36:49Z",
            "name": "dev/database_creds",
            "policy": "",
            "region": "us-east-1",
            "tags": {}
          },
          "sensitive_attributes": []
        }
      ]
    },
    {
      "mode": "managed",
      "type": "aws_route53_record",
      "name": "R53_registration_apex",
      "provider": "provider[\"registry.terraform.io/hashicorp/aws\"]",
      "instances": [
        {
          "schema_version": 2,
          "attributes": {
            "alias": [
              {
                "evaluate_target_health": true,
                "name": "dev-alb-ecs-1266293834.us-east-1.elb.amazonaws.com",
                "zone_id": "Z35SXDOTRQ7X7K"
              }
            ],
            "allow_overwrite": null,
            "cidr_routing_policy": [],
            "failover_routing_policy": [],
            "fqdn": "lalalalalalala7.com",
            "geolocation_routing_policy": [],
            "geoproximity_routing_policy": [],
            "health_check_id": "",
            "id": "Z04286521ANKRNYL53U3Z__A",
            "latency_routing_policy": [],
            "multivalue_answer_routing_policy": false,
            "name": "",
            "records": [],
            "set_identifier": "",
            "timeouts": null,
            "ttl": 0,
            "type": "A",
            "weighted_routing_policy": [],
            "zone_id": "Z04286521ANKRNYL53U3Z"
          },
          "sensitive_attributes": [],
          "private": "eyJlMmJmYjczMC1lY2FhLTExZTYtOGY4OC0zNDM2M2JjN2M0YzAiOnsiY3JlYXRlIjoxODAwMDAwMDAwMDAwLCJkZWxldGUiOjE4MDAwMDAwMDAwMDAsInVwZGF0ZSI6MTgwMDAwMDAwMDAwMH0sInNjaGVtYV92ZXJzaW9uIjoiMiJ9",
          "dependencies": [
            "data.aws_route53_zone.mydomain",
            "module.alb_SG.aws_security_group.this",
            "module.alb_SG.aws_security_group.this_name_prefix",
            "module.alb_ecs.aws_lb.this",
            "module.alb_ecs.aws_security_group.this",
            "module.vpc.aws_subnet.public",
            "module.vpc.aws_vpc.this",
            "module.vpc.aws_vpc_ipv4_cidr_block_association.this"
          ]
        }
      ]
    },
    {
      "mode": "managed",
      "type": "aws_route53_record",
      "name": "R53_registration_with_www",
      "provider": "provider[\"registry.terraform.io/hashicorp/aws\"]",
      "instances": [
        {
          "schema_version": 2,
          "attributes": {
            "alias": [
              {
                "evaluate_target_health": true,
                "name": "dev-alb-ecs-1266293834.us-east-1.elb.amazonaws.com",
                "zone_id": "Z35SXDOTRQ7X7K"
              }
            ],
            "allow_overwrite": null,
            "cidr_routing_policy": [],
            "failover_routing_policy": [],
            "fqdn": "www.lalalalalalala7.com",
            "geolocation_routing_policy": [],
            "geoproximity_routing_policy": [],
            "health_check_id": "",
            "id": "Z04286521ANKRNYL53U3Z_www.lalalalalalala7.com_A",
            "latency_routing_policy": [],
            "multivalue_answer_routing_policy": false,
            "name": "www.lalalalalalala7.com",
            "records": [],
            "set_identifier": "",
            "timeouts": null,
            "ttl": 0,
            "type": "A",
            "weighted_routing_policy": [],
            "zone_id": "Z04286521ANKRNYL53U3Z"
          },
          "sensitive_attributes": [],
          "private": "eyJlMmJmYjczMC1lY2FhLTExZTYtOGY4OC0zNDM2M2JjN2M0YzAiOnsiY3JlYXRlIjoxODAwMDAwMDAwMDAwLCJkZWxldGUiOjE4MDAwMDAwMDAwMDAsInVwZGF0ZSI6MTgwMDAwMDAwMDAwMH0sInNjaGVtYV92ZXJzaW9uIjoiMiJ9",
          "dependencies": [
            "data.aws_route53_zone.mydomain",
            "module.alb_SG.aws_security_group.this",
            "module.alb_SG.aws_security_group.this_name_prefix",
            "module.alb_ecs.aws_lb.this",
            "module.alb_ecs.aws_security_group.this",
            "module.vpc.aws_subnet.public",
            "module.vpc.aws_vpc.this",
            "module.vpc.aws_vpc_ipv4_cidr_block_association.this"
          ]
        }
      ]
    },
    {
      "mode": "managed",
      "type": "aws_security_group",
      "name": "ecs_task_sg",
      "provider": "provider[\"registry.terraform.io/hashicorp/aws\"]",
      "instances": [
        {
          "schema_version": 1,
          "attributes": {
            "arn": "arn:aws:ec2:us-east-1:058264231384:security-group/sg-0e07546e99eca3b28",
            "description": "Managed by Terraform",
            "egress": [
              {
                "cidr_blocks": [
                  "0.0.0.0/0"
                ],
                "description": "",
                "from_port": 0,
                "ipv6_cidr_blocks": [],
                "prefix_list_ids": [],
                "protocol": "-1",
                "security_groups": [],
                "self": false,
                "to_port": 0
              }
            ],
            "id": "sg-0e07546e99eca3b28",
            "ingress": [
              {
                "cidr_blocks": [],
                "description": "",
                "from_port": 80,
                "ipv6_cidr_blocks": [],
                "prefix_list_ids": [],
                "protocol": "tcp",
                "security_groups": [
                  "sg-09ea92dad232ec61b"
                ],
                "self": false,
                "to_port": 80
              }
            ],
            "name": "dev-ecs-task-sg",
            "name_prefix": "",
            "owner_id": "058264231384",
            "region": "us-east-1",
            "revoke_rules_on_delete": false,
            "tags": {},
            "tags_all": {},
            "timeouts": null,
            "vpc_id": "vpc-0fdc54a7de6c27b17"
          },
          "sensitive_attributes": [],
          "private": "eyJlMmJmYjczMC1lY2FhLTExZTYtOGY4OC0zNDM2M2JjN2M0YzAiOnsiY3JlYXRlIjo2MDAwMDAwMDAwMDAsImRlbGV0ZSI6OTAwMDAwMDAwMDAwfSwic2NoZW1hX3ZlcnNpb24iOiIxIn0=",
          "dependencies": [
            "module.alb_SG.aws_security_group.this",
            "module.alb_SG.aws_security_group.this_name_prefix",
            "module.vpc.aws_vpc.this"
          ],
          "create_before_destroy": true
        }
      ]
    },
    {
      "module": "module.alb_SG",
      "mode": "managed",
      "type": "aws_security_group",
      "name": "this_name_prefix",
      "provider": "provider[\"registry.terraform.io/hashicorp/aws\"]",
      "instances": [
        {
          "index_key": 0,
          "schema_version": 1,
          "attributes": {
            "arn": "arn:aws:ec2:us-east-1:058264231384:security-group/sg-09ea92dad232ec61b",
            "description": "Security Group managed by Terraform",
            "egress": [
              {
                "cidr_blocks": [
                  "0.0.0.0/0"
                ],
                "description": "All protocols",
                "from_port": 0,
                "ipv6_cidr_blocks": [
                  "::/0"
                ],
                "prefix_list_ids": [],
                "protocol": "-1",
                "security_groups": [],
                "self": false,
                "to_port": 0
              }
            ],
            "id": "sg-09ea92dad232ec61b",
            "ingress": [
              {
                "cidr_blocks": [
                  "0.0.0.0/0"
                ],
                "description": "Allow Port 81 from internet",
                "from_port": 81,
                "ipv6_cidr_blocks": [],
                "prefix_list_ids": [],
                "protocol": "tcp",
                "security_groups": [],
                "self": false,
                "to_port": 81
              },
              {
                "cidr_blocks": [
                  "0.0.0.0/0"
                ],
                "description": "HTTP",
                "from_port": 80,
                "ipv6_cidr_blocks": [],
                "prefix_list_ids": [],
                "protocol": "tcp",
                "security_groups": [],
                "self": false,
                "to_port": 80
              },
              {
                "cidr_blocks": [
                  "0.0.0.0/0"
                ],
                "description": "HTTPS",
                "from_port": 443,
                "ipv6_cidr_blocks": [],
                "prefix_list_ids": [],
                "protocol": "tcp",
                "security_groups": [],
                "self": false,
                "to_port": 443
              }
            ],
            "name": "ALB-SG-2025091718223539320000000b",
            "name_prefix": "ALB-SG-",
            "owner_id": "058264231384",
            "region": "us-east-1",
            "revoke_rules_on_delete": false,
            "tags": {
              "Name": "ALB-SG",
              "environment": "dev",
              "owners": "SAP"
            },
            "tags_all": {
              "Name": "ALB-SG",
              "environment": "dev",
              "owners": "SAP"
            },
            "timeouts": {
              "create": "10m",
              "delete": "15m"
            },
            "vpc_id": "vpc-0fdc54a7de6c27b17"
          },
          "sensitive_attributes": [],
          "private": "eyJlMmJmYjczMC1lY2FhLTExZTYtOGY4OC0zNDM2M2JjN2M0YzAiOnsiY3JlYXRlIjo2MDAwMDAwMDAwMDAsImRlbGV0ZSI6OTAwMDAwMDAwMDAwfSwic2NoZW1hX3ZlcnNpb24iOiIxIn0=",
          "dependencies": [
            "module.vpc.aws_vpc.this"
          ],
          "create_before_destroy": true
        }
      ]
    },
    {
      "module": "module.alb_SG",
      "mode": "managed",
      "type": "aws_security_group_rule",
      "name": "egress_rules",
      "provider": "provider[\"registry.terraform.io/hashicorp/aws\"]",
      "instances": [
        {
          "index_key": 0,
          "schema_version": 2,
          "attributes": {
            "cidr_blocks": [
              "0.0.0.0/0"
            ],
            "description": "All protocols",
            "from_port": 0,
            "id": "sgrule-3802837340",
            "ipv6_cidr_blocks": [
              "::/0"
            ],
            "prefix_list_ids": [],
            "protocol": "-1",
            "region": "us-east-1",
            "security_group_id": "sg-09ea92dad232ec61b",
            "security_group_rule_id": "",
            "self": false,
            "source_security_group_id": null,
            "timeouts": null,
            "to_port": 0,
            "type": "egress"
          },
          "sensitive_attributes": [],
          "private": "eyJlMmJmYjczMC1lY2FhLTExZTYtOGY4OC0zNDM2M2JjN2M0YzAiOnsiY3JlYXRlIjozMDAwMDAwMDAwMDB9LCJzY2hlbWFfdmVyc2lvbiI6IjIifQ==",
          "dependencies": [
            "module.alb_SG.aws_security_group.this",
            "module.alb_SG.aws_security_group.this_name_prefix",
            "module.vpc.aws_vpc.this"
          ]
        }
      ]
    },
    {
      "module": "module.alb_SG",
      "mode": "managed",
      "type": "aws_security_group_rule",
      "name": "ingress_rules",
      "provider": "provider[\"registry.terraform.io/hashicorp/aws\"]",
      "instances": [
        {
          "index_key": 0,
          "schema_version": 2,
          "attributes": {
            "cidr_blocks": [
              "0.0.0.0/0"
            ],
            "description": "HTTP",
            "from_port": 80,
            "id": "sgrule-3527839062",
            "ipv6_cidr_blocks": [],
            "prefix_list_ids": [],
            "protocol": "tcp",
            "region": "us-east-1",
            "security_group_id": "sg-09ea92dad232ec61b",
            "security_group_rule_id": "sgr-04768304ef979de1e",
            "self": false,
            "source_security_group_id": null,
            "timeouts": null,
            "to_port": 80,
            "type": "ingress"
          },
          "sensitive_attributes": [],
          "private": "eyJlMmJmYjczMC1lY2FhLTExZTYtOGY4OC0zNDM2M2JjN2M0YzAiOnsiY3JlYXRlIjozMDAwMDAwMDAwMDB9LCJzY2hlbWFfdmVyc2lvbiI6IjIifQ==",
          "dependencies": [
            "module.alb_SG.aws_security_group.this",
            "module.alb_SG.aws_security_group.this_name_prefix",
            "module.vpc.aws_vpc.this"
          ]
        },
        {
          "index_key": 1,
          "schema_version": 2,
          "attributes": {
            "cidr_blocks": [
              "0.0.0.0/0"
            ],
            "description": "HTTPS",
            "from_port": 443,
            "id": "sgrule-3654006267",
            "ipv6_cidr_blocks": [],
            "prefix_list_ids": [],
            "protocol": "tcp",
            "region": "us-east-1",
            "security_group_id": "sg-09ea92dad232ec61b",
            "security_group_rule_id": "sgr-0dfc665f4c52668a2",
            "self": false,
            "source_security_group_id": null,
            "timeouts": null,
            "to_port": 443,
            "type": "ingress"
          },
          "sensitive_attributes": [],
          "private": "eyJlMmJmYjczMC1lY2FhLTExZTYtOGY4OC0zNDM2M2JjN2M0YzAiOnsiY3JlYXRlIjozMDAwMDAwMDAwMDB9LCJzY2hlbWFfdmVyc2lvbiI6IjIifQ==",
          "dependencies": [
            "module.alb_SG.aws_security_group.this",
            "module.alb_SG.aws_security_group.this_name_prefix",
            "module.vpc.aws_vpc.this"
          ]
        }
      ]
    },
    {
      "module": "module.alb_SG",
      "mode": "managed",
      "type": "aws_security_group_rule",
      "name": "ingress_with_cidr_blocks",
      "provider": "provider[\"registry.terraform.io/hashicorp/aws\"]",
      "instances": [
        {
          "index_key": 0,
          "schema_version": 2,
          "attributes": {
            "cidr_blocks": [
              "0.0.0.0/0"
            ],
            "description": "Allow Port 81 from internet",
            "from_port": 81,
            "id": "sgrule-1039135536",
            "ipv6_cidr_blocks": null,
            "prefix_list_ids": null,
            "protocol": "tcp",
            "region": "us-east-1",
            "security_group_id": "sg-09ea92dad232ec61b",
            "security_group_rule_id": "sgr-0f744ea901bfb5cb3",
            "self": false,
            "source_security_group_id": null,
            "timeouts": null,
            "to_port": 81,
            "type": "ingress"
          },
          "sensitive_attributes": [],
          "private": "eyJlMmJmYjczMC1lY2FhLTExZTYtOGY4OC0zNDM2M2JjN2M0YzAiOnsiY3JlYXRlIjozMDAwMDAwMDAwMDB9LCJzY2hlbWFfdmVyc2lvbiI6IjIifQ==",
          "dependencies": [
            "module.alb_SG.aws_security_group.this",
            "module.alb_SG.aws_security_group.this_name_prefix",
            "module.vpc.aws_vpc.this"
          ]
        }
      ]
    },
    {
      "module": "module.alb_ecs",
      "mode": "data",
      "type": "aws_partition",
      "name": "current",
      "provider": "provider[\"registry.terraform.io/hashicorp/aws\"]",
      "instances": [
        {
          "schema_version": 0,
          "attributes": {
            "dns_suffix": "amazonaws.com",
            "id": "aws",
            "partition": "aws",
            "reverse_dns_prefix": "com.amazonaws"
          },
          "sensitive_attributes": []
        }
      ]
    },
    {
      "module": "module.alb_ecs",
      "mode": "managed",
      "type": "aws_lb",
      "name": "this",
      "provider": "provider[\"registry.terraform.io/hashicorp/aws\"]",
      "instances": [
        {
          "index_key": 0,
          "schema_version": 0,
          "attributes": {
            "access_logs": [
              {
                "bucket": "",
                "enabled": false,
                "prefix": ""
              }
            ],
            "arn": "arn:aws:elasticloadbalancing:us-east-1:058264231384:loadbalancer/app/dev-ALB-ECS/a46f896bf340a315",
            "arn_suffix": "app/dev-ALB-ECS/a46f896bf340a315",
            "client_keep_alive": 3600,
            "connection_logs": [
              {
                "bucket": "",
                "enabled": false,
                "prefix": ""
              }
            ],
            "customer_owned_ipv4_pool": "",
            "desync_mitigation_mode": "defensive",
            "dns_name": "dev-ALB-ECS-1266293834.us-east-1.elb.amazonaws.com",
            "dns_record_client_routing_policy": null,
            "drop_invalid_header_fields": true,
            "enable_cross_zone_load_balancing": true,
            "enable_deletion_protection": false,
            "enable_http2": true,
            "enable_tls_version_and_cipher_suite_headers": false,
            "enable_waf_fail_open": false,
            "enable_xff_client_port": false,
            "enable_zonal_shift": false,
            "enforce_security_group_inbound_rules_on_private_link_traffic": "",
            "id": "arn:aws:elasticloadbalancing:us-east-1:058264231384:loadbalancer/app/dev-ALB-ECS/a46f896bf340a315",
            "idle_timeout": 60,
            "internal": false,
            "ip_address_type": "ipv4",
            "ipam_pools": [],
            "load_balancer_type": "application",
            "minimum_load_balancer_capacity": [],
            "name": "dev-ALB-ECS",
            "name_prefix": "",
            "preserve_host_header": false,
            "region": "us-east-1",
            "secondary_ips_auto_assigned_per_subnet": null,
            "security_groups": [
              "sg-09ea92dad232ec61b"
            ],
            "subnet_mapping": [
              {
                "allocation_id": "",
                "ipv6_address": "",
                "outpost_id": "",
                "private_ipv4_address": "",
                "subnet_id": "subnet-0299f3a393b1dda41"
              },
              {
                "allocation_id": "",
                "ipv6_address": "",
                "outpost_id": "",
                "private_ipv4_address": "",
                "subnet_id": "subnet-0c2b191dcc441db9f"
              }
            ],
            "subnets": [
              "subnet-0299f3a393b1dda41",
              "subnet-0c2b191dcc441db9f"
            ],
            "tags": {
              "environment": "dev",
              "owners": "SAP",
              "terraform-aws-modules": "alb"
            },
            "tags_all": {
              "environment": "dev",
              "owners": "SAP",
              "terraform-aws-modules": "alb"
            },
            "timeouts": {
              "create": null,
              "delete": null,
              "update": null
            },
            "vpc_id": "vpc-0fdc54a7de6c27b17",
            "xff_header_processing_mode": "append",
            "zone_id": "Z35SXDOTRQ7X7K"
          },
          "sensitive_attributes": [],
          "private": "eyJlMmJmYjczMC1lY2FhLTExZTYtOGY4OC0zNDM2M2JjN2M0YzAiOnsiY3JlYXRlIjo2MDAwMDAwMDAwMDAsImRlbGV0ZSI6NjAwMDAwMDAwMDAwLCJ1cGRhdGUiOjYwMDAwMDAwMDAwMH19",
          "dependencies": [
            "module.alb_SG.aws_security_group.this",
            "module.alb_SG.aws_security_group.this_name_prefix",
            "module.alb_ecs.aws_security_group.this",
            "module.vpc.aws_subnet.public",
            "module.vpc.aws_vpc.this",
            "module.vpc.aws_vpc_ipv4_cidr_block_association.this"
          ]
        }
      ]
    },
    {
      "module": "module.alb_ecs",
      "mode": "managed",
      "type": "aws_lb_listener",
      "name": "this",
      "provider": "provider[\"registry.terraform.io/hashicorp/aws\"]",
      "instances": [
        {
          "index_key": "http",
          "schema_version": 0,
          "attributes": {
            "alpn_policy": null,
            "arn": "arn:aws:elasticloadbalancing:us-east-1:058264231384:listener/app/dev-ALB-ECS/a46f896bf340a315/67802196cad3c744",
            "certificate_arn": null,
            "default_action": [
              {
                "authenticate_cognito": [],
                "authenticate_oidc": [],
                "fixed_response": [],
                "forward": [],
                "order": 1,
                "redirect": [
                  {
                    "host": "#{host}",
                    "path": "/#{path}",
                    "port": "443",
                    "protocol": "HTTPS",
                    "query": "#{query}",
                    "status_code": "HTTP_301"
                  }
                ],
                "target_group_arn": "",
                "type": "redirect"
              }
            ],
            "id": "arn:aws:elasticloadbalancing:us-east-1:058264231384:listener/app/dev-ALB-ECS/a46f896bf340a315/67802196cad3c744",
            "load_balancer_arn": "arn:aws:elasticloadbalancing:us-east-1:058264231384:loadbalancer/app/dev-ALB-ECS/a46f896bf340a315",
            "mutual_authentication": [],
            "port": 80,
            "protocol": "HTTP",
            "region": "us-east-1",
            "routing_http_request_x_amzn_mtls_clientcert_header_name": null,
            "routing_http_request_x_amzn_mtls_clientcert_issuer_header_name": null,
            "routing_http_request_x_amzn_mtls_clientcert_leaf_header_name": null,
            "routing_http_request_x_amzn_mtls_clientcert_serial_number_header_name": null,
            "routing_http_request_x_amzn_mtls_clientcert_subject_header_name": null,
            "routing_http_request_x_amzn_mtls_clientcert_validity_header_name": null,
            "routing_http_request_x_amzn_tls_cipher_suite_header_name": null,
            "routing_http_request_x_amzn_tls_version_header_name": null,
            "routing_http_response_access_control_allow_credentials_header_value": "",
            "routing_http_response_access_control_allow_headers_header_value": "",
            "routing_http_response_access_control_allow_methods_header_value": "",
            "routing_http_response_access_control_allow_origin_header_value": "",
            "routing_http_response_access_control_expose_headers_header_value": "",
            "routing_http_response_access_control_max_age_header_value": "",
            "routing_http_response_content_security_policy_header_value": "",
            "routing_http_response_server_enabled": true,
            "routing_http_response_strict_transport_security_header_value": "",
            "routing_http_response_x_content_type_options_header_value": "",
            "routing_http_response_x_frame_options_header_value": "",
            "ssl_policy": "",
            "tags": {
              "environment": "dev",
              "owners": "SAP",
              "terraform-aws-modules": "alb"
            },
            "tags_all": {
              "environment": "dev",
              "owners": "SAP",
              "terraform-aws-modules": "alb"
            },
            "tcp_idle_timeout_seconds": null,
            "timeouts": null
          },
          "sensitive_attributes": [],
          "private": "eyJlMmJmYjczMC1lY2FhLTExZTYtOGY4OC0zNDM2M2JjN2M0YzAiOnsiY3JlYXRlIjozMDAwMDAwMDAwMDAsInVwZGF0ZSI6MzAwMDAwMDAwMDAwfX0=",
          "dependencies": [
            "data.aws_acm_certificate.issued",
            "module.alb_SG.aws_security_group.this",
            "module.alb_SG.aws_security_group.this_name_prefix",
            "module.alb_ecs.aws_lb.this",
            "module.alb_ecs.aws_lb_target_group.this",
            "module.alb_ecs.aws_security_group.this",
            "module.vpc.aws_subnet.public",
            "module.vpc.aws_vpc.this",
            "module.vpc.aws_vpc_ipv4_cidr_block_association.this"
          ],
          "create_before_destroy": true
        },
        {
          "index_key": "java-https-redirect",
          "schema_version": 0,
          "attributes": {
            "alpn_policy": null,
            "arn": "arn:aws:elasticloadbalancing:us-east-1:058264231384:listener/app/dev-ALB-ECS/a46f896bf340a315/d15369812dc82097",
            "certificate_arn": null,
            "default_action": [
              {
                "authenticate_cognito": [],
                "authenticate_oidc": [],
                "fixed_response": [],
                "forward": [],
                "order": 1,
                "redirect": [
                  {
                    "host": "#{host}",
                    "path": "/#{path}",
                    "port": "443",
                    "protocol": "HTTPS",
                    "query": "#{query}",
                    "status_code": "HTTP_301"
                  }
                ],
                "target_group_arn": "",
                "type": "redirect"
              }
            ],
            "id": "arn:aws:elasticloadbalancing:us-east-1:058264231384:listener/app/dev-ALB-ECS/a46f896bf340a315/d15369812dc82097",
            "load_balancer_arn": "arn:aws:elasticloadbalancing:us-east-1:058264231384:loadbalancer/app/dev-ALB-ECS/a46f896bf340a315",
            "mutual_authentication": [],
            "port": 8080,
            "protocol": "HTTP",
            "region": "us-east-1",
            "routing_http_request_x_amzn_mtls_clientcert_header_name": null,
            "routing_http_request_x_amzn_mtls_clientcert_issuer_header_name": null,
            "routing_http_request_x_amzn_mtls_clientcert_leaf_header_name": null,
            "routing_http_request_x_amzn_mtls_clientcert_serial_number_header_name": null,
            "routing_http_request_x_amzn_mtls_clientcert_subject_header_name": null,
            "routing_http_request_x_amzn_mtls_clientcert_validity_header_name": null,
            "routing_http_request_x_amzn_tls_cipher_suite_header_name": null,
            "routing_http_request_x_amzn_tls_version_header_name": null,
            "routing_http_response_access_control_allow_credentials_header_value": "",
            "routing_http_response_access_control_allow_headers_header_value": "",
            "routing_http_response_access_control_allow_methods_header_value": "",
            "routing_http_response_access_control_allow_origin_header_value": "",
            "routing_http_response_access_control_expose_headers_header_value": "",
            "routing_http_response_access_control_max_age_header_value": "",
            "routing_http_response_content_security_policy_header_value": "",
            "routing_http_response_server_enabled": true,
            "routing_http_response_strict_transport_security_header_value": "",
            "routing_http_response_x_content_type_options_header_value": "",
            "routing_http_response_x_frame_options_header_value": "",
            "ssl_policy": "",
            "tags": {
              "environment": "dev",
              "owners": "SAP",
              "terraform-aws-modules": "alb"
            },
            "tags_all": {
              "environment": "dev",
              "owners": "SAP",
              "terraform-aws-modules": "alb"
            },
            "tcp_idle_timeout_seconds": null,
            "timeouts": null
          },
          "sensitive_attributes": [],
          "private": "eyJlMmJmYjczMC1lY2FhLTExZTYtOGY4OC0zNDM2M2JjN2M0YzAiOnsiY3JlYXRlIjozMDAwMDAwMDAwMDAsInVwZGF0ZSI6MzAwMDAwMDAwMDAwfX0=",
          "dependencies": [
            "data.aws_acm_certificate.issued",
            "module.alb_SG.aws_security_group.this",
            "module.alb_SG.aws_security_group.this_name_prefix",
            "module.alb_ecs.aws_lb.this",
            "module.alb_ecs.aws_lb_target_group.this",
            "module.alb_ecs.aws_security_group.this",
            "module.vpc.aws_subnet.public",
            "module.vpc.aws_vpc.this",
            "module.vpc.aws_vpc_ipv4_cidr_block_association.this"
          ]
        },
        {
          "index_key": "listener-https",
          "schema_version": 0,
          "attributes": {
            "alpn_policy": null,
            "arn": "arn:aws:elasticloadbalancing:us-east-1:058264231384:listener/app/dev-ALB-ECS/a46f896bf340a315/5b40ccfb71d2870e",
            "certificate_arn": "arn:aws:acm:us-east-1:058264231384:certificate/daf833ed-6aa8-49d1-9ca6-015e0a17d667",
            "default_action": [
              {
                "authenticate_cognito": [],
                "authenticate_oidc": [],
                "fixed_response": [],
                "forward": [],
                "order": 1,
                "redirect": [],
                "target_group_arn": "arn:aws:elasticloadbalancing:us-east-1:058264231384:targetgroup/tf-20250917182234244100000008/a678ca351eafc915",
                "type": "forward"
              }
            ],
            "id": "arn:aws:elasticloadbalancing:us-east-1:058264231384:listener/app/dev-ALB-ECS/a46f896bf340a315/5b40ccfb71d2870e",
            "load_balancer_arn": "arn:aws:elasticloadbalancing:us-east-1:058264231384:loadbalancer/app/dev-ALB-ECS/a46f896bf340a315",
            "mutual_authentication": [
              {
                "advertise_trust_store_ca_names": "",
                "ignore_client_certificate_expiry": false,
                "mode": "off",
                "trust_store_arn": ""
              }
            ],
            "port": 443,
            "protocol": "HTTPS",
            "region": "us-east-1",
            "routing_http_request_x_amzn_mtls_clientcert_header_name": "",
            "routing_http_request_x_amzn_mtls_clientcert_issuer_header_name": "",
            "routing_http_request_x_amzn_mtls_clientcert_leaf_header_name": "",
            "routing_http_request_x_amzn_mtls_clientcert_serial_number_header_name": "",
            "routing_http_request_x_amzn_mtls_clientcert_subject_header_name": "",
            "routing_http_request_x_amzn_mtls_clientcert_validity_header_name": "",
            "routing_http_request_x_amzn_tls_cipher_suite_header_name": "",
            "routing_http_request_x_amzn_tls_version_header_name": "",
            "routing_http_response_access_control_allow_credentials_header_value": "",
            "routing_http_response_access_control_allow_headers_header_value": "",
            "routing_http_response_access_control_allow_methods_header_value": "",
            "routing_http_response_access_control_allow_origin_header_value": "",
            "routing_http_response_access_control_expose_headers_header_value": "",
            "routing_http_response_access_control_max_age_header_value": "",
            "routing_http_response_content_security_policy_header_value": "",
            "routing_http_response_server_enabled": true,
            "routing_http_response_strict_transport_security_header_value": "",
            "routing_http_response_x_content_type_options_header_value": "",
            "routing_http_response_x_frame_options_header_value": "",
            "ssl_policy": "ELBSecurityPolicy-TLS13-1-2-Res-2021-06",
            "tags": {
              "environment": "dev",
              "owners": "SAP",
              "terraform-aws-modules": "alb"
            },
            "tags_all": {
              "environment": "dev",
              "owners": "SAP",
              "terraform-aws-modules": "alb"
            },
            "tcp_idle_timeout_seconds": null,
            "timeouts": null
          },
          "sensitive_attributes": [],
          "private": "eyJlMmJmYjczMC1lY2FhLTExZTYtOGY4OC0zNDM2M2JjN2M0YzAiOnsiY3JlYXRlIjozMDAwMDAwMDAwMDAsInVwZGF0ZSI6MzAwMDAwMDAwMDAwfX0=",
          "dependencies": [
            "data.aws_acm_certificate.issued",
            "module.alb_SG.aws_security_group.this",
            "module.alb_SG.aws_security_group.this_name_prefix",
            "module.alb_ecs.aws_lb.this",
            "module.alb_ecs.aws_lb_target_group.this",
            "module.alb_ecs.aws_security_group.this",
            "module.vpc.aws_subnet.public",
            "module.vpc.aws_vpc.this",
            "module.vpc.aws_vpc_ipv4_cidr_block_association.this"
          ]
        }
      ]
    },
    {
      "module": "module.alb_ecs",
      "mode": "managed",
      "type": "aws_lb_listener_rule",
      "name": "this",
      "provider": "provider[\"registry.terraform.io/hashicorp/aws\"]",
      "instances": [
        {
          "index_key": "listener-https/app1-path-rule",
          "schema_version": 0,
          "attributes": {
            "action": [
              {
                "authenticate_cognito": [],
                "authenticate_oidc": [],
                "fixed_response": [],
                "forward": [],
                "order": 1,
                "redirect": [],
                "target_group_arn": "arn:aws:elasticloadbalancing:us-east-1:058264231384:targetgroup/tf-20250917182234244100000008/a678ca351eafc915",
                "type": "forward"
              }
            ],
            "arn": "arn:aws:elasticloadbalancing:us-east-1:058264231384:listener-rule/app/dev-ALB-ECS/a46f896bf340a315/5b40ccfb71d2870e/1edd6f6bf3ee4202",
            "condition": [
              {
                "host_header": [],
                "http_header": [],
                "http_request_method": [],
                "path_pattern": [
                  {
                    "values": [
                      "/app1*"
                    ]
                  }
                ],
                "query_string": [],
                "source_ip": []
              }
            ],
            "id": "arn:aws:elasticloadbalancing:us-east-1:058264231384:listener-rule/app/dev-ALB-ECS/a46f896bf340a315/5b40ccfb71d2870e/1edd6f6bf3ee4202",
            "listener_arn": "arn:aws:elasticloadbalancing:us-east-1:058264231384:listener/app/dev-ALB-ECS/a46f896bf340a315/5b40ccfb71d2870e",
            "priority": 10,
            "region": "us-east-1",
            "tags": {
              "environment": "dev",
              "owners": "SAP",
              "terraform-aws-modules": "alb"
            },
            "tags_all": {
              "environment": "dev",
              "owners": "SAP",
              "terraform-aws-modules": "alb"
            }
          },
          "sensitive_attributes": [],
          "private": "bnVsbA==",
          "dependencies": [
            "data.aws_acm_certificate.issued",
            "module.alb_SG.aws_security_group.this",
            "module.alb_SG.aws_security_group.this_name_prefix",
            "module.alb_ecs.aws_lb.this",
            "module.alb_ecs.aws_lb_listener.this",
            "module.alb_ecs.aws_lb_target_group.this",
            "module.alb_ecs.aws_security_group.this",
            "module.vpc.aws_subnet.public",
            "module.vpc.aws_vpc.this",
            "module.vpc.aws_vpc_ipv4_cidr_block_association.this"
          ],
          "create_before_destroy": true
        },
        {
          "index_key": "listener-https/app2-path-rule",
          "schema_version": 0,
          "attributes": {
            "action": [
              {
                "authenticate_cognito": [],
                "authenticate_oidc": [],
                "fixed_response": [],
                "forward": [],
                "order": 1,
                "redirect": [],
                "target_group_arn": "arn:aws:elasticloadbalancing:us-east-1:058264231384:targetgroup/tf-20250917201400852300000001/145c6a964398281a",
                "type": "forward"
              }
            ],
            "arn": "arn:aws:elasticloadbalancing:us-east-1:058264231384:listener-rule/app/dev-ALB-ECS/a46f896bf340a315/5b40ccfb71d2870e/28db9ac3bcdd765d",
            "condition": [
              {
                "host_header": [],
                "http_header": [],
                "http_request_method": [],
                "path_pattern": [
                  {
                    "values": [
                      "/app2*"
                    ]
                  }
                ],
                "query_string": [],
                "source_ip": []
              }
            ],
            "id": "arn:aws:elasticloadbalancing:us-east-1:058264231384:listener-rule/app/dev-ALB-ECS/a46f896bf340a315/5b40ccfb71d2870e/28db9ac3bcdd765d",
            "listener_arn": "arn:aws:elasticloadbalancing:us-east-1:058264231384:listener/app/dev-ALB-ECS/a46f896bf340a315/5b40ccfb71d2870e",
            "priority": 25,
            "region": "us-east-1",
            "tags": {
              "environment": "dev",
              "owners": "SAP",
              "terraform-aws-modules": "alb"
            },
            "tags_all": {
              "environment": "dev",
              "owners": "SAP",
              "terraform-aws-modules": "alb"
            }
          },
          "sensitive_attributes": [],
          "private": "bnVsbA==",
          "dependencies": [
            "data.aws_acm_certificate.issued",
            "module.alb_SG.aws_security_group.this",
            "module.alb_SG.aws_security_group.this_name_prefix",
            "module.alb_ecs.aws_lb.this",
            "module.alb_ecs.aws_lb_listener.this",
            "module.alb_ecs.aws_lb_target_group.this",
            "module.alb_ecs.aws_security_group.this",
            "module.vpc.aws_subnet.public",
            "module.vpc.aws_vpc.this",
            "module.vpc.aws_vpc_ipv4_cidr_block_association.this"
          ],
          "create_before_destroy": true
        },
        {
          "index_key": "listener-https/app3-path-rule",
          "schema_version": 0,
          "attributes": {
            "action": [
              {
                "authenticate_cognito": [],
                "authenticate_oidc": [],
                "fixed_response": [],
                "forward": [],
                "order": 1,
                "redirect": [],
                "target_group_arn": "arn:aws:elasticloadbalancing:us-east-1:058264231384:targetgroup/tf-20250917201400852300000002/f5f8097bd04c3c86",
                "type": "forward"
              }
            ],
            "arn": "arn:aws:elasticloadbalancing:us-east-1:058264231384:listener-rule/app/dev-ALB-ECS/a46f896bf340a315/5b40ccfb71d2870e/827caf6f6f1366f0",
            "condition": [
              {
                "host_header": [],
                "http_header": [],
                "http_request_method": [],
                "path_pattern": [
                  {
                    "values": [
                      "/app3/*"
                    ]
                  }
                ],
                "query_string": [],
                "source_ip": []
              }
            ],
            "id": "arn:aws:elasticloadbalancing:us-east-1:058264231384:listener-rule/app/dev-ALB-ECS/a46f896bf340a315/5b40ccfb71d2870e/827caf6f6f1366f0",
            "listener_arn": "arn:aws:elasticloadbalancing:us-east-1:058264231384:listener/app/dev-ALB-ECS/a46f896bf340a315/5b40ccfb71d2870e",
            "priority": 27,
            "region": "us-east-1",
            "tags": {
              "environment": "dev",
              "owners": "SAP",
              "terraform-aws-modules": "alb"
            },
            "tags_all": {
              "environment": "dev",
              "owners": "SAP",
              "terraform-aws-modules": "alb"
            }
          },
          "sensitive_attributes": [],
          "private": "bnVsbA==",
          "dependencies": [
            "data.aws_acm_certificate.issued",
            "module.alb_SG.aws_security_group.this",
            "module.alb_SG.aws_security_group.this_name_prefix",
            "module.alb_ecs.aws_lb.this",
            "module.alb_ecs.aws_lb_listener.this",
            "module.alb_ecs.aws_lb_target_group.this",
            "module.alb_ecs.aws_security_group.this",
            "module.vpc.aws_subnet.public",
            "module.vpc.aws_vpc.this",
            "module.vpc.aws_vpc_ipv4_cidr_block_association.this"
          ],
          "create_before_destroy": true
        }
      ]
    },
    {
      "module": "module.alb_ecs",
      "mode": "managed",
      "type": "aws_lb_target_group",
      "name": "this",
      "provider": "provider[\"registry.terraform.io/hashicorp/aws\"]",
      "instances": [
        {
          "index_key": "tg-1",
          "schema_version": 0,
          "attributes": {
            "arn": "arn:aws:elasticloadbalancing:us-east-1:058264231384:targetgroup/tf-20250917182234244100000008/a678ca351eafc915",
            "arn_suffix": "targetgroup/tf-20250917182234244100000008/a678ca351eafc915",
            "connection_termination": null,
            "deregistration_delay": "10",
            "health_check": [
              {
                "enabled": true,
                "healthy_threshold": 3,
                "interval": 30,
                "matcher": "200-399",
                "path": "/app1/",
                "port": "80",
                "protocol": "HTTP",
                "timeout": 6,
                "unhealthy_threshold": 3
              }
            ],
            "id": "arn:aws:elasticloadbalancing:us-east-1:058264231384:targetgroup/tf-20250917182234244100000008/a678ca351eafc915",
            "ip_address_type": "ipv4",
            "lambda_multi_value_headers_enabled": false,
            "load_balancer_arns": [
              "arn:aws:elasticloadbalancing:us-east-1:058264231384:loadbalancer/app/dev-ALB-ECS/a46f896bf340a315"
            ],
            "load_balancing_algorithm_type": "round_robin",
            "load_balancing_anomaly_mitigation": "off",
            "load_balancing_cross_zone_enabled": "false",
            "name": "tf-20250917182234244100000008",
            "name_prefix": "tf-",
            "port": 80,
            "preserve_client_ip": null,
            "protocol": "HTTP",
            "protocol_version": "HTTP1",
            "proxy_protocol_v2": false,
            "region": "us-east-1",
            "slow_start": 0,
            "stickiness": [
              {
                "cookie_duration": 86400,
                "cookie_name": "",
                "enabled": false,
                "type": "lb_cookie"
              }
            ],
            "tags": {
              "environment": "dev",
              "owners": "SAP",
              "terraform-aws-modules": "alb"
            },
            "tags_all": {
              "environment": "dev",
              "owners": "SAP",
              "terraform-aws-modules": "alb"
            },
            "target_failover": [
              {
                "on_deregistration": null,
                "on_unhealthy": null
              }
            ],
            "target_group_health": [
              {
                "dns_failover": [
                  {
                    "minimum_healthy_targets_count": "1",
                    "minimum_healthy_targets_percentage": "off"
                  }
                ],
                "unhealthy_state_routing": [
                  {
                    "minimum_healthy_targets_count": 1,
                    "minimum_healthy_targets_percentage": "off"
                  }
                ]
              }
            ],
            "target_health_state": [
              {
                "enable_unhealthy_connection_termination": null,
                "unhealthy_draining_interval": null
              }
            ],
            "target_type": "ip",
            "vpc_id": "vpc-0fdc54a7de6c27b17"
          },
          "sensitive_attributes": [],
          "private": "bnVsbA==",
          "dependencies": [
            "module.vpc.aws_vpc.this"
          ],
          "create_before_destroy": true
        },
        {
          "index_key": "tg-2",
          "schema_version": 0,
          "attributes": {
            "arn": "arn:aws:elasticloadbalancing:us-east-1:058264231384:targetgroup/tf-20250917201400852300000001/145c6a964398281a",
            "arn_suffix": "targetgroup/tf-20250917201400852300000001/145c6a964398281a",
            "connection_termination": null,
            "deregistration_delay": "10",
            "health_check": [
              {
                "enabled": true,
                "healthy_threshold": 3,
                "interval": 30,
                "matcher": "200-399",
                "path": "/app2/",
                "port": "80",
                "protocol": "HTTP",
                "timeout": 6,
                "unhealthy_threshold": 3
              }
            ],
            "id": "arn:aws:elasticloadbalancing:us-east-1:058264231384:targetgroup/tf-20250917201400852300000001/145c6a964398281a",
            "ip_address_type": "ipv4",
            "lambda_multi_value_headers_enabled": false,
            "load_balancer_arns": [],
            "load_balancing_algorithm_type": "round_robin",
            "load_balancing_anomaly_mitigation": "off",
            "load_balancing_cross_zone_enabled": "false",
            "name": "tf-20250917201400852300000001",
            "name_prefix": "tf-",
            "port": 80,
            "preserve_client_ip": null,
            "protocol": "HTTP",
            "protocol_version": "HTTP1",
            "proxy_protocol_v2": false,
            "region": "us-east-1",
            "slow_start": 0,
            "stickiness": [
              {
                "cookie_duration": 86400,
                "cookie_name": "",
                "enabled": false,
                "type": "lb_cookie"
              }
            ],
            "tags": {
              "environment": "dev",
              "owners": "SAP",
              "terraform-aws-modules": "alb"
            },
            "tags_all": {
              "environment": "dev",
              "owners": "SAP",
              "terraform-aws-modules": "alb"
            },
            "target_failover": [
              {
                "on_deregistration": null,
                "on_unhealthy": null
              }
            ],
            "target_group_health": [
              {
                "dns_failover": [
                  {
                    "minimum_healthy_targets_count": "1",
                    "minimum_healthy_targets_percentage": "off"
                  }
                ],
                "unhealthy_state_routing": [
                  {
                    "minimum_healthy_targets_count": 1,
                    "minimum_healthy_targets_percentage": "off"
                  }
                ]
              }
            ],
            "target_health_state": [
              {
                "enable_unhealthy_connection_termination": null,
                "unhealthy_draining_interval": null
              }
            ],
            "target_type": "ip",
            "vpc_id": "vpc-0fdc54a7de6c27b17"
          },
          "sensitive_attributes": [],
          "private": "bnVsbA==",
          "dependencies": [
            "module.vpc.aws_vpc.this"
          ],
          "create_before_destroy": true
        },
        {
          "index_key": "tg-3",
          "schema_version": 0,
          "attributes": {
            "arn": "arn:aws:elasticloadbalancing:us-east-1:058264231384:targetgroup/tf-20250917201400852300000002/f5f8097bd04c3c86",
            "arn_suffix": "targetgroup/tf-20250917201400852300000002/f5f8097bd04c3c86",
            "connection_termination": null,
            "deregistration_delay": "10",
            "health_check": [
              {
                "enabled": true,
                "healthy_threshold": 3,
                "interval": 30,
                "matcher": "200-399",
                "path": "/login",
                "port": "8080",
                "protocol": "HTTP",
                "timeout": 6,
                "unhealthy_threshold": 3
              }
            ],
            "id": "arn:aws:elasticloadbalancing:us-east-1:058264231384:targetgroup/tf-20250917201400852300000002/f5f8097bd04c3c86",
            "ip_address_type": "ipv4",
            "lambda_multi_value_headers_enabled": false,
            "load_balancer_arns": [],
            "load_balancing_algorithm_type": "round_robin",
            "load_balancing_anomaly_mitigation": "off",
            "load_balancing_cross_zone_enabled": "false",
            "name": "tf-20250917201400852300000002",
            "name_prefix": "tf-",
            "port": 8080,
            "preserve_client_ip": null,
            "protocol": "HTTP",
            "protocol_version": "HTTP1",
            "proxy_protocol_v2": false,
            "region": "us-east-1",
            "slow_start": 0,
            "stickiness": [
              {
                "cookie_duration": 86400,
                "cookie_name": "",
                "enabled": false,
                "type": "lb_cookie"
              }
            ],
            "tags": {
              "environment": "dev",
              "owners": "SAP",
              "terraform-aws-modules": "alb"
            },
            "tags_all": {
              "environment": "dev",
              "owners": "SAP",
              "terraform-aws-modules": "alb"
            },
            "target_failover": [
              {
                "on_deregistration": null,
                "on_unhealthy": null
              }
            ],
            "target_group_health": [
              {
                "dns_failover": [
                  {
                    "minimum_healthy_targets_count": "1",
                    "minimum_healthy_targets_percentage": "off"
                  }
                ],
                "unhealthy_state_routing": [
                  {
                    "minimum_healthy_targets_count": 1,
                    "minimum_healthy_targets_percentage": "off"
                  }
                ]
              }
            ],
            "target_health_state": [
              {
                "enable_unhealthy_connection_termination": null,
                "unhealthy_draining_interval": null
              }
            ],
            "target_type": "ip",
            "vpc_id": "vpc-0fdc54a7de6c27b17"
          },
          "sensitive_attributes": [],
          "private": "bnVsbA==",
          "dependencies": [
            "module.vpc.aws_vpc.this"
          ],
          "create_before_destroy": true
        }
      ]
    },
    {
      "module": "module.ecs_app1.module.cluster",
      "mode": "managed",
      "type": "aws_cloudwatch_log_group",
      "name": "this",
      "provider": "provider[\"registry.terraform.io/hashicorp/aws\"]",
      "instances": [
        {
          "index_key": 0,
          "schema_version": 0,
          "attributes": {
            "arn": "arn:aws:logs:us-east-1:058264231384:log-group:/aws/ecs/app1",
            "id": "/aws/ecs/app1",
            "kms_key_id": "",
            "log_group_class": "STANDARD",
            "name": "/aws/ecs/app1",
            "name_prefix": "",
            "region": "us-east-1",
            "retention_in_days": 90,
            "skip_destroy": false,
            "tags": {
              "Name": "/aws/ecs/app1"
            },
            "tags_all": {
              "Name": "/aws/ecs/app1"
            }
          },
          "sensitive_attributes": [],
          "private": "bnVsbA==",
          "dependencies": [
            "data.aws_acm_certificate.issued",
            "module.alb_SG.aws_security_group.this",
            "module.alb_SG.aws_security_group.this_name_prefix",
            "module.alb_ecs.aws_lambda_permission.this",
            "module.alb_ecs.aws_lb.this",
            "module.alb_ecs.aws_lb_listener.this",
            "module.alb_ecs.aws_lb_listener_certificate.this",
            "module.alb_ecs.aws_lb_listener_rule.this",
            "module.alb_ecs.aws_lb_target_group.this",
            "module.alb_ecs.aws_lb_target_group_attachment.additional",
            "module.alb_ecs.aws_lb_target_group_attachment.this",
            "module.alb_ecs.aws_route53_record.this",
            "module.alb_ecs.aws_security_group.this",
            "module.alb_ecs.aws_vpc_security_group_egress_rule.this",
            "module.alb_ecs.aws_vpc_security_group_ingress_rule.this",
            "module.alb_ecs.aws_wafv2_web_acl_association.this",
            "module.alb_ecs.data.aws_partition.current",
            "module.vpc.aws_subnet.public",
            "module.vpc.aws_vpc.this",
            "module.vpc.aws_vpc_ipv4_cidr_block_association.this"
          ]
        }
      ]
    },
    {
      "module": "module.ecs_app1.module.cluster",
      "mode": "managed",
      "type": "aws_ecs_cluster",
      "name": "this",
      "provider": "provider[\"registry.terraform.io/hashicorp/aws\"]",
      "instances": [
        {
          "index_key": 0,
          "schema_version": 0,
          "attributes": {
            "arn": "arn:aws:ecs:us-east-1:058264231384:cluster/app1",
            "configuration": [
              {
                "execute_command_configuration": [
                  {
                    "kms_key_id": "",
                    "log_configuration": [
                      {
                        "cloud_watch_encryption_enabled": false,
                        "cloud_watch_log_group_name": "/aws/ecs/app1",
                        "s3_bucket_encryption_enabled": false,
                        "s3_bucket_name": "",
                        "s3_key_prefix": ""
                      }
                    ],
                    "logging": "OVERRIDE"
                  }
                ],
                "managed_storage_configuration": []
              }
            ],
            "id": "arn:aws:ecs:us-east-1:058264231384:cluster/app1",
            "name": "app1",
            "region": "us-east-1",
            "service_connect_defaults": [],
            "setting": [
              {
                "name": "containerInsights",
                "value": "enabled"
              }
            ],
            "tags": {},
            "tags_all": {}
          },
          "sensitive_attributes": [],
          "private": "bnVsbA==",
          "dependencies": [
            "data.aws_acm_certificate.issued",
            "module.alb_SG.aws_security_group.this",
            "module.alb_SG.aws_security_group.this_name_prefix",
            "module.alb_ecs.aws_lambda_permission.this",
            "module.alb_ecs.aws_lb.this",
            "module.alb_ecs.aws_lb_listener.this",
            "module.alb_ecs.aws_lb_listener_certificate.this",
            "module.alb_ecs.aws_lb_listener_rule.this",
            "module.alb_ecs.aws_lb_target_group.this",
            "module.alb_ecs.aws_lb_target_group_attachment.additional",
            "module.alb_ecs.aws_lb_target_group_attachment.this",
            "module.alb_ecs.aws_route53_record.this",
            "module.alb_ecs.aws_security_group.this",
            "module.alb_ecs.aws_vpc_security_group_egress_rule.this",
            "module.alb_ecs.aws_vpc_security_group_ingress_rule.this",
            "module.alb_ecs.aws_wafv2_web_acl_association.this",
            "module.alb_ecs.data.aws_partition.current",
            "module.ecs_app1.module.cluster.aws_cloudwatch_log_group.this",
            "module.vpc.aws_subnet.public",
            "module.vpc.aws_vpc.this",
            "module.vpc.aws_vpc_ipv4_cidr_block_association.this"
          ]
        }
      ]
    },
    {
      "module": "module.ecs_app1.module.cluster",
      "mode": "managed",
      "type": "aws_ecs_cluster_capacity_providers",
      "name": "this",
      "provider": "provider[\"registry.terraform.io/hashicorp/aws\"]",
      "instances": [
        {
          "index_key": 0,
          "schema_version": 0,
          "attributes": {
            "capacity_providers": [
              "FARGATE"
            ],
            "cluster_name": "app1",
            "default_capacity_provider_strategy": [
              {
                "base": 1,
                "capacity_provider": "FARGATE",
                "weight": 100
              }
            ],
            "id": "app1",
            "region": "us-east-1"
          },
          "sensitive_attributes": [],
          "private": "bnVsbA==",
          "dependencies": [
            "data.aws_acm_certificate.issued",
            "module.alb_SG.aws_security_group.this",
            "module.alb_SG.aws_security_group.this_name_prefix",
            "module.alb_ecs.aws_lambda_permission.this",
            "module.alb_ecs.aws_lb.this",
            "module.alb_ecs.aws_lb_listener.this",
            "module.alb_ecs.aws_lb_listener_certificate.this",
            "module.alb_ecs.aws_lb_listener_rule.this",
            "module.alb_ecs.aws_lb_target_group.this",
            "module.alb_ecs.aws_lb_target_group_attachment.additional",
            "module.alb_ecs.aws_lb_target_group_attachment.this",
            "module.alb_ecs.aws_route53_record.this",
            "module.alb_ecs.aws_security_group.this",
            "module.alb_ecs.aws_vpc_security_group_egress_rule.this",
            "module.alb_ecs.aws_vpc_security_group_ingress_rule.this",
            "module.alb_ecs.aws_wafv2_web_acl_association.this",
            "module.alb_ecs.data.aws_partition.current",
            "module.ecs_app1.module.cluster.aws_cloudwatch_log_group.this",
            "module.ecs_app1.module.cluster.aws_ecs_capacity_provider.this",
            "module.ecs_app1.module.cluster.aws_ecs_cluster.this",
            "module.vpc.aws_subnet.public",
            "module.vpc.aws_vpc.this",
            "module.vpc.aws_vpc_ipv4_cidr_block_association.this"
          ]
        }
      ]
    },
    {
      "module": "module.ecs_app1.module.service[\"app1-service\"]",
      "mode": "managed",
      "type": "aws_appautoscaling_policy",
      "name": "this",
      "provider": "provider[\"registry.terraform.io/hashicorp/aws\"]",
      "instances": [
        {
          "index_key": "cpu",
          "schema_version": 0,
          "attributes": {
            "alarm_arns": [
              "arn:aws:cloudwatch:us-east-1:058264231384:alarm:TargetTracking-service/app1/app1-service-AlarmHigh-42a4dc71-b8d7-444d-aade-442d8dcdd748",
              "arn:aws:cloudwatch:us-east-1:058264231384:alarm:TargetTracking-service/app1/app1-service-AlarmLow-5398dd08-e22f-4dd5-bc94-badff8506146"
            ],
            "arn": "arn:aws:autoscaling:us-east-1:058264231384:scalingPolicy:8e64bdb3-cdf9-4366-9803-f8d1f08c3a74:resource/ecs/service/app1/app1-service:policyName/cpu",
            "id": "cpu",
            "name": "cpu",
            "policy_type": "TargetTrackingScaling",
            "predictive_scaling_policy_configuration": [],
            "region": "us-east-1",
            "resource_id": "service/app1/app1-service",
            "scalable_dimension": "ecs:service:DesiredCount",
            "service_namespace": "ecs",
            "step_scaling_policy_configuration": [],
            "target_tracking_scaling_policy_configuration": [
              {
                "customized_metric_specification": [],
                "disable_scale_in": false,
                "predefined_metric_specification": [
                  {
                    "predefined_metric_type": "ECSServiceAverageCPUUtilization",
                    "resource_label": ""
                  }
                ],
                "scale_in_cooldown": 300,
                "scale_out_cooldown": 60,
                "target_value": 75
              }
            ]
          },
          "sensitive_attributes": [],
          "private": "bnVsbA==",
          "dependencies": [
            "aws_security_group.ecs_task_sg",
            "data.aws_acm_certificate.issued",
            "module.alb_SG.aws_security_group.this",
            "module.alb_SG.aws_security_group.this_name_prefix",
            "module.alb_ecs.aws_lambda_permission.this",
            "module.alb_ecs.aws_lb.this",
            "module.alb_ecs.aws_lb_listener.this",
            "module.alb_ecs.aws_lb_listener_certificate.this",
            "module.alb_ecs.aws_lb_listener_rule.this",
            "module.alb_ecs.aws_lb_target_group.this",
            "module.alb_ecs.aws_lb_target_group_attachment.additional",
            "module.alb_ecs.aws_lb_target_group_attachment.this",
            "module.alb_ecs.aws_route53_record.this",
            "module.alb_ecs.aws_security_group.this",
            "module.alb_ecs.aws_vpc_security_group_egress_rule.this",
            "module.alb_ecs.aws_vpc_security_group_ingress_rule.this",
            "module.alb_ecs.aws_wafv2_web_acl_association.this",
            "module.alb_ecs.data.aws_partition.current",
            "module.ecs_app1.module.cluster.aws_cloudwatch_log_group.this",
            "module.ecs_app1.module.cluster.aws_ecs_cluster.this",
            "module.ecs_app1.module.cluster.aws_iam_role.task_exec",
            "module.ecs_app1.module.cluster.data.aws_iam_policy_document.task_exec_assume",
            "module.ecs_app1.module.service.aws_appautoscaling_target.this",
            "module.ecs_app1.module.service.aws_ecs_service.ignore_task_definition",
            "module.ecs_app1.module.service.aws_ecs_service.this",
            "module.ecs_app1.module.service.aws_ecs_task_definition.this",
            "module.ecs_app1.module.service.aws_iam_policy.service",
            "module.ecs_app1.module.service.aws_iam_policy.task_exec",
            "module.ecs_app1.module.service.aws_iam_role.infrastructure_iam_role",
            "module.ecs_app1.module.service.aws_iam_role.service",
            "module.ecs_app1.module.service.aws_iam_role.task_exec",
            "module.ecs_app1.module.service.aws_iam_role.tasks",
            "module.ecs_app1.module.service.aws_iam_role_policy_attachment.infrastructure_iam_role_ebs_policy",
            "module.ecs_app1.module.service.aws_iam_role_policy_attachment.service",
            "module.ecs_app1.module.service.aws_iam_role_policy_attachment.task_exec",
            "module.ecs_app1.module.service.aws_iam_role_policy_attachment.task_exec_additional",
            "module.ecs_app1.module.service.aws_iam_role_policy_attachment.tasks",
            "module.ecs_app1.module.service.aws_security_group.this",
            "module.ecs_app1.module.service.data.aws_caller_identity.current",
            "module.ecs_app1.module.service.data.aws_iam_policy_document.infrastructure_iam_role",
            "module.ecs_app1.module.service.data.aws_iam_policy_document.service",
            "module.ecs_app1.module.service.data.aws_iam_policy_document.service_assume",
            "module.ecs_app1.module.service.data.aws_iam_policy_document.task_exec",
            "module.ecs_app1.module.service.data.aws_iam_policy_document.task_exec_assume",
            "module.ecs_app1.module.service.data.aws_iam_policy_document.tasks_assume",
            "module.ecs_app1.module.service.data.aws_partition.current",
            "module.ecs_app1.module.service.data.aws_region.current",
            "module.ecs_app1.module.service.data.aws_subnet.this",
            "module.ecs_app1.module.service.module.container_definition.aws_cloudwatch_log_group.this",
            "module.ecs_app1.module.service.module.container_definition.data.aws_region.current",
            "module.vpc.aws_subnet.private",
            "module.vpc.aws_subnet.public",
            "module.vpc.aws_vpc.this",
            "module.vpc.aws_vpc_ipv4_cidr_block_association.this"
          ]
        },
        {
          "index_key": "memory",
          "schema_version": 0,
          "attributes": {
            "alarm_arns": [
              "arn:aws:cloudwatch:us-east-1:058264231384:alarm:TargetTracking-service/app1/app1-service-AlarmHigh-74a88580-7aec-4cc5-ab3b-f2f3fdeecdfa",
              "arn:aws:cloudwatch:us-east-1:058264231384:alarm:TargetTracking-service/app1/app1-service-AlarmLow-6ce6bac5-c8b9-46c4-bbeb-bd660e5251a3"
            ],
            "arn": "arn:aws:autoscaling:us-east-1:058264231384:scalingPolicy:8e64bdb3-cdf9-4366-9803-f8d1f08c3a74:resource/ecs/service/app1/app1-service:policyName/memory",
            "id": "memory",
            "name": "memory",
            "policy_type": "TargetTrackingScaling",
            "predictive_scaling_policy_configuration": [],
            "region": "us-east-1",
            "resource_id": "service/app1/app1-service",
            "scalable_dimension": "ecs:service:DesiredCount",
            "service_namespace": "ecs",
            "step_scaling_policy_configuration": [],
            "target_tracking_scaling_policy_configuration": [
              {
                "customized_metric_specification": [],
                "disable_scale_in": false,
                "predefined_metric_specification": [
                  {
                    "predefined_metric_type": "ECSServiceAverageMemoryUtilization",
                    "resource_label": ""
                  }
                ],
                "scale_in_cooldown": 300,
                "scale_out_cooldown": 60,
                "target_value": 75
              }
            ]
          },
          "sensitive_attributes": [],
          "private": "bnVsbA==",
          "dependencies": [
            "aws_security_group.ecs_task_sg",
            "data.aws_acm_certificate.issued",
            "module.alb_SG.aws_security_group.this",
            "module.alb_SG.aws_security_group.this_name_prefix",
            "module.alb_ecs.aws_lambda_permission.this",
            "module.alb_ecs.aws_lb.this",
            "module.alb_ecs.aws_lb_listener.this",
            "module.alb_ecs.aws_lb_listener_certificate.this",
            "module.alb_ecs.aws_lb_listener_rule.this",
            "module.alb_ecs.aws_lb_target_group.this",
            "module.alb_ecs.aws_lb_target_group_attachment.additional",
            "module.alb_ecs.aws_lb_target_group_attachment.this",
            "module.alb_ecs.aws_route53_record.this",
            "module.alb_ecs.aws_security_group.this",
            "module.alb_ecs.aws_vpc_security_group_egress_rule.this",
            "module.alb_ecs.aws_vpc_security_group_ingress_rule.this",
            "module.alb_ecs.aws_wafv2_web_acl_association.this",
            "module.alb_ecs.data.aws_partition.current",
            "module.ecs_app1.module.cluster.aws_cloudwatch_log_group.this",
            "module.ecs_app1.module.cluster.aws_ecs_cluster.this",
            "module.ecs_app1.module.cluster.aws_iam_role.task_exec",
            "module.ecs_app1.module.cluster.data.aws_iam_policy_document.task_exec_assume",
            "module.ecs_app1.module.service.aws_appautoscaling_target.this",
            "module.ecs_app1.module.service.aws_ecs_service.ignore_task_definition",
            "module.ecs_app1.module.service.aws_ecs_service.this",
            "module.ecs_app1.module.service.aws_ecs_task_definition.this",
            "module.ecs_app1.module.service.aws_iam_policy.service",
            "module.ecs_app1.module.service.aws_iam_policy.task_exec",
            "module.ecs_app1.module.service.aws_iam_role.infrastructure_iam_role",
            "module.ecs_app1.module.service.aws_iam_role.service",
            "module.ecs_app1.module.service.aws_iam_role.task_exec",
            "module.ecs_app1.module.service.aws_iam_role.tasks",
            "module.ecs_app1.module.service.aws_iam_role_policy_attachment.infrastructure_iam_role_ebs_policy",
            "module.ecs_app1.module.service.aws_iam_role_policy_attachment.service",
            "module.ecs_app1.module.service.aws_iam_role_policy_attachment.task_exec",
            "module.ecs_app1.module.service.aws_iam_role_policy_attachment.task_exec_additional",
            "module.ecs_app1.module.service.aws_iam_role_policy_attachment.tasks",
            "module.ecs_app1.module.service.aws_security_group.this",
            "module.ecs_app1.module.service.data.aws_caller_identity.current",
            "module.ecs_app1.module.service.data.aws_iam_policy_document.infrastructure_iam_role",
            "module.ecs_app1.module.service.data.aws_iam_policy_document.service",
            "module.ecs_app1.module.service.data.aws_iam_policy_document.service_assume",
            "module.ecs_app1.module.service.data.aws_iam_policy_document.task_exec",
            "module.ecs_app1.module.service.data.aws_iam_policy_document.task_exec_assume",
            "module.ecs_app1.module.service.data.aws_iam_policy_document.tasks_assume",
            "module.ecs_app1.module.service.data.aws_partition.current",
            "module.ecs_app1.module.service.data.aws_region.current",
            "module.ecs_app1.module.service.data.aws_subnet.this",
            "module.ecs_app1.module.service.module.container_definition.aws_cloudwatch_log_group.this",
            "module.ecs_app1.module.service.module.container_definition.data.aws_region.current",
            "module.vpc.aws_subnet.private",
            "module.vpc.aws_subnet.public",
            "module.vpc.aws_vpc.this",
            "module.vpc.aws_vpc_ipv4_cidr_block_association.this"
          ]
        }
      ]
    },
    {
      "module": "module.ecs_app1.module.service[\"app1-service\"]",
      "mode": "managed",
      "type": "aws_appautoscaling_target",
      "name": "this",
      "provider": "provider[\"registry.terraform.io/hashicorp/aws\"]",
      "instances": [
        {
          "index_key": 0,
          "schema_version": 0,
          "attributes": {
            "arn": "arn:aws:application-autoscaling:us-east-1:058264231384:scalable-target/0ec58e64bdb3cdf943669803f8d1f08c3a74",
            "id": "service/app1/app1-service",
            "max_capacity": 10,
            "min_capacity": 1,
            "region": "us-east-1",
            "resource_id": "service/app1/app1-service",
            "role_arn": "arn:aws:iam::058264231384:role/aws-service-role/ecs.application-autoscaling.amazonaws.com/AWSServiceRoleForApplicationAutoScaling_ECSService",
            "scalable_dimension": "ecs:service:DesiredCount",
            "service_namespace": "ecs",
            "suspended_state": [
              {
                "dynamic_scaling_in_suspended": false,
                "dynamic_scaling_out_suspended": false,
                "scheduled_scaling_suspended": false
              }
            ],
            "tags": {},
            "tags_all": {}
          },
          "sensitive_attributes": [],
          "private": "bnVsbA==",
          "dependencies": [
            "aws_security_group.ecs_task_sg",
            "data.aws_acm_certificate.issued",
            "module.alb_SG.aws_security_group.this",
            "module.alb_SG.aws_security_group.this_name_prefix",
            "module.alb_ecs.aws_lambda_permission.this",
            "module.alb_ecs.aws_lb.this",
            "module.alb_ecs.aws_lb_listener.this",
            "module.alb_ecs.aws_lb_listener_certificate.this",
            "module.alb_ecs.aws_lb_listener_rule.this",
            "module.alb_ecs.aws_lb_target_group.this",
            "module.alb_ecs.aws_lb_target_group_attachment.additional",
            "module.alb_ecs.aws_lb_target_group_attachment.this",
            "module.alb_ecs.aws_route53_record.this",
            "module.alb_ecs.aws_security_group.this",
            "module.alb_ecs.aws_vpc_security_group_egress_rule.this",
            "module.alb_ecs.aws_vpc_security_group_ingress_rule.this",
            "module.alb_ecs.aws_wafv2_web_acl_association.this",
            "module.alb_ecs.data.aws_partition.current",
            "module.ecs_app1.module.cluster.aws_cloudwatch_log_group.this",
            "module.ecs_app1.module.cluster.aws_ecs_cluster.this",
            "module.ecs_app1.module.cluster.aws_iam_role.task_exec",
            "module.ecs_app1.module.cluster.data.aws_iam_policy_document.task_exec_assume",
            "module.ecs_app1.module.service.aws_ecs_service.ignore_task_definition",
            "module.ecs_app1.module.service.aws_ecs_service.this",
            "module.ecs_app1.module.service.aws_ecs_task_definition.this",
            "module.ecs_app1.module.service.aws_iam_policy.service",
            "module.ecs_app1.module.service.aws_iam_policy.task_exec",
            "module.ecs_app1.module.service.aws_iam_role.infrastructure_iam_role",
            "module.ecs_app1.module.service.aws_iam_role.service",
            "module.ecs_app1.module.service.aws_iam_role.task_exec",
            "module.ecs_app1.module.service.aws_iam_role.tasks",
            "module.ecs_app1.module.service.aws_iam_role_policy_attachment.infrastructure_iam_role_ebs_policy",
            "module.ecs_app1.module.service.aws_iam_role_policy_attachment.service",
            "module.ecs_app1.module.service.aws_iam_role_policy_attachment.task_exec",
            "module.ecs_app1.module.service.aws_iam_role_policy_attachment.task_exec_additional",
            "module.ecs_app1.module.service.aws_iam_role_policy_attachment.tasks",
            "module.ecs_app1.module.service.aws_security_group.this",
            "module.ecs_app1.module.service.data.aws_caller_identity.current",
            "module.ecs_app1.module.service.data.aws_iam_policy_document.infrastructure_iam_role",
            "module.ecs_app1.module.service.data.aws_iam_policy_document.service",
            "module.ecs_app1.module.service.data.aws_iam_policy_document.service_assume",
            "module.ecs_app1.module.service.data.aws_iam_policy_document.task_exec",
            "module.ecs_app1.module.service.data.aws_iam_policy_document.task_exec_assume",
            "module.ecs_app1.module.service.data.aws_iam_policy_document.tasks_assume",
            "module.ecs_app1.module.service.data.aws_partition.current",
            "module.ecs_app1.module.service.data.aws_region.current",
            "module.ecs_app1.module.service.data.aws_subnet.this",
            "module.ecs_app1.module.service.module.container_definition.aws_cloudwatch_log_group.this",
            "module.ecs_app1.module.service.module.container_definition.data.aws_region.current",
            "module.vpc.aws_subnet.private",
            "module.vpc.aws_subnet.public",
            "module.vpc.aws_vpc.this",
            "module.vpc.aws_vpc_ipv4_cidr_block_association.this"
          ]
        }
      ]
    },
    {
      "module": "module.ecs_app1.module.service[\"app1-service\"]",
      "mode": "managed",
      "type": "aws_ecs_service",
      "name": "this",
      "provider": "provider[\"registry.terraform.io/hashicorp/aws\"]",
      "instances": [
        {
          "index_key": 0,
          "schema_version": 1,
          "attributes": {
            "alarms": [],
            "arn": "arn:aws:ecs:us-east-1:058264231384:service/app1/app1-service",
            "availability_zone_rebalancing": "ENABLED",
            "capacity_provider_strategy": [],
            "cluster": "arn:aws:ecs:us-east-1:058264231384:cluster/app1",
            "deployment_circuit_breaker": [
              {
                "enable": false,
                "rollback": false
              }
            ],
            "deployment_configuration": [
              {
                "bake_time_in_minutes": "0",
                "lifecycle_hook": [],
                "strategy": "ROLLING"
              }
            ],
            "deployment_controller": [
              {
                "type": "ECS"
              }
            ],
            "deployment_maximum_percent": 200,
            "deployment_minimum_healthy_percent": 100,
            "desired_count": 1,
            "enable_ecs_managed_tags": true,
            "enable_execute_command": false,
            "force_delete": null,
            "force_new_deployment": true,
            "health_check_grace_period_seconds": 60,
            "iam_role": "/aws-service-role/ecs.amazonaws.com/AWSServiceRoleForECS",
            "id": "arn:aws:ecs:us-east-1:058264231384:service/app1/app1-service",
            "launch_type": "FARGATE",
            "load_balancer": [
              {
                "advanced_configuration": [],
                "container_name": "app1",
                "container_port": 80,
                "elb_name": "",
                "target_group_arn": "arn:aws:elasticloadbalancing:us-east-1:058264231384:targetgroup/tf-20250917182234244100000008/a678ca351eafc915"
              }
            ],
            "name": "app1-service",
            "network_configuration": [
              {
                "assign_public_ip": false,
                "security_groups": [
                  "sg-0e07546e99eca3b28"
                ],
                "subnets": [
                  "subnet-0960ed34916c4b0f3",
                  "subnet-09c68e78fb1030af3"
                ]
              }
            ],
            "ordered_placement_strategy": [],
            "placement_constraints": [],
            "platform_version": "LATEST",
            "propagate_tags": "NONE",
            "region": "us-east-1",
            "scheduling_strategy": "REPLICA",
            "service_connect_configuration": [],
            "service_registries": [],
            "sigint_rollback": null,
            "tags": {},
            "tags_all": {},
            "task_definition": "arn:aws:ecs:us-east-1:058264231384:task-definition/app1-service:19",
            "timeouts": null,
            "triggers": {},
            "volume_configuration": [],
            "vpc_lattice_configurations": [],
            "wait_for_steady_state": false
          },
          "sensitive_attributes": [],
          "private": "eyJlMmJmYjczMC1lY2FhLTExZTYtOGY4OC0zNDM2M2JjN2M0YzAiOnsiY3JlYXRlIjoxMjAwMDAwMDAwMDAwLCJkZWxldGUiOjEyMDAwMDAwMDAwMDAsInVwZGF0ZSI6MTIwMDAwMDAwMDAwMH0sInNjaGVtYV92ZXJzaW9uIjoiMSJ9",
          "dependencies": [
            "aws_security_group.ecs_task_sg",
            "data.aws_acm_certificate.issued",
            "module.alb_SG.aws_security_group.this",
            "module.alb_SG.aws_security_group.this_name_prefix",
            "module.alb_ecs.aws_lambda_permission.this",
            "module.alb_ecs.aws_lb.this",
            "module.alb_ecs.aws_lb_listener.this",
            "module.alb_ecs.aws_lb_listener_certificate.this",
            "module.alb_ecs.aws_lb_listener_rule.this",
            "module.alb_ecs.aws_lb_target_group.this",
            "module.alb_ecs.aws_lb_target_group_attachment.additional",
            "module.alb_ecs.aws_lb_target_group_attachment.this",
            "module.alb_ecs.aws_route53_record.this",
            "module.alb_ecs.aws_security_group.this",
            "module.alb_ecs.aws_vpc_security_group_egress_rule.this",
            "module.alb_ecs.aws_vpc_security_group_ingress_rule.this",
            "module.alb_ecs.aws_wafv2_web_acl_association.this",
            "module.alb_ecs.data.aws_partition.current",
            "module.ecs_app1.module.cluster.aws_cloudwatch_log_group.this",
            "module.ecs_app1.module.cluster.aws_ecs_cluster.this",
            "module.ecs_app1.module.cluster.aws_iam_role.task_exec",
            "module.ecs_app1.module.cluster.data.aws_iam_policy_document.task_exec_assume",
            "module.ecs_app1.module.service.aws_ecs_task_definition.this",
            "module.ecs_app1.module.service.aws_iam_policy.service",
            "module.ecs_app1.module.service.aws_iam_policy.task_exec",
            "module.ecs_app1.module.service.aws_iam_role.infrastructure_iam_role",
            "module.ecs_app1.module.service.aws_iam_role.service",
            "module.ecs_app1.module.service.aws_iam_role.task_exec",
            "module.ecs_app1.module.service.aws_iam_role.tasks",
            "module.ecs_app1.module.service.aws_iam_role_policy_attachment.infrastructure_iam_role_ebs_policy",
            "module.ecs_app1.module.service.aws_iam_role_policy_attachment.service",
            "module.ecs_app1.module.service.aws_iam_role_policy_attachment.task_exec",
            "module.ecs_app1.module.service.aws_iam_role_policy_attachment.task_exec_additional",
            "module.ecs_app1.module.service.aws_iam_role_policy_attachment.tasks",
            "module.ecs_app1.module.service.aws_security_group.this",
            "module.ecs_app1.module.service.data.aws_caller_identity.current",
            "module.ecs_app1.module.service.data.aws_iam_policy_document.infrastructure_iam_role",
            "module.ecs_app1.module.service.data.aws_iam_policy_document.service",
            "module.ecs_app1.module.service.data.aws_iam_policy_document.service_assume",
            "module.ecs_app1.module.service.data.aws_iam_policy_document.task_exec",
            "module.ecs_app1.module.service.data.aws_iam_policy_document.task_exec_assume",
            "module.ecs_app1.module.service.data.aws_iam_policy_document.tasks_assume",
            "module.ecs_app1.module.service.data.aws_partition.current",
            "module.ecs_app1.module.service.data.aws_region.current",
            "module.ecs_app1.module.service.data.aws_subnet.this",
            "module.ecs_app1.module.service.module.container_definition.aws_cloudwatch_log_group.this",
            "module.ecs_app1.module.service.module.container_definition.data.aws_region.current",
            "module.vpc.aws_subnet.private",
            "module.vpc.aws_subnet.public",
            "module.vpc.aws_vpc.this",
            "module.vpc.aws_vpc_ipv4_cidr_block_association.this"
          ]
        }
      ]
    },
    {
      "module": "module.ecs_app1.module.service[\"app1-service\"]",
      "mode": "managed",
      "type": "aws_ecs_task_definition",
      "name": "this",
      "provider": "provider[\"registry.terraform.io/hashicorp/aws\"]",
      "instances": [
        {
          "index_key": 0,
          "schema_version": 1,
          "attributes": {
            "arn": "arn:aws:ecs:us-east-1:058264231384:task-definition/app1-service:19",
            "arn_without_revision": "arn:aws:ecs:us-east-1:058264231384:task-definition/app1-service",
            "container_definitions": "[{\"cpu\":512,\"environment\":[],\"essential\":true,\"healthCheck\":{\"command\":[\"CMD-SHELL\",\"curl -sf http://localhost:80/app1/ || exit 1\"],\"interval\":30,\"retries\":3,\"startPeriod\":30,\"timeout\":5},\"image\":\"lika090909/app1:v1.0.8\",\"interactive\":false,\"linuxParameters\":{\"initProcessEnabled\":false},\"logConfiguration\":{\"logDriver\":\"awslogs\",\"options\":{\"awslogs-group\":\"/aws/ecs/app1-service/app1\",\"awslogs-region\":\"us-east-1\",\"awslogs-stream-prefix\":\"ecs\"}},\"memory\":1024,\"mountPoints\":[],\"name\":\"app1\",\"portMappings\":[{\"containerPort\":80,\"hostPort\":80,\"name\":\"app1\",\"protocol\":\"tcp\"}],\"privileged\":false,\"pseudoTerminal\":false,\"readonlyRootFilesystem\":false,\"restartPolicy\":{\"enabled\":true},\"startTimeout\":30,\"stopTimeout\":120,\"systemControls\":[],\"versionConsistency\":\"disabled\",\"volumesFrom\":[]}]",
            "cpu": "512",
            "enable_fault_injection": false,
            "ephemeral_storage": [],
            "execution_role_arn": "arn:aws:iam::058264231384:role/app1-service-20250917182444415500000012",
            "family": "app1-service",
            "id": "app1-service",
            "ipc_mode": "",
            "memory": "1024",
            "network_mode": "awsvpc",
            "pid_mode": "",
            "placement_constraints": [],
            "proxy_configuration": [],
            "region": "us-east-1",
            "requires_compatibilities": [
              "FARGATE"
            ],
            "revision": 19,
            "runtime_platform": [
              {
                "cpu_architecture": "X86_64",
                "operating_system_family": "LINUX"
              }
            ],
            "skip_destroy": false,
            "tags": {},
            "tags_all": {},
            "task_role_arn": "arn:aws:iam::058264231384:role/app1-service-20250917182445055500000014",
            "track_latest": true,
            "volume": []
          },
          "sensitive_attributes": [],
          "private": "eyJzY2hlbWFfdmVyc2lvbiI6IjEifQ==",
          "dependencies": [
            "aws_security_group.ecs_task_sg",
            "data.aws_acm_certificate.issued",
            "module.alb_SG.aws_security_group.this",
            "module.alb_SG.aws_security_group.this_name_prefix",
            "module.alb_ecs.aws_lambda_permission.this",
            "module.alb_ecs.aws_lb.this",
            "module.alb_ecs.aws_lb_listener.this",
            "module.alb_ecs.aws_lb_listener_certificate.this",
            "module.alb_ecs.aws_lb_listener_rule.this",
            "module.alb_ecs.aws_lb_target_group.this",
            "module.alb_ecs.aws_lb_target_group_attachment.additional",
            "module.alb_ecs.aws_lb_target_group_attachment.this",
            "module.alb_ecs.aws_route53_record.this",
            "module.alb_ecs.aws_security_group.this",
            "module.alb_ecs.aws_vpc_security_group_egress_rule.this",
            "module.alb_ecs.aws_vpc_security_group_ingress_rule.this",
            "module.alb_ecs.aws_wafv2_web_acl_association.this",
            "module.alb_ecs.data.aws_partition.current",
            "module.ecs_app1.module.cluster.aws_iam_role.task_exec",
            "module.ecs_app1.module.cluster.data.aws_iam_policy_document.task_exec_assume",
            "module.ecs_app1.module.service.aws_iam_policy.task_exec",
            "module.ecs_app1.module.service.aws_iam_role.task_exec",
            "module.ecs_app1.module.service.aws_iam_role.tasks",
            "module.ecs_app1.module.service.aws_iam_role_policy_attachment.task_exec",
            "module.ecs_app1.module.service.aws_iam_role_policy_attachment.task_exec_additional",
            "module.ecs_app1.module.service.aws_iam_role_policy_attachment.tasks",
            "module.ecs_app1.module.service.data.aws_caller_identity.current",
            "module.ecs_app1.module.service.data.aws_iam_policy_document.task_exec",
            "module.ecs_app1.module.service.data.aws_iam_policy_document.task_exec_assume",
            "module.ecs_app1.module.service.data.aws_iam_policy_document.tasks_assume",
            "module.ecs_app1.module.service.data.aws_partition.current",
            "module.ecs_app1.module.service.data.aws_region.current",
            "module.ecs_app1.module.service.module.container_definition.aws_cloudwatch_log_group.this",
            "module.ecs_app1.module.service.module.container_definition.data.aws_region.current",
            "module.vpc.aws_subnet.private",
            "module.vpc.aws_subnet.public",
            "module.vpc.aws_vpc.this",
            "module.vpc.aws_vpc_ipv4_cidr_block_association.this"
          ],
          "create_before_destroy": true
        }
      ]
    },
    {
      "module": "module.ecs_app1.module.service[\"app1-service\"]",
      "mode": "managed",
      "type": "aws_iam_policy",
      "name": "task_exec",
      "provider": "provider[\"registry.terraform.io/hashicorp/aws\"]",
      "instances": [
        {
          "index_key": 0,
          "schema_version": 0,
          "attributes": {
            "arn": "arn:aws:iam::058264231384:policy/app1-service-2025091718244441520000000f",
            "attachment_count": 1,
            "description": "Task execution role IAM policy",
            "id": "arn:aws:iam::058264231384:policy/app1-service-2025091718244441520000000f",
            "name": "app1-service-2025091718244441520000000f",
            "name_prefix": "app1-service-",
            "path": "/",
            "policy": "{\"Statement\":[{\"Action\":[\"logs:PutLogEvents\",\"logs:CreateLogStream\"],\"Effect\":\"Allow\",\"Resource\":\"*\",\"Sid\":\"Logs\"},{\"Action\":[\"ecr:GetDownloadUrlForLayer\",\"ecr:GetAuthorizationToken\",\"ecr:BatchGetImage\",\"ecr:BatchCheckLayerAvailability\"],\"Effect\":\"Allow\",\"Resource\":\"*\",\"Sid\":\"ECR\"}],\"Version\":\"2012-10-17\"}",
            "policy_id": "ANPAQ3EGRTXMLNRHMSHUO",
            "tags": {},
            "tags_all": {}
          },
          "sensitive_attributes": [],
          "private": "bnVsbA==",
          "dependencies": [
            "aws_security_group.ecs_task_sg",
            "data.aws_acm_certificate.issued",
            "module.alb_SG.aws_security_group.this",
            "module.alb_SG.aws_security_group.this_name_prefix",
            "module.alb_ecs.aws_lambda_permission.this",
            "module.alb_ecs.aws_lb.this",
            "module.alb_ecs.aws_lb_listener.this",
            "module.alb_ecs.aws_lb_listener_certificate.this",
            "module.alb_ecs.aws_lb_listener_rule.this",
            "module.alb_ecs.aws_lb_target_group.this",
            "module.alb_ecs.aws_lb_target_group_attachment.additional",
            "module.alb_ecs.aws_lb_target_group_attachment.this",
            "module.alb_ecs.aws_route53_record.this",
            "module.alb_ecs.aws_security_group.this",
            "module.alb_ecs.aws_vpc_security_group_egress_rule.this",
            "module.alb_ecs.aws_vpc_security_group_ingress_rule.this",
            "module.alb_ecs.aws_wafv2_web_acl_association.this",
            "module.alb_ecs.data.aws_partition.current",
            "module.ecs_app1.module.service.data.aws_iam_policy_document.task_exec",
            "module.vpc.aws_subnet.private",
            "module.vpc.aws_subnet.public",
            "module.vpc.aws_vpc.this",
            "module.vpc.aws_vpc_ipv4_cidr_block_association.this"
          ],
          "create_before_destroy": true
        }
      ]
    },
    {
      "module": "module.ecs_app1.module.service[\"app1-service\"]",
      "mode": "managed",
      "type": "aws_iam_role",
      "name": "task_exec",
      "provider": "provider[\"registry.terraform.io/hashicorp/aws\"]",
      "instances": [
        {
          "index_key": 0,
          "schema_version": 0,
          "attributes": {
            "arn": "arn:aws:iam::058264231384:role/app1-service-20250917182444415500000012",
            "assume_role_policy": "{\"Statement\":[{\"Action\":\"sts:AssumeRole\",\"Effect\":\"Allow\",\"Principal\":{\"Service\":\"ecs-tasks.amazonaws.com\"},\"Sid\":\"ECSTaskExecutionAssumeRole\"}],\"Version\":\"2012-10-17\"}",
            "create_date": "2025-09-17T18:21:49Z",
            "description": "Task execution role for app1-service",
            "force_detach_policies": true,
            "id": "app1-service-20250917182444415500000012",
            "inline_policy": [],
            "managed_policy_arns": [
              "arn:aws:iam::058264231384:policy/app1-service-2025091718244441520000000f"
            ],
            "max_session_duration": 3600,
            "name": "app1-service-20250917182444415500000012",
            "name_prefix": "app1-service-",
            "path": "/",
            "permissions_boundary": "",
            "tags": {},
            "tags_all": {},
            "unique_id": "AROAQ3EGRTXMCCHUEN6OX"
          },
          "sensitive_attributes": [],
          "private": "bnVsbA==",
          "dependencies": [
            "aws_security_group.ecs_task_sg",
            "data.aws_acm_certificate.issued",
            "module.alb_SG.aws_security_group.this",
            "module.alb_SG.aws_security_group.this_name_prefix",
            "module.alb_ecs.aws_lambda_permission.this",
            "module.alb_ecs.aws_lb.this",
            "module.alb_ecs.aws_lb_listener.this",
            "module.alb_ecs.aws_lb_listener_certificate.this",
            "module.alb_ecs.aws_lb_listener_rule.this",
            "module.alb_ecs.aws_lb_target_group.this",
            "module.alb_ecs.aws_lb_target_group_attachment.additional",
            "module.alb_ecs.aws_lb_target_group_attachment.this",
            "module.alb_ecs.aws_route53_record.this",
            "module.alb_ecs.aws_security_group.this",
            "module.alb_ecs.aws_vpc_security_group_egress_rule.this",
            "module.alb_ecs.aws_vpc_security_group_ingress_rule.this",
            "module.alb_ecs.aws_wafv2_web_acl_association.this",
            "module.alb_ecs.data.aws_partition.current",
            "module.ecs_app1.module.service.data.aws_iam_policy_document.task_exec_assume",
            "module.vpc.aws_subnet.private",
            "module.vpc.aws_subnet.public",
            "module.vpc.aws_vpc.this",
            "module.vpc.aws_vpc_ipv4_cidr_block_association.this"
          ],
          "create_before_destroy": true
        }
      ]
    },
    {
      "module": "module.ecs_app1.module.service[\"app1-service\"]",
      "mode": "managed",
      "type": "aws_iam_role",
      "name": "tasks",
      "provider": "provider[\"registry.terraform.io/hashicorp/aws\"]",
      "instances": [
        {
          "index_key": 0,
          "schema_version": 0,
          "attributes": {
            "arn": "arn:aws:iam::058264231384:role/app1-service-20250917182445055500000014",
            "assume_role_policy": "{\"Statement\":[{\"Action\":\"sts:AssumeRole\",\"Condition\":{\"ArnLike\":{\"aws:SourceArn\":\"arn:aws:ecs:us-east-1:058264231384:*\"},\"StringEquals\":{\"aws:SourceAccount\":\"058264231384\"}},\"Effect\":\"Allow\",\"Principal\":{\"Service\":\"ecs-tasks.amazonaws.com\"},\"Sid\":\"ECSTasksAssumeRole\"}],\"Version\":\"2012-10-17\"}",
            "create_date": "2025-09-17T18:21:50Z",
            "description": "",
            "force_detach_policies": true,
            "id": "app1-service-20250917182445055500000014",
            "inline_policy": [],
            "managed_policy_arns": [],
            "max_session_duration": 3600,
            "name": "app1-service-20250917182445055500000014",
            "name_prefix": "app1-service-",
            "path": "/",
            "permissions_boundary": "",
            "tags": {},
            "tags_all": {},
            "unique_id": "AROAQ3EGRTXMKQ7JDABXH"
          },
          "sensitive_attributes": [],
          "private": "bnVsbA==",
          "dependencies": [
            "aws_security_group.ecs_task_sg",
            "data.aws_acm_certificate.issued",
            "module.alb_SG.aws_security_group.this",
            "module.alb_SG.aws_security_group.this_name_prefix",
            "module.alb_ecs.aws_lambda_permission.this",
            "module.alb_ecs.aws_lb.this",
            "module.alb_ecs.aws_lb_listener.this",
            "module.alb_ecs.aws_lb_listener_certificate.this",
            "module.alb_ecs.aws_lb_listener_rule.this",
            "module.alb_ecs.aws_lb_target_group.this",
            "module.alb_ecs.aws_lb_target_group_attachment.additional",
            "module.alb_ecs.aws_lb_target_group_attachment.this",
            "module.alb_ecs.aws_route53_record.this",
            "module.alb_ecs.aws_security_group.this",
            "module.alb_ecs.aws_vpc_security_group_egress_rule.this",
            "module.alb_ecs.aws_vpc_security_group_ingress_rule.this",
            "module.alb_ecs.aws_wafv2_web_acl_association.this",
            "module.alb_ecs.data.aws_partition.current",
            "module.ecs_app1.module.service.data.aws_caller_identity.current",
            "module.ecs_app1.module.service.data.aws_iam_policy_document.tasks_assume",
            "module.ecs_app1.module.service.data.aws_partition.current",
            "module.ecs_app1.module.service.data.aws_region.current",
            "module.vpc.aws_subnet.private",
            "module.vpc.aws_subnet.public",
            "module.vpc.aws_vpc.this",
            "module.vpc.aws_vpc_ipv4_cidr_block_association.this"
          ],
          "create_before_destroy": true
        }
      ]
    },
    {
      "module": "module.ecs_app1.module.service[\"app1-service\"]",
      "mode": "managed",
      "type": "aws_iam_role_policy_attachment",
      "name": "task_exec",
      "provider": "provider[\"registry.terraform.io/hashicorp/aws\"]",
      "instances": [
        {
          "index_key": 0,
          "schema_version": 0,
          "attributes": {
            "id": "app1-service-20250917182444415500000012/arn:aws:iam::058264231384:policy/app1-service-2025091718244441520000000f",
            "policy_arn": "arn:aws:iam::058264231384:policy/app1-service-2025091718244441520000000f",
            "role": "app1-service-20250917182444415500000012"
          },
          "sensitive_attributes": [],
          "private": "bnVsbA==",
          "dependencies": [
            "aws_security_group.ecs_task_sg",
            "data.aws_acm_certificate.issued",
            "module.alb_SG.aws_security_group.this",
            "module.alb_SG.aws_security_group.this_name_prefix",
            "module.alb_ecs.aws_lambda_permission.this",
            "module.alb_ecs.aws_lb.this",
            "module.alb_ecs.aws_lb_listener.this",
            "module.alb_ecs.aws_lb_listener_certificate.this",
            "module.alb_ecs.aws_lb_listener_rule.this",
            "module.alb_ecs.aws_lb_target_group.this",
            "module.alb_ecs.aws_lb_target_group_attachment.additional",
            "module.alb_ecs.aws_lb_target_group_attachment.this",
            "module.alb_ecs.aws_route53_record.this",
            "module.alb_ecs.aws_security_group.this",
            "module.alb_ecs.aws_vpc_security_group_egress_rule.this",
            "module.alb_ecs.aws_vpc_security_group_ingress_rule.this",
            "module.alb_ecs.aws_wafv2_web_acl_association.this",
            "module.alb_ecs.data.aws_partition.current",
            "module.ecs_app1.module.service.aws_iam_policy.task_exec",
            "module.ecs_app1.module.service.aws_iam_role.task_exec",
            "module.ecs_app1.module.service.data.aws_iam_policy_document.task_exec",
            "module.ecs_app1.module.service.data.aws_iam_policy_document.task_exec_assume",
            "module.vpc.aws_subnet.private",
            "module.vpc.aws_subnet.public",
            "module.vpc.aws_vpc.this",
            "module.vpc.aws_vpc_ipv4_cidr_block_association.this"
          ],
          "create_before_destroy": true
        }
      ]
    },
    {
      "module": "module.ecs_app1.module.service[\"app1-service\"].module.container_definition[\"app1\"]",
      "mode": "managed",
      "type": "aws_cloudwatch_log_group",
      "name": "this",
      "provider": "provider[\"registry.terraform.io/hashicorp/aws\"]",
      "instances": [
        {
          "index_key": 0,
          "schema_version": 0,
          "attributes": {
            "arn": "arn:aws:logs:us-east-1:058264231384:log-group:/aws/ecs/app1-service/app1",
            "id": "/aws/ecs/app1-service/app1",
            "kms_key_id": "",
            "log_group_class": "STANDARD",
            "name": "/aws/ecs/app1-service/app1",
            "name_prefix": "",
            "region": "us-east-1",
            "retention_in_days": 30,
            "skip_destroy": false,
            "tags": {},
            "tags_all": {}
          },
          "sensitive_attributes": [],
          "private": "bnVsbA==",
          "dependencies": [
            "aws_security_group.ecs_task_sg",
            "data.aws_acm_certificate.issued",
            "module.alb_SG.aws_security_group.this",
            "module.alb_SG.aws_security_group.this_name_prefix",
            "module.alb_ecs.aws_lambda_permission.this",
            "module.alb_ecs.aws_lb.this",
            "module.alb_ecs.aws_lb_listener.this",
            "module.alb_ecs.aws_lb_listener_certificate.this",
            "module.alb_ecs.aws_lb_listener_rule.this",
            "module.alb_ecs.aws_lb_target_group.this",
            "module.alb_ecs.aws_lb_target_group_attachment.additional",
            "module.alb_ecs.aws_lb_target_group_attachment.this",
            "module.alb_ecs.aws_route53_record.this",
            "module.alb_ecs.aws_security_group.this",
            "module.alb_ecs.aws_vpc_security_group_egress_rule.this",
            "module.alb_ecs.aws_vpc_security_group_ingress_rule.this",
            "module.alb_ecs.aws_wafv2_web_acl_association.this",
            "module.alb_ecs.data.aws_partition.current",
            "module.vpc.aws_subnet.private",
            "module.vpc.aws_subnet.public",
            "module.vpc.aws_vpc.this",
            "module.vpc.aws_vpc_ipv4_cidr_block_association.this"
          ],
          "create_before_destroy": true
        }
      ]
    },
    {
      "module": "module.security-group_bastion",
      "mode": "managed",
      "type": "aws_security_group",
      "name": "this_name_prefix",
      "provider": "provider[\"registry.terraform.io/hashicorp/aws\"]",
      "instances": [
        {
          "index_key": 0,
          "schema_version": 1,
          "attributes": {
            "arn": "arn:aws:ec2:us-east-1:058264231384:security-group/sg-065912e49f453aac4",
            "description": "Security Group managed by Terraform",
            "egress": [
              {
                "cidr_blocks": [
                  "0.0.0.0/0"
                ],
                "description": "All protocols",
                "from_port": 0,
                "ipv6_cidr_blocks": [
                  "::/0"
                ],
                "prefix_list_ids": [],
                "protocol": "-1",
                "security_groups": [],
                "self": false,
                "to_port": 0
              }
            ],
            "id": "sg-065912e49f453aac4",
            "ingress": [
              {
                "cidr_blocks": [
                  "0.0.0.0/0"
                ],
                "description": "SSH",
                "from_port": 22,
                "ipv6_cidr_blocks": [],
                "prefix_list_ids": [],
                "protocol": "tcp",
                "security_groups": [],
                "self": false,
                "to_port": 22
              }
            ],
            "name": "SG-Bastion-2025091718223540860000000c",
            "name_prefix": "SG-Bastion-",
            "owner_id": "058264231384",
            "region": "us-east-1",
            "revoke_rules_on_delete": false,
            "tags": {
              "Name": "SG-Bastion",
              "environment": "dev",
              "owners": "SAP"
            },
            "tags_all": {
              "Name": "SG-Bastion",
              "environment": "dev",
              "owners": "SAP"
            },
            "timeouts": {
              "create": "10m",
              "delete": "15m"
            },
            "vpc_id": "vpc-0fdc54a7de6c27b17"
          },
          "sensitive_attributes": [],
          "private": "eyJlMmJmYjczMC1lY2FhLTExZTYtOGY4OC0zNDM2M2JjN2M0YzAiOnsiY3JlYXRlIjo2MDAwMDAwMDAwMDAsImRlbGV0ZSI6OTAwMDAwMDAwMDAwfSwic2NoZW1hX3ZlcnNpb24iOiIxIn0=",
          "dependencies": [
            "module.vpc.aws_vpc.this"
          ],
          "create_before_destroy": true
        }
      ]
    },
    {
      "module": "module.security-group_bastion",
      "mode": "managed",
      "type": "aws_security_group_rule",
      "name": "egress_rules",
      "provider": "provider[\"registry.terraform.io/hashicorp/aws\"]",
      "instances": [
        {
          "index_key": 0,
          "schema_version": 2,
          "attributes": {
            "cidr_blocks": [
              "0.0.0.0/0"
            ],
            "description": "All protocols",
            "from_port": 0,
            "id": "sgrule-1784513549",
            "ipv6_cidr_blocks": [
              "::/0"
            ],
            "prefix_list_ids": [],
            "protocol": "-1",
            "region": "us-east-1",
            "security_group_id": "sg-065912e49f453aac4",
            "security_group_rule_id": "",
            "self": false,
            "source_security_group_id": null,
            "timeouts": null,
            "to_port": 0,
            "type": "egress"
          },
          "sensitive_attributes": [],
          "private": "eyJlMmJmYjczMC1lY2FhLTExZTYtOGY4OC0zNDM2M2JjN2M0YzAiOnsiY3JlYXRlIjozMDAwMDAwMDAwMDB9LCJzY2hlbWFfdmVyc2lvbiI6IjIifQ==",
          "dependencies": [
            "module.security-group_bastion.aws_security_group.this",
            "module.security-group_bastion.aws_security_group.this_name_prefix",
            "module.vpc.aws_vpc.this"
          ]
        }
      ]
    },
    {
      "module": "module.security-group_bastion",
      "mode": "managed",
      "type": "aws_security_group_rule",
      "name": "ingress_rules",
      "provider": "provider[\"registry.terraform.io/hashicorp/aws\"]",
      "instances": [
        {
          "index_key": 0,
          "schema_version": 2,
          "attributes": {
            "cidr_blocks": [
              "0.0.0.0/0"
            ],
            "description": "SSH",
            "from_port": 22,
            "id": "sgrule-2287612389",
            "ipv6_cidr_blocks": [],
            "prefix_list_ids": [],
            "protocol": "tcp",
            "region": "us-east-1",
            "security_group_id": "sg-065912e49f453aac4",
            "security_group_rule_id": "sgr-08ff139eb07645e42",
            "self": false,
            "source_security_group_id": null,
            "timeouts": null,
            "to_port": 22,
            "type": "ingress"
          },
          "sensitive_attributes": [],
          "private": "eyJlMmJmYjczMC1lY2FhLTExZTYtOGY4OC0zNDM2M2JjN2M0YzAiOnsiY3JlYXRlIjozMDAwMDAwMDAwMDB9LCJzY2hlbWFfdmVyc2lvbiI6IjIifQ==",
          "dependencies": [
            "module.security-group_bastion.aws_security_group.this",
            "module.security-group_bastion.aws_security_group.this_name_prefix",
            "module.vpc.aws_vpc.this"
          ]
        }
      ]
    },
    {
      "module": "module.security-group_database",
      "mode": "managed",
      "type": "aws_security_group",
      "name": "this_name_prefix",
      "provider": "provider[\"registry.terraform.io/hashicorp/aws\"]",
      "instances": [
        {
          "index_key": 0,
          "schema_version": 1,
          "attributes": {
            "arn": "arn:aws:ec2:us-east-1:058264231384:security-group/sg-07b6f06ccf922a9a9",
            "description": "Security Group managed by Terraform",
            "egress": [
              {
                "cidr_blocks": [
                  "0.0.0.0/0"
                ],
                "description": "All protocols",
                "from_port": 0,
                "ipv6_cidr_blocks": [
                  "::/0"
                ],
                "prefix_list_ids": [],
                "protocol": "-1",
                "security_groups": [],
                "self": false,
                "to_port": 0
              }
            ],
            "id": "sg-07b6f06ccf922a9a9",
            "ingress": [
              {
                "cidr_blocks": [],
                "description": "Ingress Rule",
                "from_port": 3306,
                "ipv6_cidr_blocks": [],
                "prefix_list_ids": [],
                "protocol": "tcp",
                "security_groups": [
                  "sg-0e07546e99eca3b28"
                ],
                "self": false,
                "to_port": 3306
              }
            ],
            "name": "RDS-SG-20250917182233111900000006",
            "name_prefix": "RDS-SG-",
            "owner_id": "058264231384",
            "region": "us-east-1",
            "revoke_rules_on_delete": false,
            "tags": {
              "Name": "RDS-SG",
              "environment": "dev",
              "owners": "SAP"
            },
            "tags_all": {
              "Name": "RDS-SG",
              "environment": "dev",
              "owners": "SAP"
            },
            "timeouts": {
              "create": "10m",
              "delete": "15m"
            },
            "vpc_id": "vpc-0fdc54a7de6c27b17"
          },
          "sensitive_attributes": [],
          "private": "eyJlMmJmYjczMC1lY2FhLTExZTYtOGY4OC0zNDM2M2JjN2M0YzAiOnsiY3JlYXRlIjo2MDAwMDAwMDAwMDAsImRlbGV0ZSI6OTAwMDAwMDAwMDAwfSwic2NoZW1hX3ZlcnNpb24iOiIxIn0=",
          "dependencies": [
            "module.vpc.aws_vpc.this"
          ],
          "create_before_destroy": true
        }
      ]
    },
    {
      "module": "module.security-group_database",
      "mode": "managed",
      "type": "aws_security_group_rule",
      "name": "egress_rules",
      "provider": "provider[\"registry.terraform.io/hashicorp/aws\"]",
      "instances": [
        {
          "index_key": 0,
          "schema_version": 2,
          "attributes": {
            "cidr_blocks": [
              "0.0.0.0/0"
            ],
            "description": "All protocols",
            "from_port": 0,
            "id": "sgrule-1020659000",
            "ipv6_cidr_blocks": [
              "::/0"
            ],
            "prefix_list_ids": [],
            "protocol": "-1",
            "region": "us-east-1",
            "security_group_id": "sg-07b6f06ccf922a9a9",
            "security_group_rule_id": "",
            "self": false,
            "source_security_group_id": null,
            "timeouts": null,
            "to_port": 0,
            "type": "egress"
          },
          "sensitive_attributes": [],
          "private": "eyJlMmJmYjczMC1lY2FhLTExZTYtOGY4OC0zNDM2M2JjN2M0YzAiOnsiY3JlYXRlIjozMDAwMDAwMDAwMDB9LCJzY2hlbWFfdmVyc2lvbiI6IjIifQ==",
          "dependencies": [
            "module.security-group_database.aws_security_group.this",
            "module.security-group_database.aws_security_group.this_name_prefix",
            "module.vpc.aws_vpc.this"
          ]
        }
      ]
    },
    {
      "module": "module.security-group_database",
      "mode": "managed",
      "type": "aws_security_group_rule",
      "name": "ingress_with_source_security_group_id",
      "provider": "provider[\"registry.terraform.io/hashicorp/aws\"]",
      "instances": [
        {
          "index_key": 0,
          "schema_version": 2,
          "attributes": {
            "cidr_blocks": null,
            "description": "Ingress Rule",
            "from_port": 3306,
            "id": "sgrule-3330865778",
            "ipv6_cidr_blocks": null,
            "prefix_list_ids": [],
            "protocol": "tcp",
            "region": "us-east-1",
            "security_group_id": "sg-07b6f06ccf922a9a9",
            "security_group_rule_id": "sgr-02d78c3dc57ff9dc1",
            "self": false,
            "source_security_group_id": "sg-0e07546e99eca3b28",
            "timeouts": null,
            "to_port": 3306,
            "type": "ingress"
          },
          "sensitive_attributes": [],
          "private": "eyJlMmJmYjczMC1lY2FhLTExZTYtOGY4OC0zNDM2M2JjN2M0YzAiOnsiY3JlYXRlIjozMDAwMDAwMDAwMDB9LCJzY2hlbWFfdmVyc2lvbiI6IjIifQ==",
          "dependencies": [
            "aws_security_group.ecs_task_sg",
            "module.alb_SG.aws_security_group.this",
            "module.alb_SG.aws_security_group.this_name_prefix",
            "module.security-group_database.aws_security_group.this",
            "module.security-group_database.aws_security_group.this_name_prefix",
            "module.vpc.aws_vpc.this"
          ]
        }
      ]
    },
    {
      "module": "module.security-group_private",
      "mode": "managed",
      "type": "aws_security_group",
      "name": "this_name_prefix",
      "provider": "provider[\"registry.terraform.io/hashicorp/aws\"]",
      "instances": [
        {
          "index_key": 0,
          "schema_version": 1,
          "attributes": {
            "arn": "arn:aws:ec2:us-east-1:058264231384:security-group/sg-030994d9752de9c78",
            "description": "Security Group managed by Terraform",
            "egress": [
              {
                "cidr_blocks": [
                  "0.0.0.0/0"
                ],
                "description": "All protocols",
                "from_port": 0,
                "ipv6_cidr_blocks": [
                  "::/0"
                ],
                "prefix_list_ids": [],
                "protocol": "-1",
                "security_groups": [],
                "self": false,
                "to_port": 0
              }
            ],
            "id": "sg-030994d9752de9c78",
            "ingress": [
              {
                "cidr_blocks": [
                  "10.0.0.0/16"
                ],
                "description": "Allow 8080",
                "from_port": 8080,
                "ipv6_cidr_blocks": [],
                "prefix_list_ids": [],
                "protocol": "tcp",
                "security_groups": [],
                "self": false,
                "to_port": 8080
              },
              {
                "cidr_blocks": [
                  "10.0.0.0/16"
                ],
                "description": "HTTP",
                "from_port": 80,
                "ipv6_cidr_blocks": [],
                "prefix_list_ids": [],
                "protocol": "tcp",
                "security_groups": [],
                "self": false,
                "to_port": 80
              },
              {
                "cidr_blocks": [
                  "10.0.0.0/16"
                ],
                "description": "SSH",
                "from_port": 22,
                "ipv6_cidr_blocks": [],
                "prefix_list_ids": [],
                "protocol": "tcp",
                "security_groups": [],
                "self": false,
                "to_port": 22
              }
            ],
            "name": "SG-private-2025091718223427930000000a",
            "name_prefix": "SG-private-",
            "owner_id": "058264231384",
            "region": "us-east-1",
            "revoke_rules_on_delete": false,
            "tags": {
              "Name": "SG-private",
              "environment": "dev",
              "owners": "SAP"
            },
            "tags_all": {
              "Name": "SG-private",
              "environment": "dev",
              "owners": "SAP"
            },
            "timeouts": {
              "create": "10m",
              "delete": "15m"
            },
            "vpc_id": "vpc-0fdc54a7de6c27b17"
          },
          "sensitive_attributes": [],
          "private": "eyJlMmJmYjczMC1lY2FhLTExZTYtOGY4OC0zNDM2M2JjN2M0YzAiOnsiY3JlYXRlIjo2MDAwMDAwMDAwMDAsImRlbGV0ZSI6OTAwMDAwMDAwMDAwfSwic2NoZW1hX3ZlcnNpb24iOiIxIn0=",
          "dependencies": [
            "module.vpc.aws_vpc.this"
          ],
          "create_before_destroy": true
        }
      ]
    },
    {
      "module": "module.security-group_private",
      "mode": "managed",
      "type": "aws_security_group_rule",
      "name": "egress_rules",
      "provider": "provider[\"registry.terraform.io/hashicorp/aws\"]",
      "instances": [
        {
          "index_key": 0,
          "schema_version": 2,
          "attributes": {
            "cidr_blocks": [
              "0.0.0.0/0"
            ],
            "description": "All protocols",
            "from_port": 0,
            "id": "sgrule-1982079386",
            "ipv6_cidr_blocks": [
              "::/0"
            ],
            "prefix_list_ids": [],
            "protocol": "-1",
            "region": "us-east-1",
            "security_group_id": "sg-030994d9752de9c78",
            "security_group_rule_id": "",
            "self": false,
            "source_security_group_id": null,
            "timeouts": null,
            "to_port": 0,
            "type": "egress"
          },
          "sensitive_attributes": [],
          "private": "eyJlMmJmYjczMC1lY2FhLTExZTYtOGY4OC0zNDM2M2JjN2M0YzAiOnsiY3JlYXRlIjozMDAwMDAwMDAwMDB9LCJzY2hlbWFfdmVyc2lvbiI6IjIifQ==",
          "dependencies": [
            "module.security-group_private.aws_security_group.this",
            "module.security-group_private.aws_security_group.this_name_prefix",
            "module.vpc.aws_vpc.this"
          ]
        }
      ]
    },
    {
      "module": "module.security-group_private",
      "mode": "managed",
      "type": "aws_security_group_rule",
      "name": "ingress_rules",
      "provider": "provider[\"registry.terraform.io/hashicorp/aws\"]",
      "instances": [
        {
          "index_key": 0,
          "schema_version": 2,
          "attributes": {
            "cidr_blocks": [
              "10.0.0.0/16"
            ],
            "description": "SSH",
            "from_port": 22,
            "id": "sgrule-4189289846",
            "ipv6_cidr_blocks": [],
            "prefix_list_ids": [],
            "protocol": "tcp",
            "region": "us-east-1",
            "security_group_id": "sg-030994d9752de9c78",
            "security_group_rule_id": "sgr-0b3be2c99185237b1",
            "self": false,
            "source_security_group_id": null,
            "timeouts": null,
            "to_port": 22,
            "type": "ingress"
          },
          "sensitive_attributes": [],
          "private": "eyJlMmJmYjczMC1lY2FhLTExZTYtOGY4OC0zNDM2M2JjN2M0YzAiOnsiY3JlYXRlIjozMDAwMDAwMDAwMDB9LCJzY2hlbWFfdmVyc2lvbiI6IjIifQ==",
          "dependencies": [
            "module.security-group_private.aws_security_group.this",
            "module.security-group_private.aws_security_group.this_name_prefix",
            "module.vpc.aws_vpc.this"
          ]
        },
        {
          "index_key": 1,
          "schema_version": 2,
          "attributes": {
            "cidr_blocks": [
              "10.0.0.0/16"
            ],
            "description": "HTTP",
            "from_port": 80,
            "id": "sgrule-1977334856",
            "ipv6_cidr_blocks": [],
            "prefix_list_ids": [],
            "protocol": "tcp",
            "region": "us-east-1",
            "security_group_id": "sg-030994d9752de9c78",
            "security_group_rule_id": "sgr-01c5bc592e823691f",
            "self": false,
            "source_security_group_id": null,
            "timeouts": null,
            "to_port": 80,
            "type": "ingress"
          },
          "sensitive_attributes": [],
          "private": "eyJlMmJmYjczMC1lY2FhLTExZTYtOGY4OC0zNDM2M2JjN2M0YzAiOnsiY3JlYXRlIjozMDAwMDAwMDAwMDB9LCJzY2hlbWFfdmVyc2lvbiI6IjIifQ==",
          "dependencies": [
            "module.security-group_private.aws_security_group.this",
            "module.security-group_private.aws_security_group.this_name_prefix",
            "module.vpc.aws_vpc.this"
          ]
        }
      ]
    },
    {
      "module": "module.security-group_private",
      "mode": "managed",
      "type": "aws_security_group_rule",
      "name": "ingress_with_cidr_blocks",
      "provider": "provider[\"registry.terraform.io/hashicorp/aws\"]",
      "instances": [
        {
          "index_key": 0,
          "schema_version": 2,
          "attributes": {
            "cidr_blocks": [
              "10.0.0.0/16"
            ],
            "description": "Allow 8080",
            "from_port": 8080,
            "id": "sgrule-1742285797",
            "ipv6_cidr_blocks": null,
            "prefix_list_ids": null,
            "protocol": "tcp",
            "region": "us-east-1",
            "security_group_id": "sg-030994d9752de9c78",
            "security_group_rule_id": "sgr-00deff8e845fa280d",
            "self": false,
            "source_security_group_id": null,
            "timeouts": null,
            "to_port": 8080,
            "type": "ingress"
          },
          "sensitive_attributes": [],
          "private": "eyJlMmJmYjczMC1lY2FhLTExZTYtOGY4OC0zNDM2M2JjN2M0YzAiOnsiY3JlYXRlIjozMDAwMDAwMDAwMDB9LCJzY2hlbWFfdmVyc2lvbiI6IjIifQ==",
          "dependencies": [
            "module.security-group_private.aws_security_group.this",
            "module.security-group_private.aws_security_group.this_name_prefix",
            "module.vpc.aws_vpc.this"
          ]
        }
      ]
    },
    {
      "module": "module.vpc",
      "mode": "managed",
      "type": "aws_db_subnet_group",
      "name": "database",
      "provider": "provider[\"registry.terraform.io/hashicorp/aws\"]",
      "instances": [
        {
          "index_key": 0,
          "schema_version": 0,
          "attributes": {
            "arn": "arn:aws:rds:us-east-1:058264231384:subgrp:vpc-dev",
            "description": "Database subnet group for vpc-dev",
            "id": "vpc-dev",
            "name": "vpc-dev",
            "name_prefix": "",
            "region": "us-east-1",
            "subnet_ids": [
              "subnet-01d4b56573c38aa8e",
              "subnet-08af3e469b435321b"
            ],
            "supported_network_types": [
              "IPV4"
            ],
            "tags": {
              "Name": "vpc-dev",
              "environment": "dev",
              "owners": "SAP"
            },
            "tags_all": {
              "Name": "vpc-dev",
              "environment": "dev",
              "owners": "SAP"
            },
            "vpc_id": "vpc-0fdc54a7de6c27b17"
          },
          "sensitive_attributes": [],
          "private": "bnVsbA==",
          "dependencies": [
            "module.vpc.aws_subnet.database",
            "module.vpc.aws_vpc.this",
            "module.vpc.aws_vpc_ipv4_cidr_block_association.this"
          ]
        }
      ]
    },
    {
      "module": "module.vpc",
      "mode": "managed",
      "type": "aws_default_network_acl",
      "name": "this",
      "provider": "provider[\"registry.terraform.io/hashicorp/aws\"]",
      "instances": [
        {
          "index_key": 0,
          "schema_version": 0,
          "attributes": {
            "arn": "arn:aws:ec2:us-east-1:058264231384:network-acl/acl-06c7fd6f9af45f39a",
            "default_network_acl_id": "acl-06c7fd6f9af45f39a",
            "egress": [
              {
                "action": "allow",
                "cidr_block": "",
                "from_port": 0,
                "icmp_code": 0,
                "icmp_type": 0,
                "ipv6_cidr_block": "::/0",
                "protocol": "-1",
                "rule_no": 101,
                "to_port": 0
              },
              {
                "action": "allow",
                "cidr_block": "0.0.0.0/0",
                "from_port": 0,
                "icmp_code": 0,
                "icmp_type": 0,
                "ipv6_cidr_block": "",
                "protocol": "-1",
                "rule_no": 100,
                "to_port": 0
              }
            ],
            "id": "acl-06c7fd6f9af45f39a",
            "ingress": [
              {
                "action": "allow",
                "cidr_block": "",
                "from_port": 0,
                "icmp_code": 0,
                "icmp_type": 0,
                "ipv6_cidr_block": "::/0",
                "protocol": "-1",
                "rule_no": 101,
                "to_port": 0
              },
              {
                "action": "allow",
                "cidr_block": "0.0.0.0/0",
                "from_port": 0,
                "icmp_code": 0,
                "icmp_type": 0,
                "ipv6_cidr_block": "",
                "protocol": "-1",
                "rule_no": 100,
                "to_port": 0
              }
            ],
            "owner_id": "058264231384",
            "region": "us-east-1",
            "subnet_ids": [
              "subnet-01d4b56573c38aa8e",
              "subnet-0299f3a393b1dda41",
              "subnet-08af3e469b435321b",
              "subnet-0960ed34916c4b0f3",
              "subnet-09c68e78fb1030af3",
              "subnet-0c2b191dcc441db9f"
            ],
            "tags": {
              "Name": "vpc-dev-default",
              "environment": "dev",
              "owners": "SAP"
            },
            "tags_all": {
              "Name": "vpc-dev-default",
              "environment": "dev",
              "owners": "SAP"
            },
            "vpc_id": "vpc-0fdc54a7de6c27b17"
          },
          "sensitive_attributes": [],
          "private": "bnVsbA==",
          "dependencies": [
            "module.vpc.aws_vpc.this"
          ]
        }
      ]
    },
    {
      "module": "module.vpc",
      "mode": "managed",
      "type": "aws_default_route_table",
      "name": "default",
      "provider": "provider[\"registry.terraform.io/hashicorp/aws\"]",
      "instances": [
        {
          "index_key": 0,
          "schema_version": 0,
          "attributes": {
            "arn": "arn:aws:ec2:us-east-1:058264231384:route-table/rtb-085618a05684be38d",
            "default_route_table_id": "rtb-085618a05684be38d",
            "id": "rtb-085618a05684be38d",
            "owner_id": "058264231384",
            "propagating_vgws": [],
            "region": "us-east-1",
            "route": [],
            "tags": {
              "Name": "dev-default-route-table",
              "environment": "dev",
              "owners": "SAP"
            },
            "tags_all": {
              "Name": "dev-default-route-table",
              "environment": "dev",
              "owners": "SAP"
            },
            "timeouts": {
              "create": "5m",
              "update": "5m"
            },
            "vpc_id": "vpc-0fdc54a7de6c27b17"
          },
          "sensitive_attributes": [],
          "private": "eyJlMmJmYjczMC1lY2FhLTExZTYtOGY4OC0zNDM2M2JjN2M0YzAiOnsiY3JlYXRlIjozMDAwMDAwMDAwMDAsInVwZGF0ZSI6MzAwMDAwMDAwMDAwfX0=",
          "dependencies": [
            "module.vpc.aws_vpc.this"
          ]
        }
      ]
    },
    {
      "module": "module.vpc",
      "mode": "managed",
      "type": "aws_default_security_group",
      "name": "this",
      "provider": "provider[\"registry.terraform.io/hashicorp/aws\"]",
      "instances": [
        {
          "index_key": 0,
          "schema_version": 1,
          "attributes": {
            "arn": "arn:aws:ec2:us-east-1:058264231384:security-group/sg-00ed7b7f5b00c20da",
            "description": "default VPC security group",
            "egress": [],
            "id": "sg-00ed7b7f5b00c20da",
            "ingress": [],
            "name": "default",
            "name_prefix": "",
            "owner_id": "058264231384",
            "region": "us-east-1",
            "revoke_rules_on_delete": false,
            "tags": {
              "Name": "vpc-dev-default",
              "environment": "dev",
              "owners": "SAP"
            },
            "tags_all": {
              "Name": "vpc-dev-default",
              "environment": "dev",
              "owners": "SAP"
            },
            "vpc_id": "vpc-0fdc54a7de6c27b17"
          },
          "sensitive_attributes": [],
          "private": "eyJzY2hlbWFfdmVyc2lvbiI6IjEifQ==",
          "dependencies": [
            "module.vpc.aws_vpc.this"
          ]
        }
      ]
    },
    {
      "module": "module.vpc",
      "mode": "managed",
      "type": "aws_eip",
      "name": "nat",
      "provider": "provider[\"registry.terraform.io/hashicorp/aws\"]",
      "instances": [
        {
          "index_key": 0,
          "schema_version": 0,
          "attributes": {
            "address": null,
            "allocation_id": "eipalloc-0e08c254b93a5ffe6",
            "arn": "arn:aws:ec2:us-east-1:058264231384:elastic-ip/eipalloc-0e08c254b93a5ffe6",
            "associate_with_private_ip": null,
            "association_id": "eipassoc-0f24e2d3df6fdfc39",
            "carrier_ip": "",
            "customer_owned_ip": "",
            "customer_owned_ipv4_pool": "",
            "domain": "vpc",
            "id": "eipalloc-0e08c254b93a5ffe6",
            "instance": "",
            "ipam_pool_id": null,
            "network_border_group": "us-east-1",
            "network_interface": "eni-0bbc62af615db3ec2",
            "private_dns": "ip-10-0-101-211.ec2.internal",
            "private_ip": "10.0.101.211",
            "ptr_record": "",
            "public_dns": "ec2-23-20-16-138.compute-1.amazonaws.com",
            "public_ip": "23.20.16.138",
            "public_ipv4_pool": "amazon",
            "region": "us-east-1",
            "tags": {
              "Name": "vpc-dev-us-east-1a",
              "environment": "dev",
              "owners": "SAP"
            },
            "tags_all": {
              "Name": "vpc-dev-us-east-1a",
              "environment": "dev",
              "owners": "SAP"
            },
            "timeouts": null
          },
          "sensitive_attributes": [],
          "private": "eyJlMmJmYjczMC1lY2FhLTExZTYtOGY4OC0zNDM2M2JjN2M0YzAiOnsiZGVsZXRlIjoxODAwMDAwMDAwMDAsInJlYWQiOjkwMDAwMDAwMDAwMCwidXBkYXRlIjozMDAwMDAwMDAwMDB9fQ==",
          "dependencies": [
            "module.vpc.aws_internet_gateway.this",
            "module.vpc.aws_vpc.this",
            "module.vpc.aws_vpc_ipv4_cidr_block_association.this"
          ]
        },
        {
          "index_key": 1,
          "schema_version": 0,
          "attributes": {
            "address": null,
            "allocation_id": "eipalloc-0e39d5536697a6a91",
            "arn": "arn:aws:ec2:us-east-1:058264231384:elastic-ip/eipalloc-0e39d5536697a6a91",
            "associate_with_private_ip": null,
            "association_id": "eipassoc-01871d8a9394da949",
            "carrier_ip": "",
            "customer_owned_ip": "",
            "customer_owned_ipv4_pool": "",
            "domain": "vpc",
            "id": "eipalloc-0e39d5536697a6a91",
            "instance": "",
            "ipam_pool_id": null,
            "network_border_group": "us-east-1",
            "network_interface": "eni-009827a43e9c6505e",
            "private_dns": "ip-10-0-102-149.ec2.internal",
            "private_ip": "10.0.102.149",
            "ptr_record": "",
            "public_dns": "ec2-52-23-2-114.compute-1.amazonaws.com",
            "public_ip": "52.23.2.114",
            "public_ipv4_pool": "amazon",
            "region": "us-east-1",
            "tags": {
              "Name": "vpc-dev-us-east-1b",
              "environment": "dev",
              "owners": "SAP"
            },
            "tags_all": {
              "Name": "vpc-dev-us-east-1b",
              "environment": "dev",
              "owners": "SAP"
            },
            "timeouts": null
          },
          "sensitive_attributes": [],
          "private": "eyJlMmJmYjczMC1lY2FhLTExZTYtOGY4OC0zNDM2M2JjN2M0YzAiOnsiZGVsZXRlIjoxODAwMDAwMDAwMDAsInJlYWQiOjkwMDAwMDAwMDAwMCwidXBkYXRlIjozMDAwMDAwMDAwMDB9fQ==",
          "dependencies": [
            "module.vpc.aws_internet_gateway.this",
            "module.vpc.aws_vpc.this",
            "module.vpc.aws_vpc_ipv4_cidr_block_association.this"
          ]
        }
      ]
    },
    {
      "module": "module.vpc",
      "mode": "managed",
      "type": "aws_internet_gateway",
      "name": "this",
      "provider": "provider[\"registry.terraform.io/hashicorp/aws\"]",
      "instances": [
        {
          "index_key": 0,
          "schema_version": 0,
          "attributes": {
            "arn": "arn:aws:ec2:us-east-1:058264231384:internet-gateway/igw-0d757f019e372b817",
            "id": "igw-0d757f019e372b817",
            "owner_id": "058264231384",
            "region": "us-east-1",
            "tags": {
              "Name": "vpc-dev",
              "environment": "dev",
              "owners": "SAP"
            },
            "tags_all": {
              "Name": "vpc-dev",
              "environment": "dev",
              "owners": "SAP"
            },
            "timeouts": null,
            "vpc_id": "vpc-0fdc54a7de6c27b17"
          },
          "sensitive_attributes": [],
          "private": "eyJlMmJmYjczMC1lY2FhLTExZTYtOGY4OC0zNDM2M2JjN2M0YzAiOnsiY3JlYXRlIjoxMjAwMDAwMDAwMDAwLCJkZWxldGUiOjEyMDAwMDAwMDAwMDAsInVwZGF0ZSI6MTIwMDAwMDAwMDAwMH19",
          "dependencies": [
            "module.vpc.aws_vpc.this",
            "module.vpc.aws_vpc_ipv4_cidr_block_association.this"
          ]
        }
      ]
    },
    {
      "module": "module.vpc",
      "mode": "managed",
      "type": "aws_nat_gateway",
      "name": "this",
      "provider": "provider[\"registry.terraform.io/hashicorp/aws\"]",
      "instances": [
        {
          "index_key": 0,
          "schema_version": 0,
          "attributes": {
            "allocation_id": "eipalloc-0e08c254b93a5ffe6",
            "association_id": "eipassoc-0f24e2d3df6fdfc39",
            "connectivity_type": "public",
            "id": "nat-0e9186f7f1d9d746d",
            "network_interface_id": "eni-0bbc62af615db3ec2",
            "private_ip": "10.0.101.211",
            "public_ip": "23.20.16.138",
            "region": "us-east-1",
            "secondary_allocation_ids": [],
            "secondary_private_ip_address_count": 0,
            "secondary_private_ip_addresses": [],
            "subnet_id": "subnet-0c2b191dcc441db9f",
            "tags": {
              "Name": "dev-nat-gateway",
              "environment": "dev",
              "owners": "SAP"
            },
            "tags_all": {
              "Name": "dev-nat-gateway",
              "environment": "dev",
              "owners": "SAP"
            },
            "timeouts": null
          },
          "sensitive_attributes": [],
          "private": "eyJlMmJmYjczMC1lY2FhLTExZTYtOGY4OC0zNDM2M2JjN2M0YzAiOnsiY3JlYXRlIjo2MDAwMDAwMDAwMDAsImRlbGV0ZSI6MTgwMDAwMDAwMDAwMCwidXBkYXRlIjo2MDAwMDAwMDAwMDB9fQ==",
          "dependencies": [
            "module.vpc.aws_eip.nat",
            "module.vpc.aws_internet_gateway.this",
            "module.vpc.aws_subnet.public",
            "module.vpc.aws_vpc.this",
            "module.vpc.aws_vpc_ipv4_cidr_block_association.this"
          ]
        },
        {
          "index_key": 1,
          "schema_version": 0,
          "attributes": {
            "allocation_id": "eipalloc-0e39d5536697a6a91",
            "association_id": "eipassoc-01871d8a9394da949",
            "connectivity_type": "public",
            "id": "nat-0c73e98906d50340b",
            "network_interface_id": "eni-009827a43e9c6505e",
            "private_ip": "10.0.102.149",
            "public_ip": "52.23.2.114",
            "region": "us-east-1",
            "secondary_allocation_ids": [],
            "secondary_private_ip_address_count": 0,
            "secondary_private_ip_addresses": [],
            "subnet_id": "subnet-0299f3a393b1dda41",
            "tags": {
              "Name": "dev-nat-gateway",
              "environment": "dev",
              "owners": "SAP"
            },
            "tags_all": {
              "Name": "dev-nat-gateway",
              "environment": "dev",
              "owners": "SAP"
            },
            "timeouts": null
          },
          "sensitive_attributes": [],
          "private": "eyJlMmJmYjczMC1lY2FhLTExZTYtOGY4OC0zNDM2M2JjN2M0YzAiOnsiY3JlYXRlIjo2MDAwMDAwMDAwMDAsImRlbGV0ZSI6MTgwMDAwMDAwMDAwMCwidXBkYXRlIjo2MDAwMDAwMDAwMDB9fQ==",
          "dependencies": [
            "module.vpc.aws_eip.nat",
            "module.vpc.aws_internet_gateway.this",
            "module.vpc.aws_subnet.public",
            "module.vpc.aws_vpc.this",
            "module.vpc.aws_vpc_ipv4_cidr_block_association.this"
          ]
        }
      ]
    },
    {
      "module": "module.vpc",
      "mode": "managed",
      "type": "aws_route",
      "name": "private_nat_gateway",
      "provider": "provider[\"registry.terraform.io/hashicorp/aws\"]",
      "instances": [
        {
          "index_key": 0,
          "schema_version": 0,
          "attributes": {
            "carrier_gateway_id": "",
            "core_network_arn": "",
            "destination_cidr_block": "0.0.0.0/0",
            "destination_ipv6_cidr_block": "",
            "destination_prefix_list_id": "",
            "egress_only_gateway_id": "",
            "gateway_id": "",
            "id": "r-rtb-0cd0666d3781490b41080289494",
            "instance_id": "",
            "instance_owner_id": "",
            "local_gateway_id": "",
            "nat_gateway_id": "nat-0e9186f7f1d9d746d",
            "network_interface_id": "",
            "origin": "CreateRoute",
            "region": "us-east-1",
            "route_table_id": "rtb-0cd0666d3781490b4",
            "state": "active",
            "timeouts": {
              "create": "5m",
              "delete": null,
              "update": null
            },
            "transit_gateway_id": "",
            "vpc_endpoint_id": "",
            "vpc_peering_connection_id": ""
          },
          "sensitive_attributes": [],
          "private": "eyJlMmJmYjczMC1lY2FhLTExZTYtOGY4OC0zNDM2M2JjN2M0YzAiOnsiY3JlYXRlIjozMDAwMDAwMDAwMDAsImRlbGV0ZSI6MzAwMDAwMDAwMDAwLCJ1cGRhdGUiOjEyMDAwMDAwMDAwMH19",
          "dependencies": [
            "module.vpc.aws_eip.nat",
            "module.vpc.aws_internet_gateway.this",
            "module.vpc.aws_nat_gateway.this",
            "module.vpc.aws_route_table.private",
            "module.vpc.aws_subnet.public",
            "module.vpc.aws_vpc.this",
            "module.vpc.aws_vpc_ipv4_cidr_block_association.this"
          ]
        },
        {
          "index_key": 1,
          "schema_version": 0,
          "attributes": {
            "carrier_gateway_id": "",
            "core_network_arn": "",
            "destination_cidr_block": "0.0.0.0/0",
            "destination_ipv6_cidr_block": "",
            "destination_prefix_list_id": "",
            "egress_only_gateway_id": "",
            "gateway_id": "",
            "id": "r-rtb-020619be7944c02dd1080289494",
            "instance_id": "",
            "instance_owner_id": "",
            "local_gateway_id": "",
            "nat_gateway_id": "nat-0c73e98906d50340b",
            "network_interface_id": "",
            "origin": "CreateRoute",
            "region": "us-east-1",
            "route_table_id": "rtb-020619be7944c02dd",
            "state": "active",
            "timeouts": {
              "create": "5m",
              "delete": null,
              "update": null
            },
            "transit_gateway_id": "",
            "vpc_endpoint_id": "",
            "vpc_peering_connection_id": ""
          },
          "sensitive_attributes": [],
          "private": "eyJlMmJmYjczMC1lY2FhLTExZTYtOGY4OC0zNDM2M2JjN2M0YzAiOnsiY3JlYXRlIjozMDAwMDAwMDAwMDAsImRlbGV0ZSI6MzAwMDAwMDAwMDAwLCJ1cGRhdGUiOjEyMDAwMDAwMDAwMH19",
          "dependencies": [
            "module.vpc.aws_eip.nat",
            "module.vpc.aws_internet_gateway.this",
            "module.vpc.aws_nat_gateway.this",
            "module.vpc.aws_route_table.private",
            "module.vpc.aws_subnet.public",
            "module.vpc.aws_vpc.this",
            "module.vpc.aws_vpc_ipv4_cidr_block_association.this"
          ]
        }
      ]
    },
    {
      "module": "module.vpc",
      "mode": "managed",
      "type": "aws_route",
      "name": "public_internet_gateway",
      "provider": "provider[\"registry.terraform.io/hashicorp/aws\"]",
      "instances": [
        {
          "index_key": 0,
          "schema_version": 0,
          "attributes": {
            "carrier_gateway_id": "",
            "core_network_arn": "",
            "destination_cidr_block": "0.0.0.0/0",
            "destination_ipv6_cidr_block": "",
            "destination_prefix_list_id": "",
            "egress_only_gateway_id": "",
            "gateway_id": "igw-0d757f019e372b817",
            "id": "r-rtb-0c41a9a7459dee8b41080289494",
            "instance_id": "",
            "instance_owner_id": "",
            "local_gateway_id": "",
            "nat_gateway_id": "",
            "network_interface_id": "",
            "origin": "CreateRoute",
            "region": "us-east-1",
            "route_table_id": "rtb-0c41a9a7459dee8b4",
            "state": "active",
            "timeouts": {
              "create": "5m",
              "delete": null,
              "update": null
            },
            "transit_gateway_id": "",
            "vpc_endpoint_id": "",
            "vpc_peering_connection_id": ""
          },
          "sensitive_attributes": [],
          "private": "eyJlMmJmYjczMC1lY2FhLTExZTYtOGY4OC0zNDM2M2JjN2M0YzAiOnsiY3JlYXRlIjozMDAwMDAwMDAwMDAsImRlbGV0ZSI6MzAwMDAwMDAwMDAwLCJ1cGRhdGUiOjEyMDAwMDAwMDAwMH19",
          "dependencies": [
            "module.vpc.aws_internet_gateway.this",
            "module.vpc.aws_route_table.public",
            "module.vpc.aws_vpc.this",
            "module.vpc.aws_vpc_ipv4_cidr_block_association.this"
          ]
        }
      ]
    },
    {
      "module": "module.vpc",
      "mode": "managed",
      "type": "aws_route_table",
      "name": "database",
      "provider": "provider[\"registry.terraform.io/hashicorp/aws\"]",
      "instances": [
        {
          "index_key": 0,
          "schema_version": 0,
          "attributes": {
            "arn": "arn:aws:ec2:us-east-1:058264231384:route-table/rtb-0f8203144a981d387",
            "id": "rtb-0f8203144a981d387",
            "owner_id": "058264231384",
            "propagating_vgws": [],
            "region": "us-east-1",
            "route": [],
            "tags": {
              "Name": "vpc-dev-db-us-east-1a",
              "environment": "dev",
              "owners": "SAP"
            },
            "tags_all": {
              "Name": "vpc-dev-db-us-east-1a",
              "environment": "dev",
              "owners": "SAP"
            },
            "timeouts": null,
            "vpc_id": "vpc-0fdc54a7de6c27b17"
          },
          "sensitive_attributes": [],
          "private": "eyJlMmJmYjczMC1lY2FhLTExZTYtOGY4OC0zNDM2M2JjN2M0YzAiOnsiY3JlYXRlIjozMDAwMDAwMDAwMDAsImRlbGV0ZSI6MzAwMDAwMDAwMDAwLCJ1cGRhdGUiOjEyMDAwMDAwMDAwMH19",
          "dependencies": [
            "module.vpc.aws_vpc.this",
            "module.vpc.aws_vpc_ipv4_cidr_block_association.this"
          ]
        },
        {
          "index_key": 1,
          "schema_version": 0,
          "attributes": {
            "arn": "arn:aws:ec2:us-east-1:058264231384:route-table/rtb-0973e6dfa5b44986d",
            "id": "rtb-0973e6dfa5b44986d",
            "owner_id": "058264231384",
            "propagating_vgws": [],
            "region": "us-east-1",
            "route": [],
            "tags": {
              "Name": "vpc-dev-db-us-east-1b",
              "environment": "dev",
              "owners": "SAP"
            },
            "tags_all": {
              "Name": "vpc-dev-db-us-east-1b",
              "environment": "dev",
              "owners": "SAP"
            },
            "timeouts": null,
            "vpc_id": "vpc-0fdc54a7de6c27b17"
          },
          "sensitive_attributes": [],
          "private": "eyJlMmJmYjczMC1lY2FhLTExZTYtOGY4OC0zNDM2M2JjN2M0YzAiOnsiY3JlYXRlIjozMDAwMDAwMDAwMDAsImRlbGV0ZSI6MzAwMDAwMDAwMDAwLCJ1cGRhdGUiOjEyMDAwMDAwMDAwMH19",
          "dependencies": [
            "module.vpc.aws_vpc.this",
            "module.vpc.aws_vpc_ipv4_cidr_block_association.this"
          ]
        }
      ]
    },
    {
      "module": "module.vpc",
      "mode": "managed",
      "type": "aws_route_table",
      "name": "private",
      "provider": "provider[\"registry.terraform.io/hashicorp/aws\"]",
      "instances": [
        {
          "index_key": 0,
          "schema_version": 0,
          "attributes": {
            "arn": "arn:aws:ec2:us-east-1:058264231384:route-table/rtb-0cd0666d3781490b4",
            "id": "rtb-0cd0666d3781490b4",
            "owner_id": "058264231384",
            "propagating_vgws": [],
            "region": "us-east-1",
            "route": [
              {
                "carrier_gateway_id": "",
                "cidr_block": "0.0.0.0/0",
                "core_network_arn": "",
                "destination_prefix_list_id": "",
                "egress_only_gateway_id": "",
                "gateway_id": "",
                "ipv6_cidr_block": "",
                "local_gateway_id": "",
                "nat_gateway_id": "nat-0e9186f7f1d9d746d",
                "network_interface_id": "",
                "transit_gateway_id": "",
                "vpc_endpoint_id": "",
                "vpc_peering_connection_id": ""
              }
            ],
            "tags": {
              "Name": "vpc-dev-private-us-east-1a",
              "environment": "dev",
              "owners": "SAP"
            },
            "tags_all": {
              "Name": "vpc-dev-private-us-east-1a",
              "environment": "dev",
              "owners": "SAP"
            },
            "timeouts": null,
            "vpc_id": "vpc-0fdc54a7de6c27b17"
          },
          "sensitive_attributes": [],
          "private": "eyJlMmJmYjczMC1lY2FhLTExZTYtOGY4OC0zNDM2M2JjN2M0YzAiOnsiY3JlYXRlIjozMDAwMDAwMDAwMDAsImRlbGV0ZSI6MzAwMDAwMDAwMDAwLCJ1cGRhdGUiOjEyMDAwMDAwMDAwMH19",
          "dependencies": [
            "module.vpc.aws_vpc.this",
            "module.vpc.aws_vpc_ipv4_cidr_block_association.this"
          ]
        },
        {
          "index_key": 1,
          "schema_version": 0,
          "attributes": {
            "arn": "arn:aws:ec2:us-east-1:058264231384:route-table/rtb-020619be7944c02dd",
            "id": "rtb-020619be7944c02dd",
            "owner_id": "058264231384",
            "propagating_vgws": [],
            "region": "us-east-1",
            "route": [
              {
                "carrier_gateway_id": "",
                "cidr_block": "0.0.0.0/0",
                "core_network_arn": "",
                "destination_prefix_list_id": "",
                "egress_only_gateway_id": "",
                "gateway_id": "",
                "ipv6_cidr_block": "",
                "local_gateway_id": "",
                "nat_gateway_id": "nat-0c73e98906d50340b",
                "network_interface_id": "",
                "transit_gateway_id": "",
                "vpc_endpoint_id": "",
                "vpc_peering_connection_id": ""
              }
            ],
            "tags": {
              "Name": "vpc-dev-private-us-east-1b",
              "environment": "dev",
              "owners": "SAP"
            },
            "tags_all": {
              "Name": "vpc-dev-private-us-east-1b",
              "environment": "dev",
              "owners": "SAP"
            },
            "timeouts": null,
            "vpc_id": "vpc-0fdc54a7de6c27b17"
          },
          "sensitive_attributes": [],
          "private": "eyJlMmJmYjczMC1lY2FhLTExZTYtOGY4OC0zNDM2M2JjN2M0YzAiOnsiY3JlYXRlIjozMDAwMDAwMDAwMDAsImRlbGV0ZSI6MzAwMDAwMDAwMDAwLCJ1cGRhdGUiOjEyMDAwMDAwMDAwMH19",
          "dependencies": [
            "module.vpc.aws_vpc.this",
            "module.vpc.aws_vpc_ipv4_cidr_block_association.this"
          ]
        }
      ]
    },
    {
      "module": "module.vpc",
      "mode": "managed",
      "type": "aws_route_table",
      "name": "public",
      "provider": "provider[\"registry.terraform.io/hashicorp/aws\"]",
      "instances": [
        {
          "index_key": 0,
          "schema_version": 0,
          "attributes": {
            "arn": "arn:aws:ec2:us-east-1:058264231384:route-table/rtb-0c41a9a7459dee8b4",
            "id": "rtb-0c41a9a7459dee8b4",
            "owner_id": "058264231384",
            "propagating_vgws": [],
            "region": "us-east-1",
            "route": [
              {
                "carrier_gateway_id": "",
                "cidr_block": "0.0.0.0/0",
                "core_network_arn": "",
                "destination_prefix_list_id": "",
                "egress_only_gateway_id": "",
                "gateway_id": "igw-0d757f019e372b817",
                "ipv6_cidr_block": "",
                "local_gateway_id": "",
                "nat_gateway_id": "",
                "network_interface_id": "",
                "transit_gateway_id": "",
                "vpc_endpoint_id": "",
                "vpc_peering_connection_id": ""
              }
            ],
            "tags": {
              "Name": "vpc-dev-public",
              "environment": "dev",
              "owners": "SAP"
            },
            "tags_all": {
              "Name": "vpc-dev-public",
              "environment": "dev",
              "owners": "SAP"
            },
            "timeouts": null,
            "vpc_id": "vpc-0fdc54a7de6c27b17"
          },
          "sensitive_attributes": [],
          "private": "eyJlMmJmYjczMC1lY2FhLTExZTYtOGY4OC0zNDM2M2JjN2M0YzAiOnsiY3JlYXRlIjozMDAwMDAwMDAwMDAsImRlbGV0ZSI6MzAwMDAwMDAwMDAwLCJ1cGRhdGUiOjEyMDAwMDAwMDAwMH19",
          "dependencies": [
            "module.vpc.aws_vpc.this",
            "module.vpc.aws_vpc_ipv4_cidr_block_association.this"
          ]
        }
      ]
    },
    {
      "module": "module.vpc",
      "mode": "managed",
      "type": "aws_route_table_association",
      "name": "database",
      "provider": "provider[\"registry.terraform.io/hashicorp/aws\"]",
      "instances": [
        {
          "index_key": 0,
          "schema_version": 0,
          "attributes": {
            "gateway_id": "",
            "id": "rtbassoc-0477aab6b4524da5d",
            "region": "us-east-1",
            "route_table_id": "rtb-0f8203144a981d387",
            "subnet_id": "subnet-08af3e469b435321b",
            "timeouts": null
          },
          "sensitive_attributes": [],
          "private": "eyJlMmJmYjczMC1lY2FhLTExZTYtOGY4OC0zNDM2M2JjN2M0YzAiOnsiY3JlYXRlIjozMDAwMDAwMDAwMDAsImRlbGV0ZSI6MzAwMDAwMDAwMDAwLCJ1cGRhdGUiOjEyMDAwMDAwMDAwMH19",
          "dependencies": [
            "module.vpc.aws_route_table.database",
            "module.vpc.aws_route_table.private",
            "module.vpc.aws_subnet.database",
            "module.vpc.aws_vpc.this",
            "module.vpc.aws_vpc_ipv4_cidr_block_association.this"
          ]
        },
        {
          "index_key": 1,
          "schema_version": 0,
          "attributes": {
            "gateway_id": "",
            "id": "rtbassoc-0081ea73b5e38bd58",
            "region": "us-east-1",
            "route_table_id": "rtb-0973e6dfa5b44986d",
            "subnet_id": "subnet-01d4b56573c38aa8e",
            "timeouts": null
          },
          "sensitive_attributes": [],
          "private": "eyJlMmJmYjczMC1lY2FhLTExZTYtOGY4OC0zNDM2M2JjN2M0YzAiOnsiY3JlYXRlIjozMDAwMDAwMDAwMDAsImRlbGV0ZSI6MzAwMDAwMDAwMDAwLCJ1cGRhdGUiOjEyMDAwMDAwMDAwMH19",
          "dependencies": [
            "module.vpc.aws_route_table.database",
            "module.vpc.aws_route_table.private",
            "module.vpc.aws_subnet.database",
            "module.vpc.aws_vpc.this",
            "module.vpc.aws_vpc_ipv4_cidr_block_association.this"
          ]
        }
      ]
    },
    {
      "module": "module.vpc",
      "mode": "managed",
      "type": "aws_route_table_association",
      "name": "private",
      "provider": "provider[\"registry.terraform.io/hashicorp/aws\"]",
      "instances": [
        {
          "index_key": 0,
          "schema_version": 0,
          "attributes": {
            "gateway_id": "",
            "id": "rtbassoc-089a55b0f6c3a64a6",
            "region": "us-east-1",
            "route_table_id": "rtb-0cd0666d3781490b4",
            "subnet_id": "subnet-0960ed34916c4b0f3",
            "timeouts": null
          },
          "sensitive_attributes": [],
          "private": "eyJlMmJmYjczMC1lY2FhLTExZTYtOGY4OC0zNDM2M2JjN2M0YzAiOnsiY3JlYXRlIjozMDAwMDAwMDAwMDAsImRlbGV0ZSI6MzAwMDAwMDAwMDAwLCJ1cGRhdGUiOjEyMDAwMDAwMDAwMH19",
          "dependencies": [
            "module.vpc.aws_route_table.private",
            "module.vpc.aws_subnet.private",
            "module.vpc.aws_vpc.this",
            "module.vpc.aws_vpc_ipv4_cidr_block_association.this"
          ]
        },
        {
          "index_key": 1,
          "schema_version": 0,
          "attributes": {
            "gateway_id": "",
            "id": "rtbassoc-00d866c3bc61fedd4",
            "region": "us-east-1",
            "route_table_id": "rtb-020619be7944c02dd",
            "subnet_id": "subnet-09c68e78fb1030af3",
            "timeouts": null
          },
          "sensitive_attributes": [],
          "private": "eyJlMmJmYjczMC1lY2FhLTExZTYtOGY4OC0zNDM2M2JjN2M0YzAiOnsiY3JlYXRlIjozMDAwMDAwMDAwMDAsImRlbGV0ZSI6MzAwMDAwMDAwMDAwLCJ1cGRhdGUiOjEyMDAwMDAwMDAwMH19",
          "dependencies": [
            "module.vpc.aws_route_table.private",
            "module.vpc.aws_subnet.private",
            "module.vpc.aws_vpc.this",
            "module.vpc.aws_vpc_ipv4_cidr_block_association.this"
          ]
        }
      ]
    },
    {
      "module": "module.vpc",
      "mode": "managed",
      "type": "aws_route_table_association",
      "name": "public",
      "provider": "provider[\"registry.terraform.io/hashicorp/aws\"]",
      "instances": [
        {
          "index_key": 0,
          "schema_version": 0,
          "attributes": {
            "gateway_id": "",
            "id": "rtbassoc-0197f8af1d2961e76",
            "region": "us-east-1",
            "route_table_id": "rtb-0c41a9a7459dee8b4",
            "subnet_id": "subnet-0c2b191dcc441db9f",
            "timeouts": null
          },
          "sensitive_attributes": [],
          "private": "eyJlMmJmYjczMC1lY2FhLTExZTYtOGY4OC0zNDM2M2JjN2M0YzAiOnsiY3JlYXRlIjozMDAwMDAwMDAwMDAsImRlbGV0ZSI6MzAwMDAwMDAwMDAwLCJ1cGRhdGUiOjEyMDAwMDAwMDAwMH19",
          "dependencies": [
            "module.vpc.aws_route_table.public",
            "module.vpc.aws_subnet.public",
            "module.vpc.aws_vpc.this",
            "module.vpc.aws_vpc_ipv4_cidr_block_association.this"
          ]
        },
        {
          "index_key": 1,
          "schema_version": 0,
          "attributes": {
            "gateway_id": "",
            "id": "rtbassoc-0f51168f1ad4fc469",
            "region": "us-east-1",
            "route_table_id": "rtb-0c41a9a7459dee8b4",
            "subnet_id": "subnet-0299f3a393b1dda41",
            "timeouts": null
          },
          "sensitive_attributes": [],
          "private": "eyJlMmJmYjczMC1lY2FhLTExZTYtOGY4OC0zNDM2M2JjN2M0YzAiOnsiY3JlYXRlIjozMDAwMDAwMDAwMDAsImRlbGV0ZSI6MzAwMDAwMDAwMDAwLCJ1cGRhdGUiOjEyMDAwMDAwMDAwMH19",
          "dependencies": [
            "module.vpc.aws_route_table.public",
            "module.vpc.aws_subnet.public",
            "module.vpc.aws_vpc.this",
            "module.vpc.aws_vpc_ipv4_cidr_block_association.this"
          ]
        }
      ]
    },
    {
      "module": "module.vpc",
      "mode": "managed",
      "type": "aws_subnet",
      "name": "database",
      "provider": "provider[\"registry.terraform.io/hashicorp/aws\"]",
      "instances": [
        {
          "index_key": 0,
          "schema_version": 1,
          "attributes": {
            "arn": "arn:aws:ec2:us-east-1:058264231384:subnet/subnet-08af3e469b435321b",
            "assign_ipv6_address_on_creation": false,
            "availability_zone": "us-east-1a",
            "availability_zone_id": "use1-az4",
            "cidr_block": "10.0.151.0/24",
            "customer_owned_ipv4_pool": "",
            "enable_dns64": false,
            "enable_lni_at_device_index": 0,
            "enable_resource_name_dns_a_record_on_launch": false,
            "enable_resource_name_dns_aaaa_record_on_launch": false,
            "id": "subnet-08af3e469b435321b",
            "ipv6_cidr_block": "",
            "ipv6_cidr_block_association_id": "",
            "ipv6_native": false,
            "map_customer_owned_ip_on_launch": false,
            "map_public_ip_on_launch": false,
            "outpost_arn": "",
            "owner_id": "058264231384",
            "private_dns_hostname_type_on_launch": "ip-name",
            "region": "us-east-1",
            "tags": {
              "Name": "DB Subnet AZ-1",
              "Type": "Private Database Subnets",
              "environment": "dev",
              "owners": "SAP"
            },
            "tags_all": {
              "Name": "DB Subnet AZ-1",
              "Type": "Private Database Subnets",
              "environment": "dev",
              "owners": "SAP"
            },
            "timeouts": null,
            "vpc_id": "vpc-0fdc54a7de6c27b17"
          },
          "sensitive_attributes": [],
          "private": "eyJlMmJmYjczMC1lY2FhLTExZTYtOGY4OC0zNDM2M2JjN2M0YzAiOnsiY3JlYXRlIjo2MDAwMDAwMDAwMDAsImRlbGV0ZSI6MTIwMDAwMDAwMDAwMH0sInNjaGVtYV92ZXJzaW9uIjoiMSJ9",
          "dependencies": [
            "module.vpc.aws_vpc.this",
            "module.vpc.aws_vpc_ipv4_cidr_block_association.this"
          ]
        },
        {
          "index_key": 1,
          "schema_version": 1,
          "attributes": {
            "arn": "arn:aws:ec2:us-east-1:058264231384:subnet/subnet-01d4b56573c38aa8e",
            "assign_ipv6_address_on_creation": false,
            "availability_zone": "us-east-1b",
            "availability_zone_id": "use1-az6",
            "cidr_block": "10.0.152.0/24",
            "customer_owned_ipv4_pool": "",
            "enable_dns64": false,
            "enable_lni_at_device_index": 0,
            "enable_resource_name_dns_a_record_on_launch": false,
            "enable_resource_name_dns_aaaa_record_on_launch": false,
            "id": "subnet-01d4b56573c38aa8e",
            "ipv6_cidr_block": "",
            "ipv6_cidr_block_association_id": "",
            "ipv6_native": false,
            "map_customer_owned_ip_on_launch": false,
            "map_public_ip_on_launch": false,
            "outpost_arn": "",
            "owner_id": "058264231384",
            "private_dns_hostname_type_on_launch": "ip-name",
            "region": "us-east-1",
            "tags": {
              "Name": "DB Subnet AZ-2",
              "Type": "Private Database Subnets",
              "environment": "dev",
              "owners": "SAP"
            },
            "tags_all": {
              "Name": "DB Subnet AZ-2",
              "Type": "Private Database Subnets",
              "environment": "dev",
              "owners": "SAP"
            },
            "timeouts": null,
            "vpc_id": "vpc-0fdc54a7de6c27b17"
          },
          "sensitive_attributes": [],
          "private": "eyJlMmJmYjczMC1lY2FhLTExZTYtOGY4OC0zNDM2M2JjN2M0YzAiOnsiY3JlYXRlIjo2MDAwMDAwMDAwMDAsImRlbGV0ZSI6MTIwMDAwMDAwMDAwMH0sInNjaGVtYV92ZXJzaW9uIjoiMSJ9",
          "dependencies": [
            "module.vpc.aws_vpc.this",
            "module.vpc.aws_vpc_ipv4_cidr_block_association.this"
          ]
        }
      ]
    },
    {
      "module": "module.vpc",
      "mode": "managed",
      "type": "aws_subnet",
      "name": "private",
      "provider": "provider[\"registry.terraform.io/hashicorp/aws\"]",
      "instances": [
        {
          "index_key": 0,
          "schema_version": 1,
          "attributes": {
            "arn": "arn:aws:ec2:us-east-1:058264231384:subnet/subnet-0960ed34916c4b0f3",
            "assign_ipv6_address_on_creation": false,
            "availability_zone": "us-east-1a",
            "availability_zone_id": "use1-az4",
            "cidr_block": "10.0.1.0/24",
            "customer_owned_ipv4_pool": "",
            "enable_dns64": false,
            "enable_lni_at_device_index": 0,
            "enable_resource_name_dns_a_record_on_launch": false,
            "enable_resource_name_dns_aaaa_record_on_launch": false,
            "id": "subnet-0960ed34916c4b0f3",
            "ipv6_cidr_block": "",
            "ipv6_cidr_block_association_id": "",
            "ipv6_native": false,
            "map_customer_owned_ip_on_launch": false,
            "map_public_ip_on_launch": false,
            "outpost_arn": "",
            "owner_id": "058264231384",
            "private_dns_hostname_type_on_launch": "ip-name",
            "region": "us-east-1",
            "tags": {
              "Name": "Private Subnet AZ-1",
              "Type": "Private Subnets",
              "environment": "dev",
              "owners": "SAP"
            },
            "tags_all": {
              "Name": "Private Subnet AZ-1",
              "Type": "Private Subnets",
              "environment": "dev",
              "owners": "SAP"
            },
            "timeouts": null,
            "vpc_id": "vpc-0fdc54a7de6c27b17"
          },
          "sensitive_attributes": [],
          "private": "eyJlMmJmYjczMC1lY2FhLTExZTYtOGY4OC0zNDM2M2JjN2M0YzAiOnsiY3JlYXRlIjo2MDAwMDAwMDAwMDAsImRlbGV0ZSI6MTIwMDAwMDAwMDAwMH0sInNjaGVtYV92ZXJzaW9uIjoiMSJ9",
          "dependencies": [
            "module.vpc.aws_vpc.this",
            "module.vpc.aws_vpc_ipv4_cidr_block_association.this"
          ],
          "create_before_destroy": true
        },
        {
          "index_key": 1,
          "schema_version": 1,
          "attributes": {
            "arn": "arn:aws:ec2:us-east-1:058264231384:subnet/subnet-09c68e78fb1030af3",
            "assign_ipv6_address_on_creation": false,
            "availability_zone": "us-east-1b",
            "availability_zone_id": "use1-az6",
            "cidr_block": "10.0.2.0/24",
            "customer_owned_ipv4_pool": "",
            "enable_dns64": false,
            "enable_lni_at_device_index": 0,
            "enable_resource_name_dns_a_record_on_launch": false,
            "enable_resource_name_dns_aaaa_record_on_launch": false,
            "id": "subnet-09c68e78fb1030af3",
            "ipv6_cidr_block": "",
            "ipv6_cidr_block_association_id": "",
            "ipv6_native": false,
            "map_customer_owned_ip_on_launch": false,
            "map_public_ip_on_launch": false,
            "outpost_arn": "",
            "owner_id": "058264231384",
            "private_dns_hostname_type_on_launch": "ip-name",
            "region": "us-east-1",
            "tags": {
              "Name": "Private Subnet AZ-2",
              "Type": "Private Subnets",
              "environment": "dev",
              "owners": "SAP"
            },
            "tags_all": {
              "Name": "Private Subnet AZ-2",
              "Type": "Private Subnets",
              "environment": "dev",
              "owners": "SAP"
            },
            "timeouts": null,
            "vpc_id": "vpc-0fdc54a7de6c27b17"
          },
          "sensitive_attributes": [],
          "private": "eyJlMmJmYjczMC1lY2FhLTExZTYtOGY4OC0zNDM2M2JjN2M0YzAiOnsiY3JlYXRlIjo2MDAwMDAwMDAwMDAsImRlbGV0ZSI6MTIwMDAwMDAwMDAwMH0sInNjaGVtYV92ZXJzaW9uIjoiMSJ9",
          "dependencies": [
            "module.vpc.aws_vpc.this",
            "module.vpc.aws_vpc_ipv4_cidr_block_association.this"
          ],
          "create_before_destroy": true
        }
      ]
    },
    {
      "module": "module.vpc",
      "mode": "managed",
      "type": "aws_subnet",
      "name": "public",
      "provider": "provider[\"registry.terraform.io/hashicorp/aws\"]",
      "instances": [
        {
          "index_key": 0,
          "schema_version": 1,
          "attributes": {
            "arn": "arn:aws:ec2:us-east-1:058264231384:subnet/subnet-0c2b191dcc441db9f",
            "assign_ipv6_address_on_creation": false,
            "availability_zone": "us-east-1a",
            "availability_zone_id": "use1-az4",
            "cidr_block": "10.0.101.0/24",
            "customer_owned_ipv4_pool": "",
            "enable_dns64": false,
            "enable_lni_at_device_index": 0,
            "enable_resource_name_dns_a_record_on_launch": false,
            "enable_resource_name_dns_aaaa_record_on_launch": false,
            "id": "subnet-0c2b191dcc441db9f",
            "ipv6_cidr_block": "",
            "ipv6_cidr_block_association_id": "",
            "ipv6_native": false,
            "map_customer_owned_ip_on_launch": false,
            "map_public_ip_on_launch": false,
            "outpost_arn": "",
            "owner_id": "058264231384",
            "private_dns_hostname_type_on_launch": "ip-name",
            "region": "us-east-1",
            "tags": {
              "Name": "Public Subnet AZ-1",
              "Type": "Public Subnets",
              "environment": "dev",
              "owners": "SAP"
            },
            "tags_all": {
              "Name": "Public Subnet AZ-1",
              "Type": "Public Subnets",
              "environment": "dev",
              "owners": "SAP"
            },
            "timeouts": null,
            "vpc_id": "vpc-0fdc54a7de6c27b17"
          },
          "sensitive_attributes": [],
          "private": "eyJlMmJmYjczMC1lY2FhLTExZTYtOGY4OC0zNDM2M2JjN2M0YzAiOnsiY3JlYXRlIjo2MDAwMDAwMDAwMDAsImRlbGV0ZSI6MTIwMDAwMDAwMDAwMH0sInNjaGVtYV92ZXJzaW9uIjoiMSJ9",
          "dependencies": [
            "module.vpc.aws_vpc.this",
            "module.vpc.aws_vpc_ipv4_cidr_block_association.this"
          ]
        },
        {
          "index_key": 1,
          "schema_version": 1,
          "attributes": {
            "arn": "arn:aws:ec2:us-east-1:058264231384:subnet/subnet-0299f3a393b1dda41",
            "assign_ipv6_address_on_creation": false,
            "availability_zone": "us-east-1b",
            "availability_zone_id": "use1-az6",
            "cidr_block": "10.0.102.0/24",
            "customer_owned_ipv4_pool": "",
            "enable_dns64": false,
            "enable_lni_at_device_index": 0,
            "enable_resource_name_dns_a_record_on_launch": false,
            "enable_resource_name_dns_aaaa_record_on_launch": false,
            "id": "subnet-0299f3a393b1dda41",
            "ipv6_cidr_block": "",
            "ipv6_cidr_block_association_id": "",
            "ipv6_native": false,
            "map_customer_owned_ip_on_launch": false,
            "map_public_ip_on_launch": false,
            "outpost_arn": "",
            "owner_id": "058264231384",
            "private_dns_hostname_type_on_launch": "ip-name",
            "region": "us-east-1",
            "tags": {
              "Name": "Public Subnet AZ-2",
              "Type": "Public Subnets",
              "environment": "dev",
              "owners": "SAP"
            },
            "tags_all": {
              "Name": "Public Subnet AZ-2",
              "Type": "Public Subnets",
              "environment": "dev",
              "owners": "SAP"
            },
            "timeouts": null,
            "vpc_id": "vpc-0fdc54a7de6c27b17"
          },
          "sensitive_attributes": [],
          "private": "eyJlMmJmYjczMC1lY2FhLTExZTYtOGY4OC0zNDM2M2JjN2M0YzAiOnsiY3JlYXRlIjo2MDAwMDAwMDAwMDAsImRlbGV0ZSI6MTIwMDAwMDAwMDAwMH0sInNjaGVtYV92ZXJzaW9uIjoiMSJ9",
          "dependencies": [
            "module.vpc.aws_vpc.this",
            "module.vpc.aws_vpc_ipv4_cidr_block_association.this"
          ]
        }
      ]
    },
    {
      "module": "module.vpc",
      "mode": "managed",
      "type": "aws_vpc",
      "name": "this",
      "provider": "provider[\"registry.terraform.io/hashicorp/aws\"]",
      "instances": [
        {
          "index_key": 0,
          "schema_version": 1,
          "attributes": {
            "arn": "arn:aws:ec2:us-east-1:058264231384:vpc/vpc-0fdc54a7de6c27b17",
            "assign_generated_ipv6_cidr_block": false,
            "cidr_block": "10.0.0.0/16",
            "default_network_acl_id": "acl-06c7fd6f9af45f39a",
            "default_route_table_id": "rtb-085618a05684be38d",
            "default_security_group_id": "sg-00ed7b7f5b00c20da",
            "dhcp_options_id": "dopt-064f3b6d7d0cc4430",
            "enable_dns_hostnames": true,
            "enable_dns_support": true,
            "enable_network_address_usage_metrics": false,
            "id": "vpc-0fdc54a7de6c27b17",
            "instance_tenancy": "default",
            "ipv4_ipam_pool_id": null,
            "ipv4_netmask_length": null,
            "ipv6_association_id": "",
            "ipv6_cidr_block": "",
            "ipv6_cidr_block_network_border_group": "",
            "ipv6_ipam_pool_id": "",
            "ipv6_netmask_length": 0,
            "main_route_table_id": "rtb-085618a05684be38d",
            "owner_id": "058264231384",
            "region": "us-east-1",
            "tags": {
              "Name": "vpc-dev",
              "environment": "dev",
              "owners": "SAP"
            },
            "tags_all": {
              "Name": "vpc-dev",
              "environment": "dev",
              "owners": "SAP"
            }
          },
          "sensitive_attributes": [],
          "private": "eyJzY2hlbWFfdmVyc2lvbiI6IjEifQ==",
          "create_before_destroy": true
        }
      ]
    }
  ],
  "check_results": null
}
