{
  "version": 4,
  "terraform_version": "1.11.3",
  "serial": 1576,
  "lineage": "233d115c-9a2d-4c21-fa41-fb650a6e564a",
  "outputs": {},
  "resources": [
    {
      "mode": "data",
      "type": "aws_acm_certificate",
      "name": "issued",
      "provider": "provider[\"registry.terraform.io/hashicorp/aws\"]",
      "instances": [
        {
          "schema_version": 0,
          "attributes": {
            "arn": "arn:aws:acm:us-east-1:058264231384:certificate/daf833ed-6aa8-49d1-9ca6-015e0a17d667",
            "certificate": "-----BEGIN CERTIFICATE-----\nMIIF0zCCBLugAwIBAgIQDxK+5Pb4R9hwNMZuqdoMsTANBgkqhkiG9w0BAQsFADA8\nMQswCQYDVQQGEwJVUzEPMA0GA1UEChMGQW1hem9uMRwwGgYDVQQDExNBbWF6b24g\nUlNBIDIwNDggTTA0MB4XDTI1MDUxMjAwMDAwMFoXDTI2MDYxMDIzNTk1OVowHjEc\nMBoGA1UEAxMTbGFsYWxhbGFsYWxhbGE3LmNvbTCCASIwDQYJKoZIhvcNAQEBBQAD\nggEPADCCAQoCggEBAK13SanGRGrO9YjqOaV7xf6GGrV4IkXJg9oyYYs0mu8/QgDl\nN/k0geHn9PGEKwLQmqnwbgaZxQh/0ixC4qdDE5Ys15t/5zBMg7NZuWxzA9PIek3v\n/psCBtlA808R0+Lwx688tEIX1CNf2jwmi7jx8n0ioUNgs0DLcJXEr9Ql0POLIGVH\nhFCVHsWem7jScJ1g35SzidjP1OS0oIj7LcRwmQzgDbA00qqF3gvKsFLmS4f0/v1y\n0E6aMAfOlCyt5R1ajLtAVKdj/DRdCpJa2YGtWEWfHKJD8IegzoZmUpnZOEETZOUo\nWXNfvVSfXo2hOsI5IHXtLVHzRHMDcUENLdGeR6sCAwEAAaOCAu0wggLpMB8GA1Ud\nIwQYMBaAFB9SkmFWglR/gWbYHT0KqjJch90IMB0GA1UdDgQWBBRegsoj6vdm9ARN\nRuSPE5efmiLzqzAeBgNVHREEFzAVghNsYWxhbGFsYWxhbGFsYTcuY29tMBMGA1Ud\nIAQMMAowCAYGZ4EMAQIBMA4GA1UdDwEB/wQEAwIFoDAdBgNVHSUEFjAUBggrBgEF\nBQcDAQYIKwYBBQUHAwIwOwYDVR0fBDQwMjAwoC6gLIYqaHR0cDovL2NybC5yMm0w\nNC5hbWF6b250cnVzdC5jb20vcjJtMDQuY3JsMHUGCCsGAQUFBwEBBGkwZzAtBggr\nBgEFBQcwAYYhaHR0cDovL29jc3AucjJtMDQuYW1hem9udHJ1c3QuY29tMDYGCCsG\nAQUFBzAChipodHRwOi8vY3J0LnIybTA0LmFtYXpvbnRydXN0LmNvbS9yMm0wNC5j\nZXIwDAYDVR0TAQH/BAIwADCCAX8GCisGAQQB1nkCBAIEggFvBIIBawFpAHcADleU\nvPOuqT4zGyyZB7P3kN+bwj1xMiXdIaklrGHFTiEAAAGWxnGeuAAABAMASDBGAiEA\nkrTWLGdGMMEEhlyJDD1ka+VV7zH0jiU0MoBu3uENeWoCIQC0uv+i/avIcQep/ghv\nbObMlzGpVAMXxmU9w3dF/55cxAB2AGQRxGykEuyniRyiAi4AvKtPKAfUHjUnq+r+\n1QPJfc3wAAABlsZxnukAAAQDAEcwRQIhAOXgWpaA7IET2nieUWWjAJoXPV9e5q/Z\nnk51Qw9DBpx7AiBna+swZ5Xc9dFkw9CZdKbi6rrC9vY3Ocxus4Kxm7D1wAB2AEmc\nm2neHXzs/DbezYdkprhbrwqHgBnRVVL76esp3fjDAAABlsZxnvQAAAQDAEcwRQIh\nAM/PDOgPcJVXEwVmd1wjona7KQBmvLQ8rgnsneo8EUWsAiAR1dWj4OA/E+NO6Pqt\neleJs3nnKcmKBalokdikAfINQzANBgkqhkiG9w0BAQsFAAOCAQEALsk8C3P5oomY\nfvm655/QEzblADdrXtNHpOjQiaU69Lc3pOCY+uRHhu91p1EUOXSyWvsPRT8OZDW1\ncQ3+knHJq9cnVQlulS9quKhhWQTni7hdxKsJ+H5Ry99w6KFpPm2xVpEQ8NX+XGV5\nlZBatBJZZS25VBB9Vjf2pggJyRNrVWq73jIe8Zw50ruhUUEdbTXKIg5t3RMWILCZ\neGlSsfrMQU/XLsE9gCRhPo+4h779TDzW74Z1Mq7zNwAqxKUgSw+Dom24lC96HMVN\nKxvUqZR7CpAi7wKWDFhiay7IE9Mv0FbY9aUlClU7yFzsDo6kDoKnH/bhOrDK6AX1\nXIYVLAnYJw==\n-----END CERTIFICATE-----\n",
            "certificate_chain": "-----BEGIN CERTIFICATE-----\nMIIEXjCCA0agAwIBAgITB3MSTyqVLj7Rili9uF0bwM5fJzANBgkqhkiG9w0BAQsF\nADA5MQswCQYDVQQGEwJVUzEPMA0GA1UEChMGQW1hem9uMRkwFwYDVQQDExBBbWF6\nb24gUm9vdCBDQSAxMB4XDTIyMDgyMzIyMjYzNVoXDTMwMDgyMzIyMjYzNVowPDEL\nMAkGA1UEBhMCVVMxDzANBgNVBAoTBkFtYXpvbjEcMBoGA1UEAxMTQW1hem9uIFJT\nQSAyMDQ4IE0wNDCCASIwDQYJKoZIhvcNAQEBBQADggEPADCCAQoCggEBAM3pVR6A\nlQOp4xe776FdePXyejgA38mYx1ou9/jrpV6Sfn+/oqBKgwhY6ePsQHHQayWBJdBn\nv4Wz363qRI4XUh9swBFJ11TnZ3LqOMvHmWq2+loA0QPtOfXdJ2fHBLrBrngtJ/GB\n0p5olAVYrSZgvQGP16Rf8ddtNyxEEhYm3HuhmNi+vSeAq1tLYJPAvRCXonTpWdSD\nxY6hvdmxlqTYi82AtBXSfpGQ58HHM0hw0C6aQakghrwWi5fGslLOqzpimNMIsT7c\nqa0GJx6JfKqJqmQQNplO2h8n9ZsFJgBowof01ppdoLAWg6caMOM0om/VILKaa30F\n9W/r8Qjah7ltGVkCAwEAAaOCAVowggFWMBIGA1UdEwEB/wQIMAYBAf8CAQAwDgYD\nVR0PAQH/BAQDAgGGMB0GA1UdJQQWMBQGCCsGAQUFBwMBBggrBgEFBQcDAjAdBgNV\nHQ4EFgQUH1KSYVaCVH+BZtgdPQqqMlyH3QgwHwYDVR0jBBgwFoAUhBjMhTTsvAyU\nlC4IWZzHshBOCggwewYIKwYBBQUHAQEEbzBtMC8GCCsGAQUFBzABhiNodHRwOi8v\nb2NzcC5yb290Y2ExLmFtYXpvbnRydXN0LmNvbTA6BggrBgEFBQcwAoYuaHR0cDov\nL2NydC5yb290Y2ExLmFtYXpvbnRydXN0LmNvbS9yb290Y2ExLmNlcjA/BgNVHR8E\nODA2MDSgMqAwhi5odHRwOi8vY3JsLnJvb3RjYTEuYW1hem9udHJ1c3QuY29tL3Jv\nb3RjYTEuY3JsMBMGA1UdIAQMMAowCAYGZ4EMAQIBMA0GCSqGSIb3DQEBCwUAA4IB\nAQA+1O5UsAaNuW3lHzJtpNGwBnZd9QEYFtxpiAnIaV4qApnGS9OCw5ZPwie7YSlD\nZF5yyFPsFhUC2Q9uJHY/CRV1b5hIiGH0+6+w5PgKiY1MWuWT8VAaJjFxvuhM7a/e\nfN2TIw1Wd6WCl6YRisunjQOrSP+unqC8A540JNyZ1JOE3jVqat3OZBGgMvihdj2w\nY23EpwesrKiQzkHzmvSH67PVW4ycbPy08HVZnBxZ5NrlGG9bwXR3fNTaz+c+Ej6c\n5AnwI3qkOFgSkg3Y75cdFz6pO/olK+e3AqygAcv0WjzmkDPuBjssuZjCHMC56oH3\nGJkV29Di2j5prHJbwZjG1inU\n-----END CERTIFICATE-----\n-----BEGIN CERTIFICATE-----\nMIIEkjCCA3qgAwIBAgITBn+USionzfP6wq4rAfkI7rnExjANBgkqhkiG9w0BAQsF\nADCBmDELMAkGA1UEBhMCVVMxEDAOBgNVBAgTB0FyaXpvbmExEzARBgNVBAcTClNj\nb3R0c2RhbGUxJTAjBgNVBAoTHFN0YXJmaWVsZCBUZWNobm9sb2dpZXMsIEluYy4x\nOzA5BgNVBAMTMlN0YXJmaWVsZCBTZXJ2aWNlcyBSb290IENlcnRpZmljYXRlIEF1\ndGhvcml0eSAtIEcyMB4XDTE1MDUyNTEyMDAwMFoXDTM3MTIzMTAxMDAwMFowOTEL\nMAkGA1UEBhMCVVMxDzANBgNVBAoTBkFtYXpvbjEZMBcGA1UEAxMQQW1hem9uIFJv\nb3QgQ0EgMTCCASIwDQYJKoZIhvcNAQEBBQADggEPADCCAQoCggEBALJ4gHHKeNXj\nca9HgFB0fW7Y14h29Jlo91ghYPl0hAEvrAIthtOgQ3pOsqTQNroBvo3bSMgHFzZM\n9O6II8c+6zf1tRn4SWiw3te5djgdYZ6k/oI2peVKVuRF4fn9tBb6dNqcmzU5L/qw\nIFAGbHrQgLKm+a/sRxmPUDgH3KKHOVj4utWp+UhnMJbulHheb4mjUcAwhmahRWa6\nVOujw5H5SNz/0egwLX0tdHA114gk957EWW67c4cX8jJGKLhD+rcdqsq08p8kDi1L\n93FcXmn/6pUCyziKrlA4b9v7LWIbxcceVOF34GfID5yHI9Y/QCB/IIDEgEw+OyQm\njgSubJrIqg0CAwEAAaOCATEwggEtMA8GA1UdEwEB/wQFMAMBAf8wDgYDVR0PAQH/\nBAQDAgGGMB0GA1UdDgQWBBSEGMyFNOy8DJSULghZnMeyEE4KCDAfBgNVHSMEGDAW\ngBScXwDfqgHXMCs4iKK4bUqc8hGRgzB4BggrBgEFBQcBAQRsMGowLgYIKwYBBQUH\nMAGGImh0dHA6Ly9vY3NwLnJvb3RnMi5hbWF6b250cnVzdC5jb20wOAYIKwYBBQUH\nMAKGLGh0dHA6Ly9jcnQucm9vdGcyLmFtYXpvbnRydXN0LmNvbS9yb290ZzIuY2Vy\nMD0GA1UdHwQ2MDQwMqAwoC6GLGh0dHA6Ly9jcmwucm9vdGcyLmFtYXpvbnRydXN0\nLmNvbS9yb290ZzIuY3JsMBEGA1UdIAQKMAgwBgYEVR0gADANBgkqhkiG9w0BAQsF\nAAOCAQEAYjdCXLwQtT6LLOkMm2xF4gcAevnFWAu5CIw+7bMlPLVvUOTNNWqnkzSW\nMiGpSESrnO09tKpzbeR/FoCJbM8oAxiDR3mjEH4wW6w7sGDgd9QIpuEdfF7Au/ma\neyKdpwAJfqxGF4PcnCZXmTA5YpaP7dreqsXMGz7KQ2hsVxa81Q4gLv7/wmpdLqBK\nbRRYh5TmOTFffHPLkIhqhBGWJ6bt2YFGpn6jcgAKUj6DiAdjd4lpFw85hdKrCEVN\n0FE6/V1dN2RMfjCyVSRCnTawXZwXgWHxyvkQAiSr6w10kY17RSlQOYiypok1JR4U\nakcjMS9cmvqtmg5iUaQqqcT5NJ0hGA==\n-----END CERTIFICATE-----\n",
            "domain": "lalalalalalala7.com",
            "id": "arn:aws:acm:us-east-1:058264231384:certificate/daf833ed-6aa8-49d1-9ca6-015e0a17d667",
            "key_types": null,
            "most_recent": false,
            "region": "us-east-1",
            "status": "ISSUED",
            "statuses": [
              "ISSUED"
            ],
            "tags": {},
            "types": null
          },
          "sensitive_attributes": []
        }
      ]
    },
    {
      "mode": "data",
      "type": "aws_secretsmanager_secret",
      "name": "db",
      "provider": "provider[\"registry.terraform.io/hashicorp/aws\"]",
      "instances": [
        {
          "schema_version": 0,
          "attributes": {
            "arn": "arn:aws:secretsmanager:us-east-1:058264231384:secret:dev/database_creds-SKaLIi",
            "created_date": "2025-08-26T15:36:49Z",
            "description": "database_creds",
            "id": "arn:aws:secretsmanager:us-east-1:058264231384:secret:dev/database_creds-SKaLIi",
            "kms_key_id": "",
            "last_changed_date": "2025-08-26T15:36:49Z",
            "name": "dev/database_creds",
            "policy": "",
            "region": "us-east-1",
            "tags": {}
          },
          "sensitive_attributes": []
        }
      ]
    },
    {
      "mode": "managed",
      "type": "aws_cloudfront_distribution",
      "name": "alb_origin",
      "provider": "provider[\"registry.terraform.io/hashicorp/aws\"]",
      "instances": [
        {
          "schema_version": 1,
          "attributes": {
            "aliases": [
              "lalalalalalala7.com"
            ],
            "anycast_ip_list_id": "",
            "arn": "arn:aws:cloudfront::058264231384:distribution/E1KD3LZCRFMSTW",
            "caller_reference": "terraform-20250924191144336200000001",
            "comment": null,
            "continuous_deployment_policy_id": "",
            "custom_error_response": [],
            "default_cache_behavior": [
              {
                "allowed_methods": [
                  "DELETE",
                  "GET",
                  "HEAD",
                  "OPTIONS",
                  "PATCH",
                  "POST",
                  "PUT"
                ],
                "cache_policy_id": "658327ea-f89d-4fab-a63d-7e88639e58f6",
                "cached_methods": [
                  "GET",
                  "HEAD"
                ],
                "compress": false,
                "default_ttl": 0,
                "field_level_encryption_id": "",
                "forwarded_values": [],
                "function_association": [
                  {
                    "event_type": "viewer-request",
                    "function_arn": "arn:aws:cloudfront::058264231384:function/redirect-root-to-login"
                  }
                ],
                "grpc_config": [
                  {
                    "enabled": false
                  }
                ],
                "lambda_function_association": [],
                "max_ttl": 0,
                "min_ttl": 0,
                "origin_request_policy_id": "216adef6-5c7f-47e4-b989-5492eafa07d3",
                "realtime_log_config_arn": "",
                "response_headers_policy_id": "",
                "smooth_streaming": false,
                "target_origin_id": "alb-origin",
                "trusted_key_groups": [],
                "trusted_signers": [],
                "viewer_protocol_policy": "redirect-to-https"
              }
            ],
            "default_root_object": "",
            "domain_name": "dpct0ra3zrfkk.cloudfront.net",
            "enabled": true,
            "etag": "EXQAFJBH7R5O0",
            "hosted_zone_id": "Z2FDTNDATAQYW2",
            "http_version": "http2",
            "id": "E1KD3LZCRFMSTW",
            "in_progress_validation_batches": 0,
            "is_ipv6_enabled": true,
            "last_modified_time": "2025-09-24 19:58:40.427 +0000 UTC",
            "logging_config": [],
            "ordered_cache_behavior": [],
            "origin": [
              {
                "connection_attempts": 3,
                "connection_timeout": 10,
                "custom_header": [],
                "custom_origin_config": [
                  {
                    "http_port": 80,
                    "https_port": 443,
                    "origin_keepalive_timeout": 5,
                    "origin_protocol_policy": "http-only",
                    "origin_read_timeout": 30,
                    "origin_ssl_protocols": [
                      "TLSv1.2"
                    ]
                  }
                ],
                "domain_name": "dev-ALB-ECS-927492818.us-east-1.elb.amazonaws.com",
                "origin_access_control_id": "",
                "origin_id": "alb-origin",
                "origin_path": "",
                "origin_shield": [],
                "response_completion_timeout": 0,
                "s3_origin_config": [],
                "vpc_origin_config": []
              }
            ],
            "origin_group": [],
            "price_class": "PriceClass_100",
            "restrictions": [
              {
                "geo_restriction": [
                  {
                    "locations": [],
                    "restriction_type": "none"
                  }
                ]
              }
            ],
            "retain_on_delete": false,
            "staging": false,
            "status": "Deployed",
            "tags": {},
            "tags_all": {},
            "trusted_key_groups": [
              {
                "enabled": false,
                "items": []
              }
            ],
            "trusted_signers": [
              {
                "enabled": false,
                "items": []
              }
            ],
            "viewer_certificate": [
              {
                "acm_certificate_arn": "arn:aws:acm:us-east-1:058264231384:certificate/daf833ed-6aa8-49d1-9ca6-015e0a17d667",
                "cloudfront_default_certificate": false,
                "iam_certificate_id": "",
                "minimum_protocol_version": "TLSv1.2_2021",
                "ssl_support_method": "sni-only"
              }
            ],
            "wait_for_deployment": true,
            "web_acl_id": ""
          },
          "sensitive_attributes": [],
          "private": "eyJzY2hlbWFfdmVyc2lvbiI6IjEifQ==",
          "dependencies": [
            "aws_cloudfront_function.redirect_root",
            "data.aws_acm_certificate.issued",
            "module.alb_SG.aws_security_group.this",
            "module.alb_SG.aws_security_group.this_name_prefix",
            "module.alb_ecs.aws_lb.this",
            "module.alb_ecs.aws_security_group.this",
            "module.vpc.aws_subnet.public",
            "module.vpc.aws_vpc.this",
            "module.vpc.aws_vpc_ipv4_cidr_block_association.this"
          ]
        }
      ]
    },
    {
      "mode": "managed",
      "type": "aws_cloudfront_function",
      "name": "redirect_root",
      "provider": "provider[\"registry.terraform.io/hashicorp/aws\"]",
      "instances": [
        {
          "schema_version": 0,
          "attributes": {
            "arn": "arn:aws:cloudfront::058264231384:function/redirect-root-to-login",
            "code": "function handler(event) {\n  var r = event.request;\n  if (r.uri === \"/\" || r.uri === \"\") {\n    return {\n      statusCode: 301,\n      statusDescription: 'Moved Permanently',\n      headers: { location: { value: \"/login\" } }\n    };\n  }\n  return r;\n}\n",
            "comment": "Redirect / to /login",
            "etag": "ETVPDKIKX0DER",
            "id": "redirect-root-to-login",
            "key_value_store_associations": [],
            "live_stage_etag": "ETVPDKIKX0DER",
            "name": "redirect-root-to-login",
            "publish": true,
            "runtime": "cloudfront-js-1.0",
            "status": "DEPLOYED"
          },
          "sensitive_attributes": [],
          "private": "bnVsbA=="
        }
      ]
    },
    {
      "mode": "managed",
      "type": "aws_db_instance",
      "name": "rds_database",
      "provider": "provider[\"registry.terraform.io/hashicorp/aws\"]",
      "instances": [
        {
          "schema_version": 2,
          "attributes": {
            "address": "webappdb.cpy0is8cc5sv.us-east-1.rds.amazonaws.com",
            "allocated_storage": 20,
            "allow_major_version_upgrade": null,
            "apply_immediately": false,
            "arn": "arn:aws:rds:us-east-1:058264231384:db:webappdb",
            "auto_minor_version_upgrade": true,
            "availability_zone": "us-east-1a",
            "backup_retention_period": 0,
            "backup_target": "region",
            "backup_window": "08:12-08:42",
            "blue_green_update": [],
            "ca_cert_identifier": "rds-ca-rsa2048-g1",
            "character_set_name": "",
            "copy_tags_to_snapshot": false,
            "custom_iam_instance_profile": "",
            "customer_owned_ip_enabled": false,
            "database_insights_mode": "standard",
            "db_name": "webappdb",
            "db_subnet_group_name": "vpc-dev",
            "dedicated_log_volume": false,
            "delete_automated_backups": true,
            "deletion_protection": false,
            "domain": "",
            "domain_auth_secret_arn": "",
            "domain_dns_ips": [],
            "domain_fqdn": "",
            "domain_iam_role_name": "",
            "domain_ou": "",
            "enabled_cloudwatch_logs_exports": [],
            "endpoint": "webappdb.cpy0is8cc5sv.us-east-1.rds.amazonaws.com:3306",
            "engine": "mysql",
            "engine_lifecycle_support": "open-source-rds-extended-support",
            "engine_version": "8.0.41",
            "engine_version_actual": "8.0.41",
            "final_snapshot_identifier": null,
            "hosted_zone_id": "Z2R2ITUGPM61AM",
            "iam_database_authentication_enabled": true,
            "id": "db-TZ7YFTKFUTES3LQKXMEDXMVGKE",
            "identifier": "webappdb",
            "identifier_prefix": "",
            "instance_class": "db.t3.micro",
            "iops": 0,
            "kms_key_id": "arn:aws:kms:us-east-1:058264231384:key/df22f4ae-a003-4551-95d2-1d714970841f",
            "latest_restorable_time": "",
            "license_model": "general-public-license",
            "listener_endpoint": [],
            "maintenance_window": "mon:03:14-mon:03:44",
            "manage_master_user_password": null,
            "master_user_secret": [],
            "master_user_secret_kms_key_id": null,
            "max_allocated_storage": 0,
            "monitoring_interval": 0,
            "monitoring_role_arn": "",
            "multi_az": true,
            "nchar_character_set_name": "",
            "network_type": "IPV4",
            "option_group_name": "default:mysql-8-0",
            "parameter_group_name": "default.mysql8.0",
            "password": "dbpassword11",
            "password_wo": null,
            "password_wo_version": null,
            "performance_insights_enabled": false,
            "performance_insights_kms_key_id": "",
            "performance_insights_retention_period": 0,
            "port": 3306,
            "publicly_accessible": false,
            "region": "us-east-1",
            "replica_mode": "",
            "replicas": [],
            "replicate_source_db": "",
            "resource_id": "db-TZ7YFTKFUTES3LQKXMEDXMVGKE",
            "restore_to_point_in_time": [],
            "s3_import": [],
            "skip_final_snapshot": true,
            "snapshot_identifier": null,
            "status": "available",
            "storage_encrypted": true,
            "storage_throughput": 0,
            "storage_type": "gp2",
            "tags": {},
            "tags_all": {},
            "timeouts": null,
            "timezone": "",
            "upgrade_storage_config": null,
            "username": "dbadmin",
            "vpc_security_group_ids": [
              "sg-093adfa4f094655c0"
            ]
          },
          "sensitive_attributes": [
            [
              {
                "type": "get_attr",
                "value": "password_wo"
              }
            ],
            [
              {
                "type": "get_attr",
                "value": "password"
              }
            ]
          ],
          "private": "eyJlMmJmYjczMC1lY2FhLTExZTYtOGY4OC0zNDM2M2JjN2M0YzAiOnsiY3JlYXRlIjozMDAwMDAwMDAwMDAwLCJkZWxldGUiOjM2MDAwMDAwMDAwMDAsInVwZGF0ZSI6NDgwMDAwMDAwMDAwMH0sInNjaGVtYV92ZXJzaW9uIjoiMiJ9",
          "dependencies": [
            "module.security-group_database.aws_security_group.this",
            "module.security-group_database.aws_security_group.this_name_prefix",
            "module.vpc.aws_db_subnet_group.database",
            "module.vpc.aws_subnet.database",
            "module.vpc.aws_vpc.this",
            "module.vpc.aws_vpc_ipv4_cidr_block_association.this"
          ]
        }
      ]
    },
    {
      "mode": "managed",
      "type": "aws_iam_role",
      "name": "app3_exec_role",
      "provider": "provider[\"registry.terraform.io/hashicorp/aws\"]",
      "instances": [
        {
          "schema_version": 0,
          "attributes": {
            "arn": "arn:aws:iam::058264231384:role/app3-exec-role",
            "assume_role_policy": "{\"Statement\":[{\"Action\":\"sts:AssumeRole\",\"Effect\":\"Allow\",\"Principal\":{\"Service\":\"ecs-tasks.amazonaws.com\"}}],\"Version\":\"2012-10-17\"}",
            "create_date": "2025-09-24T16:12:44Z",
            "description": "",
            "force_detach_policies": false,
            "id": "app3-exec-role",
            "inline_policy": [],
            "managed_policy_arns": [
              "arn:aws:iam::058264231384:policy/app3-exec-read-secret",
              "arn:aws:iam::aws:policy/service-role/AmazonECSTaskExecutionRolePolicy"
            ],
            "max_session_duration": 3600,
            "name": "app3-exec-role",
            "name_prefix": "",
            "path": "/",
            "permissions_boundary": "",
            "tags": {},
            "tags_all": {},
            "unique_id": "AROAQ3EGRTXMFL7HJHM5G"
          },
          "sensitive_attributes": [],
          "private": "bnVsbA==",
          "create_before_destroy": true
        }
      ]
    },
    {
      "mode": "managed",
      "type": "aws_iam_role",
      "name": "app3_task_role",
      "provider": "provider[\"registry.terraform.io/hashicorp/aws\"]",
      "instances": [
        {
          "schema_version": 0,
          "attributes": {
            "arn": "arn:aws:iam::058264231384:role/app3-task-role",
            "assume_role_policy": "{\"Statement\":[{\"Action\":\"sts:AssumeRole\",\"Effect\":\"Allow\",\"Principal\":{\"Service\":\"ecs-tasks.amazonaws.com\"}}],\"Version\":\"2012-10-17\"}",
            "create_date": "2025-09-24T16:12:44Z",
            "description": "",
            "force_detach_policies": false,
            "id": "app3-task-role",
            "inline_policy": [],
            "managed_policy_arns": [
              "arn:aws:iam::058264231384:policy/app3-secrets-read"
            ],
            "max_session_duration": 3600,
            "name": "app3-task-role",
            "name_prefix": "",
            "path": "/",
            "permissions_boundary": "",
            "tags": {},
            "tags_all": {},
            "unique_id": "AROAQ3EGRTXML4DUQJGZA"
          },
          "sensitive_attributes": [],
          "private": "bnVsbA==",
          "create_before_destroy": true
        }
      ]
    },
    {
      "mode": "managed",
      "type": "aws_security_group",
      "name": "ecs_task_sg",
      "provider": "provider[\"registry.terraform.io/hashicorp/aws\"]",
      "instances": [
        {
          "schema_version": 1,
          "attributes": {
            "arn": "arn:aws:ec2:us-east-1:058264231384:security-group/sg-05e8ab50c9b0fceb6",
            "description": "Managed by Terraform",
            "egress": [
              {
                "cidr_blocks": [
                  "0.0.0.0/0"
                ],
                "description": "",
                "from_port": 0,
                "ipv6_cidr_blocks": [],
                "prefix_list_ids": [],
                "protocol": "-1",
                "security_groups": [],
                "self": false,
                "to_port": 0
              }
            ],
            "id": "sg-05e8ab50c9b0fceb6",
            "ingress": [
              {
                "cidr_blocks": [],
                "description": "",
                "from_port": 80,
                "ipv6_cidr_blocks": [],
                "prefix_list_ids": [],
                "protocol": "tcp",
                "security_groups": [
                  "sg-0fe53c497baf306cd"
                ],
                "self": false,
                "to_port": 80
              }
            ],
            "name": "dev-ecs-task-sg",
            "name_prefix": "",
            "owner_id": "058264231384",
            "region": "us-east-1",
            "revoke_rules_on_delete": false,
            "tags": {},
            "tags_all": {},
            "timeouts": null,
            "vpc_id": "vpc-0c05d5ec2625e2b5a"
          },
          "sensitive_attributes": [],
          "private": "eyJlMmJmYjczMC1lY2FhLTExZTYtOGY4OC0zNDM2M2JjN2M0YzAiOnsiY3JlYXRlIjo2MDAwMDAwMDAwMDAsImRlbGV0ZSI6OTAwMDAwMDAwMDAwfSwic2NoZW1hX3ZlcnNpb24iOiIxIn0=",
          "dependencies": [
            "module.alb_SG.aws_security_group.this",
            "module.alb_SG.aws_security_group.this_name_prefix",
            "module.vpc.aws_vpc.this"
          ],
          "create_before_destroy": true
        }
      ]
    },
    {
      "module": "module.alb_SG",
      "mode": "managed",
      "type": "aws_security_group",
      "name": "this_name_prefix",
      "provider": "provider[\"registry.terraform.io/hashicorp/aws\"]",
      "instances": [
        {
          "index_key": 0,
          "schema_version": 1,
          "attributes": {
            "arn": "arn:aws:ec2:us-east-1:058264231384:security-group/sg-0fe53c497baf306cd",
            "description": "Security Group managed by Terraform",
            "egress": [
              {
                "cidr_blocks": [
                  "0.0.0.0/0"
                ],
                "description": "All protocols",
                "from_port": 0,
                "ipv6_cidr_blocks": [
                  "::/0"
                ],
                "prefix_list_ids": [],
                "protocol": "-1",
                "security_groups": [],
                "self": false,
                "to_port": 0
              }
            ],
            "id": "sg-0fe53c497baf306cd",
            "ingress": [
              {
                "cidr_blocks": [
                  "0.0.0.0/0"
                ],
                "description": "Allow Port 81 from internet",
                "from_port": 81,
                "ipv6_cidr_blocks": [],
                "prefix_list_ids": [],
                "protocol": "tcp",
                "security_groups": [],
                "self": false,
                "to_port": 81
              },
              {
                "cidr_blocks": [
                  "0.0.0.0/0"
                ],
                "description": "HTTP",
                "from_port": 8080,
                "ipv6_cidr_blocks": [],
                "prefix_list_ids": [],
                "protocol": "tcp",
                "security_groups": [],
                "self": false,
                "to_port": 8080
              },
              {
                "cidr_blocks": [
                  "0.0.0.0/0"
                ],
                "description": "HTTP",
                "from_port": 80,
                "ipv6_cidr_blocks": [],
                "prefix_list_ids": [],
                "protocol": "tcp",
                "security_groups": [],
                "self": false,
                "to_port": 80
              },
              {
                "cidr_blocks": [
                  "0.0.0.0/0"
                ],
                "description": "HTTPS",
                "from_port": 443,
                "ipv6_cidr_blocks": [],
                "prefix_list_ids": [],
                "protocol": "tcp",
                "security_groups": [],
                "self": false,
                "to_port": 443
              }
            ],
            "name": "ALB-SG-20250924161603808900000006",
            "name_prefix": "ALB-SG-",
            "owner_id": "058264231384",
            "region": "us-east-1",
            "revoke_rules_on_delete": false,
            "tags": {
              "Name": "ALB-SG",
              "environment": "dev",
              "owners": "SAP"
            },
            "tags_all": {
              "Name": "ALB-SG",
              "environment": "dev",
              "owners": "SAP"
            },
            "timeouts": {
              "create": "10m",
              "delete": "15m"
            },
            "vpc_id": "vpc-0c05d5ec2625e2b5a"
          },
          "sensitive_attributes": [],
          "private": "eyJlMmJmYjczMC1lY2FhLTExZTYtOGY4OC0zNDM2M2JjN2M0YzAiOnsiY3JlYXRlIjo2MDAwMDAwMDAwMDAsImRlbGV0ZSI6OTAwMDAwMDAwMDAwfSwic2NoZW1hX3ZlcnNpb24iOiIxIn0=",
          "dependencies": [
            "module.vpc.aws_vpc.this"
          ],
          "create_before_destroy": true
        }
      ]
    },
    {
      "module": "module.alb_ecs",
      "mode": "data",
      "type": "aws_partition",
      "name": "current",
      "provider": "provider[\"registry.terraform.io/hashicorp/aws\"]",
      "instances": [
        {
          "schema_version": 0,
          "attributes": {
            "dns_suffix": "amazonaws.com",
            "id": "aws",
            "partition": "aws",
            "reverse_dns_prefix": "com.amazonaws"
          },
          "sensitive_attributes": []
        }
      ]
    },
    {
      "module": "module.alb_ecs",
      "mode": "managed",
      "type": "aws_lb",
      "name": "this",
      "provider": "provider[\"registry.terraform.io/hashicorp/aws\"]",
      "instances": [
        {
          "index_key": 0,
          "schema_version": 0,
          "attributes": {
            "access_logs": [
              {
                "bucket": "",
                "enabled": false,
                "prefix": ""
              }
            ],
            "arn": "arn:aws:elasticloadbalancing:us-east-1:058264231384:loadbalancer/app/dev-ALB-ECS/bbc5500632dbcf97",
            "arn_suffix": "app/dev-ALB-ECS/bbc5500632dbcf97",
            "client_keep_alive": 3600,
            "connection_logs": [
              {
                "bucket": "",
                "enabled": false,
                "prefix": ""
              }
            ],
            "customer_owned_ipv4_pool": "",
            "desync_mitigation_mode": "defensive",
            "dns_name": "dev-ALB-ECS-927492818.us-east-1.elb.amazonaws.com",
            "dns_record_client_routing_policy": null,
            "drop_invalid_header_fields": true,
            "enable_cross_zone_load_balancing": true,
            "enable_deletion_protection": false,
            "enable_http2": true,
            "enable_tls_version_and_cipher_suite_headers": false,
            "enable_waf_fail_open": false,
            "enable_xff_client_port": false,
            "enable_zonal_shift": false,
            "enforce_security_group_inbound_rules_on_private_link_traffic": "",
            "id": "arn:aws:elasticloadbalancing:us-east-1:058264231384:loadbalancer/app/dev-ALB-ECS/bbc5500632dbcf97",
            "idle_timeout": 60,
            "internal": false,
            "ip_address_type": "ipv4",
            "ipam_pools": [],
            "load_balancer_type": "application",
            "minimum_load_balancer_capacity": [],
            "name": "dev-ALB-ECS",
            "name_prefix": "",
            "preserve_host_header": false,
            "region": "us-east-1",
            "secondary_ips_auto_assigned_per_subnet": null,
            "security_groups": [
              "sg-0fe53c497baf306cd"
            ],
            "subnet_mapping": [
              {
                "allocation_id": "",
                "ipv6_address": "",
                "outpost_id": "",
                "private_ipv4_address": "",
                "subnet_id": "subnet-087c48de37aadd2c2"
              },
              {
                "allocation_id": "",
                "ipv6_address": "",
                "outpost_id": "",
                "private_ipv4_address": "",
                "subnet_id": "subnet-095fe4d4b61ae1023"
              }
            ],
            "subnets": [
              "subnet-087c48de37aadd2c2",
              "subnet-095fe4d4b61ae1023"
            ],
            "tags": {
              "environment": "dev",
              "owners": "SAP",
              "terraform-aws-modules": "alb"
            },
            "tags_all": {
              "environment": "dev",
              "owners": "SAP",
              "terraform-aws-modules": "alb"
            },
            "timeouts": {
              "create": null,
              "delete": null,
              "update": null
            },
            "vpc_id": "vpc-0c05d5ec2625e2b5a",
            "xff_header_processing_mode": "append",
            "zone_id": "Z35SXDOTRQ7X7K"
          },
          "sensitive_attributes": [],
          "private": "eyJlMmJmYjczMC1lY2FhLTExZTYtOGY4OC0zNDM2M2JjN2M0YzAiOnsiY3JlYXRlIjo2MDAwMDAwMDAwMDAsImRlbGV0ZSI6NjAwMDAwMDAwMDAwLCJ1cGRhdGUiOjYwMDAwMDAwMDAwMH19",
          "dependencies": [
            "module.alb_SG.aws_security_group.this",
            "module.alb_SG.aws_security_group.this_name_prefix",
            "module.alb_ecs.aws_security_group.this",
            "module.vpc.aws_subnet.public",
            "module.vpc.aws_vpc.this",
            "module.vpc.aws_vpc_ipv4_cidr_block_association.this"
          ],
          "create_before_destroy": true
        }
      ]
    },
    {
      "module": "module.alb_ecs",
      "mode": "managed",
      "type": "aws_lb_target_group",
      "name": "this",
      "provider": "provider[\"registry.terraform.io/hashicorp/aws\"]",
      "instances": [
        {
          "index_key": "tg-1",
          "schema_version": 0,
          "attributes": {
            "arn": "arn:aws:elasticloadbalancing:us-east-1:058264231384:targetgroup/tf-20250924161603919500000009/660e7202fd9433a5",
            "arn_suffix": "targetgroup/tf-20250924161603919500000009/660e7202fd9433a5",
            "connection_termination": null,
            "deregistration_delay": "10",
            "health_check": [
              {
                "enabled": true,
                "healthy_threshold": 3,
                "interval": 30,
                "matcher": "200-399",
                "path": "/app1/",
                "port": "80",
                "protocol": "HTTP",
                "timeout": 6,
                "unhealthy_threshold": 3
              }
            ],
            "id": "arn:aws:elasticloadbalancing:us-east-1:058264231384:targetgroup/tf-20250924161603919500000009/660e7202fd9433a5",
            "ip_address_type": "ipv4",
            "lambda_multi_value_headers_enabled": false,
            "load_balancer_arns": [],
            "load_balancing_algorithm_type": "round_robin",
            "load_balancing_anomaly_mitigation": "off",
            "load_balancing_cross_zone_enabled": "false",
            "name": "tf-20250924161603919500000009",
            "name_prefix": "tf-",
            "port": 80,
            "preserve_client_ip": null,
            "protocol": "HTTP",
            "protocol_version": "HTTP1",
            "proxy_protocol_v2": false,
            "region": "us-east-1",
            "slow_start": 0,
            "stickiness": [
              {
                "cookie_duration": 86400,
                "cookie_name": "",
                "enabled": false,
                "type": "lb_cookie"
              }
            ],
            "tags": {
              "environment": "dev",
              "owners": "SAP",
              "terraform-aws-modules": "alb"
            },
            "tags_all": {
              "environment": "dev",
              "owners": "SAP",
              "terraform-aws-modules": "alb"
            },
            "target_failover": [
              {
                "on_deregistration": null,
                "on_unhealthy": null
              }
            ],
            "target_group_health": [
              {
                "dns_failover": [
                  {
                    "minimum_healthy_targets_count": "1",
                    "minimum_healthy_targets_percentage": "off"
                  }
                ],
                "unhealthy_state_routing": [
                  {
                    "minimum_healthy_targets_count": 1,
                    "minimum_healthy_targets_percentage": "off"
                  }
                ]
              }
            ],
            "target_health_state": [
              {
                "enable_unhealthy_connection_termination": null,
                "unhealthy_draining_interval": null
              }
            ],
            "target_type": "ip",
            "vpc_id": "vpc-0c05d5ec2625e2b5a"
          },
          "sensitive_attributes": [],
          "private": "bnVsbA==",
          "dependencies": [
            "module.vpc.aws_vpc.this"
          ],
          "create_before_destroy": true
        },
        {
          "index_key": "tg-2",
          "schema_version": 0,
          "attributes": {
            "arn": "arn:aws:elasticloadbalancing:us-east-1:058264231384:targetgroup/tf-20250924161603841400000007/2b2d377254df4ef3",
            "arn_suffix": "targetgroup/tf-20250924161603841400000007/2b2d377254df4ef3",
            "connection_termination": null,
            "deregistration_delay": "10",
            "health_check": [
              {
                "enabled": true,
                "healthy_threshold": 3,
                "interval": 30,
                "matcher": "200-399",
                "path": "/app2/",
                "port": "80",
                "protocol": "HTTP",
                "timeout": 6,
                "unhealthy_threshold": 3
              }
            ],
            "id": "arn:aws:elasticloadbalancing:us-east-1:058264231384:targetgroup/tf-20250924161603841400000007/2b2d377254df4ef3",
            "ip_address_type": "ipv4",
            "lambda_multi_value_headers_enabled": false,
            "load_balancer_arns": [],
            "load_balancing_algorithm_type": "round_robin",
            "load_balancing_anomaly_mitigation": "off",
            "load_balancing_cross_zone_enabled": "false",
            "name": "tf-20250924161603841400000007",
            "name_prefix": "tf-",
            "port": 80,
            "preserve_client_ip": null,
            "protocol": "HTTP",
            "protocol_version": "HTTP1",
            "proxy_protocol_v2": false,
            "region": "us-east-1",
            "slow_start": 0,
            "stickiness": [
              {
                "cookie_duration": 86400,
                "cookie_name": "",
                "enabled": false,
                "type": "lb_cookie"
              }
            ],
            "tags": {
              "environment": "dev",
              "owners": "SAP",
              "terraform-aws-modules": "alb"
            },
            "tags_all": {
              "environment": "dev",
              "owners": "SAP",
              "terraform-aws-modules": "alb"
            },
            "target_failover": [
              {
                "on_deregistration": null,
                "on_unhealthy": null
              }
            ],
            "target_group_health": [
              {
                "dns_failover": [
                  {
                    "minimum_healthy_targets_count": "1",
                    "minimum_healthy_targets_percentage": "off"
                  }
                ],
                "unhealthy_state_routing": [
                  {
                    "minimum_healthy_targets_count": 1,
                    "minimum_healthy_targets_percentage": "off"
                  }
                ]
              }
            ],
            "target_health_state": [
              {
                "enable_unhealthy_connection_termination": null,
                "unhealthy_draining_interval": null
              }
            ],
            "target_type": "ip",
            "vpc_id": "vpc-0c05d5ec2625e2b5a"
          },
          "sensitive_attributes": [],
          "private": "bnVsbA==",
          "dependencies": [
            "module.vpc.aws_vpc.this"
          ],
          "create_before_destroy": true
        },
        {
          "index_key": "tg-3",
          "schema_version": 0,
          "attributes": {
            "arn": "arn:aws:elasticloadbalancing:us-east-1:058264231384:targetgroup/tf-20250924161603898800000008/74665a8f0ecba9e8",
            "arn_suffix": "targetgroup/tf-20250924161603898800000008/74665a8f0ecba9e8",
            "connection_termination": null,
            "deregistration_delay": "10",
            "health_check": [
              {
                "enabled": true,
                "healthy_threshold": 3,
                "interval": 30,
                "matcher": "200-399",
                "path": "/login",
                "port": "8080",
                "protocol": "HTTP",
                "timeout": 10,
                "unhealthy_threshold": 3
              }
            ],
            "id": "arn:aws:elasticloadbalancing:us-east-1:058264231384:targetgroup/tf-20250924161603898800000008/74665a8f0ecba9e8",
            "ip_address_type": "ipv4",
            "lambda_multi_value_headers_enabled": false,
            "load_balancer_arns": [],
            "load_balancing_algorithm_type": "round_robin",
            "load_balancing_anomaly_mitigation": "off",
            "load_balancing_cross_zone_enabled": "false",
            "name": "tf-20250924161603898800000008",
            "name_prefix": "tf-",
            "port": 8080,
            "preserve_client_ip": null,
            "protocol": "HTTP",
            "protocol_version": "HTTP1",
            "proxy_protocol_v2": false,
            "region": "us-east-1",
            "slow_start": 0,
            "stickiness": [
              {
                "cookie_duration": 86400,
                "cookie_name": "",
                "enabled": false,
                "type": "lb_cookie"
              }
            ],
            "tags": {
              "environment": "dev",
              "owners": "SAP",
              "terraform-aws-modules": "alb"
            },
            "tags_all": {
              "environment": "dev",
              "owners": "SAP",
              "terraform-aws-modules": "alb"
            },
            "target_failover": [
              {
                "on_deregistration": null,
                "on_unhealthy": null
              }
            ],
            "target_group_health": [
              {
                "dns_failover": [
                  {
                    "minimum_healthy_targets_count": "1",
                    "minimum_healthy_targets_percentage": "off"
                  }
                ],
                "unhealthy_state_routing": [
                  {
                    "minimum_healthy_targets_count": 1,
                    "minimum_healthy_targets_percentage": "off"
                  }
                ]
              }
            ],
            "target_health_state": [
              {
                "enable_unhealthy_connection_termination": null,
                "unhealthy_draining_interval": null
              }
            ],
            "target_type": "ip",
            "vpc_id": "vpc-0c05d5ec2625e2b5a"
          },
          "sensitive_attributes": [],
          "private": "bnVsbA==",
          "dependencies": [
            "module.vpc.aws_vpc.this"
          ],
          "create_before_destroy": true
        }
      ]
    },
    {
      "module": "module.ecs_app1.module.cluster",
      "mode": "managed",
      "type": "aws_cloudwatch_log_group",
      "name": "this",
      "provider": "provider[\"registry.terraform.io/hashicorp/aws\"]",
      "instances": [
        {
          "index_key": 0,
          "schema_version": 0,
          "attributes": {
            "arn": "arn:aws:logs:us-east-1:058264231384:log-group:/aws/ecs/app1",
            "id": "/aws/ecs/app1",
            "kms_key_id": "",
            "log_group_class": "STANDARD",
            "name": "/aws/ecs/app1",
            "name_prefix": "",
            "region": "us-east-1",
            "retention_in_days": 90,
            "skip_destroy": false,
            "tags": {
              "Name": "/aws/ecs/app1"
            },
            "tags_all": {
              "Name": "/aws/ecs/app1"
            }
          },
          "sensitive_attributes": [],
          "private": "bnVsbA==",
          "dependencies": [
            "module.alb_SG.aws_security_group.this",
            "module.alb_SG.aws_security_group.this_name_prefix",
            "module.alb_ecs.aws_lambda_permission.this",
            "module.alb_ecs.aws_lb.this",
            "module.alb_ecs.aws_lb_listener.this",
            "module.alb_ecs.aws_lb_listener_certificate.this",
            "module.alb_ecs.aws_lb_listener_rule.this",
            "module.alb_ecs.aws_lb_target_group.this",
            "module.alb_ecs.aws_lb_target_group_attachment.additional",
            "module.alb_ecs.aws_lb_target_group_attachment.this",
            "module.alb_ecs.aws_route53_record.this",
            "module.alb_ecs.aws_security_group.this",
            "module.alb_ecs.aws_vpc_security_group_egress_rule.this",
            "module.alb_ecs.aws_vpc_security_group_ingress_rule.this",
            "module.alb_ecs.aws_wafv2_web_acl_association.this",
            "module.alb_ecs.data.aws_partition.current",
            "module.vpc.aws_subnet.public",
            "module.vpc.aws_vpc.this",
            "module.vpc.aws_vpc_ipv4_cidr_block_association.this"
          ]
        }
      ]
    },
    {
      "module": "module.ecs_app1.module.cluster",
      "mode": "managed",
      "type": "aws_ecs_cluster",
      "name": "this",
      "provider": "provider[\"registry.terraform.io/hashicorp/aws\"]",
      "instances": [
        {
          "index_key": 0,
          "schema_version": 0,
          "attributes": {
            "arn": "arn:aws:ecs:us-east-1:058264231384:cluster/app1",
            "configuration": [
              {
                "execute_command_configuration": [
                  {
                    "kms_key_id": "",
                    "log_configuration": [
                      {
                        "cloud_watch_encryption_enabled": false,
                        "cloud_watch_log_group_name": "/aws/ecs/app1",
                        "s3_bucket_encryption_enabled": false,
                        "s3_bucket_name": "",
                        "s3_key_prefix": ""
                      }
                    ],
                    "logging": "OVERRIDE"
                  }
                ],
                "managed_storage_configuration": []
              }
            ],
            "id": "arn:aws:ecs:us-east-1:058264231384:cluster/app1",
            "name": "app1",
            "region": "us-east-1",
            "service_connect_defaults": [],
            "setting": [
              {
                "name": "containerInsights",
                "value": "enabled"
              }
            ],
            "tags": {},
            "tags_all": {}
          },
          "sensitive_attributes": [],
          "private": "bnVsbA==",
          "dependencies": [
            "module.alb_SG.aws_security_group.this",
            "module.alb_SG.aws_security_group.this_name_prefix",
            "module.alb_ecs.aws_lambda_permission.this",
            "module.alb_ecs.aws_lb.this",
            "module.alb_ecs.aws_lb_listener.this",
            "module.alb_ecs.aws_lb_listener_certificate.this",
            "module.alb_ecs.aws_lb_listener_rule.this",
            "module.alb_ecs.aws_lb_target_group.this",
            "module.alb_ecs.aws_lb_target_group_attachment.additional",
            "module.alb_ecs.aws_lb_target_group_attachment.this",
            "module.alb_ecs.aws_route53_record.this",
            "module.alb_ecs.aws_security_group.this",
            "module.alb_ecs.aws_vpc_security_group_egress_rule.this",
            "module.alb_ecs.aws_vpc_security_group_ingress_rule.this",
            "module.alb_ecs.aws_wafv2_web_acl_association.this",
            "module.alb_ecs.data.aws_partition.current",
            "module.ecs_app1.module.cluster.aws_cloudwatch_log_group.this",
            "module.vpc.aws_subnet.public",
            "module.vpc.aws_vpc.this",
            "module.vpc.aws_vpc_ipv4_cidr_block_association.this"
          ]
        }
      ]
    },
    {
      "module": "module.ecs_app1.module.service[\"app1-service\"]",
      "mode": "managed",
      "type": "aws_ecs_service",
      "name": "this",
      "provider": "provider[\"registry.terraform.io/hashicorp/aws\"]",
      "instances": [
        {
          "index_key": 0,
          "schema_version": 1,
          "attributes": {
            "alarms": [],
            "arn": "arn:aws:ecs:us-east-1:058264231384:service/app1/app1-service",
            "availability_zone_rebalancing": "ENABLED",
            "capacity_provider_strategy": [],
            "cluster": "arn:aws:ecs:us-east-1:058264231384:cluster/app1",
            "deployment_circuit_breaker": [
              {
                "enable": true,
                "rollback": true
              }
            ],
            "deployment_configuration": [
              {
                "bake_time_in_minutes": "0",
                "lifecycle_hook": [],
                "strategy": "ROLLING"
              }
            ],
            "deployment_controller": [
              {
                "type": "ECS"
              }
            ],
            "deployment_maximum_percent": 200,
            "deployment_minimum_healthy_percent": 100,
            "desired_count": 2,
            "enable_ecs_managed_tags": true,
            "enable_execute_command": false,
            "force_delete": null,
            "force_new_deployment": true,
            "health_check_grace_period_seconds": 180,
            "iam_role": "/aws-service-role/ecs.amazonaws.com/AWSServiceRoleForECS",
            "id": "arn:aws:ecs:us-east-1:058264231384:service/app1/app1-service",
            "launch_type": "FARGATE",
            "load_balancer": [
              {
                "advanced_configuration": [],
                "container_name": "app1",
                "container_port": 80,
                "elb_name": "",
                "target_group_arn": "arn:aws:elasticloadbalancing:us-east-1:058264231384:targetgroup/tf-20250924161603919500000009/660e7202fd9433a5"
              }
            ],
            "name": "app1-service",
            "network_configuration": [
              {
                "assign_public_ip": false,
                "security_groups": [
                  "sg-05e8ab50c9b0fceb6"
                ],
                "subnets": [
                  "subnet-0274627bc2025766e",
                  "subnet-09fb640dd5e780f59"
                ]
              }
            ],
            "ordered_placement_strategy": [],
            "placement_constraints": [],
            "platform_version": "1.4.0",
            "propagate_tags": "NONE",
            "region": "us-east-1",
            "scheduling_strategy": "REPLICA",
            "service_connect_configuration": [],
            "service_registries": [],
            "sigint_rollback": null,
            "tags": {},
            "tags_all": {},
            "task_definition": "arn:aws:ecs:us-east-1:058264231384:task-definition/app1-service:48",
            "timeouts": null,
            "triggers": {},
            "volume_configuration": [],
            "vpc_lattice_configurations": [],
            "wait_for_steady_state": false
          },
          "sensitive_attributes": [],
          "private": "eyJlMmJmYjczMC1lY2FhLTExZTYtOGY4OC0zNDM2M2JjN2M0YzAiOnsiY3JlYXRlIjoxMjAwMDAwMDAwMDAwLCJkZWxldGUiOjEyMDAwMDAwMDAwMDAsInVwZGF0ZSI6MTIwMDAwMDAwMDAwMH0sInNjaGVtYV92ZXJzaW9uIjoiMSJ9",
          "dependencies": [
            "aws_security_group.ecs_task_sg",
            "module.alb_SG.aws_security_group.this",
            "module.alb_SG.aws_security_group.this_name_prefix",
            "module.alb_ecs.aws_lambda_permission.this",
            "module.alb_ecs.aws_lb.this",
            "module.alb_ecs.aws_lb_listener.this",
            "module.alb_ecs.aws_lb_listener_certificate.this",
            "module.alb_ecs.aws_lb_listener_rule.this",
            "module.alb_ecs.aws_lb_target_group.this",
            "module.alb_ecs.aws_lb_target_group_attachment.additional",
            "module.alb_ecs.aws_lb_target_group_attachment.this",
            "module.alb_ecs.aws_route53_record.this",
            "module.alb_ecs.aws_security_group.this",
            "module.alb_ecs.aws_vpc_security_group_egress_rule.this",
            "module.alb_ecs.aws_vpc_security_group_ingress_rule.this",
            "module.alb_ecs.aws_wafv2_web_acl_association.this",
            "module.alb_ecs.data.aws_partition.current",
            "module.ecs_app1.module.cluster.aws_cloudwatch_log_group.this",
            "module.ecs_app1.module.cluster.aws_ecs_cluster.this",
            "module.ecs_app1.module.cluster.aws_iam_role.task_exec",
            "module.ecs_app1.module.cluster.data.aws_iam_policy_document.task_exec_assume",
            "module.ecs_app1.module.service.aws_ecs_task_definition.this",
            "module.ecs_app1.module.service.aws_iam_policy.service",
            "module.ecs_app1.module.service.aws_iam_policy.task_exec",
            "module.ecs_app1.module.service.aws_iam_role.infrastructure_iam_role",
            "module.ecs_app1.module.service.aws_iam_role.service",
            "module.ecs_app1.module.service.aws_iam_role.task_exec",
            "module.ecs_app1.module.service.aws_iam_role.tasks",
            "module.ecs_app1.module.service.aws_iam_role_policy_attachment.infrastructure_iam_role_ebs_policy",
            "module.ecs_app1.module.service.aws_iam_role_policy_attachment.service",
            "module.ecs_app1.module.service.aws_iam_role_policy_attachment.task_exec",
            "module.ecs_app1.module.service.aws_iam_role_policy_attachment.task_exec_additional",
            "module.ecs_app1.module.service.aws_iam_role_policy_attachment.tasks",
            "module.ecs_app1.module.service.aws_security_group.this",
            "module.ecs_app1.module.service.data.aws_caller_identity.current",
            "module.ecs_app1.module.service.data.aws_iam_policy_document.infrastructure_iam_role",
            "module.ecs_app1.module.service.data.aws_iam_policy_document.service",
            "module.ecs_app1.module.service.data.aws_iam_policy_document.service_assume",
            "module.ecs_app1.module.service.data.aws_iam_policy_document.task_exec",
            "module.ecs_app1.module.service.data.aws_iam_policy_document.task_exec_assume",
            "module.ecs_app1.module.service.data.aws_iam_policy_document.tasks_assume",
            "module.ecs_app1.module.service.data.aws_partition.current",
            "module.ecs_app1.module.service.data.aws_region.current",
            "module.ecs_app1.module.service.data.aws_subnet.this",
            "module.ecs_app1.module.service.module.container_definition.aws_cloudwatch_log_group.this",
            "module.ecs_app1.module.service.module.container_definition.data.aws_region.current",
            "module.vpc.aws_subnet.private",
            "module.vpc.aws_subnet.public",
            "module.vpc.aws_vpc.this",
            "module.vpc.aws_vpc_ipv4_cidr_block_association.this"
          ]
        }
      ]
    },
    {
      "module": "module.ecs_app1.module.service[\"app1-service\"]",
      "mode": "managed",
      "type": "aws_ecs_task_definition",
      "name": "this",
      "provider": "provider[\"registry.terraform.io/hashicorp/aws\"]",
      "instances": [
        {
          "index_key": 0,
          "schema_version": 1,
          "attributes": {
            "arn": "arn:aws:ecs:us-east-1:058264231384:task-definition/app1-service:49",
            "arn_without_revision": "arn:aws:ecs:us-east-1:058264231384:task-definition/app1-service",
            "container_definitions": "[{\"cpu\":512,\"environment\":[{\"name\":\"SERVER_TOMCAT_INTERNAL_PROXIES\",\"value\":\".*\"},{\"name\":\"SERVER_TOMCAT_PORT_HEADER\",\"value\":\"x-forwarded-port\"},{\"name\":\"SERVER_TOMCAT_PROTOCOL_HEADER\",\"value\":\"x-forwarded-proto\"},{\"name\":\"SERVER_TOMCAT_REMOTE_IP_HEADER\",\"value\":\"x-forwarded-for\"},{\"name\":\"SERVER_USE_FORWARD_HEADERS\",\"value\":\"true\"}],\"essential\":true,\"healthCheck\":{\"command\":[\"CMD-SHELL\",\"curl -sf http://localhost:80/app1/ || exit 1\"],\"interval\":30,\"retries\":3,\"startPeriod\":60,\"timeout\":5},\"image\":\"lika090909/app1:v1.0.8\",\"interactive\":false,\"linuxParameters\":{\"initProcessEnabled\":false},\"logConfiguration\":{\"logDriver\":\"awslogs\",\"options\":{\"awslogs-group\":\"/aws/ecs/app1-service/app1\",\"awslogs-region\":\"us-east-1\",\"awslogs-stream-prefix\":\"ecs\"}},\"memory\":1024,\"mountPoints\":[],\"name\":\"app1\",\"portMappings\":[{\"containerPort\":80,\"hostPort\":80,\"name\":\"app1\",\"protocol\":\"tcp\"}],\"privileged\":false,\"pseudoTerminal\":false,\"readonlyRootFilesystem\":false,\"restartPolicy\":{\"enabled\":true},\"startTimeout\":30,\"stopTimeout\":120,\"systemControls\":[],\"versionConsistency\":\"disabled\",\"volumesFrom\":[]}]",
            "cpu": "1024",
            "enable_fault_injection": false,
            "ephemeral_storage": [],
            "execution_role_arn": "arn:aws:iam::058264231384:role/app1-service-2025092416191354020000000f",
            "family": "app1-service",
            "id": "app1-service",
            "ipc_mode": "",
            "memory": "2048",
            "network_mode": "awsvpc",
            "pid_mode": "",
            "placement_constraints": [],
            "proxy_configuration": [],
            "region": "us-east-1",
            "requires_compatibilities": [
              "FARGATE"
            ],
            "revision": 49,
            "runtime_platform": [
              {
                "cpu_architecture": "X86_64",
                "operating_system_family": "LINUX"
              }
            ],
            "skip_destroy": false,
            "tags": {},
            "tags_all": {},
            "task_role_arn": "arn:aws:iam::058264231384:role/app1-service-20250924161914411800000013",
            "track_latest": true,
            "volume": []
          },
          "sensitive_attributes": [],
          "private": "eyJzY2hlbWFfdmVyc2lvbiI6IjEifQ==",
          "dependencies": [
            "aws_security_group.ecs_task_sg",
            "module.alb_SG.aws_security_group.this",
            "module.alb_SG.aws_security_group.this_name_prefix",
            "module.alb_ecs.aws_lambda_permission.this",
            "module.alb_ecs.aws_lb.this",
            "module.alb_ecs.aws_lb_listener.this",
            "module.alb_ecs.aws_lb_listener_certificate.this",
            "module.alb_ecs.aws_lb_listener_rule.this",
            "module.alb_ecs.aws_lb_target_group.this",
            "module.alb_ecs.aws_lb_target_group_attachment.additional",
            "module.alb_ecs.aws_lb_target_group_attachment.this",
            "module.alb_ecs.aws_route53_record.this",
            "module.alb_ecs.aws_security_group.this",
            "module.alb_ecs.aws_vpc_security_group_egress_rule.this",
            "module.alb_ecs.aws_vpc_security_group_ingress_rule.this",
            "module.alb_ecs.aws_wafv2_web_acl_association.this",
            "module.alb_ecs.data.aws_partition.current",
            "module.ecs_app1.module.cluster.aws_iam_role.task_exec",
            "module.ecs_app1.module.cluster.data.aws_iam_policy_document.task_exec_assume",
            "module.ecs_app1.module.service.aws_iam_policy.task_exec",
            "module.ecs_app1.module.service.aws_iam_role.task_exec",
            "module.ecs_app1.module.service.aws_iam_role.tasks",
            "module.ecs_app1.module.service.aws_iam_role_policy_attachment.task_exec",
            "module.ecs_app1.module.service.aws_iam_role_policy_attachment.task_exec_additional",
            "module.ecs_app1.module.service.aws_iam_role_policy_attachment.tasks",
            "module.ecs_app1.module.service.data.aws_caller_identity.current",
            "module.ecs_app1.module.service.data.aws_iam_policy_document.task_exec",
            "module.ecs_app1.module.service.data.aws_iam_policy_document.task_exec_assume",
            "module.ecs_app1.module.service.data.aws_iam_policy_document.tasks_assume",
            "module.ecs_app1.module.service.data.aws_partition.current",
            "module.ecs_app1.module.service.data.aws_region.current",
            "module.ecs_app1.module.service.module.container_definition.aws_cloudwatch_log_group.this",
            "module.ecs_app1.module.service.module.container_definition.data.aws_region.current",
            "module.vpc.aws_subnet.private",
            "module.vpc.aws_subnet.public",
            "module.vpc.aws_vpc.this",
            "module.vpc.aws_vpc_ipv4_cidr_block_association.this"
          ],
          "create_before_destroy": true
        }
      ]
    },
    {
      "module": "module.ecs_app1.module.service[\"app1-service\"]",
      "mode": "managed",
      "type": "aws_iam_policy",
      "name": "task_exec",
      "provider": "provider[\"registry.terraform.io/hashicorp/aws\"]",
      "instances": [
        {
          "index_key": 0,
          "schema_version": 0,
          "attributes": {
            "arn": "arn:aws:iam::058264231384:policy/app1-service-20250924161913815100000012",
            "attachment_count": 1,
            "description": "Task execution role IAM policy",
            "id": "arn:aws:iam::058264231384:policy/app1-service-20250924161913815100000012",
            "name": "app1-service-20250924161913815100000012",
            "name_prefix": "app1-service-",
            "path": "/",
            "policy": "{\"Statement\":[{\"Action\":[\"logs:PutLogEvents\",\"logs:CreateLogStream\"],\"Effect\":\"Allow\",\"Resource\":\"*\",\"Sid\":\"Logs\"},{\"Action\":[\"ecr:GetDownloadUrlForLayer\",\"ecr:GetAuthorizationToken\",\"ecr:BatchGetImage\",\"ecr:BatchCheckLayerAvailability\"],\"Effect\":\"Allow\",\"Resource\":\"*\",\"Sid\":\"ECR\"}],\"Version\":\"2012-10-17\"}",
            "policy_id": "ANPAQ3EGRTXMGRLO7KXEJ",
            "tags": {},
            "tags_all": {}
          },
          "sensitive_attributes": [],
          "private": "bnVsbA==",
          "dependencies": [
            "aws_security_group.ecs_task_sg",
            "module.alb_SG.aws_security_group.this",
            "module.alb_SG.aws_security_group.this_name_prefix",
            "module.alb_ecs.aws_lambda_permission.this",
            "module.alb_ecs.aws_lb.this",
            "module.alb_ecs.aws_lb_listener.this",
            "module.alb_ecs.aws_lb_listener_certificate.this",
            "module.alb_ecs.aws_lb_listener_rule.this",
            "module.alb_ecs.aws_lb_target_group.this",
            "module.alb_ecs.aws_lb_target_group_attachment.additional",
            "module.alb_ecs.aws_lb_target_group_attachment.this",
            "module.alb_ecs.aws_route53_record.this",
            "module.alb_ecs.aws_security_group.this",
            "module.alb_ecs.aws_vpc_security_group_egress_rule.this",
            "module.alb_ecs.aws_vpc_security_group_ingress_rule.this",
            "module.alb_ecs.aws_wafv2_web_acl_association.this",
            "module.alb_ecs.data.aws_partition.current",
            "module.ecs_app1.module.service.data.aws_iam_policy_document.task_exec",
            "module.vpc.aws_subnet.private",
            "module.vpc.aws_subnet.public",
            "module.vpc.aws_vpc.this",
            "module.vpc.aws_vpc_ipv4_cidr_block_association.this"
          ],
          "create_before_destroy": true
        }
      ]
    },
    {
      "module": "module.ecs_app1.module.service[\"app1-service\"]",
      "mode": "managed",
      "type": "aws_iam_role",
      "name": "task_exec",
      "provider": "provider[\"registry.terraform.io/hashicorp/aws\"]",
      "instances": [
        {
          "index_key": 0,
          "schema_version": 0,
          "attributes": {
            "arn": "arn:aws:iam::058264231384:role/app1-service-2025092416191354020000000f",
            "assume_role_policy": "{\"Statement\":[{\"Action\":\"sts:AssumeRole\",\"Effect\":\"Allow\",\"Principal\":{\"Service\":\"ecs-tasks.amazonaws.com\"},\"Sid\":\"ECSTaskExecutionAssumeRole\"}],\"Version\":\"2012-10-17\"}",
            "create_date": "2025-09-24T16:16:07Z",
            "description": "Task execution role for app1-service",
            "force_detach_policies": true,
            "id": "app1-service-2025092416191354020000000f",
            "inline_policy": [],
            "managed_policy_arns": [
              "arn:aws:iam::058264231384:policy/app1-service-20250924161913815100000012"
            ],
            "max_session_duration": 3600,
            "name": "app1-service-2025092416191354020000000f",
            "name_prefix": "app1-service-",
            "path": "/",
            "permissions_boundary": "",
            "tags": {},
            "tags_all": {},
            "unique_id": "AROAQ3EGRTXMM72BLGGWH"
          },
          "sensitive_attributes": [],
          "private": "bnVsbA==",
          "dependencies": [
            "aws_security_group.ecs_task_sg",
            "module.alb_SG.aws_security_group.this",
            "module.alb_SG.aws_security_group.this_name_prefix",
            "module.alb_ecs.aws_lambda_permission.this",
            "module.alb_ecs.aws_lb.this",
            "module.alb_ecs.aws_lb_listener.this",
            "module.alb_ecs.aws_lb_listener_certificate.this",
            "module.alb_ecs.aws_lb_listener_rule.this",
            "module.alb_ecs.aws_lb_target_group.this",
            "module.alb_ecs.aws_lb_target_group_attachment.additional",
            "module.alb_ecs.aws_lb_target_group_attachment.this",
            "module.alb_ecs.aws_route53_record.this",
            "module.alb_ecs.aws_security_group.this",
            "module.alb_ecs.aws_vpc_security_group_egress_rule.this",
            "module.alb_ecs.aws_vpc_security_group_ingress_rule.this",
            "module.alb_ecs.aws_wafv2_web_acl_association.this",
            "module.alb_ecs.data.aws_partition.current",
            "module.ecs_app1.module.service.data.aws_iam_policy_document.task_exec_assume",
            "module.vpc.aws_subnet.private",
            "module.vpc.aws_subnet.public",
            "module.vpc.aws_vpc.this",
            "module.vpc.aws_vpc_ipv4_cidr_block_association.this"
          ],
          "create_before_destroy": true
        }
      ]
    },
    {
      "module": "module.ecs_app1.module.service[\"app1-service\"]",
      "mode": "managed",
      "type": "aws_iam_role",
      "name": "tasks",
      "provider": "provider[\"registry.terraform.io/hashicorp/aws\"]",
      "instances": [
        {
          "index_key": 0,
          "schema_version": 0,
          "attributes": {
            "arn": "arn:aws:iam::058264231384:role/app1-service-20250924161914411800000013",
            "assume_role_policy": "{\"Statement\":[{\"Action\":\"sts:AssumeRole\",\"Condition\":{\"ArnLike\":{\"aws:SourceArn\":\"arn:aws:ecs:us-east-1:058264231384:*\"},\"StringEquals\":{\"aws:SourceAccount\":\"058264231384\"}},\"Effect\":\"Allow\",\"Principal\":{\"Service\":\"ecs-tasks.amazonaws.com\"},\"Sid\":\"ECSTasksAssumeRole\"}],\"Version\":\"2012-10-17\"}",
            "create_date": "2025-09-24T16:16:08Z",
            "description": "",
            "force_detach_policies": true,
            "id": "app1-service-20250924161914411800000013",
            "inline_policy": [],
            "managed_policy_arns": [],
            "max_session_duration": 3600,
            "name": "app1-service-20250924161914411800000013",
            "name_prefix": "app1-service-",
            "path": "/",
            "permissions_boundary": "",
            "tags": {},
            "tags_all": {},
            "unique_id": "AROAQ3EGRTXMPOVA7HHWW"
          },
          "sensitive_attributes": [],
          "private": "bnVsbA==",
          "dependencies": [
            "aws_security_group.ecs_task_sg",
            "module.alb_SG.aws_security_group.this",
            "module.alb_SG.aws_security_group.this_name_prefix",
            "module.alb_ecs.aws_lambda_permission.this",
            "module.alb_ecs.aws_lb.this",
            "module.alb_ecs.aws_lb_listener.this",
            "module.alb_ecs.aws_lb_listener_certificate.this",
            "module.alb_ecs.aws_lb_listener_rule.this",
            "module.alb_ecs.aws_lb_target_group.this",
            "module.alb_ecs.aws_lb_target_group_attachment.additional",
            "module.alb_ecs.aws_lb_target_group_attachment.this",
            "module.alb_ecs.aws_route53_record.this",
            "module.alb_ecs.aws_security_group.this",
            "module.alb_ecs.aws_vpc_security_group_egress_rule.this",
            "module.alb_ecs.aws_vpc_security_group_ingress_rule.this",
            "module.alb_ecs.aws_wafv2_web_acl_association.this",
            "module.alb_ecs.data.aws_partition.current",
            "module.ecs_app1.module.service.data.aws_caller_identity.current",
            "module.ecs_app1.module.service.data.aws_iam_policy_document.tasks_assume",
            "module.ecs_app1.module.service.data.aws_partition.current",
            "module.ecs_app1.module.service.data.aws_region.current",
            "module.vpc.aws_subnet.private",
            "module.vpc.aws_subnet.public",
            "module.vpc.aws_vpc.this",
            "module.vpc.aws_vpc_ipv4_cidr_block_association.this"
          ],
          "create_before_destroy": true
        }
      ]
    },
    {
      "module": "module.ecs_app1.module.service[\"app1-service\"]",
      "mode": "managed",
      "type": "aws_iam_role_policy_attachment",
      "name": "task_exec",
      "provider": "provider[\"registry.terraform.io/hashicorp/aws\"]",
      "instances": [
        {
          "index_key": 0,
          "schema_version": 0,
          "attributes": {
            "id": "app1-service-2025092416191354020000000f/arn:aws:iam::058264231384:policy/app1-service-20250924161913815100000012",
            "policy_arn": "arn:aws:iam::058264231384:policy/app1-service-20250924161913815100000012",
            "role": "app1-service-2025092416191354020000000f"
          },
          "sensitive_attributes": [],
          "private": "bnVsbA==",
          "dependencies": [
            "aws_security_group.ecs_task_sg",
            "module.alb_SG.aws_security_group.this",
            "module.alb_SG.aws_security_group.this_name_prefix",
            "module.alb_ecs.aws_lambda_permission.this",
            "module.alb_ecs.aws_lb.this",
            "module.alb_ecs.aws_lb_listener.this",
            "module.alb_ecs.aws_lb_listener_certificate.this",
            "module.alb_ecs.aws_lb_listener_rule.this",
            "module.alb_ecs.aws_lb_target_group.this",
            "module.alb_ecs.aws_lb_target_group_attachment.additional",
            "module.alb_ecs.aws_lb_target_group_attachment.this",
            "module.alb_ecs.aws_route53_record.this",
            "module.alb_ecs.aws_security_group.this",
            "module.alb_ecs.aws_vpc_security_group_egress_rule.this",
            "module.alb_ecs.aws_vpc_security_group_ingress_rule.this",
            "module.alb_ecs.aws_wafv2_web_acl_association.this",
            "module.alb_ecs.data.aws_partition.current",
            "module.ecs_app1.module.service.aws_iam_policy.task_exec",
            "module.ecs_app1.module.service.aws_iam_role.task_exec",
            "module.ecs_app1.module.service.data.aws_iam_policy_document.task_exec",
            "module.ecs_app1.module.service.data.aws_iam_policy_document.task_exec_assume",
            "module.vpc.aws_subnet.private",
            "module.vpc.aws_subnet.public",
            "module.vpc.aws_vpc.this",
            "module.vpc.aws_vpc_ipv4_cidr_block_association.this"
          ],
          "create_before_destroy": true
        }
      ]
    },
    {
      "module": "module.ecs_app1.module.service[\"app1-service\"].module.container_definition[\"app1\"]",
      "mode": "managed",
      "type": "aws_cloudwatch_log_group",
      "name": "this",
      "provider": "provider[\"registry.terraform.io/hashicorp/aws\"]",
      "instances": [
        {
          "index_key": 0,
          "schema_version": 0,
          "attributes": {
            "arn": "arn:aws:logs:us-east-1:058264231384:log-group:/aws/ecs/app1-service/app1",
            "id": "/aws/ecs/app1-service/app1",
            "kms_key_id": "",
            "log_group_class": "STANDARD",
            "name": "/aws/ecs/app1-service/app1",
            "name_prefix": "",
            "region": "us-east-1",
            "retention_in_days": 30,
            "skip_destroy": false,
            "tags": {},
            "tags_all": {}
          },
          "sensitive_attributes": [],
          "private": "bnVsbA==",
          "dependencies": [
            "aws_security_group.ecs_task_sg",
            "module.alb_SG.aws_security_group.this",
            "module.alb_SG.aws_security_group.this_name_prefix",
            "module.alb_ecs.aws_lambda_permission.this",
            "module.alb_ecs.aws_lb.this",
            "module.alb_ecs.aws_lb_listener.this",
            "module.alb_ecs.aws_lb_listener_certificate.this",
            "module.alb_ecs.aws_lb_listener_rule.this",
            "module.alb_ecs.aws_lb_target_group.this",
            "module.alb_ecs.aws_lb_target_group_attachment.additional",
            "module.alb_ecs.aws_lb_target_group_attachment.this",
            "module.alb_ecs.aws_route53_record.this",
            "module.alb_ecs.aws_security_group.this",
            "module.alb_ecs.aws_vpc_security_group_egress_rule.this",
            "module.alb_ecs.aws_vpc_security_group_ingress_rule.this",
            "module.alb_ecs.aws_wafv2_web_acl_association.this",
            "module.alb_ecs.data.aws_partition.current",
            "module.vpc.aws_subnet.private",
            "module.vpc.aws_subnet.public",
            "module.vpc.aws_vpc.this",
            "module.vpc.aws_vpc_ipv4_cidr_block_association.this"
          ],
          "create_before_destroy": true
        }
      ]
    },
    {
      "module": "module.ecs_app2.module.cluster",
      "mode": "managed",
      "type": "aws_cloudwatch_log_group",
      "name": "this",
      "provider": "provider[\"registry.terraform.io/hashicorp/aws\"]",
      "instances": [
        {
          "index_key": 0,
          "schema_version": 0,
          "attributes": {
            "arn": "arn:aws:logs:us-east-1:058264231384:log-group:/aws/ecs/app2",
            "id": "/aws/ecs/app2",
            "kms_key_id": "",
            "log_group_class": "STANDARD",
            "name": "/aws/ecs/app2",
            "name_prefix": "",
            "region": "us-east-1",
            "retention_in_days": 90,
            "skip_destroy": false,
            "tags": {
              "Name": "/aws/ecs/app2"
            },
            "tags_all": {
              "Name": "/aws/ecs/app2"
            }
          },
          "sensitive_attributes": [],
          "private": "bnVsbA==",
          "dependencies": [
            "module.alb_SG.aws_security_group.this",
            "module.alb_SG.aws_security_group.this_name_prefix",
            "module.alb_ecs.aws_lambda_permission.this",
            "module.alb_ecs.aws_lb.this",
            "module.alb_ecs.aws_lb_listener.this",
            "module.alb_ecs.aws_lb_listener_certificate.this",
            "module.alb_ecs.aws_lb_listener_rule.this",
            "module.alb_ecs.aws_lb_target_group.this",
            "module.alb_ecs.aws_lb_target_group_attachment.additional",
            "module.alb_ecs.aws_lb_target_group_attachment.this",
            "module.alb_ecs.aws_route53_record.this",
            "module.alb_ecs.aws_security_group.this",
            "module.alb_ecs.aws_vpc_security_group_egress_rule.this",
            "module.alb_ecs.aws_vpc_security_group_ingress_rule.this",
            "module.alb_ecs.aws_wafv2_web_acl_association.this",
            "module.alb_ecs.data.aws_partition.current",
            "module.vpc.aws_subnet.public",
            "module.vpc.aws_vpc.this",
            "module.vpc.aws_vpc_ipv4_cidr_block_association.this"
          ]
        }
      ]
    },
    {
      "module": "module.ecs_app2.module.cluster",
      "mode": "managed",
      "type": "aws_ecs_cluster",
      "name": "this",
      "provider": "provider[\"registry.terraform.io/hashicorp/aws\"]",
      "instances": [
        {
          "index_key": 0,
          "schema_version": 0,
          "attributes": {
            "arn": "arn:aws:ecs:us-east-1:058264231384:cluster/app2",
            "configuration": [
              {
                "execute_command_configuration": [
                  {
                    "kms_key_id": "",
                    "log_configuration": [
                      {
                        "cloud_watch_encryption_enabled": false,
                        "cloud_watch_log_group_name": "/aws/ecs/app2",
                        "s3_bucket_encryption_enabled": false,
                        "s3_bucket_name": "",
                        "s3_key_prefix": ""
                      }
                    ],
                    "logging": "OVERRIDE"
                  }
                ],
                "managed_storage_configuration": []
              }
            ],
            "id": "arn:aws:ecs:us-east-1:058264231384:cluster/app2",
            "name": "app2",
            "region": "us-east-1",
            "service_connect_defaults": [],
            "setting": [
              {
                "name": "containerInsights",
                "value": "enabled"
              }
            ],
            "tags": {},
            "tags_all": {}
          },
          "sensitive_attributes": [],
          "private": "bnVsbA==",
          "dependencies": [
            "module.alb_SG.aws_security_group.this",
            "module.alb_SG.aws_security_group.this_name_prefix",
            "module.alb_ecs.aws_lambda_permission.this",
            "module.alb_ecs.aws_lb.this",
            "module.alb_ecs.aws_lb_listener.this",
            "module.alb_ecs.aws_lb_listener_certificate.this",
            "module.alb_ecs.aws_lb_listener_rule.this",
            "module.alb_ecs.aws_lb_target_group.this",
            "module.alb_ecs.aws_lb_target_group_attachment.additional",
            "module.alb_ecs.aws_lb_target_group_attachment.this",
            "module.alb_ecs.aws_route53_record.this",
            "module.alb_ecs.aws_security_group.this",
            "module.alb_ecs.aws_vpc_security_group_egress_rule.this",
            "module.alb_ecs.aws_vpc_security_group_ingress_rule.this",
            "module.alb_ecs.aws_wafv2_web_acl_association.this",
            "module.alb_ecs.data.aws_partition.current",
            "module.ecs_app2.module.cluster.aws_cloudwatch_log_group.this",
            "module.vpc.aws_subnet.public",
            "module.vpc.aws_vpc.this",
            "module.vpc.aws_vpc_ipv4_cidr_block_association.this"
          ]
        }
      ]
    },
    {
      "module": "module.ecs_app2.module.service[\"app2-service\"]",
      "mode": "managed",
      "type": "aws_ecs_service",
      "name": "this",
      "provider": "provider[\"registry.terraform.io/hashicorp/aws\"]",
      "instances": [
        {
          "index_key": 0,
          "schema_version": 1,
          "attributes": {
            "alarms": [],
            "arn": "arn:aws:ecs:us-east-1:058264231384:service/app2/app2-service",
            "availability_zone_rebalancing": "ENABLED",
            "capacity_provider_strategy": [],
            "cluster": "arn:aws:ecs:us-east-1:058264231384:cluster/app2",
            "deployment_circuit_breaker": [
              {
                "enable": true,
                "rollback": true
              }
            ],
            "deployment_configuration": [
              {
                "bake_time_in_minutes": "0",
                "lifecycle_hook": [],
                "strategy": "ROLLING"
              }
            ],
            "deployment_controller": [
              {
                "type": "ECS"
              }
            ],
            "deployment_maximum_percent": 200,
            "deployment_minimum_healthy_percent": 100,
            "desired_count": 2,
            "enable_ecs_managed_tags": true,
            "enable_execute_command": false,
            "force_delete": null,
            "force_new_deployment": true,
            "health_check_grace_period_seconds": 180,
            "iam_role": "/aws-service-role/ecs.amazonaws.com/AWSServiceRoleForECS",
            "id": "arn:aws:ecs:us-east-1:058264231384:service/app2/app2-service",
            "launch_type": "FARGATE",
            "load_balancer": [
              {
                "advanced_configuration": [],
                "container_name": "app2",
                "container_port": 80,
                "elb_name": "",
                "target_group_arn": "arn:aws:elasticloadbalancing:us-east-1:058264231384:targetgroup/tf-20250924161603841400000007/2b2d377254df4ef3"
              }
            ],
            "name": "app2-service",
            "network_configuration": [
              {
                "assign_public_ip": false,
                "security_groups": [
                  "sg-05e8ab50c9b0fceb6"
                ],
                "subnets": [
                  "subnet-0274627bc2025766e",
                  "subnet-09fb640dd5e780f59"
                ]
              }
            ],
            "ordered_placement_strategy": [],
            "placement_constraints": [],
            "platform_version": "1.4.0",
            "propagate_tags": "NONE",
            "region": "us-east-1",
            "scheduling_strategy": "REPLICA",
            "service_connect_configuration": [],
            "service_registries": [],
            "sigint_rollback": null,
            "tags": {},
            "tags_all": {},
            "task_definition": "arn:aws:ecs:us-east-1:058264231384:task-definition/app2-service:45",
            "timeouts": null,
            "triggers": {},
            "volume_configuration": [],
            "vpc_lattice_configurations": [],
            "wait_for_steady_state": false
          },
          "sensitive_attributes": [],
          "private": "eyJlMmJmYjczMC1lY2FhLTExZTYtOGY4OC0zNDM2M2JjN2M0YzAiOnsiY3JlYXRlIjoxMjAwMDAwMDAwMDAwLCJkZWxldGUiOjEyMDAwMDAwMDAwMDAsInVwZGF0ZSI6MTIwMDAwMDAwMDAwMH0sInNjaGVtYV92ZXJzaW9uIjoiMSJ9",
          "dependencies": [
            "aws_security_group.ecs_task_sg",
            "module.alb_SG.aws_security_group.this",
            "module.alb_SG.aws_security_group.this_name_prefix",
            "module.alb_ecs.aws_lambda_permission.this",
            "module.alb_ecs.aws_lb.this",
            "module.alb_ecs.aws_lb_listener.this",
            "module.alb_ecs.aws_lb_listener_certificate.this",
            "module.alb_ecs.aws_lb_listener_rule.this",
            "module.alb_ecs.aws_lb_target_group.this",
            "module.alb_ecs.aws_lb_target_group_attachment.additional",
            "module.alb_ecs.aws_lb_target_group_attachment.this",
            "module.alb_ecs.aws_route53_record.this",
            "module.alb_ecs.aws_security_group.this",
            "module.alb_ecs.aws_vpc_security_group_egress_rule.this",
            "module.alb_ecs.aws_vpc_security_group_ingress_rule.this",
            "module.alb_ecs.aws_wafv2_web_acl_association.this",
            "module.alb_ecs.data.aws_partition.current",
            "module.ecs_app2.module.cluster.aws_cloudwatch_log_group.this",
            "module.ecs_app2.module.cluster.aws_ecs_cluster.this",
            "module.ecs_app2.module.cluster.aws_iam_role.task_exec",
            "module.ecs_app2.module.cluster.data.aws_iam_policy_document.task_exec_assume",
            "module.ecs_app2.module.service.aws_ecs_task_definition.this",
            "module.ecs_app2.module.service.aws_iam_policy.service",
            "module.ecs_app2.module.service.aws_iam_policy.task_exec",
            "module.ecs_app2.module.service.aws_iam_role.infrastructure_iam_role",
            "module.ecs_app2.module.service.aws_iam_role.service",
            "module.ecs_app2.module.service.aws_iam_role.task_exec",
            "module.ecs_app2.module.service.aws_iam_role.tasks",
            "module.ecs_app2.module.service.aws_iam_role_policy_attachment.infrastructure_iam_role_ebs_policy",
            "module.ecs_app2.module.service.aws_iam_role_policy_attachment.service",
            "module.ecs_app2.module.service.aws_iam_role_policy_attachment.task_exec",
            "module.ecs_app2.module.service.aws_iam_role_policy_attachment.task_exec_additional",
            "module.ecs_app2.module.service.aws_iam_role_policy_attachment.tasks",
            "module.ecs_app2.module.service.aws_security_group.this",
            "module.ecs_app2.module.service.data.aws_caller_identity.current",
            "module.ecs_app2.module.service.data.aws_iam_policy_document.infrastructure_iam_role",
            "module.ecs_app2.module.service.data.aws_iam_policy_document.service",
            "module.ecs_app2.module.service.data.aws_iam_policy_document.service_assume",
            "module.ecs_app2.module.service.data.aws_iam_policy_document.task_exec",
            "module.ecs_app2.module.service.data.aws_iam_policy_document.task_exec_assume",
            "module.ecs_app2.module.service.data.aws_iam_policy_document.tasks_assume",
            "module.ecs_app2.module.service.data.aws_partition.current",
            "module.ecs_app2.module.service.data.aws_region.current",
            "module.ecs_app2.module.service.data.aws_subnet.this",
            "module.ecs_app2.module.service.module.container_definition.aws_cloudwatch_log_group.this",
            "module.ecs_app2.module.service.module.container_definition.data.aws_region.current",
            "module.vpc.aws_subnet.private",
            "module.vpc.aws_subnet.public",
            "module.vpc.aws_vpc.this",
            "module.vpc.aws_vpc_ipv4_cidr_block_association.this"
          ]
        }
      ]
    },
    {
      "module": "module.ecs_app2.module.service[\"app2-service\"]",
      "mode": "managed",
      "type": "aws_ecs_task_definition",
      "name": "this",
      "provider": "provider[\"registry.terraform.io/hashicorp/aws\"]",
      "instances": [
        {
          "index_key": 0,
          "schema_version": 1,
          "attributes": {
            "arn": "arn:aws:ecs:us-east-1:058264231384:task-definition/app2-service:49",
            "arn_without_revision": "arn:aws:ecs:us-east-1:058264231384:task-definition/app2-service",
            "container_definitions": "[{\"cpu\":512,\"environment\":[{\"name\":\"SERVER_TOMCAT_INTERNAL_PROXIES\",\"value\":\".*\"},{\"name\":\"SERVER_TOMCAT_PORT_HEADER\",\"value\":\"x-forwarded-port\"},{\"name\":\"SERVER_TOMCAT_PROTOCOL_HEADER\",\"value\":\"x-forwarded-proto\"},{\"name\":\"SERVER_TOMCAT_REMOTE_IP_HEADER\",\"value\":\"x-forwarded-for\"},{\"name\":\"SERVER_USE_FORWARD_HEADERS\",\"value\":\"true\"}],\"essential\":true,\"healthCheck\":{\"command\":[\"CMD-SHELL\",\"curl -sf http://localhost:80/app1/ || exit 1\"],\"interval\":30,\"retries\":3,\"startPeriod\":60,\"timeout\":5},\"image\":\"lika090909/app2:v1.0.1\",\"interactive\":false,\"linuxParameters\":{\"initProcessEnabled\":false},\"logConfiguration\":{\"logDriver\":\"awslogs\",\"options\":{\"awslogs-region\":\"us-east-1\",\"awslogs-stream-prefix\":\"ecs\",\"awslogs-group\":\"/aws/ecs/app2-service/app2\"}},\"memory\":1024,\"mountPoints\":[],\"name\":\"app2\",\"portMappings\":[{\"containerPort\":80,\"hostPort\":80,\"name\":\"app1\",\"protocol\":\"tcp\"}],\"privileged\":false,\"pseudoTerminal\":false,\"readonlyRootFilesystem\":false,\"restartPolicy\":{\"enabled\":true},\"startTimeout\":30,\"stopTimeout\":120,\"systemControls\":[],\"versionConsistency\":\"disabled\",\"volumesFrom\":[]}]",
            "cpu": "1024",
            "enable_fault_injection": false,
            "ephemeral_storage": [],
            "execution_role_arn": "arn:aws:iam::058264231384:role/app2-service-20250924161913540300000010",
            "family": "app2-service",
            "id": "app2-service",
            "ipc_mode": "",
            "memory": "2048",
            "network_mode": "awsvpc",
            "pid_mode": "",
            "placement_constraints": [],
            "proxy_configuration": [],
            "region": "us-east-1",
            "requires_compatibilities": [
              "FARGATE"
            ],
            "revision": 49,
            "runtime_platform": [
              {
                "cpu_architecture": "X86_64",
                "operating_system_family": "LINUX"
              }
            ],
            "skip_destroy": false,
            "tags": {},
            "tags_all": {},
            "task_role_arn": "arn:aws:iam::058264231384:role/app2-service-20250924161914411900000014",
            "track_latest": true,
            "volume": []
          },
          "sensitive_attributes": [],
          "private": "eyJzY2hlbWFfdmVyc2lvbiI6IjEifQ==",
          "dependencies": [
            "aws_security_group.ecs_task_sg",
            "module.alb_SG.aws_security_group.this",
            "module.alb_SG.aws_security_group.this_name_prefix",
            "module.alb_ecs.aws_lambda_permission.this",
            "module.alb_ecs.aws_lb.this",
            "module.alb_ecs.aws_lb_listener.this",
            "module.alb_ecs.aws_lb_listener_certificate.this",
            "module.alb_ecs.aws_lb_listener_rule.this",
            "module.alb_ecs.aws_lb_target_group.this",
            "module.alb_ecs.aws_lb_target_group_attachment.additional",
            "module.alb_ecs.aws_lb_target_group_attachment.this",
            "module.alb_ecs.aws_route53_record.this",
            "module.alb_ecs.aws_security_group.this",
            "module.alb_ecs.aws_vpc_security_group_egress_rule.this",
            "module.alb_ecs.aws_vpc_security_group_ingress_rule.this",
            "module.alb_ecs.aws_wafv2_web_acl_association.this",
            "module.alb_ecs.data.aws_partition.current",
            "module.ecs_app2.module.cluster.aws_iam_role.task_exec",
            "module.ecs_app2.module.cluster.data.aws_iam_policy_document.task_exec_assume",
            "module.ecs_app2.module.service.aws_iam_policy.task_exec",
            "module.ecs_app2.module.service.aws_iam_role.task_exec",
            "module.ecs_app2.module.service.aws_iam_role.tasks",
            "module.ecs_app2.module.service.aws_iam_role_policy_attachment.task_exec",
            "module.ecs_app2.module.service.aws_iam_role_policy_attachment.task_exec_additional",
            "module.ecs_app2.module.service.aws_iam_role_policy_attachment.tasks",
            "module.ecs_app2.module.service.data.aws_caller_identity.current",
            "module.ecs_app2.module.service.data.aws_iam_policy_document.task_exec",
            "module.ecs_app2.module.service.data.aws_iam_policy_document.task_exec_assume",
            "module.ecs_app2.module.service.data.aws_iam_policy_document.tasks_assume",
            "module.ecs_app2.module.service.data.aws_partition.current",
            "module.ecs_app2.module.service.data.aws_region.current",
            "module.ecs_app2.module.service.module.container_definition.aws_cloudwatch_log_group.this",
            "module.ecs_app2.module.service.module.container_definition.data.aws_region.current",
            "module.vpc.aws_subnet.private",
            "module.vpc.aws_subnet.public",
            "module.vpc.aws_vpc.this",
            "module.vpc.aws_vpc_ipv4_cidr_block_association.this"
          ],
          "create_before_destroy": true
        }
      ]
    },
    {
      "module": "module.ecs_app2.module.service[\"app2-service\"]",
      "mode": "managed",
      "type": "aws_iam_policy",
      "name": "task_exec",
      "provider": "provider[\"registry.terraform.io/hashicorp/aws\"]",
      "instances": [
        {
          "index_key": 0,
          "schema_version": 0,
          "attributes": {
            "arn": "arn:aws:iam::058264231384:policy/app2-service-20250924161913815000000011",
            "attachment_count": 1,
            "description": "Task execution role IAM policy",
            "id": "arn:aws:iam::058264231384:policy/app2-service-20250924161913815000000011",
            "name": "app2-service-20250924161913815000000011",
            "name_prefix": "app2-service-",
            "path": "/",
            "policy": "{\"Statement\":[{\"Action\":[\"logs:PutLogEvents\",\"logs:CreateLogStream\"],\"Effect\":\"Allow\",\"Resource\":\"*\",\"Sid\":\"Logs\"},{\"Action\":[\"ecr:GetDownloadUrlForLayer\",\"ecr:GetAuthorizationToken\",\"ecr:BatchGetImage\",\"ecr:BatchCheckLayerAvailability\"],\"Effect\":\"Allow\",\"Resource\":\"*\",\"Sid\":\"ECR\"}],\"Version\":\"2012-10-17\"}",
            "policy_id": "ANPAQ3EGRTXMK2AIDBONY",
            "tags": {},
            "tags_all": {}
          },
          "sensitive_attributes": [],
          "private": "bnVsbA==",
          "dependencies": [
            "aws_security_group.ecs_task_sg",
            "module.alb_SG.aws_security_group.this",
            "module.alb_SG.aws_security_group.this_name_prefix",
            "module.alb_ecs.aws_lambda_permission.this",
            "module.alb_ecs.aws_lb.this",
            "module.alb_ecs.aws_lb_listener.this",
            "module.alb_ecs.aws_lb_listener_certificate.this",
            "module.alb_ecs.aws_lb_listener_rule.this",
            "module.alb_ecs.aws_lb_target_group.this",
            "module.alb_ecs.aws_lb_target_group_attachment.additional",
            "module.alb_ecs.aws_lb_target_group_attachment.this",
            "module.alb_ecs.aws_route53_record.this",
            "module.alb_ecs.aws_security_group.this",
            "module.alb_ecs.aws_vpc_security_group_egress_rule.this",
            "module.alb_ecs.aws_vpc_security_group_ingress_rule.this",
            "module.alb_ecs.aws_wafv2_web_acl_association.this",
            "module.alb_ecs.data.aws_partition.current",
            "module.ecs_app2.module.service.data.aws_iam_policy_document.task_exec",
            "module.vpc.aws_subnet.private",
            "module.vpc.aws_subnet.public",
            "module.vpc.aws_vpc.this",
            "module.vpc.aws_vpc_ipv4_cidr_block_association.this"
          ],
          "create_before_destroy": true
        }
      ]
    },
    {
      "module": "module.ecs_app2.module.service[\"app2-service\"]",
      "mode": "managed",
      "type": "aws_iam_role",
      "name": "task_exec",
      "provider": "provider[\"registry.terraform.io/hashicorp/aws\"]",
      "instances": [
        {
          "index_key": 0,
          "schema_version": 0,
          "attributes": {
            "arn": "arn:aws:iam::058264231384:role/app2-service-20250924161913540300000010",
            "assume_role_policy": "{\"Statement\":[{\"Action\":\"sts:AssumeRole\",\"Effect\":\"Allow\",\"Principal\":{\"Service\":\"ecs-tasks.amazonaws.com\"},\"Sid\":\"ECSTaskExecutionAssumeRole\"}],\"Version\":\"2012-10-17\"}",
            "create_date": "2025-09-24T16:16:07Z",
            "description": "Task execution role for app2-service",
            "force_detach_policies": true,
            "id": "app2-service-20250924161913540300000010",
            "inline_policy": [],
            "managed_policy_arns": [
              "arn:aws:iam::058264231384:policy/app2-service-20250924161913815000000011"
            ],
            "max_session_duration": 3600,
            "name": "app2-service-20250924161913540300000010",
            "name_prefix": "app2-service-",
            "path": "/",
            "permissions_boundary": "",
            "tags": {},
            "tags_all": {},
            "unique_id": "AROAQ3EGRTXMAIFVI5QLI"
          },
          "sensitive_attributes": [],
          "private": "bnVsbA==",
          "dependencies": [
            "aws_security_group.ecs_task_sg",
            "module.alb_SG.aws_security_group.this",
            "module.alb_SG.aws_security_group.this_name_prefix",
            "module.alb_ecs.aws_lambda_permission.this",
            "module.alb_ecs.aws_lb.this",
            "module.alb_ecs.aws_lb_listener.this",
            "module.alb_ecs.aws_lb_listener_certificate.this",
            "module.alb_ecs.aws_lb_listener_rule.this",
            "module.alb_ecs.aws_lb_target_group.this",
            "module.alb_ecs.aws_lb_target_group_attachment.additional",
            "module.alb_ecs.aws_lb_target_group_attachment.this",
            "module.alb_ecs.aws_route53_record.this",
            "module.alb_ecs.aws_security_group.this",
            "module.alb_ecs.aws_vpc_security_group_egress_rule.this",
            "module.alb_ecs.aws_vpc_security_group_ingress_rule.this",
            "module.alb_ecs.aws_wafv2_web_acl_association.this",
            "module.alb_ecs.data.aws_partition.current",
            "module.ecs_app2.module.service.data.aws_iam_policy_document.task_exec_assume",
            "module.vpc.aws_subnet.private",
            "module.vpc.aws_subnet.public",
            "module.vpc.aws_vpc.this",
            "module.vpc.aws_vpc_ipv4_cidr_block_association.this"
          ],
          "create_before_destroy": true
        }
      ]
    },
    {
      "module": "module.ecs_app2.module.service[\"app2-service\"]",
      "mode": "managed",
      "type": "aws_iam_role",
      "name": "tasks",
      "provider": "provider[\"registry.terraform.io/hashicorp/aws\"]",
      "instances": [
        {
          "index_key": 0,
          "schema_version": 0,
          "attributes": {
            "arn": "arn:aws:iam::058264231384:role/app2-service-20250924161914411900000014",
            "assume_role_policy": "{\"Statement\":[{\"Action\":\"sts:AssumeRole\",\"Condition\":{\"ArnLike\":{\"aws:SourceArn\":\"arn:aws:ecs:us-east-1:058264231384:*\"},\"StringEquals\":{\"aws:SourceAccount\":\"058264231384\"}},\"Effect\":\"Allow\",\"Principal\":{\"Service\":\"ecs-tasks.amazonaws.com\"},\"Sid\":\"ECSTasksAssumeRole\"}],\"Version\":\"2012-10-17\"}",
            "create_date": "2025-09-24T16:16:08Z",
            "description": "",
            "force_detach_policies": true,
            "id": "app2-service-20250924161914411900000014",
            "inline_policy": [],
            "managed_policy_arns": [],
            "max_session_duration": 3600,
            "name": "app2-service-20250924161914411900000014",
            "name_prefix": "app2-service-",
            "path": "/",
            "permissions_boundary": "",
            "tags": {},
            "tags_all": {},
            "unique_id": "AROAQ3EGRTXMO5XZYIF3T"
          },
          "sensitive_attributes": [],
          "private": "bnVsbA==",
          "dependencies": [
            "aws_security_group.ecs_task_sg",
            "module.alb_SG.aws_security_group.this",
            "module.alb_SG.aws_security_group.this_name_prefix",
            "module.alb_ecs.aws_lambda_permission.this",
            "module.alb_ecs.aws_lb.this",
            "module.alb_ecs.aws_lb_listener.this",
            "module.alb_ecs.aws_lb_listener_certificate.this",
            "module.alb_ecs.aws_lb_listener_rule.this",
            "module.alb_ecs.aws_lb_target_group.this",
            "module.alb_ecs.aws_lb_target_group_attachment.additional",
            "module.alb_ecs.aws_lb_target_group_attachment.this",
            "module.alb_ecs.aws_route53_record.this",
            "module.alb_ecs.aws_security_group.this",
            "module.alb_ecs.aws_vpc_security_group_egress_rule.this",
            "module.alb_ecs.aws_vpc_security_group_ingress_rule.this",
            "module.alb_ecs.aws_wafv2_web_acl_association.this",
            "module.alb_ecs.data.aws_partition.current",
            "module.ecs_app2.module.service.data.aws_caller_identity.current",
            "module.ecs_app2.module.service.data.aws_iam_policy_document.tasks_assume",
            "module.ecs_app2.module.service.data.aws_partition.current",
            "module.ecs_app2.module.service.data.aws_region.current",
            "module.vpc.aws_subnet.private",
            "module.vpc.aws_subnet.public",
            "module.vpc.aws_vpc.this",
            "module.vpc.aws_vpc_ipv4_cidr_block_association.this"
          ],
          "create_before_destroy": true
        }
      ]
    },
    {
      "module": "module.ecs_app2.module.service[\"app2-service\"]",
      "mode": "managed",
      "type": "aws_iam_role_policy_attachment",
      "name": "task_exec",
      "provider": "provider[\"registry.terraform.io/hashicorp/aws\"]",
      "instances": [
        {
          "index_key": 0,
          "schema_version": 0,
          "attributes": {
            "id": "app2-service-20250924161913540300000010/arn:aws:iam::058264231384:policy/app2-service-20250924161913815000000011",
            "policy_arn": "arn:aws:iam::058264231384:policy/app2-service-20250924161913815000000011",
            "role": "app2-service-20250924161913540300000010"
          },
          "sensitive_attributes": [],
          "private": "bnVsbA==",
          "dependencies": [
            "aws_security_group.ecs_task_sg",
            "module.alb_SG.aws_security_group.this",
            "module.alb_SG.aws_security_group.this_name_prefix",
            "module.alb_ecs.aws_lambda_permission.this",
            "module.alb_ecs.aws_lb.this",
            "module.alb_ecs.aws_lb_listener.this",
            "module.alb_ecs.aws_lb_listener_certificate.this",
            "module.alb_ecs.aws_lb_listener_rule.this",
            "module.alb_ecs.aws_lb_target_group.this",
            "module.alb_ecs.aws_lb_target_group_attachment.additional",
            "module.alb_ecs.aws_lb_target_group_attachment.this",
            "module.alb_ecs.aws_route53_record.this",
            "module.alb_ecs.aws_security_group.this",
            "module.alb_ecs.aws_vpc_security_group_egress_rule.this",
            "module.alb_ecs.aws_vpc_security_group_ingress_rule.this",
            "module.alb_ecs.aws_wafv2_web_acl_association.this",
            "module.alb_ecs.data.aws_partition.current",
            "module.ecs_app2.module.service.aws_iam_policy.task_exec",
            "module.ecs_app2.module.service.aws_iam_role.task_exec",
            "module.ecs_app2.module.service.data.aws_iam_policy_document.task_exec",
            "module.ecs_app2.module.service.data.aws_iam_policy_document.task_exec_assume",
            "module.vpc.aws_subnet.private",
            "module.vpc.aws_subnet.public",
            "module.vpc.aws_vpc.this",
            "module.vpc.aws_vpc_ipv4_cidr_block_association.this"
          ],
          "create_before_destroy": true
        }
      ]
    },
    {
      "module": "module.ecs_app2.module.service[\"app2-service\"].module.container_definition[\"app2\"]",
      "mode": "managed",
      "type": "aws_cloudwatch_log_group",
      "name": "this",
      "provider": "provider[\"registry.terraform.io/hashicorp/aws\"]",
      "instances": [
        {
          "index_key": 0,
          "schema_version": 0,
          "attributes": {
            "arn": "arn:aws:logs:us-east-1:058264231384:log-group:/aws/ecs/app2-service/app2",
            "id": "/aws/ecs/app2-service/app2",
            "kms_key_id": "",
            "log_group_class": "STANDARD",
            "name": "/aws/ecs/app2-service/app2",
            "name_prefix": "",
            "region": "us-east-1",
            "retention_in_days": 30,
            "skip_destroy": false,
            "tags": {},
            "tags_all": {}
          },
          "sensitive_attributes": [],
          "private": "bnVsbA==",
          "dependencies": [
            "aws_security_group.ecs_task_sg",
            "module.alb_SG.aws_security_group.this",
            "module.alb_SG.aws_security_group.this_name_prefix",
            "module.alb_ecs.aws_lambda_permission.this",
            "module.alb_ecs.aws_lb.this",
            "module.alb_ecs.aws_lb_listener.this",
            "module.alb_ecs.aws_lb_listener_certificate.this",
            "module.alb_ecs.aws_lb_listener_rule.this",
            "module.alb_ecs.aws_lb_target_group.this",
            "module.alb_ecs.aws_lb_target_group_attachment.additional",
            "module.alb_ecs.aws_lb_target_group_attachment.this",
            "module.alb_ecs.aws_route53_record.this",
            "module.alb_ecs.aws_security_group.this",
            "module.alb_ecs.aws_vpc_security_group_egress_rule.this",
            "module.alb_ecs.aws_vpc_security_group_ingress_rule.this",
            "module.alb_ecs.aws_wafv2_web_acl_association.this",
            "module.alb_ecs.data.aws_partition.current",
            "module.vpc.aws_subnet.private",
            "module.vpc.aws_subnet.public",
            "module.vpc.aws_vpc.this",
            "module.vpc.aws_vpc_ipv4_cidr_block_association.this"
          ],
          "create_before_destroy": true
        }
      ]
    },
    {
      "module": "module.ecs_app3.module.cluster",
      "mode": "managed",
      "type": "aws_cloudwatch_log_group",
      "name": "this",
      "provider": "provider[\"registry.terraform.io/hashicorp/aws\"]",
      "instances": [
        {
          "index_key": 0,
          "schema_version": 0,
          "attributes": {
            "arn": "arn:aws:logs:us-east-1:058264231384:log-group:/aws/ecs/app3",
            "id": "/aws/ecs/app3",
            "kms_key_id": "",
            "log_group_class": "STANDARD",
            "name": "/aws/ecs/app3",
            "name_prefix": "",
            "region": "us-east-1",
            "retention_in_days": 90,
            "skip_destroy": false,
            "tags": {
              "Name": "/aws/ecs/app3"
            },
            "tags_all": {
              "Name": "/aws/ecs/app3"
            }
          },
          "sensitive_attributes": [],
          "private": "bnVsbA==",
          "dependencies": [
            "module.alb_SG.aws_security_group.this",
            "module.alb_SG.aws_security_group.this_name_prefix",
            "module.alb_ecs.aws_lambda_permission.this",
            "module.alb_ecs.aws_lb.this",
            "module.alb_ecs.aws_lb_listener.this",
            "module.alb_ecs.aws_lb_listener_certificate.this",
            "module.alb_ecs.aws_lb_listener_rule.this",
            "module.alb_ecs.aws_lb_target_group.this",
            "module.alb_ecs.aws_lb_target_group_attachment.additional",
            "module.alb_ecs.aws_lb_target_group_attachment.this",
            "module.alb_ecs.aws_route53_record.this",
            "module.alb_ecs.aws_security_group.this",
            "module.alb_ecs.aws_vpc_security_group_egress_rule.this",
            "module.alb_ecs.aws_vpc_security_group_ingress_rule.this",
            "module.alb_ecs.aws_wafv2_web_acl_association.this",
            "module.alb_ecs.data.aws_partition.current",
            "module.vpc.aws_subnet.public",
            "module.vpc.aws_vpc.this",
            "module.vpc.aws_vpc_ipv4_cidr_block_association.this"
          ]
        }
      ]
    },
    {
      "module": "module.ecs_app3.module.cluster",
      "mode": "managed",
      "type": "aws_ecs_cluster",
      "name": "this",
      "provider": "provider[\"registry.terraform.io/hashicorp/aws\"]",
      "instances": [
        {
          "index_key": 0,
          "schema_version": 0,
          "attributes": {
            "arn": "arn:aws:ecs:us-east-1:058264231384:cluster/app3",
            "configuration": [
              {
                "execute_command_configuration": [
                  {
                    "kms_key_id": "",
                    "log_configuration": [
                      {
                        "cloud_watch_encryption_enabled": false,
                        "cloud_watch_log_group_name": "/aws/ecs/app3",
                        "s3_bucket_encryption_enabled": false,
                        "s3_bucket_name": "",
                        "s3_key_prefix": ""
                      }
                    ],
                    "logging": "OVERRIDE"
                  }
                ],
                "managed_storage_configuration": []
              }
            ],
            "id": "arn:aws:ecs:us-east-1:058264231384:cluster/app3",
            "name": "app3",
            "region": "us-east-1",
            "service_connect_defaults": [],
            "setting": [
              {
                "name": "containerInsights",
                "value": "enabled"
              }
            ],
            "tags": {},
            "tags_all": {}
          },
          "sensitive_attributes": [],
          "private": "bnVsbA==",
          "dependencies": [
            "module.alb_SG.aws_security_group.this",
            "module.alb_SG.aws_security_group.this_name_prefix",
            "module.alb_ecs.aws_lambda_permission.this",
            "module.alb_ecs.aws_lb.this",
            "module.alb_ecs.aws_lb_listener.this",
            "module.alb_ecs.aws_lb_listener_certificate.this",
            "module.alb_ecs.aws_lb_listener_rule.this",
            "module.alb_ecs.aws_lb_target_group.this",
            "module.alb_ecs.aws_lb_target_group_attachment.additional",
            "module.alb_ecs.aws_lb_target_group_attachment.this",
            "module.alb_ecs.aws_route53_record.this",
            "module.alb_ecs.aws_security_group.this",
            "module.alb_ecs.aws_vpc_security_group_egress_rule.this",
            "module.alb_ecs.aws_vpc_security_group_ingress_rule.this",
            "module.alb_ecs.aws_wafv2_web_acl_association.this",
            "module.alb_ecs.data.aws_partition.current",
            "module.ecs_app3.module.cluster.aws_cloudwatch_log_group.this",
            "module.vpc.aws_subnet.public",
            "module.vpc.aws_vpc.this",
            "module.vpc.aws_vpc_ipv4_cidr_block_association.this"
          ]
        }
      ]
    },
    {
      "module": "module.ecs_app3.module.service[\"app3-service\"]",
      "mode": "managed",
      "type": "aws_ecs_service",
      "name": "this",
      "provider": "provider[\"registry.terraform.io/hashicorp/aws\"]",
      "instances": [
        {
          "index_key": 0,
          "schema_version": 1,
          "attributes": {
            "alarms": [],
            "arn": "arn:aws:ecs:us-east-1:058264231384:service/app3/app3-service",
            "availability_zone_rebalancing": "ENABLED",
            "capacity_provider_strategy": [],
            "cluster": "arn:aws:ecs:us-east-1:058264231384:cluster/app3",
            "deployment_circuit_breaker": [
              {
                "enable": true,
                "rollback": true
              }
            ],
            "deployment_configuration": [
              {
                "bake_time_in_minutes": "0",
                "lifecycle_hook": [],
                "strategy": "ROLLING"
              }
            ],
            "deployment_controller": [
              {
                "type": "ECS"
              }
            ],
            "deployment_maximum_percent": 200,
            "deployment_minimum_healthy_percent": 100,
            "desired_count": 2,
            "enable_ecs_managed_tags": true,
            "enable_execute_command": false,
            "force_delete": null,
            "force_new_deployment": true,
            "health_check_grace_period_seconds": 180,
            "iam_role": "/aws-service-role/ecs.amazonaws.com/AWSServiceRoleForECS",
            "id": "arn:aws:ecs:us-east-1:058264231384:service/app3/app3-service",
            "launch_type": "FARGATE",
            "load_balancer": [
              {
                "advanced_configuration": [],
                "container_name": "app3",
                "container_port": 8080,
                "elb_name": "",
                "target_group_arn": "arn:aws:elasticloadbalancing:us-east-1:058264231384:targetgroup/tf-20250924161603898800000008/74665a8f0ecba9e8"
              }
            ],
            "name": "app3-service",
            "network_configuration": [
              {
                "assign_public_ip": false,
                "security_groups": [
                  "sg-05e8ab50c9b0fceb6"
                ],
                "subnets": [
                  "subnet-0274627bc2025766e",
                  "subnet-09fb640dd5e780f59"
                ]
              }
            ],
            "ordered_placement_strategy": [],
            "placement_constraints": [],
            "platform_version": "1.4.0",
            "propagate_tags": "NONE",
            "region": "us-east-1",
            "scheduling_strategy": "REPLICA",
            "service_connect_configuration": [],
            "service_registries": [],
            "sigint_rollback": null,
            "tags": {},
            "tags_all": {},
            "task_definition": "arn:aws:ecs:us-east-1:058264231384:task-definition/app3-service:64",
            "timeouts": null,
            "triggers": {},
            "volume_configuration": [],
            "vpc_lattice_configurations": [],
            "wait_for_steady_state": false
          },
          "sensitive_attributes": [],
          "private": "eyJlMmJmYjczMC1lY2FhLTExZTYtOGY4OC0zNDM2M2JjN2M0YzAiOnsiY3JlYXRlIjoxMjAwMDAwMDAwMDAwLCJkZWxldGUiOjEyMDAwMDAwMDAwMDAsInVwZGF0ZSI6MTIwMDAwMDAwMDAwMH0sInNjaGVtYV92ZXJzaW9uIjoiMSJ9",
          "dependencies": [
            "aws_iam_role.app3_exec_role",
            "aws_iam_role.app3_task_role",
            "aws_security_group.ecs_task_sg",
            "data.aws_secretsmanager_secret.db",
            "module.alb_SG.aws_security_group.this",
            "module.alb_SG.aws_security_group.this_name_prefix",
            "module.alb_ecs.aws_lambda_permission.this",
            "module.alb_ecs.aws_lb.this",
            "module.alb_ecs.aws_lb_listener.this",
            "module.alb_ecs.aws_lb_listener_certificate.this",
            "module.alb_ecs.aws_lb_listener_rule.this",
            "module.alb_ecs.aws_lb_target_group.this",
            "module.alb_ecs.aws_lb_target_group_attachment.additional",
            "module.alb_ecs.aws_lb_target_group_attachment.this",
            "module.alb_ecs.aws_route53_record.this",
            "module.alb_ecs.aws_security_group.this",
            "module.alb_ecs.aws_vpc_security_group_egress_rule.this",
            "module.alb_ecs.aws_vpc_security_group_ingress_rule.this",
            "module.alb_ecs.aws_wafv2_web_acl_association.this",
            "module.alb_ecs.data.aws_partition.current",
            "module.ecs_app3.module.cluster.aws_cloudwatch_log_group.this",
            "module.ecs_app3.module.cluster.aws_ecs_cluster.this",
            "module.ecs_app3.module.cluster.aws_iam_role.task_exec",
            "module.ecs_app3.module.cluster.data.aws_iam_policy_document.task_exec_assume",
            "module.ecs_app3.module.service.aws_ecs_task_definition.this",
            "module.ecs_app3.module.service.aws_iam_policy.service",
            "module.ecs_app3.module.service.aws_iam_policy.task_exec",
            "module.ecs_app3.module.service.aws_iam_role.infrastructure_iam_role",
            "module.ecs_app3.module.service.aws_iam_role.service",
            "module.ecs_app3.module.service.aws_iam_role.task_exec",
            "module.ecs_app3.module.service.aws_iam_role.tasks",
            "module.ecs_app3.module.service.aws_iam_role_policy_attachment.infrastructure_iam_role_ebs_policy",
            "module.ecs_app3.module.service.aws_iam_role_policy_attachment.service",
            "module.ecs_app3.module.service.aws_iam_role_policy_attachment.task_exec",
            "module.ecs_app3.module.service.aws_iam_role_policy_attachment.task_exec_additional",
            "module.ecs_app3.module.service.aws_iam_role_policy_attachment.tasks",
            "module.ecs_app3.module.service.aws_security_group.this",
            "module.ecs_app3.module.service.data.aws_caller_identity.current",
            "module.ecs_app3.module.service.data.aws_iam_policy_document.infrastructure_iam_role",
            "module.ecs_app3.module.service.data.aws_iam_policy_document.service",
            "module.ecs_app3.module.service.data.aws_iam_policy_document.service_assume",
            "module.ecs_app3.module.service.data.aws_iam_policy_document.task_exec",
            "module.ecs_app3.module.service.data.aws_iam_policy_document.task_exec_assume",
            "module.ecs_app3.module.service.data.aws_iam_policy_document.tasks_assume",
            "module.ecs_app3.module.service.data.aws_partition.current",
            "module.ecs_app3.module.service.data.aws_region.current",
            "module.ecs_app3.module.service.data.aws_subnet.this",
            "module.ecs_app3.module.service.module.container_definition.aws_cloudwatch_log_group.this",
            "module.ecs_app3.module.service.module.container_definition.data.aws_region.current",
            "module.vpc.aws_subnet.private",
            "module.vpc.aws_subnet.public",
            "module.vpc.aws_vpc.this",
            "module.vpc.aws_vpc_ipv4_cidr_block_association.this"
          ]
        }
      ]
    },
    {
      "module": "module.ecs_app3.module.service[\"app3-service\"]",
      "mode": "managed",
      "type": "aws_ecs_task_definition",
      "name": "this",
      "provider": "provider[\"registry.terraform.io/hashicorp/aws\"]",
      "instances": [
        {
          "index_key": 0,
          "schema_version": 1,
          "attributes": {
            "arn": "arn:aws:ecs:us-east-1:058264231384:task-definition/app3-service:65",
            "arn_without_revision": "arn:aws:ecs:us-east-1:058264231384:task-definition/app3-service",
            "container_definitions": "[{\"cpu\":512,\"environment\":[{\"name\":\"AWS_REGION\",\"value\":\"us-east-1\"},{\"name\":\"REV\",\"value\":\"3\"},{\"name\":\"SECRET_ID\",\"value\":\"arn:aws:secretsmanager:us-east-1:058264231384:secret:dev/database_creds-SKaLIi\"},{\"name\":\"SERVER_TOMCAT_INTERNAL_PROXIES\",\"value\":\".*\"},{\"name\":\"SERVER_TOMCAT_PORT_HEADER\",\"value\":\"x-forwarded-port\"},{\"name\":\"SERVER_TOMCAT_PROTOCOL_HEADER\",\"value\":\"x-forwarded-proto\"},{\"name\":\"SERVER_TOMCAT_REMOTE_IP_HEADER\",\"value\":\"x-forwarded-for\"},{\"name\":\"SERVER_USE_FORWARD_HEADERS\",\"value\":\"true\"}],\"essential\":true,\"healthCheck\":{\"command\":[\"CMD-SHELL\",\"curl -sf http://localhost:8080/login || exit 1\"],\"interval\":30,\"retries\":3,\"startPeriod\":60,\"timeout\":5},\"image\":\"lika090909/app3:v1.0.1\",\"interactive\":false,\"linuxParameters\":{\"initProcessEnabled\":false},\"logConfiguration\":{\"logDriver\":\"awslogs\",\"options\":{\"awslogs-stream-prefix\":\"ecs\",\"awslogs-group\":\"/aws/ecs/app3-service/app3\",\"awslogs-region\":\"us-east-1\"}},\"memory\":1024,\"mountPoints\":[],\"name\":\"app3\",\"portMappings\":[{\"containerPort\":8080,\"hostPort\":8080,\"name\":\"app3\",\"protocol\":\"tcp\"}],\"privileged\":false,\"pseudoTerminal\":false,\"readonlyRootFilesystem\":false,\"restartPolicy\":{\"enabled\":true},\"startTimeout\":30,\"stopTimeout\":120,\"systemControls\":[],\"versionConsistency\":\"disabled\",\"volumesFrom\":[]}]",
            "cpu": "1024",
            "enable_fault_injection": false,
            "ephemeral_storage": [],
            "execution_role_arn": "arn:aws:iam::058264231384:role/app3-service-20250924162804858300000018",
            "family": "app3-service",
            "id": "app3-service",
            "ipc_mode": "",
            "memory": "2048",
            "network_mode": "awsvpc",
            "pid_mode": "",
            "placement_constraints": [],
            "proxy_configuration": [],
            "region": "us-east-1",
            "requires_compatibilities": [
              "FARGATE"
            ],
            "revision": 65,
            "runtime_platform": [
              {
                "cpu_architecture": "X86_64",
                "operating_system_family": "LINUX"
              }
            ],
            "skip_destroy": false,
            "tags": {},
            "tags_all": {},
            "task_role_arn": "arn:aws:iam::058264231384:role/app3-task-role",
            "track_latest": true,
            "volume": []
          },
          "sensitive_attributes": [],
          "private": "eyJzY2hlbWFfdmVyc2lvbiI6IjEifQ==",
          "dependencies": [
            "aws_iam_role.app3_exec_role",
            "aws_iam_role.app3_task_role",
            "aws_security_group.ecs_task_sg",
            "data.aws_secretsmanager_secret.db",
            "module.alb_SG.aws_security_group.this",
            "module.alb_SG.aws_security_group.this_name_prefix",
            "module.alb_ecs.aws_lambda_permission.this",
            "module.alb_ecs.aws_lb.this",
            "module.alb_ecs.aws_lb_listener.this",
            "module.alb_ecs.aws_lb_listener_certificate.this",
            "module.alb_ecs.aws_lb_listener_rule.this",
            "module.alb_ecs.aws_lb_target_group.this",
            "module.alb_ecs.aws_lb_target_group_attachment.additional",
            "module.alb_ecs.aws_lb_target_group_attachment.this",
            "module.alb_ecs.aws_route53_record.this",
            "module.alb_ecs.aws_security_group.this",
            "module.alb_ecs.aws_vpc_security_group_egress_rule.this",
            "module.alb_ecs.aws_vpc_security_group_ingress_rule.this",
            "module.alb_ecs.aws_wafv2_web_acl_association.this",
            "module.alb_ecs.data.aws_partition.current",
            "module.ecs_app3.module.cluster.aws_iam_role.task_exec",
            "module.ecs_app3.module.cluster.data.aws_iam_policy_document.task_exec_assume",
            "module.ecs_app3.module.service.aws_iam_policy.task_exec",
            "module.ecs_app3.module.service.aws_iam_role.task_exec",
            "module.ecs_app3.module.service.aws_iam_role.tasks",
            "module.ecs_app3.module.service.aws_iam_role_policy_attachment.task_exec",
            "module.ecs_app3.module.service.aws_iam_role_policy_attachment.task_exec_additional",
            "module.ecs_app3.module.service.aws_iam_role_policy_attachment.tasks",
            "module.ecs_app3.module.service.data.aws_caller_identity.current",
            "module.ecs_app3.module.service.data.aws_iam_policy_document.task_exec",
            "module.ecs_app3.module.service.data.aws_iam_policy_document.task_exec_assume",
            "module.ecs_app3.module.service.data.aws_iam_policy_document.tasks_assume",
            "module.ecs_app3.module.service.data.aws_partition.current",
            "module.ecs_app3.module.service.data.aws_region.current",
            "module.ecs_app3.module.service.module.container_definition.aws_cloudwatch_log_group.this",
            "module.ecs_app3.module.service.module.container_definition.data.aws_region.current",
            "module.vpc.aws_subnet.private",
            "module.vpc.aws_subnet.public",
            "module.vpc.aws_vpc.this",
            "module.vpc.aws_vpc_ipv4_cidr_block_association.this"
          ],
          "create_before_destroy": true
        }
      ]
    },
    {
      "module": "module.ecs_app3.module.service[\"app3-service\"]",
      "mode": "managed",
      "type": "aws_iam_policy",
      "name": "task_exec",
      "provider": "provider[\"registry.terraform.io/hashicorp/aws\"]",
      "instances": [
        {
          "index_key": 0,
          "schema_version": 0,
          "attributes": {
            "arn": "arn:aws:iam::058264231384:policy/app3-service-20250924162804858000000017",
            "attachment_count": 1,
            "description": "Task execution role IAM policy",
            "id": "arn:aws:iam::058264231384:policy/app3-service-20250924162804858000000017",
            "name": "app3-service-20250924162804858000000017",
            "name_prefix": "app3-service-",
            "path": "/",
            "policy": "{\"Statement\":[{\"Action\":[\"logs:PutLogEvents\",\"logs:CreateLogStream\"],\"Effect\":\"Allow\",\"Resource\":\"*\",\"Sid\":\"Logs\"},{\"Action\":[\"ecr:GetDownloadUrlForLayer\",\"ecr:GetAuthorizationToken\",\"ecr:BatchGetImage\",\"ecr:BatchCheckLayerAvailability\"],\"Effect\":\"Allow\",\"Resource\":\"*\",\"Sid\":\"ECR\"}],\"Version\":\"2012-10-17\"}",
            "policy_id": "ANPAQ3EGRTXMFDSEQVTSJ",
            "tags": {},
            "tags_all": {}
          },
          "sensitive_attributes": [],
          "private": "bnVsbA==",
          "dependencies": [
            "aws_iam_role.app3_exec_role",
            "aws_iam_role.app3_task_role",
            "aws_security_group.ecs_task_sg",
            "data.aws_secretsmanager_secret.db",
            "module.alb_SG.aws_security_group.this",
            "module.alb_SG.aws_security_group.this_name_prefix",
            "module.alb_ecs.aws_lambda_permission.this",
            "module.alb_ecs.aws_lb.this",
            "module.alb_ecs.aws_lb_listener.this",
            "module.alb_ecs.aws_lb_listener_certificate.this",
            "module.alb_ecs.aws_lb_listener_rule.this",
            "module.alb_ecs.aws_lb_target_group.this",
            "module.alb_ecs.aws_lb_target_group_attachment.additional",
            "module.alb_ecs.aws_lb_target_group_attachment.this",
            "module.alb_ecs.aws_route53_record.this",
            "module.alb_ecs.aws_security_group.this",
            "module.alb_ecs.aws_vpc_security_group_egress_rule.this",
            "module.alb_ecs.aws_vpc_security_group_ingress_rule.this",
            "module.alb_ecs.aws_wafv2_web_acl_association.this",
            "module.alb_ecs.data.aws_partition.current",
            "module.ecs_app3.module.service.data.aws_iam_policy_document.task_exec",
            "module.vpc.aws_subnet.private",
            "module.vpc.aws_subnet.public",
            "module.vpc.aws_vpc.this",
            "module.vpc.aws_vpc_ipv4_cidr_block_association.this"
          ],
          "create_before_destroy": true
        }
      ]
    },
    {
      "module": "module.ecs_app3.module.service[\"app3-service\"]",
      "mode": "managed",
      "type": "aws_iam_role",
      "name": "task_exec",
      "provider": "provider[\"registry.terraform.io/hashicorp/aws\"]",
      "instances": [
        {
          "index_key": 0,
          "schema_version": 0,
          "attributes": {
            "arn": "arn:aws:iam::058264231384:role/app3-service-20250924162804858300000018",
            "assume_role_policy": "{\"Statement\":[{\"Action\":\"sts:AssumeRole\",\"Effect\":\"Allow\",\"Principal\":{\"Service\":\"ecs-tasks.amazonaws.com\"},\"Sid\":\"ECSTaskExecutionAssumeRole\"}],\"Version\":\"2012-10-17\"}",
            "create_date": "2025-09-24T16:24:59Z",
            "description": "Task execution role for app3-service",
            "force_detach_policies": true,
            "id": "app3-service-20250924162804858300000018",
            "inline_policy": [],
            "managed_policy_arns": [
              "arn:aws:iam::058264231384:policy/app3-service-20250924162804858000000017"
            ],
            "max_session_duration": 3600,
            "name": "app3-service-20250924162804858300000018",
            "name_prefix": "app3-service-",
            "path": "/",
            "permissions_boundary": "",
            "tags": {},
            "tags_all": {},
            "unique_id": "AROAQ3EGRTXMDYYYZ7VNW"
          },
          "sensitive_attributes": [],
          "private": "bnVsbA==",
          "dependencies": [
            "aws_iam_role.app3_exec_role",
            "aws_iam_role.app3_task_role",
            "aws_security_group.ecs_task_sg",
            "data.aws_secretsmanager_secret.db",
            "module.alb_SG.aws_security_group.this",
            "module.alb_SG.aws_security_group.this_name_prefix",
            "module.alb_ecs.aws_lambda_permission.this",
            "module.alb_ecs.aws_lb.this",
            "module.alb_ecs.aws_lb_listener.this",
            "module.alb_ecs.aws_lb_listener_certificate.this",
            "module.alb_ecs.aws_lb_listener_rule.this",
            "module.alb_ecs.aws_lb_target_group.this",
            "module.alb_ecs.aws_lb_target_group_attachment.additional",
            "module.alb_ecs.aws_lb_target_group_attachment.this",
            "module.alb_ecs.aws_route53_record.this",
            "module.alb_ecs.aws_security_group.this",
            "module.alb_ecs.aws_vpc_security_group_egress_rule.this",
            "module.alb_ecs.aws_vpc_security_group_ingress_rule.this",
            "module.alb_ecs.aws_wafv2_web_acl_association.this",
            "module.alb_ecs.data.aws_partition.current",
            "module.ecs_app3.module.service.data.aws_iam_policy_document.task_exec_assume",
            "module.vpc.aws_subnet.private",
            "module.vpc.aws_subnet.public",
            "module.vpc.aws_vpc.this",
            "module.vpc.aws_vpc_ipv4_cidr_block_association.this"
          ],
          "create_before_destroy": true
        }
      ]
    },
    {
      "module": "module.ecs_app3.module.service[\"app3-service\"]",
      "mode": "managed",
      "type": "aws_iam_role_policy_attachment",
      "name": "task_exec",
      "provider": "provider[\"registry.terraform.io/hashicorp/aws\"]",
      "instances": [
        {
          "index_key": 0,
          "schema_version": 0,
          "attributes": {
            "id": "app3-service-20250924162804858300000018/arn:aws:iam::058264231384:policy/app3-service-20250924162804858000000017",
            "policy_arn": "arn:aws:iam::058264231384:policy/app3-service-20250924162804858000000017",
            "role": "app3-service-20250924162804858300000018"
          },
          "sensitive_attributes": [],
          "private": "bnVsbA==",
          "dependencies": [
            "aws_iam_role.app3_exec_role",
            "aws_iam_role.app3_task_role",
            "aws_security_group.ecs_task_sg",
            "data.aws_secretsmanager_secret.db",
            "module.alb_SG.aws_security_group.this",
            "module.alb_SG.aws_security_group.this_name_prefix",
            "module.alb_ecs.aws_lambda_permission.this",
            "module.alb_ecs.aws_lb.this",
            "module.alb_ecs.aws_lb_listener.this",
            "module.alb_ecs.aws_lb_listener_certificate.this",
            "module.alb_ecs.aws_lb_listener_rule.this",
            "module.alb_ecs.aws_lb_target_group.this",
            "module.alb_ecs.aws_lb_target_group_attachment.additional",
            "module.alb_ecs.aws_lb_target_group_attachment.this",
            "module.alb_ecs.aws_route53_record.this",
            "module.alb_ecs.aws_security_group.this",
            "module.alb_ecs.aws_vpc_security_group_egress_rule.this",
            "module.alb_ecs.aws_vpc_security_group_ingress_rule.this",
            "module.alb_ecs.aws_wafv2_web_acl_association.this",
            "module.alb_ecs.data.aws_partition.current",
            "module.ecs_app3.module.service.aws_iam_policy.task_exec",
            "module.ecs_app3.module.service.aws_iam_role.task_exec",
            "module.ecs_app3.module.service.data.aws_iam_policy_document.task_exec",
            "module.ecs_app3.module.service.data.aws_iam_policy_document.task_exec_assume",
            "module.vpc.aws_subnet.private",
            "module.vpc.aws_subnet.public",
            "module.vpc.aws_vpc.this",
            "module.vpc.aws_vpc_ipv4_cidr_block_association.this"
          ],
          "create_before_destroy": true
        }
      ]
    },
    {
      "module": "module.ecs_app3.module.service[\"app3-service\"].module.container_definition[\"app3\"]",
      "mode": "managed",
      "type": "aws_cloudwatch_log_group",
      "name": "this",
      "provider": "provider[\"registry.terraform.io/hashicorp/aws\"]",
      "instances": [
        {
          "index_key": 0,
          "schema_version": 0,
          "attributes": {
            "arn": "arn:aws:logs:us-east-1:058264231384:log-group:/aws/ecs/app3-service/app3",
            "id": "/aws/ecs/app3-service/app3",
            "kms_key_id": "",
            "log_group_class": "STANDARD",
            "name": "/aws/ecs/app3-service/app3",
            "name_prefix": "",
            "region": "us-east-1",
            "retention_in_days": 30,
            "skip_destroy": false,
            "tags": {},
            "tags_all": {}
          },
          "sensitive_attributes": [],
          "private": "bnVsbA==",
          "dependencies": [
            "aws_iam_role.app3_exec_role",
            "aws_iam_role.app3_task_role",
            "aws_security_group.ecs_task_sg",
            "data.aws_secretsmanager_secret.db",
            "module.alb_SG.aws_security_group.this",
            "module.alb_SG.aws_security_group.this_name_prefix",
            "module.alb_ecs.aws_lambda_permission.this",
            "module.alb_ecs.aws_lb.this",
            "module.alb_ecs.aws_lb_listener.this",
            "module.alb_ecs.aws_lb_listener_certificate.this",
            "module.alb_ecs.aws_lb_listener_rule.this",
            "module.alb_ecs.aws_lb_target_group.this",
            "module.alb_ecs.aws_lb_target_group_attachment.additional",
            "module.alb_ecs.aws_lb_target_group_attachment.this",
            "module.alb_ecs.aws_route53_record.this",
            "module.alb_ecs.aws_security_group.this",
            "module.alb_ecs.aws_vpc_security_group_egress_rule.this",
            "module.alb_ecs.aws_vpc_security_group_ingress_rule.this",
            "module.alb_ecs.aws_wafv2_web_acl_association.this",
            "module.alb_ecs.data.aws_partition.current",
            "module.vpc.aws_subnet.private",
            "module.vpc.aws_subnet.public",
            "module.vpc.aws_vpc.this",
            "module.vpc.aws_vpc_ipv4_cidr_block_association.this"
          ],
          "create_before_destroy": true
        }
      ]
    },
    {
      "module": "module.security-group_database",
      "mode": "managed",
      "type": "aws_security_group",
      "name": "this_name_prefix",
      "provider": "provider[\"registry.terraform.io/hashicorp/aws\"]",
      "instances": [
        {
          "index_key": 0,
          "schema_version": 1,
          "attributes": {
            "arn": "arn:aws:ec2:us-east-1:058264231384:security-group/sg-093adfa4f094655c0",
            "description": "Security Group managed by Terraform",
            "egress": [
              {
                "cidr_blocks": [
                  "0.0.0.0/0"
                ],
                "description": "All protocols",
                "from_port": 0,
                "ipv6_cidr_blocks": [
                  "::/0"
                ],
                "prefix_list_ids": [],
                "protocol": "-1",
                "security_groups": [],
                "self": false,
                "to_port": 0
              }
            ],
            "id": "sg-093adfa4f094655c0",
            "ingress": [
              {
                "cidr_blocks": [],
                "description": "Ingress Rule",
                "from_port": 3306,
                "ipv6_cidr_blocks": [],
                "prefix_list_ids": [],
                "protocol": "tcp",
                "security_groups": [
                  "sg-05e8ab50c9b0fceb6"
                ],
                "self": false,
                "to_port": 3306
              }
            ],
            "name": "RDS-SG-2025092416160393530000000a",
            "name_prefix": "RDS-SG-",
            "owner_id": "058264231384",
            "region": "us-east-1",
            "revoke_rules_on_delete": false,
            "tags": {
              "Name": "RDS-SG",
              "environment": "dev",
              "owners": "SAP"
            },
            "tags_all": {
              "Name": "RDS-SG",
              "environment": "dev",
              "owners": "SAP"
            },
            "timeouts": {
              "create": "10m",
              "delete": "15m"
            },
            "vpc_id": "vpc-0c05d5ec2625e2b5a"
          },
          "sensitive_attributes": [],
          "private": "eyJlMmJmYjczMC1lY2FhLTExZTYtOGY4OC0zNDM2M2JjN2M0YzAiOnsiY3JlYXRlIjo2MDAwMDAwMDAwMDAsImRlbGV0ZSI6OTAwMDAwMDAwMDAwfSwic2NoZW1hX3ZlcnNpb24iOiIxIn0=",
          "dependencies": [
            "module.vpc.aws_vpc.this"
          ],
          "create_before_destroy": true
        }
      ]
    },
    {
      "module": "module.vpc",
      "mode": "managed",
      "type": "aws_db_subnet_group",
      "name": "database",
      "provider": "provider[\"registry.terraform.io/hashicorp/aws\"]",
      "instances": [
        {
          "index_key": 0,
          "schema_version": 0,
          "attributes": {
            "arn": "arn:aws:rds:us-east-1:058264231384:subgrp:vpc-dev",
            "description": "Database subnet group for vpc-dev",
            "id": "vpc-dev",
            "name": "vpc-dev",
            "name_prefix": "",
            "region": "us-east-1",
            "subnet_ids": [
              "subnet-00d74cc6102c62f54",
              "subnet-0c5e02234e6483eba"
            ],
            "supported_network_types": [
              "IPV4"
            ],
            "tags": {
              "Name": "vpc-dev",
              "environment": "dev",
              "owners": "SAP"
            },
            "tags_all": {
              "Name": "vpc-dev",
              "environment": "dev",
              "owners": "SAP"
            },
            "vpc_id": "vpc-0c05d5ec2625e2b5a"
          },
          "sensitive_attributes": [],
          "private": "bnVsbA==",
          "dependencies": [
            "module.vpc.aws_subnet.database",
            "module.vpc.aws_vpc.this",
            "module.vpc.aws_vpc_ipv4_cidr_block_association.this"
          ]
        }
      ]
    },
    {
      "module": "module.vpc",
      "mode": "managed",
      "type": "aws_eip",
      "name": "nat",
      "provider": "provider[\"registry.terraform.io/hashicorp/aws\"]",
      "instances": [
        {
          "index_key": 0,
          "schema_version": 0,
          "attributes": {
            "address": null,
            "allocation_id": "eipalloc-0ff9d1befd96b3f87",
            "arn": "arn:aws:ec2:us-east-1:058264231384:elastic-ip/eipalloc-0ff9d1befd96b3f87",
            "associate_with_private_ip": null,
            "association_id": "eipassoc-04e601da0e261e278",
            "carrier_ip": "",
            "customer_owned_ip": "",
            "customer_owned_ipv4_pool": "",
            "domain": "vpc",
            "id": "eipalloc-0ff9d1befd96b3f87",
            "instance": "",
            "ipam_pool_id": null,
            "network_border_group": "us-east-1",
            "network_interface": "eni-093a9a3b412708594",
            "private_dns": "ip-10-0-101-50.ec2.internal",
            "private_ip": "10.0.101.50",
            "ptr_record": "",
            "public_dns": "ec2-54-208-237-40.compute-1.amazonaws.com",
            "public_ip": "54.208.237.40",
            "public_ipv4_pool": "amazon",
            "region": "us-east-1",
            "tags": {
              "Name": "vpc-dev-us-east-1a",
              "environment": "dev",
              "owners": "SAP"
            },
            "tags_all": {
              "Name": "vpc-dev-us-east-1a",
              "environment": "dev",
              "owners": "SAP"
            },
            "timeouts": null
          },
          "sensitive_attributes": [],
          "private": "eyJlMmJmYjczMC1lY2FhLTExZTYtOGY4OC0zNDM2M2JjN2M0YzAiOnsiZGVsZXRlIjoxODAwMDAwMDAwMDAsInJlYWQiOjkwMDAwMDAwMDAwMCwidXBkYXRlIjozMDAwMDAwMDAwMDB9fQ==",
          "dependencies": [
            "module.vpc.aws_internet_gateway.this",
            "module.vpc.aws_vpc.this",
            "module.vpc.aws_vpc_ipv4_cidr_block_association.this"
          ]
        },
        {
          "index_key": 1,
          "schema_version": 0,
          "attributes": {
            "address": null,
            "allocation_id": "eipalloc-0b0cda4a6b2ac4db2",
            "arn": "arn:aws:ec2:us-east-1:058264231384:elastic-ip/eipalloc-0b0cda4a6b2ac4db2",
            "associate_with_private_ip": null,
            "association_id": "eipassoc-09312d2306371f75a",
            "carrier_ip": "",
            "customer_owned_ip": "",
            "customer_owned_ipv4_pool": "",
            "domain": "vpc",
            "id": "eipalloc-0b0cda4a6b2ac4db2",
            "instance": "",
            "ipam_pool_id": null,
            "network_border_group": "us-east-1",
            "network_interface": "eni-0ecb8c9cb49693edb",
            "private_dns": "ip-10-0-102-98.ec2.internal",
            "private_ip": "10.0.102.98",
            "ptr_record": "",
            "public_dns": "ec2-3-232-118-94.compute-1.amazonaws.com",
            "public_ip": "3.232.118.94",
            "public_ipv4_pool": "amazon",
            "region": "us-east-1",
            "tags": {
              "Name": "vpc-dev-us-east-1b",
              "environment": "dev",
              "owners": "SAP"
            },
            "tags_all": {
              "Name": "vpc-dev-us-east-1b",
              "environment": "dev",
              "owners": "SAP"
            },
            "timeouts": null
          },
          "sensitive_attributes": [],
          "private": "eyJlMmJmYjczMC1lY2FhLTExZTYtOGY4OC0zNDM2M2JjN2M0YzAiOnsiZGVsZXRlIjoxODAwMDAwMDAwMDAsInJlYWQiOjkwMDAwMDAwMDAwMCwidXBkYXRlIjozMDAwMDAwMDAwMDB9fQ==",
          "dependencies": [
            "module.vpc.aws_internet_gateway.this",
            "module.vpc.aws_vpc.this",
            "module.vpc.aws_vpc_ipv4_cidr_block_association.this"
          ]
        }
      ]
    },
    {
      "module": "module.vpc",
      "mode": "managed",
      "type": "aws_internet_gateway",
      "name": "this",
      "provider": "provider[\"registry.terraform.io/hashicorp/aws\"]",
      "instances": [
        {
          "index_key": 0,
          "schema_version": 0,
          "attributes": {
            "arn": "arn:aws:ec2:us-east-1:058264231384:internet-gateway/igw-0280d5ef7ef1af2d5",
            "id": "igw-0280d5ef7ef1af2d5",
            "owner_id": "058264231384",
            "region": "us-east-1",
            "tags": {
              "Name": "vpc-dev",
              "environment": "dev",
              "owners": "SAP"
            },
            "tags_all": {
              "Name": "vpc-dev",
              "environment": "dev",
              "owners": "SAP"
            },
            "timeouts": null,
            "vpc_id": "vpc-0c05d5ec2625e2b5a"
          },
          "sensitive_attributes": [],
          "private": "eyJlMmJmYjczMC1lY2FhLTExZTYtOGY4OC0zNDM2M2JjN2M0YzAiOnsiY3JlYXRlIjoxMjAwMDAwMDAwMDAwLCJkZWxldGUiOjEyMDAwMDAwMDAwMDAsInVwZGF0ZSI6MTIwMDAwMDAwMDAwMH19",
          "dependencies": [
            "module.vpc.aws_vpc.this",
            "module.vpc.aws_vpc_ipv4_cidr_block_association.this"
          ]
        }
      ]
    },
    {
      "module": "module.vpc",
      "mode": "managed",
      "type": "aws_nat_gateway",
      "name": "this",
      "provider": "provider[\"registry.terraform.io/hashicorp/aws\"]",
      "instances": [
        {
          "index_key": 1,
          "schema_version": 0,
          "attributes": {
            "allocation_id": "eipalloc-0b0cda4a6b2ac4db2",
            "association_id": "eipassoc-09312d2306371f75a",
            "connectivity_type": "public",
            "id": "nat-021e38fe6d6222efe",
            "network_interface_id": "eni-0ecb8c9cb49693edb",
            "private_ip": "10.0.102.98",
            "public_ip": "3.232.118.94",
            "region": "us-east-1",
            "secondary_allocation_ids": [],
            "secondary_private_ip_address_count": 0,
            "secondary_private_ip_addresses": [],
            "subnet_id": "subnet-095fe4d4b61ae1023",
            "tags": {
              "Name": "dev-nat-gateway",
              "environment": "dev",
              "owners": "SAP"
            },
            "tags_all": {
              "Name": "dev-nat-gateway",
              "environment": "dev",
              "owners": "SAP"
            },
            "timeouts": null
          },
          "sensitive_attributes": [],
          "private": "eyJlMmJmYjczMC1lY2FhLTExZTYtOGY4OC0zNDM2M2JjN2M0YzAiOnsiY3JlYXRlIjo2MDAwMDAwMDAwMDAsImRlbGV0ZSI6MTgwMDAwMDAwMDAwMCwidXBkYXRlIjo2MDAwMDAwMDAwMDB9fQ==",
          "dependencies": [
            "module.vpc.aws_eip.nat",
            "module.vpc.aws_internet_gateway.this",
            "module.vpc.aws_subnet.public",
            "module.vpc.aws_vpc.this",
            "module.vpc.aws_vpc_ipv4_cidr_block_association.this"
          ]
        }
      ]
    },
    {
      "module": "module.vpc",
      "mode": "managed",
      "type": "aws_subnet",
      "name": "database",
      "provider": "provider[\"registry.terraform.io/hashicorp/aws\"]",
      "instances": [
        {
          "index_key": 0,
          "schema_version": 1,
          "attributes": {
            "arn": "arn:aws:ec2:us-east-1:058264231384:subnet/subnet-00d74cc6102c62f54",
            "assign_ipv6_address_on_creation": false,
            "availability_zone": "us-east-1a",
            "availability_zone_id": "use1-az4",
            "cidr_block": "10.0.151.0/24",
            "customer_owned_ipv4_pool": "",
            "enable_dns64": false,
            "enable_lni_at_device_index": 0,
            "enable_resource_name_dns_a_record_on_launch": false,
            "enable_resource_name_dns_aaaa_record_on_launch": false,
            "id": "subnet-00d74cc6102c62f54",
            "ipv6_cidr_block": "",
            "ipv6_cidr_block_association_id": "",
            "ipv6_native": false,
            "map_customer_owned_ip_on_launch": false,
            "map_public_ip_on_launch": false,
            "outpost_arn": "",
            "owner_id": "058264231384",
            "private_dns_hostname_type_on_launch": "ip-name",
            "region": "us-east-1",
            "tags": {
              "Name": "DB Subnet AZ-1",
              "Type": "Private Database Subnets",
              "environment": "dev",
              "owners": "SAP"
            },
            "tags_all": {
              "Name": "DB Subnet AZ-1",
              "Type": "Private Database Subnets",
              "environment": "dev",
              "owners": "SAP"
            },
            "timeouts": null,
            "vpc_id": "vpc-0c05d5ec2625e2b5a"
          },
          "sensitive_attributes": [],
          "private": "eyJlMmJmYjczMC1lY2FhLTExZTYtOGY4OC0zNDM2M2JjN2M0YzAiOnsiY3JlYXRlIjo2MDAwMDAwMDAwMDAsImRlbGV0ZSI6MTIwMDAwMDAwMDAwMH0sInNjaGVtYV92ZXJzaW9uIjoiMSJ9",
          "dependencies": [
            "module.vpc.aws_vpc.this",
            "module.vpc.aws_vpc_ipv4_cidr_block_association.this"
          ]
        },
        {
          "index_key": 1,
          "schema_version": 1,
          "attributes": {
            "arn": "arn:aws:ec2:us-east-1:058264231384:subnet/subnet-0c5e02234e6483eba",
            "assign_ipv6_address_on_creation": false,
            "availability_zone": "us-east-1b",
            "availability_zone_id": "use1-az6",
            "cidr_block": "10.0.152.0/24",
            "customer_owned_ipv4_pool": "",
            "enable_dns64": false,
            "enable_lni_at_device_index": 0,
            "enable_resource_name_dns_a_record_on_launch": false,
            "enable_resource_name_dns_aaaa_record_on_launch": false,
            "id": "subnet-0c5e02234e6483eba",
            "ipv6_cidr_block": "",
            "ipv6_cidr_block_association_id": "",
            "ipv6_native": false,
            "map_customer_owned_ip_on_launch": false,
            "map_public_ip_on_launch": false,
            "outpost_arn": "",
            "owner_id": "058264231384",
            "private_dns_hostname_type_on_launch": "ip-name",
            "region": "us-east-1",
            "tags": {
              "Name": "DB Subnet AZ-2",
              "Type": "Private Database Subnets",
              "environment": "dev",
              "owners": "SAP"
            },
            "tags_all": {
              "Name": "DB Subnet AZ-2",
              "Type": "Private Database Subnets",
              "environment": "dev",
              "owners": "SAP"
            },
            "timeouts": null,
            "vpc_id": "vpc-0c05d5ec2625e2b5a"
          },
          "sensitive_attributes": [],
          "private": "eyJlMmJmYjczMC1lY2FhLTExZTYtOGY4OC0zNDM2M2JjN2M0YzAiOnsiY3JlYXRlIjo2MDAwMDAwMDAwMDAsImRlbGV0ZSI6MTIwMDAwMDAwMDAwMH0sInNjaGVtYV92ZXJzaW9uIjoiMSJ9",
          "dependencies": [
            "module.vpc.aws_vpc.this",
            "module.vpc.aws_vpc_ipv4_cidr_block_association.this"
          ]
        }
      ]
    },
    {
      "module": "module.vpc",
      "mode": "managed",
      "type": "aws_subnet",
      "name": "private",
      "provider": "provider[\"registry.terraform.io/hashicorp/aws\"]",
      "instances": [
        {
          "index_key": 0,
          "schema_version": 1,
          "attributes": {
            "arn": "arn:aws:ec2:us-east-1:058264231384:subnet/subnet-0274627bc2025766e",
            "assign_ipv6_address_on_creation": false,
            "availability_zone": "us-east-1a",
            "availability_zone_id": "use1-az4",
            "cidr_block": "10.0.1.0/24",
            "customer_owned_ipv4_pool": "",
            "enable_dns64": false,
            "enable_lni_at_device_index": 0,
            "enable_resource_name_dns_a_record_on_launch": false,
            "enable_resource_name_dns_aaaa_record_on_launch": false,
            "id": "subnet-0274627bc2025766e",
            "ipv6_cidr_block": "",
            "ipv6_cidr_block_association_id": "",
            "ipv6_native": false,
            "map_customer_owned_ip_on_launch": false,
            "map_public_ip_on_launch": false,
            "outpost_arn": "",
            "owner_id": "058264231384",
            "private_dns_hostname_type_on_launch": "ip-name",
            "region": "us-east-1",
            "tags": {
              "Name": "Private Subnet AZ-1",
              "Type": "Private Subnets",
              "environment": "dev",
              "owners": "SAP"
            },
            "tags_all": {
              "Name": "Private Subnet AZ-1",
              "Type": "Private Subnets",
              "environment": "dev",
              "owners": "SAP"
            },
            "timeouts": null,
            "vpc_id": "vpc-0c05d5ec2625e2b5a"
          },
          "sensitive_attributes": [],
          "private": "eyJlMmJmYjczMC1lY2FhLTExZTYtOGY4OC0zNDM2M2JjN2M0YzAiOnsiY3JlYXRlIjo2MDAwMDAwMDAwMDAsImRlbGV0ZSI6MTIwMDAwMDAwMDAwMH0sInNjaGVtYV92ZXJzaW9uIjoiMSJ9",
          "dependencies": [
            "module.vpc.aws_vpc.this",
            "module.vpc.aws_vpc_ipv4_cidr_block_association.this"
          ],
          "create_before_destroy": true
        },
        {
          "index_key": 1,
          "schema_version": 1,
          "attributes": {
            "arn": "arn:aws:ec2:us-east-1:058264231384:subnet/subnet-09fb640dd5e780f59",
            "assign_ipv6_address_on_creation": false,
            "availability_zone": "us-east-1b",
            "availability_zone_id": "use1-az6",
            "cidr_block": "10.0.2.0/24",
            "customer_owned_ipv4_pool": "",
            "enable_dns64": false,
            "enable_lni_at_device_index": 0,
            "enable_resource_name_dns_a_record_on_launch": false,
            "enable_resource_name_dns_aaaa_record_on_launch": false,
            "id": "subnet-09fb640dd5e780f59",
            "ipv6_cidr_block": "",
            "ipv6_cidr_block_association_id": "",
            "ipv6_native": false,
            "map_customer_owned_ip_on_launch": false,
            "map_public_ip_on_launch": false,
            "outpost_arn": "",
            "owner_id": "058264231384",
            "private_dns_hostname_type_on_launch": "ip-name",
            "region": "us-east-1",
            "tags": {
              "Name": "Private Subnet AZ-2",
              "Type": "Private Subnets",
              "environment": "dev",
              "owners": "SAP"
            },
            "tags_all": {
              "Name": "Private Subnet AZ-2",
              "Type": "Private Subnets",
              "environment": "dev",
              "owners": "SAP"
            },
            "timeouts": null,
            "vpc_id": "vpc-0c05d5ec2625e2b5a"
          },
          "sensitive_attributes": [],
          "private": "eyJlMmJmYjczMC1lY2FhLTExZTYtOGY4OC0zNDM2M2JjN2M0YzAiOnsiY3JlYXRlIjo2MDAwMDAwMDAwMDAsImRlbGV0ZSI6MTIwMDAwMDAwMDAwMH0sInNjaGVtYV92ZXJzaW9uIjoiMSJ9",
          "dependencies": [
            "module.vpc.aws_vpc.this",
            "module.vpc.aws_vpc_ipv4_cidr_block_association.this"
          ],
          "create_before_destroy": true
        }
      ]
    },
    {
      "module": "module.vpc",
      "mode": "managed",
      "type": "aws_subnet",
      "name": "public",
      "provider": "provider[\"registry.terraform.io/hashicorp/aws\"]",
      "instances": [
        {
          "index_key": 0,
          "schema_version": 1,
          "attributes": {
            "arn": "arn:aws:ec2:us-east-1:058264231384:subnet/subnet-087c48de37aadd2c2",
            "assign_ipv6_address_on_creation": false,
            "availability_zone": "us-east-1a",
            "availability_zone_id": "use1-az4",
            "cidr_block": "10.0.101.0/24",
            "customer_owned_ipv4_pool": "",
            "enable_dns64": false,
            "enable_lni_at_device_index": 0,
            "enable_resource_name_dns_a_record_on_launch": false,
            "enable_resource_name_dns_aaaa_record_on_launch": false,
            "id": "subnet-087c48de37aadd2c2",
            "ipv6_cidr_block": "",
            "ipv6_cidr_block_association_id": "",
            "ipv6_native": false,
            "map_customer_owned_ip_on_launch": false,
            "map_public_ip_on_launch": false,
            "outpost_arn": "",
            "owner_id": "058264231384",
            "private_dns_hostname_type_on_launch": "ip-name",
            "region": "us-east-1",
            "tags": {
              "Name": "Public Subnet AZ-1",
              "Type": "Public Subnets",
              "environment": "dev",
              "owners": "SAP"
            },
            "tags_all": {
              "Name": "Public Subnet AZ-1",
              "Type": "Public Subnets",
              "environment": "dev",
              "owners": "SAP"
            },
            "timeouts": null,
            "vpc_id": "vpc-0c05d5ec2625e2b5a"
          },
          "sensitive_attributes": [],
          "private": "eyJlMmJmYjczMC1lY2FhLTExZTYtOGY4OC0zNDM2M2JjN2M0YzAiOnsiY3JlYXRlIjo2MDAwMDAwMDAwMDAsImRlbGV0ZSI6MTIwMDAwMDAwMDAwMH0sInNjaGVtYV92ZXJzaW9uIjoiMSJ9",
          "dependencies": [
            "module.vpc.aws_vpc.this",
            "module.vpc.aws_vpc_ipv4_cidr_block_association.this"
          ],
          "create_before_destroy": true
        },
        {
          "index_key": 1,
          "schema_version": 1,
          "attributes": {
            "arn": "arn:aws:ec2:us-east-1:058264231384:subnet/subnet-095fe4d4b61ae1023",
            "assign_ipv6_address_on_creation": false,
            "availability_zone": "us-east-1b",
            "availability_zone_id": "use1-az6",
            "cidr_block": "10.0.102.0/24",
            "customer_owned_ipv4_pool": "",
            "enable_dns64": false,
            "enable_lni_at_device_index": 0,
            "enable_resource_name_dns_a_record_on_launch": false,
            "enable_resource_name_dns_aaaa_record_on_launch": false,
            "id": "subnet-095fe4d4b61ae1023",
            "ipv6_cidr_block": "",
            "ipv6_cidr_block_association_id": "",
            "ipv6_native": false,
            "map_customer_owned_ip_on_launch": false,
            "map_public_ip_on_launch": false,
            "outpost_arn": "",
            "owner_id": "058264231384",
            "private_dns_hostname_type_on_launch": "ip-name",
            "region": "us-east-1",
            "tags": {
              "Name": "Public Subnet AZ-2",
              "Type": "Public Subnets",
              "environment": "dev",
              "owners": "SAP"
            },
            "tags_all": {
              "Name": "Public Subnet AZ-2",
              "Type": "Public Subnets",
              "environment": "dev",
              "owners": "SAP"
            },
            "timeouts": null,
            "vpc_id": "vpc-0c05d5ec2625e2b5a"
          },
          "sensitive_attributes": [],
          "private": "eyJlMmJmYjczMC1lY2FhLTExZTYtOGY4OC0zNDM2M2JjN2M0YzAiOnsiY3JlYXRlIjo2MDAwMDAwMDAwMDAsImRlbGV0ZSI6MTIwMDAwMDAwMDAwMH0sInNjaGVtYV92ZXJzaW9uIjoiMSJ9",
          "dependencies": [
            "module.vpc.aws_vpc.this",
            "module.vpc.aws_vpc_ipv4_cidr_block_association.this"
          ],
          "create_before_destroy": true
        }
      ]
    },
    {
      "module": "module.vpc",
      "mode": "managed",
      "type": "aws_vpc",
      "name": "this",
      "provider": "provider[\"registry.terraform.io/hashicorp/aws\"]",
      "instances": [
        {
          "index_key": 0,
          "schema_version": 1,
          "attributes": {
            "arn": "arn:aws:ec2:us-east-1:058264231384:vpc/vpc-0c05d5ec2625e2b5a",
            "assign_generated_ipv6_cidr_block": false,
            "cidr_block": "10.0.0.0/16",
            "default_network_acl_id": "acl-0a2eff3d530da64d8",
            "default_route_table_id": "rtb-0d62a2450854c9730",
            "default_security_group_id": "sg-025a0b44868c5ec89",
            "dhcp_options_id": "dopt-064f3b6d7d0cc4430",
            "enable_dns_hostnames": true,
            "enable_dns_support": true,
            "enable_network_address_usage_metrics": false,
            "id": "vpc-0c05d5ec2625e2b5a",
            "instance_tenancy": "default",
            "ipv4_ipam_pool_id": null,
            "ipv4_netmask_length": null,
            "ipv6_association_id": "",
            "ipv6_cidr_block": "",
            "ipv6_cidr_block_network_border_group": "",
            "ipv6_ipam_pool_id": "",
            "ipv6_netmask_length": 0,
            "main_route_table_id": "rtb-0d62a2450854c9730",
            "owner_id": "058264231384",
            "region": "us-east-1",
            "tags": {
              "Name": "vpc-dev",
              "environment": "dev",
              "owners": "SAP"
            },
            "tags_all": {
              "Name": "vpc-dev",
              "environment": "dev",
              "owners": "SAP"
            }
          },
          "sensitive_attributes": [],
          "private": "eyJzY2hlbWFfdmVyc2lvbiI6IjEifQ==",
          "create_before_destroy": true
        }
      ]
    }
  ],
  "check_results": null
}
